{
  "version": 4,
  "terraform_version": "1.15.7",
  "serial": 23,
  "lineage": "8b9e9d6a-bcbc-4d72-ada1-fb294a481ceb",
  "outputs": {},
  "resources": [
    {
      "module": "module.messaging",
      "mode": "managed",
      "type": "aws_kms_alias",
      "name": "sqs",
      "provider": "provider[\"registry.terraform.io/hashicorp/aws\"]",
      "instances": [
        {
          "schema_version": 0,
          "attributes": {
            "arn": "arn:aws:kms:us-east-1:662252246273:alias/segat/sqs",
            "id": "alias/segat/sqs",
            "name": "alias/segat/sqs",
            "name_prefix": "",
            "target_key_arn": "arn:aws:kms:us-east-1:662252246273:key/c4628851-bfce-46eb-a525-1b5273a410b5",
            "target_key_id": "c4628851-bfce-46eb-a525-1b5273a410b5"
          },
          "sensitive_attributes": [],
          "identity_schema_version": 0,
          "private": "bnVsbA=="
        }
      ]
    },
    {
      "module": "module.messaging",
      "mode": "managed",
      "type": "aws_kms_key",
      "name": "sqs",
      "provider": "provider[\"registry.terraform.io/hashicorp/aws\"]",
      "instances": [
        {
          "schema_version": 0,
          "attributes": {
            "arn": "arn:aws:kms:us-east-1:662252246273:key/c4628851-bfce-46eb-a525-1b5273a410b5",
            "bypass_policy_lockout_safety_check": false,
            "custom_key_store_id": "",
            "customer_master_key_spec": "SYMMETRIC_DEFAULT",
            "deletion_window_in_days": 7,
            "description": "KMS CMK para cifrado de colas SQS del proyecto SEGAT",
            "enable_key_rotation": true,
            "id": "c4628851-bfce-46eb-a525-1b5273a410b5",
            "is_enabled": true,
            "key_id": "c4628851-bfce-46eb-a525-1b5273a410b5",
            "key_usage": "ENCRYPT_DECRYPT",
            "multi_region": false,
            "policy": "{\"Statement\":[{\"Action\":\"kms:*\",\"Effect\":\"Allow\",\"Principal\":{\"AWS\":\"arn:aws:iam::662252246273:root\"},\"Resource\":\"*\",\"Sid\":\"Enable IAM User Permissions\"},{\"Action\":[\"kms:GenerateDataKey\",\"kms:Decrypt\"],\"Effect\":\"Allow\",\"Principal\":{\"Service\":\"sqs.amazonaws.com\"},\"Resource\":\"*\",\"Sid\":\"Allow SQS to use this key\"}],\"Version\":\"2012-10-17\"}",
            "rotation_period_in_days": 365,
            "tags": {
              "Name": "segat-kms-sqs"
            },
            "tags_all": {
              "Course": "Infraestructura-como-Codigo-UPAO",
              "Environment": "production",
              "ManagedBy": "Terraform",
              "Name": "segat-kms-sqs",
              "Project": "SEGAT"
            },
            "timeouts": null,
            "xks_key_id": ""
          },
          "sensitive_attributes": [],
          "identity_schema_version": 0,
          "private": "eyJlMmJmYjczMC1lY2FhLTExZTYtOGY4OC0zNDM2M2JjN2M0YzAiOnsiY3JlYXRlIjoxMjAwMDAwMDAwMDB9fQ=="
        }
      ]
    },
    {
      "module": "module.messaging",
      "mode": "managed",
      "type": "aws_sns_topic",
      "name": "alertas",
      "provider": "provider[\"registry.terraform.io/hashicorp/aws\"]",
      "instances": [
        {
          "schema_version": 0,
          "attributes": {
            "application_failure_feedback_role_arn": "",
            "application_success_feedback_role_arn": "",
            "application_success_feedback_sample_rate": 0,
            "archive_policy": "",
            "arn": "arn:aws:sns:us-east-1:662252246273:segat-sns-alertas",
            "beginning_archive_time": "",
            "content_based_deduplication": false,
            "delivery_policy": "",
            "display_name": "",
            "fifo_throughput_scope": "",
            "fifo_topic": false,
            "firehose_failure_feedback_role_arn": "",
            "firehose_success_feedback_role_arn": "",
            "firehose_success_feedback_sample_rate": 0,
            "http_failure_feedback_role_arn": "",
            "http_success_feedback_role_arn": "",
            "http_success_feedback_sample_rate": 0,
            "id": "arn:aws:sns:us-east-1:662252246273:segat-sns-alertas",
            "kms_master_key_id": "alias/aws/sns",
            "lambda_failure_feedback_role_arn": "",
            "lambda_success_feedback_role_arn": "",
            "lambda_success_feedback_sample_rate": 0,
            "name": "segat-sns-alertas",
            "name_prefix": "",
            "owner": "662252246273",
            "policy": "{\"Id\":\"__default_policy_ID\",\"Statement\":[{\"Action\":[\"SNS:GetTopicAttributes\",\"SNS:SetTopicAttributes\",\"SNS:AddPermission\",\"SNS:RemovePermission\",\"SNS:DeleteTopic\",\"SNS:Subscribe\",\"SNS:ListSubscriptionsByTopic\",\"SNS:Publish\"],\"Condition\":{\"StringEquals\":{\"AWS:SourceOwner\":\"662252246273\"}},\"Effect\":\"Allow\",\"Principal\":{\"AWS\":\"*\"},\"Resource\":\"arn:aws:sns:us-east-1:662252246273:segat-sns-alertas\",\"Sid\":\"__default_statement_ID\"}],\"Version\":\"2008-10-17\"}",
            "signature_version": 0,
            "sqs_failure_feedback_role_arn": "",
            "sqs_success_feedback_role_arn": "",
            "sqs_success_feedback_sample_rate": 0,
            "tags": {
              "Name": "segat-sns-alertas"
            },
            "tags_all": {
              "Course": "Infraestructura-como-Codigo-UPAO",
              "Environment": "production",
              "ManagedBy": "Terraform",
              "Name": "segat-sns-alertas",
              "Project": "SEGAT"
            },
            "tracing_config": ""
          },
          "sensitive_attributes": [],
          "identity_schema_version": 0,
          "private": "bnVsbA=="
        }
      ]
    },
    {
      "module": "module.messaging",
      "mode": "managed",
      "type": "aws_sns_topic",
      "name": "negocio",
      "provider": "provider[\"registry.terraform.io/hashicorp/aws\"]",
      "instances": [
        {
          "schema_version": 0,
          "attributes": {
            "application_failure_feedback_role_arn": "",
            "application_success_feedback_role_arn": "",
            "application_success_feedback_sample_rate": 0,
            "archive_policy": "",
            "arn": "arn:aws:sns:us-east-1:662252246273:segat-sns-negocio",
            "beginning_archive_time": "",
            "content_based_deduplication": false,
            "delivery_policy": "",
            "display_name": "",
            "fifo_throughput_scope": "",
            "fifo_topic": false,
            "firehose_failure_feedback_role_arn": "",
            "firehose_success_feedback_role_arn": "",
            "firehose_success_feedback_sample_rate": 0,
            "http_failure_feedback_role_arn": "",
            "http_success_feedback_role_arn": "",
            "http_success_feedback_sample_rate": 0,
            "id": "arn:aws:sns:us-east-1:662252246273:segat-sns-negocio",
            "kms_master_key_id": "alias/aws/sns",
            "lambda_failure_feedback_role_arn": "",
            "lambda_success_feedback_role_arn": "",
            "lambda_success_feedback_sample_rate": 0,
            "name": "segat-sns-negocio",
            "name_prefix": "",
            "owner": "662252246273",
            "policy": "{\"Id\":\"__default_policy_ID\",\"Statement\":[{\"Action\":[\"SNS:GetTopicAttributes\",\"SNS:SetTopicAttributes\",\"SNS:AddPermission\",\"SNS:RemovePermission\",\"SNS:DeleteTopic\",\"SNS:Subscribe\",\"SNS:ListSubscriptionsByTopic\",\"SNS:Publish\"],\"Condition\":{\"StringEquals\":{\"AWS:SourceOwner\":\"662252246273\"}},\"Effect\":\"Allow\",\"Principal\":{\"AWS\":\"*\"},\"Resource\":\"arn:aws:sns:us-east-1:662252246273:segat-sns-negocio\",\"Sid\":\"__default_statement_ID\"}],\"Version\":\"2008-10-17\"}",
            "signature_version": 0,
            "sqs_failure_feedback_role_arn": "",
            "sqs_success_feedback_role_arn": "",
            "sqs_success_feedback_sample_rate": 0,
            "tags": {
              "Name": "segat-sns-negocio"
            },
            "tags_all": {
              "Course": "Infraestructura-como-Codigo-UPAO",
              "Environment": "production",
              "ManagedBy": "Terraform",
              "Name": "segat-sns-negocio",
              "Project": "SEGAT"
            },
            "tracing_config": ""
          },
          "sensitive_attributes": [],
          "identity_schema_version": 0,
          "private": "bnVsbA=="
        }
      ]
    },
    {
      "module": "module.messaging",
      "mode": "managed",
      "type": "aws_sns_topic_subscription",
      "name": "alertas_email",
      "provider": "provider[\"registry.terraform.io/hashicorp/aws\"]",
      "instances": [
        {
          "schema_version": 0,
          "attributes": {
            "arn": "arn:aws:sns:us-east-1:662252246273:segat-sns-alertas:22b22add-ebf5-4940-a7c7-01881d9de915",
            "confirmation_timeout_in_minutes": 1,
            "confirmation_was_authenticated": false,
            "delivery_policy": "",
            "endpoint": "equipo-tecnico@segat.gob.pe",
            "endpoint_auto_confirms": false,
            "filter_policy": "",
            "filter_policy_scope": "",
            "id": "arn:aws:sns:us-east-1:662252246273:segat-sns-alertas:22b22add-ebf5-4940-a7c7-01881d9de915",
            "owner_id": "662252246273",
            "pending_confirmation": true,
            "protocol": "email",
            "raw_message_delivery": false,
            "redrive_policy": "",
            "replay_policy": "",
            "subscription_role_arn": "",
            "topic_arn": "arn:aws:sns:us-east-1:662252246273:segat-sns-alertas"
          },
          "sensitive_attributes": [],
          "identity_schema_version": 0,
          "private": "bnVsbA==",
          "dependencies": [
            "aws_sns_topic.alertas"
          ]
        }
      ]
    },
    {
      "module": "module.messaging",
      "mode": "managed",
      "type": "aws_sns_topic_subscription",
      "name": "negocio_to_notificaciones",
      "provider": "provider[\"registry.terraform.io/hashicorp/aws\"]",
      "instances": [
        {
          "schema_version": 0,
          "attributes": {
            "arn": "arn:aws:sns:us-east-1:662252246273:segat-sns-negocio:81b5f7ba-4c46-4269-aae6-62264279f921",
            "confirmation_timeout_in_minutes": 1,
            "confirmation_was_authenticated": true,
            "delivery_policy": "",
            "endpoint": "arn:aws:sqs:us-east-1:662252246273:segat-cola-notificaciones",
            "endpoint_auto_confirms": false,
            "filter_policy": "",
            "filter_policy_scope": "",
            "id": "arn:aws:sns:us-east-1:662252246273:segat-sns-negocio:81b5f7ba-4c46-4269-aae6-62264279f921",
            "owner_id": "662252246273",
            "pending_confirmation": false,
            "protocol": "sqs",
            "raw_message_delivery": false,
            "redrive_policy": "",
            "replay_policy": "",
            "subscription_role_arn": "",
            "topic_arn": "arn:aws:sns:us-east-1:662252246273:segat-sns-negocio"
          },
          "sensitive_attributes": [],
          "identity_schema_version": 0,
          "private": "bnVsbA=="
        }
      ]
    },
    {
      "module": "module.messaging",
      "mode": "managed",
      "type": "aws_sqs_queue",
      "name": "notificaciones",
      "provider": "provider[\"registry.terraform.io/hashicorp/aws\"]",
      "instances": [
        {
          "schema_version": 0,
          "attributes": {
            "arn": "arn:aws:sqs:us-east-1:662252246273:segat-cola-notificaciones",
            "content_based_deduplication": false,
            "deduplication_scope": "",
            "delay_seconds": 0,
            "fifo_queue": false,
            "fifo_throughput_limit": "",
            "id": "https://sqs.us-east-1.amazonaws.com/662252246273/segat-cola-notificaciones",
            "kms_data_key_reuse_period_seconds": 300,
            "kms_master_key_id": "arn:aws:kms:us-east-1:662252246273:key/c4628851-bfce-46eb-a525-1b5273a410b5",
            "max_message_size": 262144,
            "message_retention_seconds": 345600,
            "name": "segat-cola-notificaciones",
            "name_prefix": "",
            "policy": "",
            "receive_wait_time_seconds": 20,
            "redrive_allow_policy": "",
            "redrive_policy": "{\"deadLetterTargetArn\":\"arn:aws:sqs:us-east-1:662252246273:segat-notificaciones-dlq\",\"maxReceiveCount\":3}",
            "sqs_managed_sse_enabled": false,
            "tags": {
              "Name": "segat-sqs-notificaciones"
            },
            "tags_all": {
              "Course": "Infraestructura-como-Codigo-UPAO",
              "Environment": "production",
              "ManagedBy": "Terraform",
              "Name": "segat-sqs-notificaciones",
              "Project": "SEGAT"
            },
            "timeouts": null,
            "url": "https://sqs.us-east-1.amazonaws.com/662252246273/segat-cola-notificaciones",
            "visibility_timeout_seconds": 30
          },
          "sensitive_attributes": [],
          "identity_schema_version": 0,
          "private": "eyJlMmJmYjczMC1lY2FhLTExZTYtOGY4OC0zNDM2M2JjN2M0YzAiOnsiY3JlYXRlIjoxODAwMDAwMDAwMDAsImRlbGV0ZSI6MTgwMDAwMDAwMDAwLCJ1cGRhdGUiOjE4MDAwMDAwMDAwMH19"
        }
      ]
    },
    {
      "module": "module.messaging",
      "mode": "managed",
      "type": "aws_sqs_queue",
      "name": "notificaciones_dlq",
      "provider": "provider[\"registry.terraform.io/hashicorp/aws\"]",
      "instances": [
        {
          "schema_version": 0,
          "attributes": {
            "arn": "arn:aws:sqs:us-east-1:662252246273:segat-notificaciones-dlq",
            "content_based_deduplication": false,
            "deduplication_scope": "",
            "delay_seconds": 0,
            "fifo_queue": false,
            "fifo_throughput_limit": "",
            "id": "https://sqs.us-east-1.amazonaws.com/662252246273/segat-notificaciones-dlq",
            "kms_data_key_reuse_period_seconds": 300,
            "kms_master_key_id": "arn:aws:kms:us-east-1:662252246273:key/c4628851-bfce-46eb-a525-1b5273a410b5",
            "max_message_size": 262144,
            "message_retention_seconds": 1209600,
            "name": "segat-notificaciones-dlq",
            "name_prefix": "",
            "policy": "",
            "receive_wait_time_seconds": 0,
            "redrive_allow_policy": "",
            "redrive_policy": "",
            "sqs_managed_sse_enabled": false,
            "tags": {
              "Name": "segat-sqs-notificaciones-dlq"
            },
            "tags_all": {
              "Course": "Infraestructura-como-Codigo-UPAO",
              "Environment": "production",
              "ManagedBy": "Terraform",
              "Name": "segat-sqs-notificaciones-dlq",
              "Project": "SEGAT"
            },
            "timeouts": null,
            "url": "https://sqs.us-east-1.amazonaws.com/662252246273/segat-notificaciones-dlq",
            "visibility_timeout_seconds": 30
          },
          "sensitive_attributes": [],
          "identity_schema_version": 0,
          "private": "eyJlMmJmYjczMC1lY2FhLTExZTYtOGY4OC0zNDM2M2JjN2M0YzAiOnsiY3JlYXRlIjoxODAwMDAwMDAwMDAsImRlbGV0ZSI6MTgwMDAwMDAwMDAwLCJ1cGRhdGUiOjE4MDAwMDAwMDAwMH19",
          "dependencies": [
            "aws_kms_key.sqs"
          ]
        }
      ]
    },
    {
      "module": "module.messaging",
      "mode": "managed",
      "type": "aws_sqs_queue",
      "name": "reportes",
      "provider": "provider[\"registry.terraform.io/hashicorp/aws\"]",
      "instances": [
        {
          "schema_version": 0,
          "attributes": {
            "arn": "arn:aws:sqs:us-east-1:662252246273:segat-cola-reportes",
            "content_based_deduplication": false,
            "deduplication_scope": "",
            "delay_seconds": 0,
            "fifo_queue": false,
            "fifo_throughput_limit": "",
            "id": "https://sqs.us-east-1.amazonaws.com/662252246273/segat-cola-reportes",
            "kms_data_key_reuse_period_seconds": 300,
            "kms_master_key_id": "arn:aws:kms:us-east-1:662252246273:key/c4628851-bfce-46eb-a525-1b5273a410b5",
            "max_message_size": 262144,
            "message_retention_seconds": 345600,
            "name": "segat-cola-reportes",
            "name_prefix": "",
            "policy": "",
            "receive_wait_time_seconds": 20,
            "redrive_allow_policy": "",
            "redrive_policy": "{\"deadLetterTargetArn\":\"arn:aws:sqs:us-east-1:662252246273:segat-reportes-dlq\",\"maxReceiveCount\":3}",
            "sqs_managed_sse_enabled": false,
            "tags": {
              "Name": "segat-sqs-reportes"
            },
            "tags_all": {
              "Course": "Infraestructura-como-Codigo-UPAO",
              "Environment": "production",
              "ManagedBy": "Terraform",
              "Name": "segat-sqs-reportes",
              "Project": "SEGAT"
            },
            "timeouts": null,
            "url": "https://sqs.us-east-1.amazonaws.com/662252246273/segat-cola-reportes",
            "visibility_timeout_seconds": 30
          },
          "sensitive_attributes": [],
          "identity_schema_version": 0,
          "private": "eyJlMmJmYjczMC1lY2FhLTExZTYtOGY4OC0zNDM2M2JjN2M0YzAiOnsiY3JlYXRlIjoxODAwMDAwMDAwMDAsImRlbGV0ZSI6MTgwMDAwMDAwMDAwLCJ1cGRhdGUiOjE4MDAwMDAwMDAwMH19"
        }
      ]
    },
    {
      "module": "module.messaging",
      "mode": "managed",
      "type": "aws_sqs_queue",
      "name": "reportes_dlq",
      "provider": "provider[\"registry.terraform.io/hashicorp/aws\"]",
      "instances": [
        {
          "schema_version": 0,
          "attributes": {
            "arn": "arn:aws:sqs:us-east-1:662252246273:segat-reportes-dlq",
            "content_based_deduplication": false,
            "deduplication_scope": "",
            "delay_seconds": 0,
            "fifo_queue": false,
            "fifo_throughput_limit": "",
            "id": "https://sqs.us-east-1.amazonaws.com/662252246273/segat-reportes-dlq",
            "kms_data_key_reuse_period_seconds": 300,
            "kms_master_key_id": "arn:aws:kms:us-east-1:662252246273:key/c4628851-bfce-46eb-a525-1b5273a410b5",
            "max_message_size": 262144,
            "message_retention_seconds": 1209600,
            "name": "segat-reportes-dlq",
            "name_prefix": "",
            "policy": "",
            "receive_wait_time_seconds": 0,
            "redrive_allow_policy": "",
            "redrive_policy": "",
            "sqs_managed_sse_enabled": false,
            "tags": {
              "Name": "segat-sqs-reportes-dlq"
            },
            "tags_all": {
              "Course": "Infraestructura-como-Codigo-UPAO",
              "Environment": "production",
              "ManagedBy": "Terraform",
              "Name": "segat-sqs-reportes-dlq",
              "Project": "SEGAT"
            },
            "timeouts": null,
            "url": "https://sqs.us-east-1.amazonaws.com/662252246273/segat-reportes-dlq",
            "visibility_timeout_seconds": 30
          },
          "sensitive_attributes": [],
          "identity_schema_version": 0,
          "private": "eyJlMmJmYjczMC1lY2FhLTExZTYtOGY4OC0zNDM2M2JjN2M0YzAiOnsiY3JlYXRlIjoxODAwMDAwMDAwMDAsImRlbGV0ZSI6MTgwMDAwMDAwMDAwLCJ1cGRhdGUiOjE4MDAwMDAwMDAwMH19",
          "dependencies": [
            "aws_kms_key.sqs"
          ]
        }
      ]
    },
    {
      "module": "module.security",
      "mode": "managed",
      "type": "aws_iam_role",
      "name": "autoscaling_role",
      "provider": "provider[\"registry.terraform.io/hashicorp/aws\"]",
      "instances": [
        {
          "schema_version": 0,
          "attributes": {
            "arn": "arn:aws:iam::662252246273:role/segat-autoscaling-role",
            "assume_role_policy": "{\"Statement\":[{\"Action\":\"sts:AssumeRole\",\"Effect\":\"Allow\",\"Principal\":{\"Service\":\"application-autoscaling.amazonaws.com\"}}],\"Version\":\"2012-10-17\"}",
            "create_date": "2026-06-25T12:46:34Z",
            "description": "Permite a Auto Scaling ajustar las tareas ECS Fargate",
            "force_detach_policies": false,
            "id": "segat-autoscaling-role",
            "inline_policy": [],
            "managed_policy_arns": [],
            "max_session_duration": 3600,
            "name": "segat-autoscaling-role",
            "name_prefix": "",
            "path": "/",
            "permissions_boundary": "",
            "tags": null,
            "tags_all": {
              "Course": "Infraestructura-como-Codigo-UPAO",
              "Environment": "production",
              "ManagedBy": "Terraform",
              "Project": "SEGAT"
            },
            "unique_id": "AROAZUMKPKUAYQH67J77H"
          },
          "sensitive_attributes": [],
          "identity_schema_version": 0,
          "private": "bnVsbA=="
        }
      ]
    },
    {
      "module": "module.security",
      "mode": "managed",
      "type": "aws_iam_role",
      "name": "ecs_execution_role",
      "provider": "provider[\"registry.terraform.io/hashicorp/aws\"]",
      "instances": [
        {
          "schema_version": 0,
          "attributes": {
            "arn": "arn:aws:iam::662252246273:role/segat-ecs-execution-role",
            "assume_role_policy": "{\"Statement\":[{\"Action\":\"sts:AssumeRole\",\"Effect\":\"Allow\",\"Principal\":{\"Service\":\"ecs-tasks.amazonaws.com\"}}],\"Version\":\"2012-10-17\"}",
            "create_date": "2026-06-25T12:46:32Z",
            "description": "Permite a ECS Fargate descargar imagenes de ECR y enviar logs",
            "force_detach_policies": false,
            "id": "segat-ecs-execution-role",
            "inline_policy": [],
            "managed_policy_arns": [],
            "max_session_duration": 3600,
            "name": "segat-ecs-execution-role",
            "name_prefix": "",
            "path": "/",
            "permissions_boundary": "",
            "tags": null,
            "tags_all": {
              "Course": "Infraestructura-como-Codigo-UPAO",
              "Environment": "production",
              "ManagedBy": "Terraform",
              "Project": "SEGAT"
            },
            "unique_id": "AROAZUMKPKUAW3DKQYFV6"
          },
          "sensitive_attributes": [],
          "identity_schema_version": 0,
          "private": "bnVsbA=="
        }
      ]
    },
    {
      "module": "module.security",
      "mode": "managed",
      "type": "aws_iam_role",
      "name": "ecs_task_role",
      "provider": "provider[\"registry.terraform.io/hashicorp/aws\"]",
      "instances": [
        {
          "schema_version": 0,
          "attributes": {
            "arn": "arn:aws:iam::662252246273:role/segat-ecs-task-role",
            "assume_role_policy": "{\"Statement\":[{\"Action\":\"sts:AssumeRole\",\"Effect\":\"Allow\",\"Principal\":{\"Service\":\"ecs-tasks.amazonaws.com\"}}],\"Version\":\"2012-10-17\"}",
            "create_date": "2026-06-25T12:46:32Z",
            "description": "Permisos del monolito SEGAT: SQS, S3, DynamoDB, Secrets",
            "force_detach_policies": false,
            "id": "segat-ecs-task-role",
            "inline_policy": [],
            "managed_policy_arns": [],
            "max_session_duration": 3600,
            "name": "segat-ecs-task-role",
            "name_prefix": "",
            "path": "/",
            "permissions_boundary": "",
            "tags": null,
            "tags_all": {
              "Course": "Infraestructura-como-Codigo-UPAO",
              "Environment": "production",
              "ManagedBy": "Terraform",
              "Project": "SEGAT"
            },
            "unique_id": "AROAZUMKPKUAUHBJHSHWJ"
          },
          "sensitive_attributes": [],
          "identity_schema_version": 0,
          "private": "bnVsbA=="
        }
      ]
    },
    {
      "module": "module.security",
      "mode": "managed",
      "type": "aws_iam_role",
      "name": "rds_monitoring",
      "provider": "provider[\"registry.terraform.io/hashicorp/aws\"]",
      "instances": [
        {
          "schema_version": 0,
          "attributes": {
            "arn": "arn:aws:iam::662252246273:role/segat-rds-monitoring-role",
            "assume_role_policy": "{\"Statement\":[{\"Action\":\"sts:AssumeRole\",\"Effect\":\"Allow\",\"Principal\":{\"Service\":\"monitoring.rds.amazonaws.com\"}}],\"Version\":\"2012-10-17\"}",
            "create_date": "2026-06-25T12:46:34Z",
            "description": "",
            "force_detach_policies": false,
            "id": "segat-rds-monitoring-role",
            "inline_policy": [],
            "managed_policy_arns": [],
            "max_session_duration": 3600,
            "name": "segat-rds-monitoring-role",
            "name_prefix": "",
            "path": "/",
            "permissions_boundary": "",
            "tags": null,
            "tags_all": {
              "Course": "Infraestructura-como-Codigo-UPAO",
              "Environment": "production",
              "ManagedBy": "Terraform",
              "Project": "SEGAT"
            },
            "unique_id": "AROAZUMKPKUA7JRQ7XABR"
          },
          "sensitive_attributes": [],
          "identity_schema_version": 0,
          "private": "bnVsbA=="
        }
      ]
    },
    {
      "module": "module.security",
      "mode": "managed",
      "type": "aws_iam_role_policy",
      "name": "ecs_execution_secrets",
      "provider": "provider[\"registry.terraform.io/hashicorp/aws\"]",
      "instances": [
        {
          "schema_version": 0,
          "attributes": {
            "id": "segat-ecs-execution-role:segat-ecs-execution-secrets",
            "name": "segat-ecs-execution-secrets",
            "name_prefix": "",
            "policy": "{\"Version\":\"2012-10-17\",\"Statement\":[{\"Action\":[\"secretsmanager:GetSecretValue\",\"ssm:GetParameters\"],\"Effect\":\"Allow\",\"Resource\":\"arn:aws:secretsmanager:*:*:secret:segat/*\"}]}",
            "role": "segat-ecs-execution-role"
          },
          "sensitive_attributes": [],
          "identity_schema_version": 0,
          "private": "bnVsbA==",
          "dependencies": [
            "aws_iam_role.ecs_execution_role"
          ]
        }
      ]
    },
    {
      "module": "module.security",
      "mode": "managed",
      "type": "aws_iam_role_policy",
      "name": "ecs_task_permissions",
      "provider": "provider[\"registry.terraform.io/hashicorp/aws\"]",
      "instances": [
        {
          "schema_version": 0,
          "attributes": {
            "id": "segat-ecs-task-role:segat-ecs-task-permissions",
            "name": "segat-ecs-task-permissions",
            "name_prefix": "",
            "policy": "{\"Version\":\"2012-10-17\",\"Statement\":[{\"Action\":[\"sqs:SendMessage\",\"sqs:ReceiveMessage\",\"sqs:DeleteMessage\",\"sqs:GetQueueAttributes\"],\"Effect\":\"Allow\",\"Resource\":\"arn:aws:sqs:*:*:segat-*\",\"Sid\":\"SQSAccess\"},{\"Action\":[\"s3:PutObject\",\"s3:GetObject\",\"s3:DeleteObject\"],\"Effect\":\"Allow\",\"Resource\":\"arn:aws:s3:::segat-reportes-*/*\",\"Sid\":\"S3ReportesAccess\"},{\"Action\":[\"dynamodb:PutItem\",\"dynamodb:GetItem\",\"dynamodb:UpdateItem\",\"dynamodb:Query\",\"dynamodb:Scan\"],\"Effect\":\"Allow\",\"Resource\":\"arn:aws:dynamodb:*:*:table/segat-*\",\"Sid\":\"DynamoDBAccess\"},{\"Action\":[\"sns:Publish\"],\"Effect\":\"Allow\",\"Resource\":\"arn:aws:sns:*:*:segat-*\",\"Sid\":\"SNSPublish\"},{\"Action\":[\"secretsmanager:GetSecretValue\"],\"Effect\":\"Allow\",\"Resource\":\"arn:aws:secretsmanager:*:*:secret:segat/*\",\"Sid\":\"SecretsAccess\"}]}",
            "role": "segat-ecs-task-role"
          },
          "sensitive_attributes": [],
          "identity_schema_version": 0,
          "private": "bnVsbA==",
          "dependencies": [
            "aws_iam_role.ecs_task_role"
          ]
        }
      ]
    },
    {
      "module": "module.security",
      "mode": "managed",
      "type": "aws_iam_role_policy_attachment",
      "name": "autoscaling_role_policy",
      "provider": "provider[\"registry.terraform.io/hashicorp/aws\"]",
      "instances": [
        {
          "schema_version": 0,
          "attributes": {
            "id": "segat-autoscaling-role-20260625124641706600000005",
            "policy_arn": "arn:aws:iam::aws:policy/service-role/AmazonEC2ContainerServiceAutoscaleRole",
            "role": "segat-autoscaling-role"
          },
          "sensitive_attributes": [],
          "identity_schema_version": 0,
          "private": "bnVsbA==",
          "dependencies": [
            "aws_iam_role.autoscaling_role"
          ]
        }
      ]
    },
    {
      "module": "module.security",
      "mode": "managed",
      "type": "aws_iam_role_policy_attachment",
      "name": "ecs_execution_role_policy",
      "provider": "provider[\"registry.terraform.io/hashicorp/aws\"]",
      "instances": [
        {
          "schema_version": 0,
          "attributes": {
            "id": "segat-ecs-execution-role-20260625124635734300000002",
            "policy_arn": "arn:aws:iam::aws:policy/service-role/AmazonECSTaskExecutionRolePolicy",
            "role": "segat-ecs-execution-role"
          },
          "sensitive_attributes": [],
          "identity_schema_version": 0,
          "private": "bnVsbA==",
          "dependencies": [
            "aws_iam_role.ecs_execution_role"
          ]
        }
      ]
    },
    {
      "module": "module.security",
      "mode": "managed",
      "type": "aws_iam_role_policy_attachment",
      "name": "rds_monitoring",
      "provider": "provider[\"registry.terraform.io/hashicorp/aws\"]",
      "instances": [
        {
          "schema_version": 0,
          "attributes": {
            "id": "segat-rds-monitoring-role-20260625124641845400000006",
            "policy_arn": "arn:aws:iam::aws:policy/service-role/AmazonRDSEnhancedMonitoringRole",
            "role": "segat-rds-monitoring-role"
          },
          "sensitive_attributes": [],
          "identity_schema_version": 0,
          "private": "bnVsbA==",
          "dependencies": [
            "aws_iam_role.rds_monitoring"
          ]
        }
      ]
    },
    {
      "module": "module.security",
      "mode": "managed",
      "type": "aws_kms_key",
      "name": "secrets",
      "provider": "provider[\"registry.terraform.io/hashicorp/aws\"]",
      "instances": [
        {
          "schema_version": 0,
          "attributes": {
            "arn": "arn:aws:kms:us-east-1:662252246273:key/10d53338-5301-4618-993a-59f825cc7db1",
            "bypass_policy_lockout_safety_check": false,
            "custom_key_store_id": "",
            "customer_master_key_spec": "SYMMETRIC_DEFAULT",
            "deletion_window_in_days": 7,
            "description": "KMS CMK para Secrets Manager y CloudTrail del proyecto SEGAT",
            "enable_key_rotation": true,
            "id": "10d53338-5301-4618-993a-59f825cc7db1",
            "is_enabled": true,
            "key_id": "10d53338-5301-4618-993a-59f825cc7db1",
            "key_usage": "ENCRYPT_DECRYPT",
            "multi_region": false,
            "policy": "{\"Statement\":[{\"Action\":\"kms:*\",\"Effect\":\"Allow\",\"Principal\":{\"AWS\":\"arn:aws:iam::662252246273:root\"},\"Resource\":\"*\",\"Sid\":\"Enable IAM User Permissions\"},{\"Action\":[\"kms:GenerateDataKey\",\"kms:Decrypt\"],\"Effect\":\"Allow\",\"Principal\":{\"Service\":\"secretsmanager.amazonaws.com\"},\"Resource\":\"*\",\"Sid\":\"Allow Secrets Manager\"}],\"Version\":\"2012-10-17\"}",
            "rotation_period_in_days": 365,
            "tags": {
              "Name": "segat-kms-secrets"
            },
            "tags_all": {
              "Course": "Infraestructura-como-Codigo-UPAO",
              "Environment": "production",
              "ManagedBy": "Terraform",
              "Name": "segat-kms-secrets",
              "Project": "SEGAT"
            },
            "timeouts": null,
            "xks_key_id": ""
          },
          "sensitive_attributes": [],
          "identity_schema_version": 0,
          "private": "eyJlMmJmYjczMC1lY2FhLTExZTYtOGY4OC0zNDM2M2JjN2M0YzAiOnsiY3JlYXRlIjoxMjAwMDAwMDAwMDB9fQ=="
        }
      ]
    },
    {
      "module": "module.security",
      "mode": "managed",
      "type": "aws_secretsmanager_secret",
      "name": "cloudinary",
      "provider": "provider[\"registry.terraform.io/hashicorp/aws\"]",
      "instances": [
        {
          "schema_version": 0,
          "attributes": {
            "arn": "arn:aws:secretsmanager:us-east-1:662252246273:secret:segat/cloudinary-udYNrl",
            "description": "Credenciales de Cloudinary para el proyecto SEGAT",
            "force_overwrite_replica_secret": false,
            "id": "arn:aws:secretsmanager:us-east-1:662252246273:secret:segat/cloudinary-udYNrl",
            "kms_key_id": "arn:aws:kms:us-east-1:662252246273:key/10d53338-5301-4618-993a-59f825cc7db1",
            "name": "segat/cloudinary",
            "name_prefix": "",
            "policy": "",
            "recovery_window_in_days": 30,
            "replica": [],
            "tags": {
              "Name": "segat-secret-cloudinary"
            },
            "tags_all": {
              "Course": "Infraestructura-como-Codigo-UPAO",
              "Environment": "production",
              "ManagedBy": "Terraform",
              "Name": "segat-secret-cloudinary",
              "Project": "SEGAT"
            }
          },
          "sensitive_attributes": [],
          "identity_schema_version": 0,
          "private": "bnVsbA==",
          "dependencies": [
            "aws_kms_key.secrets"
          ]
        }
      ]
    },
    {
      "module": "module.security",
      "mode": "managed",
      "type": "aws_secretsmanager_secret",
      "name": "jwt",
      "provider": "provider[\"registry.terraform.io/hashicorp/aws\"]",
      "instances": [
        {
          "schema_version": 0,
          "attributes": {
            "arn": "arn:aws:secretsmanager:us-east-1:662252246273:secret:segat/jwt-vf3LLT",
            "description": "Secretos JWT para autenticacion del proyecto SEGAT",
            "force_overwrite_replica_secret": false,
            "id": "arn:aws:secretsmanager:us-east-1:662252246273:secret:segat/jwt-vf3LLT",
            "kms_key_id": "arn:aws:kms:us-east-1:662252246273:key/10d53338-5301-4618-993a-59f825cc7db1",
            "name": "segat/jwt",
            "name_prefix": "",
            "policy": "",
            "recovery_window_in_days": 30,
            "replica": [],
            "tags": {
              "Name": "segat-secret-jwt"
            },
            "tags_all": {
              "Course": "Infraestructura-como-Codigo-UPAO",
              "Environment": "production",
              "ManagedBy": "Terraform",
              "Name": "segat-secret-jwt",
              "Project": "SEGAT"
            }
          },
          "sensitive_attributes": [],
          "identity_schema_version": 0,
          "private": "bnVsbA==",
          "dependencies": [
            "aws_kms_key.secrets"
          ]
        }
      ]
    },
    {
      "module": "module.security",
      "mode": "managed",
      "type": "aws_secretsmanager_secret",
      "name": "n8n",
      "provider": "provider[\"registry.terraform.io/hashicorp/aws\"]",
      "instances": [
        {
          "schema_version": 0,
          "attributes": {
            "arn": "arn:aws:secretsmanager:us-east-1:662252246273:secret:segat/n8n-aJD8x6",
            "description": "Webhooks de n8n para el proyecto SEGAT",
            "force_overwrite_replica_secret": false,
            "id": "arn:aws:secretsmanager:us-east-1:662252246273:secret:segat/n8n-aJD8x6",
            "kms_key_id": "arn:aws:kms:us-east-1:662252246273:key/10d53338-5301-4618-993a-59f825cc7db1",
            "name": "segat/n8n",
            "name_prefix": "",
            "policy": "",
            "recovery_window_in_days": 30,
            "replica": [],
            "tags": {
              "Name": "segat-secret-n8n"
            },
            "tags_all": {
              "Course": "Infraestructura-como-Codigo-UPAO",
              "Environment": "production",
              "ManagedBy": "Terraform",
              "Name": "segat-secret-n8n",
              "Project": "SEGAT"
            }
          },
          "sensitive_attributes": [],
          "identity_schema_version": 0,
          "private": "bnVsbA==",
          "dependencies": [
            "aws_kms_key.secrets"
          ]
        }
      ]
    }
  ],
  "check_results": null
}
