{
  "version": 4,
  "terraform_version": "1.15.7",
  "serial": 9,
  "lineage": "8b9e9d6a-bcbc-4d72-ada1-fb294a481ceb",
  "outputs": {},
  "resources": [
    {
      "module": "module.security",
      "mode": "managed",
      "type": "aws_iam_role",
      "name": "autoscaling_role",
      "provider": "provider[\"registry.terraform.io/hashicorp/aws\"]",
      "instances": [
        {
          "schema_version": 0,
          "attributes": {
            "arn": "arn:aws:iam::662252246273:role/segat-autoscaling-role",
            "assume_role_policy": "{\"Statement\":[{\"Action\":\"sts:AssumeRole\",\"Effect\":\"Allow\",\"Principal\":{\"Service\":\"application-autoscaling.amazonaws.com\"}}],\"Version\":\"2012-10-17\"}",
            "create_date": "2026-06-25T12:46:34Z",
            "description": "Permite a Auto Scaling ajustar las tareas ECS Fargate",
            "force_detach_policies": false,
            "id": "segat-autoscaling-role",
            "inline_policy": [],
            "managed_policy_arns": [],
            "max_session_duration": 3600,
            "name": "segat-autoscaling-role",
            "name_prefix": "",
            "path": "/",
            "permissions_boundary": "",
            "tags": null,
            "tags_all": {
              "Course": "Infraestructura-como-Codigo-UPAO",
              "Environment": "production",
              "ManagedBy": "Terraform",
              "Project": "SEGAT"
            },
            "unique_id": "AROAZUMKPKUAYQH67J77H"
          },
          "sensitive_attributes": [],
          "identity_schema_version": 0,
          "private": "bnVsbA=="
        }
      ]
    },
    {
      "module": "module.security",
      "mode": "managed",
      "type": "aws_iam_role",
      "name": "ecs_execution_role",
      "provider": "provider[\"registry.terraform.io/hashicorp/aws\"]",
      "instances": [
        {
          "schema_version": 0,
          "attributes": {
            "arn": "arn:aws:iam::662252246273:role/segat-ecs-execution-role",
            "assume_role_policy": "{\"Statement\":[{\"Action\":\"sts:AssumeRole\",\"Effect\":\"Allow\",\"Principal\":{\"Service\":\"ecs-tasks.amazonaws.com\"}}],\"Version\":\"2012-10-17\"}",
            "create_date": "2026-06-25T12:46:32Z",
            "description": "Permite a ECS Fargate descargar imagenes de ECR y enviar logs",
            "force_detach_policies": false,
            "id": "segat-ecs-execution-role",
            "inline_policy": [],
            "managed_policy_arns": [],
            "max_session_duration": 3600,
            "name": "segat-ecs-execution-role",
            "name_prefix": "",
            "path": "/",
            "permissions_boundary": "",
            "tags": null,
            "tags_all": {
              "Course": "Infraestructura-como-Codigo-UPAO",
              "Environment": "production",
              "ManagedBy": "Terraform",
              "Project": "SEGAT"
            },
            "unique_id": "AROAZUMKPKUAW3DKQYFV6"
          },
          "sensitive_attributes": [],
          "identity_schema_version": 0,
          "private": "bnVsbA=="
        }
      ]
    },
    {
      "module": "module.security",
      "mode": "managed",
      "type": "aws_iam_role",
      "name": "ecs_task_role",
      "provider": "provider[\"registry.terraform.io/hashicorp/aws\"]",
      "instances": [
        {
          "schema_version": 0,
          "attributes": {
            "arn": "arn:aws:iam::662252246273:role/segat-ecs-task-role",
            "assume_role_policy": "{\"Statement\":[{\"Action\":\"sts:AssumeRole\",\"Effect\":\"Allow\",\"Principal\":{\"Service\":\"ecs-tasks.amazonaws.com\"}}],\"Version\":\"2012-10-17\"}",
            "create_date": "2026-06-25T12:46:32Z",
            "description": "Permisos del monolito SEGAT: SQS, S3, DynamoDB, Secrets",
            "force_detach_policies": false,
            "id": "segat-ecs-task-role",
            "inline_policy": [],
            "managed_policy_arns": [],
            "max_session_duration": 3600,
            "name": "segat-ecs-task-role",
            "name_prefix": "",
            "path": "/",
            "permissions_boundary": "",
            "tags": null,
            "tags_all": {
              "Course": "Infraestructura-como-Codigo-UPAO",
              "Environment": "production",
              "ManagedBy": "Terraform",
              "Project": "SEGAT"
            },
            "unique_id": "AROAZUMKPKUAUHBJHSHWJ"
          },
          "sensitive_attributes": [],
          "identity_schema_version": 0,
          "private": "bnVsbA=="
        }
      ]
    },
    {
      "module": "module.security",
      "mode": "managed",
      "type": "aws_iam_role",
      "name": "rds_monitoring",
      "provider": "provider[\"registry.terraform.io/hashicorp/aws\"]",
      "instances": [
        {
          "schema_version": 0,
          "attributes": {
            "arn": "arn:aws:iam::662252246273:role/segat-rds-monitoring-role",
            "assume_role_policy": "{\"Statement\":[{\"Action\":\"sts:AssumeRole\",\"Effect\":\"Allow\",\"Principal\":{\"Service\":\"monitoring.rds.amazonaws.com\"}}],\"Version\":\"2012-10-17\"}",
            "create_date": "2026-06-25T12:46:34Z",
            "description": "",
            "force_detach_policies": false,
            "id": "segat-rds-monitoring-role",
            "inline_policy": [],
            "managed_policy_arns": [],
            "max_session_duration": 3600,
            "name": "segat-rds-monitoring-role",
            "name_prefix": "",
            "path": "/",
            "permissions_boundary": "",
            "tags": null,
            "tags_all": {
              "Course": "Infraestructura-como-Codigo-UPAO",
              "Environment": "production",
              "ManagedBy": "Terraform",
              "Project": "SEGAT"
            },
            "unique_id": "AROAZUMKPKUA7JRQ7XABR"
          },
          "sensitive_attributes": [],
          "identity_schema_version": 0,
          "private": "bnVsbA=="
        }
      ]
    },
    {
      "module": "module.security",
      "mode": "managed",
      "type": "aws_iam_role_policy",
      "name": "ecs_execution_secrets",
      "provider": "provider[\"registry.terraform.io/hashicorp/aws\"]",
      "instances": [
        {
          "schema_version": 0,
          "attributes": {
            "id": "segat-ecs-execution-role:segat-ecs-execution-secrets",
            "name": "segat-ecs-execution-secrets",
            "name_prefix": "",
            "policy": "{\"Version\":\"2012-10-17\",\"Statement\":[{\"Action\":[\"secretsmanager:GetSecretValue\",\"ssm:GetParameters\"],\"Effect\":\"Allow\",\"Resource\":\"arn:aws:secretsmanager:*:*:secret:segat/*\"}]}",
            "role": "segat-ecs-execution-role"
          },
          "sensitive_attributes": [],
          "identity_schema_version": 0,
          "private": "bnVsbA==",
          "dependencies": [
            "aws_iam_role.ecs_execution_role"
          ]
        }
      ]
    },
    {
      "module": "module.security",
      "mode": "managed",
      "type": "aws_iam_role_policy",
      "name": "ecs_task_permissions",
      "provider": "provider[\"registry.terraform.io/hashicorp/aws\"]",
      "instances": [
        {
          "schema_version": 0,
          "attributes": {
            "id": "segat-ecs-task-role:segat-ecs-task-permissions",
            "name": "segat-ecs-task-permissions",
            "name_prefix": "",
            "policy": "{\"Version\":\"2012-10-17\",\"Statement\":[{\"Action\":[\"sqs:SendMessage\",\"sqs:ReceiveMessage\",\"sqs:DeleteMessage\",\"sqs:GetQueueAttributes\"],\"Effect\":\"Allow\",\"Resource\":\"arn:aws:sqs:*:*:segat-*\",\"Sid\":\"SQSAccess\"},{\"Action\":[\"s3:PutObject\",\"s3:GetObject\",\"s3:DeleteObject\"],\"Effect\":\"Allow\",\"Resource\":\"arn:aws:s3:::segat-reportes-*/*\",\"Sid\":\"S3ReportesAccess\"},{\"Action\":[\"dynamodb:PutItem\",\"dynamodb:GetItem\",\"dynamodb:UpdateItem\",\"dynamodb:Query\",\"dynamodb:Scan\"],\"Effect\":\"Allow\",\"Resource\":\"arn:aws:dynamodb:*:*:table/segat-*\",\"Sid\":\"DynamoDBAccess\"},{\"Action\":[\"sns:Publish\"],\"Effect\":\"Allow\",\"Resource\":\"arn:aws:sns:*:*:segat-*\",\"Sid\":\"SNSPublish\"},{\"Action\":[\"secretsmanager:GetSecretValue\"],\"Effect\":\"Allow\",\"Resource\":\"arn:aws:secretsmanager:*:*:secret:segat/*\",\"Sid\":\"SecretsAccess\"}]}",
            "role": "segat-ecs-task-role"
          },
          "sensitive_attributes": [],
          "identity_schema_version": 0,
          "private": "bnVsbA==",
          "dependencies": [
            "aws_iam_role.ecs_task_role"
          ]
        }
      ]
    },
    {
      "module": "module.security",
      "mode": "managed",
      "type": "aws_iam_role_policy_attachment",
      "name": "autoscaling_role_policy",
      "provider": "provider[\"registry.terraform.io/hashicorp/aws\"]",
      "instances": [
        {
          "schema_version": 0,
          "attributes": {
            "id": "segat-autoscaling-role-20260625124641706600000005",
            "policy_arn": "arn:aws:iam::aws:policy/service-role/AmazonEC2ContainerServiceAutoscaleRole",
            "role": "segat-autoscaling-role"
          },
          "sensitive_attributes": [],
          "identity_schema_version": 0,
          "private": "bnVsbA==",
          "dependencies": [
            "aws_iam_role.autoscaling_role"
          ]
        }
      ]
    },
    {
      "module": "module.security",
      "mode": "managed",
      "type": "aws_iam_role_policy_attachment",
      "name": "ecs_execution_role_policy",
      "provider": "provider[\"registry.terraform.io/hashicorp/aws\"]",
      "instances": [
        {
          "schema_version": 0,
          "attributes": {
            "id": "segat-ecs-execution-role-20260625124635734300000002",
            "policy_arn": "arn:aws:iam::aws:policy/service-role/AmazonECSTaskExecutionRolePolicy",
            "role": "segat-ecs-execution-role"
          },
          "sensitive_attributes": [],
          "identity_schema_version": 0,
          "private": "bnVsbA==",
          "dependencies": [
            "aws_iam_role.ecs_execution_role"
          ]
        }
      ]
    },
    {
      "module": "module.security",
      "mode": "managed",
      "type": "aws_iam_role_policy_attachment",
      "name": "rds_monitoring",
      "provider": "provider[\"registry.terraform.io/hashicorp/aws\"]",
      "instances": [
        {
          "schema_version": 0,
          "attributes": {
            "id": "segat-rds-monitoring-role-20260625124641845400000006",
            "policy_arn": "arn:aws:iam::aws:policy/service-role/AmazonRDSEnhancedMonitoringRole",
            "role": "segat-rds-monitoring-role"
          },
          "sensitive_attributes": [],
          "identity_schema_version": 0,
          "private": "bnVsbA==",
          "dependencies": [
            "aws_iam_role.rds_monitoring"
          ]
        }
      ]
    }
  ],
  "check_results": null
}
