{
  "version": 4,
  "terraform_version": "1.15.7",
  "serial": 220,
  "lineage": "8b9e9d6a-bcbc-4d72-ada1-fb294a481ceb",
  "outputs": {
    "alb_external_dns": {
      "value": "segat-alb-external-1704477576.us-east-1.elb.amazonaws.com",
      "type": "string"
    },
    "alb_internal_dns": {
      "value": "internal-segat-alb-internal-1418411880.us-east-1.elb.amazonaws.com",
      "type": "string"
    },
    "api_gateway_invoke_url": {
      "value": "https://kt5c547oqd.execute-api.us-east-1.amazonaws.com/production",
      "type": "string"
    },
    "cloudfront_distribution_id": {
      "value": "E2Y9ASPG2MPPIY",
      "type": "string"
    },
    "cloudfront_domain_name": {
      "value": "d2rpnxkisho4aa.cloudfront.net",
      "type": "string"
    },
    "cognito_domain": {
      "value": "segat-auth",
      "type": "string"
    },
    "cognito_user_pool_client_id": {
      "value": "km0ctb0qpvi4vc6r32iv16s9s",
      "type": "string"
    },
    "cognito_user_pool_id": {
      "value": "us-east-1_sx97llN2T",
      "type": "string"
    },
    "config_recorder_status": {
      "value": "segat-config-recorder",
      "type": "string"
    },
    "dynamodb_gps_table": {
      "value": "segat-gps-locations",
      "type": "string"
    },
    "ecr_repository_url": {
      "value": "662252246273.dkr.ecr.us-east-1.amazonaws.com/segat/backend",
      "type": "string"
    },
    "ecs_cluster_name": {
      "value": "segat-cluster",
      "type": "string"
    },
    "github_actions_frontend_role_arn": {
      "value": "arn:aws:iam::662252246273:role/segat-gha-frontend-deploy",
      "type": "string"
    },
    "github_actions_role_arn": {
      "value": "arn:aws:iam::662252246273:role/segat-gha-ecr-push",
      "type": "string"
    },
    "internal_nlb_dns_name": {
      "value": "segat-nlb-internal-f459968b47dd3842.elb.us-east-1.amazonaws.com",
      "type": "string"
    },
    "rds_endpoint": {
      "value": "segat-postgresql.c05eogcawt6f.us-east-1.rds.amazonaws.com",
      "type": "string",
      "sensitive": true
    },
    "redis_primary_endpoint": {
      "value": "segat-redis.9taubs.0001.use1.cache.amazonaws.com",
      "type": "string",
      "sensitive": true
    },
    "route53_name_servers": {
      "value": [
        "ns-1204.awsdns-22.org",
        "ns-1613.awsdns-09.co.uk",
        "ns-17.awsdns-02.com",
        "ns-947.awsdns-54.net"
      ],
      "type": [
        "list",
        "string"
      ]
    },
    "s3_frontend_bucket": {
      "value": "segat-frontend-production-662252246273",
      "type": "string"
    },
    "s3_reportes_bucket": {
      "value": "segat-reportes-fotos-production-662252246273",
      "type": "string"
    },
    "sqs_notificaciones_url": {
      "value": "https://sqs.us-east-1.amazonaws.com/662252246273/segat-cola-notificaciones",
      "type": "string"
    },
    "sqs_reportes_url": {
      "value": "https://sqs.us-east-1.amazonaws.com/662252246273/segat-cola-reportes",
      "type": "string"
    },
    "vpc_endpoint_dynamodb_id": {
      "value": "vpce-0ab3aca1d10bc950d",
      "type": "string"
    },
    "vpc_id": {
      "value": "vpc-063e4fc1b0a245bf4",
      "type": "string"
    }
  },
  "resources": [
    {
      "module": "module.api_gateway",
      "mode": "managed",
      "type": "aws_api_gateway_account",
      "name": "main",
      "provider": "provider[\"registry.terraform.io/hashicorp/aws\"]",
      "instances": [
        {
          "schema_version": 0,
          "attributes": {
            "api_key_version": "4",
            "cloudwatch_role_arn": "arn:aws:iam::662252246273:role/segat-apigw-cloudwatch-role",
            "features": [
              "UsagePlans"
            ],
            "id": "api-gateway-account",
            "reset_on_delete": null,
            "throttle_settings": [
              {
                "burst_limit": 5000,
                "rate_limit": 10000
              }
            ]
          },
          "sensitive_attributes": [],
          "identity_schema_version": 0,
          "dependencies": [
            "module.api_gateway.aws_iam_role.api_gateway_cloudwatch"
          ]
        }
      ]
    },
    {
      "module": "module.api_gateway",
      "mode": "managed",
      "type": "aws_api_gateway_authorizer",
      "name": "cognito",
      "provider": "provider[\"registry.terraform.io/hashicorp/aws\"]",
      "instances": [
        {
          "schema_version": 0,
          "attributes": {
            "arn": "arn:aws:apigateway:us-east-1::/restapis/kt5c547oqd/authorizers/gkuvjo",
            "authorizer_credentials": "",
            "authorizer_result_ttl_in_seconds": 300,
            "authorizer_uri": "",
            "id": "gkuvjo",
            "identity_source": "method.request.header.Authorization",
            "identity_validation_expression": "",
            "name": "segat-cognito-authorizer",
            "provider_arns": [
              "arn:aws:cognito-idp:us-east-1:662252246273:userpool/us-east-1_sx97llN2T"
            ],
            "rest_api_id": "kt5c547oqd",
            "type": "COGNITO_USER_POOLS"
          },
          "sensitive_attributes": [],
          "identity_schema_version": 0,
          "private": "bnVsbA==",
          "dependencies": [
            "module.api_gateway.aws_api_gateway_rest_api.segat",
            "module.auth.aws_cognito_user_pool.segat"
          ],
          "create_before_destroy": true
        }
      ]
    },
    {
      "module": "module.api_gateway",
      "mode": "managed",
      "type": "aws_api_gateway_deployment",
      "name": "segat",
      "provider": "provider[\"registry.terraform.io/hashicorp/aws\"]",
      "instances": [
        {
          "schema_version": 0,
          "attributes": {
            "canary_settings": [],
            "created_date": "2026-07-13T01:41:33Z",
            "description": "",
            "execution_arn": "arn:aws:execute-api:us-east-1:662252246273:kt5c547oqd/",
            "id": "b04vkq",
            "invoke_url": "https://kt5c547oqd.execute-api.us-east-1.amazonaws.com/",
            "rest_api_id": "kt5c547oqd",
            "stage_description": null,
            "stage_name": null,
            "triggers": null,
            "variables": null
          },
          "sensitive_attributes": [],
          "identity_schema_version": 0,
          "private": "bnVsbA==",
          "dependencies": [
            "module.api_gateway.aws_api_gateway_authorizer.cognito",
            "module.api_gateway.aws_api_gateway_integration.proxy",
            "module.api_gateway.aws_api_gateway_method.proxy",
            "module.api_gateway.aws_api_gateway_resource.proxy",
            "module.api_gateway.aws_api_gateway_rest_api.segat",
            "module.auth.aws_cognito_user_pool.segat",
            "module.compute.aws_s3_bucket.alb_logs",
            "module.compute.data.aws_caller_identity.current",
            "module.networking.aws_subnet.private_a",
            "module.networking.aws_subnet.private_b",
            "module.networking.aws_vpc.main",
            "module.networking.data.aws_availability_zones.available",
            "module.vpc_link.aws_api_gateway_vpc_link.internal",
            "module.vpc_link.aws_lb.internal_nlb",
            "module.vpc_link.aws_security_group.internal_nlb"
          ],
          "create_before_destroy": true
        }
      ]
    },
    {
      "module": "module.api_gateway",
      "mode": "managed",
      "type": "aws_api_gateway_integration",
      "name": "proxy",
      "provider": "provider[\"registry.terraform.io/hashicorp/aws\"]",
      "instances": [
        {
          "schema_version": 0,
          "attributes": {
            "cache_key_parameters": null,
            "cache_namespace": "wenc4k",
            "connection_id": "6kcoi4",
            "connection_type": "VPC_LINK",
            "content_handling": "",
            "credentials": "",
            "http_method": "ANY",
            "id": "agi-kt5c547oqd-wenc4k-ANY",
            "integration_http_method": "ANY",
            "passthrough_behavior": "WHEN_NO_MATCH",
            "request_parameters": null,
            "request_templates": null,
            "resource_id": "wenc4k",
            "rest_api_id": "kt5c547oqd",
            "timeout_milliseconds": 29000,
            "tls_config": [],
            "type": "HTTP_PROXY",
            "uri": "https://segat-nlb-internal-f459968b47dd3842.elb.us-east-1.amazonaws.com/{proxy}"
          },
          "sensitive_attributes": [],
          "identity_schema_version": 0,
          "private": "bnVsbA==",
          "dependencies": [
            "module.api_gateway.aws_api_gateway_authorizer.cognito",
            "module.api_gateway.aws_api_gateway_method.proxy",
            "module.api_gateway.aws_api_gateway_resource.proxy",
            "module.api_gateway.aws_api_gateway_rest_api.segat",
            "module.auth.aws_cognito_user_pool.segat",
            "module.compute.aws_s3_bucket.alb_logs",
            "module.compute.data.aws_caller_identity.current",
            "module.networking.aws_subnet.private_a",
            "module.networking.aws_subnet.private_b",
            "module.networking.aws_vpc.main",
            "module.networking.data.aws_availability_zones.available",
            "module.vpc_link.aws_api_gateway_vpc_link.internal",
            "module.vpc_link.aws_lb.internal_nlb",
            "module.vpc_link.aws_security_group.internal_nlb"
          ],
          "create_before_destroy": true
        }
      ]
    },
    {
      "module": "module.api_gateway",
      "mode": "managed",
      "type": "aws_api_gateway_method",
      "name": "proxy",
      "provider": "provider[\"registry.terraform.io/hashicorp/aws\"]",
      "instances": [
        {
          "schema_version": 0,
          "attributes": {
            "api_key_required": false,
            "authorization": "COGNITO_USER_POOLS",
            "authorization_scopes": null,
            "authorizer_id": "gkuvjo",
            "http_method": "ANY",
            "id": "agm-kt5c547oqd-wenc4k-ANY",
            "operation_name": null,
            "request_models": null,
            "request_parameters": null,
            "request_validator_id": null,
            "resource_id": "wenc4k",
            "rest_api_id": "kt5c547oqd"
          },
          "sensitive_attributes": [],
          "identity_schema_version": 0,
          "private": "bnVsbA==",
          "dependencies": [
            "module.api_gateway.aws_api_gateway_authorizer.cognito",
            "module.api_gateway.aws_api_gateway_resource.proxy",
            "module.api_gateway.aws_api_gateway_rest_api.segat",
            "module.auth.aws_cognito_user_pool.segat"
          ],
          "create_before_destroy": true
        }
      ]
    },
    {
      "module": "module.api_gateway",
      "mode": "managed",
      "type": "aws_api_gateway_method_settings",
      "name": "proxy",
      "provider": "provider[\"registry.terraform.io/hashicorp/aws\"]",
      "instances": [
        {
          "schema_version": 0,
          "attributes": {
            "id": "kt5c547oqd-production-*/*",
            "method_path": "*/*",
            "rest_api_id": "kt5c547oqd",
            "settings": [
              {
                "cache_data_encrypted": false,
                "cache_ttl_in_seconds": 300,
                "caching_enabled": false,
                "data_trace_enabled": false,
                "logging_level": "INFO",
                "metrics_enabled": true,
                "require_authorization_for_cache_control": true,
                "throttling_burst_limit": -1,
                "throttling_rate_limit": -1,
                "unauthorized_cache_control_header_strategy": "SUCCEED_WITH_RESPONSE_HEADER"
              }
            ],
            "stage_name": "production"
          },
          "sensitive_attributes": [],
          "identity_schema_version": 0,
          "private": "bnVsbA==",
          "dependencies": [
            "module.api_gateway.aws_api_gateway_account.main",
            "module.api_gateway.aws_api_gateway_authorizer.cognito",
            "module.api_gateway.aws_api_gateway_deployment.segat",
            "module.api_gateway.aws_api_gateway_integration.proxy",
            "module.api_gateway.aws_api_gateway_method.proxy",
            "module.api_gateway.aws_api_gateway_resource.proxy",
            "module.api_gateway.aws_api_gateway_rest_api.segat",
            "module.api_gateway.aws_api_gateway_stage.prod",
            "module.api_gateway.aws_iam_role.api_gateway_cloudwatch",
            "module.auth.aws_cognito_user_pool.segat",
            "module.compute.aws_cloudwatch_log_group.ecs",
            "module.compute.aws_s3_bucket.alb_logs",
            "module.compute.data.aws_caller_identity.current",
            "module.networking.aws_subnet.private_a",
            "module.networking.aws_subnet.private_b",
            "module.networking.aws_vpc.main",
            "module.networking.data.aws_availability_zones.available",
            "module.security.aws_kms_key.secrets",
            "module.security.data.aws_caller_identity.current",
            "module.vpc_link.aws_api_gateway_vpc_link.internal",
            "module.vpc_link.aws_lb.internal_nlb",
            "module.vpc_link.aws_security_group.internal_nlb"
          ]
        }
      ]
    },
    {
      "module": "module.api_gateway",
      "mode": "managed",
      "type": "aws_api_gateway_resource",
      "name": "proxy",
      "provider": "provider[\"registry.terraform.io/hashicorp/aws\"]",
      "instances": [
        {
          "schema_version": 0,
          "attributes": {
            "id": "wenc4k",
            "parent_id": "8c66ddajx8",
            "path": "/{proxy+}",
            "path_part": "{proxy+}",
            "rest_api_id": "kt5c547oqd"
          },
          "sensitive_attributes": [],
          "identity_schema_version": 0,
          "private": "bnVsbA==",
          "dependencies": [
            "module.api_gateway.aws_api_gateway_rest_api.segat"
          ],
          "create_before_destroy": true
        }
      ]
    },
    {
      "module": "module.api_gateway",
      "mode": "managed",
      "type": "aws_api_gateway_rest_api",
      "name": "segat",
      "provider": "provider[\"registry.terraform.io/hashicorp/aws\"]",
      "instances": [
        {
          "schema_version": 0,
          "attributes": {
            "api_key_source": "HEADER",
            "arn": "arn:aws:apigateway:us-east-1::/restapis/kt5c547oqd",
            "binary_media_types": [],
            "body": null,
            "created_date": "2026-07-13T01:32:00Z",
            "description": "API Gateway para el proyecto SEGAT",
            "disable_execute_api_endpoint": false,
            "endpoint_configuration": [
              {
                "ip_address_type": "ipv4",
                "types": [
                  "REGIONAL"
                ],
                "vpc_endpoint_ids": []
              }
            ],
            "execution_arn": "arn:aws:execute-api:us-east-1:662252246273:kt5c547oqd",
            "fail_on_warnings": null,
            "id": "kt5c547oqd",
            "minimum_compression_size": "",
            "name": "segat-api",
            "parameters": null,
            "policy": "",
            "put_rest_api_mode": null,
            "root_resource_id": "8c66ddajx8",
            "tags": {
              "Name": "segat-api-gateway"
            },
            "tags_all": {
              "Course": "Infraestructura-como-Codigo-UPAO",
              "Environment": "production",
              "ManagedBy": "Terraform",
              "Name": "segat-api-gateway",
              "Project": "SEGAT"
            }
          },
          "sensitive_attributes": [],
          "identity_schema_version": 0,
          "private": "bnVsbA==",
          "create_before_destroy": true
        }
      ]
    },
    {
      "module": "module.api_gateway",
      "mode": "managed",
      "type": "aws_api_gateway_stage",
      "name": "prod",
      "provider": "provider[\"registry.terraform.io/hashicorp/aws\"]",
      "instances": [
        {
          "schema_version": 0,
          "attributes": {
            "access_log_settings": [
              {
                "destination_arn": "arn:aws:logs:us-east-1:662252246273:log-group:/ecs/segat/backend",
                "format": "{\"caller\":\"$context.identity.caller\",\"httpMethod\":\"$context.httpMethod\",\"ip\":\"$context.identity.sourceIp\",\"protocol\":\"$context.protocol\",\"requestId\":\"$context.requestId\",\"requestTime\":\"$context.requestTime\",\"resourcePath\":\"$context.resourcePath\",\"responseLength\":\"$context.responseLength\",\"status\":\"$context.status\",\"user\":\"$context.identity.user\"}"
              }
            ],
            "arn": "arn:aws:apigateway:us-east-1::/restapis/kt5c547oqd/stages/production",
            "cache_cluster_enabled": false,
            "cache_cluster_size": "",
            "canary_settings": [],
            "client_certificate_id": "",
            "deployment_id": "b04vkq",
            "description": "",
            "documentation_version": "",
            "execution_arn": "arn:aws:execute-api:us-east-1:662252246273:kt5c547oqd/production",
            "id": "ags-kt5c547oqd-production",
            "invoke_url": "https://kt5c547oqd.execute-api.us-east-1.amazonaws.com/production",
            "rest_api_id": "kt5c547oqd",
            "stage_name": "production",
            "tags": {
              "Name": "segat-api-stage"
            },
            "tags_all": {
              "Course": "Infraestructura-como-Codigo-UPAO",
              "Environment": "production",
              "ManagedBy": "Terraform",
              "Name": "segat-api-stage",
              "Project": "SEGAT"
            },
            "variables": null,
            "web_acl_arn": "",
            "xray_tracing_enabled": true
          },
          "sensitive_attributes": [],
          "identity_schema_version": 0,
          "private": "bnVsbA==",
          "dependencies": [
            "module.api_gateway.aws_api_gateway_account.main",
            "module.api_gateway.aws_api_gateway_authorizer.cognito",
            "module.api_gateway.aws_api_gateway_deployment.segat",
            "module.api_gateway.aws_api_gateway_integration.proxy",
            "module.api_gateway.aws_api_gateway_method.proxy",
            "module.api_gateway.aws_api_gateway_resource.proxy",
            "module.api_gateway.aws_api_gateway_rest_api.segat",
            "module.api_gateway.aws_iam_role.api_gateway_cloudwatch",
            "module.auth.aws_cognito_user_pool.segat",
            "module.compute.aws_cloudwatch_log_group.ecs",
            "module.compute.aws_s3_bucket.alb_logs",
            "module.compute.data.aws_caller_identity.current",
            "module.networking.aws_subnet.private_a",
            "module.networking.aws_subnet.private_b",
            "module.networking.aws_vpc.main",
            "module.networking.data.aws_availability_zones.available",
            "module.security.aws_kms_key.secrets",
            "module.security.data.aws_caller_identity.current",
            "module.vpc_link.aws_api_gateway_vpc_link.internal",
            "module.vpc_link.aws_lb.internal_nlb",
            "module.vpc_link.aws_security_group.internal_nlb"
          ]
        }
      ]
    },
    {
      "module": "module.api_gateway",
      "mode": "managed",
      "type": "aws_iam_role",
      "name": "api_gateway_cloudwatch",
      "provider": "provider[\"registry.terraform.io/hashicorp/aws\"]",
      "instances": [
        {
          "schema_version": 0,
          "attributes": {
            "arn": "arn:aws:iam::662252246273:role/segat-apigw-cloudwatch-role",
            "assume_role_policy": "{\"Statement\":[{\"Action\":\"sts:AssumeRole\",\"Effect\":\"Allow\",\"Principal\":{\"Service\":\"apigateway.amazonaws.com\"}}],\"Version\":\"2012-10-17\"}",
            "create_date": "2026-07-13T01:32:00Z",
            "description": "",
            "force_detach_policies": false,
            "id": "segat-apigw-cloudwatch-role",
            "inline_policy": [],
            "managed_policy_arns": [],
            "max_session_duration": 3600,
            "name": "segat-apigw-cloudwatch-role",
            "name_prefix": "",
            "path": "/",
            "permissions_boundary": "",
            "tags": null,
            "tags_all": {
              "Course": "Infraestructura-como-Codigo-UPAO",
              "Environment": "production",
              "ManagedBy": "Terraform",
              "Project": "SEGAT"
            },
            "unique_id": "AROAZUMKPKUA6O7HLY2TY"
          },
          "sensitive_attributes": [],
          "identity_schema_version": 0,
          "private": "bnVsbA=="
        }
      ]
    },
    {
      "module": "module.api_gateway",
      "mode": "managed",
      "type": "aws_iam_role_policy_attachment",
      "name": "api_gateway_cloudwatch",
      "provider": "provider[\"registry.terraform.io/hashicorp/aws\"]",
      "instances": [
        {
          "schema_version": 0,
          "attributes": {
            "id": "segat-apigw-cloudwatch-role-20260713013202225900000003",
            "policy_arn": "arn:aws:iam::aws:policy/service-role/AmazonAPIGatewayPushToCloudWatchLogs",
            "role": "segat-apigw-cloudwatch-role"
          },
          "sensitive_attributes": [],
          "identity_schema_version": 0,
          "private": "bnVsbA==",
          "dependencies": [
            "module.api_gateway.aws_iam_role.api_gateway_cloudwatch"
          ]
        }
      ]
    },
    {
      "module": "module.api_gateway",
      "mode": "managed",
      "type": "aws_wafv2_web_acl_association",
      "name": "api_gateway",
      "provider": "provider[\"registry.terraform.io/hashicorp/aws\"]",
      "instances": [
        {
          "schema_version": 0,
          "attributes": {
            "id": "arn:aws:wafv2:us-east-1:662252246273:regional/webacl/segat-waf/2507fbe0-969d-4430-a0f9-95c5c6202dab,arn:aws:apigateway:us-east-1::/restapis/kt5c547oqd/stages/production",
            "resource_arn": "arn:aws:apigateway:us-east-1::/restapis/kt5c547oqd/stages/production",
            "timeouts": null,
            "web_acl_arn": "arn:aws:wafv2:us-east-1:662252246273:regional/webacl/segat-waf/2507fbe0-969d-4430-a0f9-95c5c6202dab"
          },
          "sensitive_attributes": [],
          "identity_schema_version": 0,
          "private": "eyJlMmJmYjczMC1lY2FhLTExZTYtOGY4OC0zNDM2M2JjN2M0YzAiOnsiY3JlYXRlIjo2MDAwMDAwMDAwMDB9fQ==",
          "dependencies": [
            "module.api_gateway.aws_api_gateway_account.main",
            "module.api_gateway.aws_api_gateway_authorizer.cognito",
            "module.api_gateway.aws_api_gateway_deployment.segat",
            "module.api_gateway.aws_api_gateway_integration.proxy",
            "module.api_gateway.aws_api_gateway_method.proxy",
            "module.api_gateway.aws_api_gateway_resource.proxy",
            "module.api_gateway.aws_api_gateway_rest_api.segat",
            "module.api_gateway.aws_api_gateway_stage.prod",
            "module.api_gateway.aws_iam_role.api_gateway_cloudwatch",
            "module.auth.aws_cognito_user_pool.segat",
            "module.compute.aws_cloudwatch_log_group.ecs",
            "module.compute.aws_s3_bucket.alb_logs",
            "module.compute.data.aws_caller_identity.current",
            "module.firewall.aws_wafv2_web_acl.main",
            "module.networking.aws_subnet.private_a",
            "module.networking.aws_subnet.private_b",
            "module.networking.aws_vpc.main",
            "module.networking.data.aws_availability_zones.available",
            "module.security.aws_kms_key.secrets",
            "module.security.data.aws_caller_identity.current",
            "module.vpc_link.aws_api_gateway_vpc_link.internal",
            "module.vpc_link.aws_lb.internal_nlb",
            "module.vpc_link.aws_security_group.internal_nlb"
          ]
        }
      ]
    },
    {
      "module": "module.auth",
      "mode": "managed",
      "type": "aws_cognito_user_pool",
      "name": "segat",
      "provider": "provider[\"registry.terraform.io/hashicorp/aws\"]",
      "instances": [
        {
          "schema_version": 0,
          "attributes": {
            "account_recovery_setting": [
              {
                "recovery_mechanism": [
                  {
                    "name": "verified_email",
                    "priority": 1
                  }
                ]
              }
            ],
            "admin_create_user_config": [
              {
                "allow_admin_create_user_only": false,
                "invite_message_template": []
              }
            ],
            "alias_attributes": null,
            "arn": "arn:aws:cognito-idp:us-east-1:662252246273:userpool/us-east-1_sx97llN2T",
            "auto_verified_attributes": [
              "email"
            ],
            "creation_date": "2026-07-13T01:32:00Z",
            "custom_domain": "",
            "deletion_protection": "INACTIVE",
            "device_configuration": [],
            "domain": "",
            "email_configuration": [
              {
                "configuration_set": "",
                "email_sending_account": "COGNITO_DEFAULT",
                "from_email_address": "",
                "reply_to_email_address": "",
                "source_arn": ""
              }
            ],
            "email_mfa_configuration": [],
            "email_verification_message": "",
            "email_verification_subject": "",
            "endpoint": "cognito-idp.us-east-1.amazonaws.com/us-east-1_sx97llN2T",
            "estimated_number_of_users": 0,
            "id": "us-east-1_sx97llN2T",
            "lambda_config": [],
            "last_modified_date": "2026-07-13T01:32:00Z",
            "mfa_configuration": "OPTIONAL",
            "name": "segat-user-pool",
            "password_policy": [
              {
                "minimum_length": 12,
                "password_history_size": 0,
                "require_lowercase": true,
                "require_numbers": true,
                "require_symbols": true,
                "require_uppercase": true,
                "temporary_password_validity_days": 7
              }
            ],
            "schema": [
              {
                "attribute_data_type": "String",
                "developer_only_attribute": null,
                "mutable": true,
                "name": "email",
                "number_attribute_constraints": [],
                "required": true,
                "string_attribute_constraints": [
                  {
                    "max_length": "100",
                    "min_length": "5"
                  }
                ]
              },
              {
                "attribute_data_type": "String",
                "developer_only_attribute": null,
                "mutable": true,
                "name": "role",
                "number_attribute_constraints": [],
                "required": false,
                "string_attribute_constraints": [
                  {
                    "max_length": "50",
                    "min_length": "1"
                  }
                ]
              }
            ],
            "sign_in_policy": [
              {
                "allowed_first_auth_factors": [
                  "PASSWORD"
                ]
              }
            ],
            "sms_authentication_message": "",
            "sms_configuration": [],
            "sms_verification_message": "",
            "software_token_mfa_configuration": [
              {
                "enabled": true
              }
            ],
            "tags": {
              "Name": "segat-cognito-user-pool"
            },
            "tags_all": {
              "Course": "Infraestructura-como-Codigo-UPAO",
              "Environment": "production",
              "ManagedBy": "Terraform",
              "Name": "segat-cognito-user-pool",
              "Project": "SEGAT"
            },
            "user_attribute_update_settings": [],
            "user_pool_add_ons": [
              {
                "advanced_security_additional_flows": [
                  {
                    "custom_auth_mode": "AUDIT"
                  }
                ],
                "advanced_security_mode": "ENFORCED"
              }
            ],
            "user_pool_tier": "PLUS",
            "username_attributes": null,
            "username_configuration": [],
            "verification_message_template": [
              {
                "default_email_option": "CONFIRM_WITH_CODE",
                "email_message": "",
                "email_message_by_link": "",
                "email_subject": "",
                "email_subject_by_link": "",
                "sms_message": ""
              }
            ],
            "web_authn_configuration": []
          },
          "sensitive_attributes": [],
          "identity_schema_version": 0,
          "private": "bnVsbA==",
          "create_before_destroy": true
        }
      ]
    },
    {
      "module": "module.auth",
      "mode": "managed",
      "type": "aws_cognito_user_pool_client",
      "name": "segat_backend",
      "provider": "provider[\"registry.terraform.io/hashicorp/aws\"]",
      "instances": [
        {
          "schema_version": 0,
          "attributes": {
            "access_token_validity": 1,
            "allowed_oauth_flows": [],
            "allowed_oauth_flows_user_pool_client": false,
            "allowed_oauth_scopes": [],
            "analytics_configuration": [],
            "auth_session_validity": 3,
            "callback_urls": [],
            "client_secret": "",
            "default_redirect_uri": "",
            "enable_propagate_additional_user_context_data": false,
            "enable_token_revocation": true,
            "explicit_auth_flows": [
              "ALLOW_REFRESH_TOKEN_AUTH",
              "ALLOW_USER_PASSWORD_AUTH",
              "ALLOW_USER_SRP_AUTH"
            ],
            "generate_secret": null,
            "id": "km0ctb0qpvi4vc6r32iv16s9s",
            "id_token_validity": 1,
            "logout_urls": [],
            "name": "segat-backend-client",
            "prevent_user_existence_errors": "ENABLED",
            "read_attributes": [],
            "refresh_token_rotation": [],
            "refresh_token_validity": 30,
            "supported_identity_providers": [],
            "token_validity_units": [
              {
                "access_token": "hours",
                "id_token": "hours",
                "refresh_token": "days"
              }
            ],
            "user_pool_id": "us-east-1_sx97llN2T",
            "write_attributes": []
          },
          "sensitive_attributes": [
            [
              {
                "type": "get_attr",
                "value": "client_secret"
              }
            ]
          ],
          "identity_schema_version": 0,
          "dependencies": [
            "module.auth.aws_cognito_user_pool.segat"
          ]
        }
      ]
    },
    {
      "module": "module.auth",
      "mode": "managed",
      "type": "aws_cognito_user_pool_domain",
      "name": "segat",
      "provider": "provider[\"registry.terraform.io/hashicorp/aws\"]",
      "instances": [
        {
          "schema_version": 0,
          "attributes": {
            "aws_account_id": "662252246273",
            "certificate_arn": "",
            "cloudfront_distribution": "d3oia8etllorh5.cloudfront.net",
            "cloudfront_distribution_arn": "d3oia8etllorh5.cloudfront.net",
            "cloudfront_distribution_zone_id": "Z2FDTNDATAQYW2",
            "domain": "segat-auth",
            "id": "segat-auth",
            "managed_login_version": 1,
            "s3_bucket": "aws-cognito-prod-iad-assets",
            "user_pool_id": "us-east-1_sx97llN2T",
            "version": "20260713013204"
          },
          "sensitive_attributes": [],
          "identity_schema_version": 0,
          "private": "bnVsbA==",
          "dependencies": [
            "module.auth.aws_cognito_user_pool.segat"
          ]
        }
      ]
    },
    {
      "module": "module.cdn",
      "mode": "data",
      "type": "aws_caller_identity",
      "name": "current",
      "provider": "provider[\"registry.terraform.io/hashicorp/aws\"]",
      "instances": [
        {
          "schema_version": 0,
          "attributes": {
            "account_id": "662252246273",
            "arn": "arn:aws:iam::662252246273:root",
            "id": "662252246273",
            "user_id": "662252246273"
          },
          "sensitive_attributes": [],
          "identity_schema_version": 0
        }
      ]
    },
    {
      "module": "module.cdn",
      "mode": "data",
      "type": "aws_iam_policy_document",
      "name": "frontend_bucket_policy",
      "provider": "provider[\"registry.terraform.io/hashicorp/aws\"]",
      "instances": [
        {
          "schema_version": 0,
          "attributes": {
            "id": "493035821",
            "json": "{\n  \"Version\": \"2012-10-17\",\n  \"Statement\": [\n    {\n      \"Sid\": \"AllowCloudFrontOAC\",\n      \"Effect\": \"Allow\",\n      \"Action\": \"s3:GetObject\",\n      \"Resource\": \"arn:aws:s3:::segat-frontend-production-662252246273/*\",\n      \"Principal\": {\n        \"Service\": \"cloudfront.amazonaws.com\"\n      },\n      \"Condition\": {\n        \"StringEquals\": {\n          \"AWS:SourceArn\": \"arn:aws:cloudfront::662252246273:distribution/E2Y9ASPG2MPPIY\"\n        }\n      }\n    }\n  ]\n}",
            "minified_json": "{\"Version\":\"2012-10-17\",\"Statement\":[{\"Sid\":\"AllowCloudFrontOAC\",\"Effect\":\"Allow\",\"Action\":\"s3:GetObject\",\"Resource\":\"arn:aws:s3:::segat-frontend-production-662252246273/*\",\"Principal\":{\"Service\":\"cloudfront.amazonaws.com\"},\"Condition\":{\"StringEquals\":{\"AWS:SourceArn\":\"arn:aws:cloudfront::662252246273:distribution/E2Y9ASPG2MPPIY\"}}}]}",
            "override_json": null,
            "override_policy_documents": null,
            "policy_id": null,
            "source_json": null,
            "source_policy_documents": null,
            "statement": [
              {
                "actions": [
                  "s3:GetObject"
                ],
                "condition": [
                  {
                    "test": "StringEquals",
                    "values": [
                      "arn:aws:cloudfront::662252246273:distribution/E2Y9ASPG2MPPIY"
                    ],
                    "variable": "AWS:SourceArn"
                  }
                ],
                "effect": "Allow",
                "not_actions": [],
                "not_principals": [],
                "not_resources": [],
                "principals": [
                  {
                    "identifiers": [
                      "cloudfront.amazonaws.com"
                    ],
                    "type": "Service"
                  }
                ],
                "resources": [
                  "arn:aws:s3:::segat-frontend-production-662252246273/*"
                ],
                "sid": "AllowCloudFrontOAC"
              }
            ],
            "version": "2012-10-17"
          },
          "sensitive_attributes": [],
          "identity_schema_version": 0
        }
      ]
    },
    {
      "module": "module.cdn",
      "mode": "managed",
      "type": "aws_cloudfront_distribution",
      "name": "main",
      "provider": "provider[\"registry.terraform.io/hashicorp/aws\"]",
      "instances": [
        {
          "schema_version": 1,
          "attributes": {
            "aliases": null,
            "arn": "arn:aws:cloudfront::662252246273:distribution/E2Y9ASPG2MPPIY",
            "caller_reference": "terraform-20260713013506318400000008",
            "comment": "CDN para el proyecto SEGAT",
            "continuous_deployment_policy_id": "",
            "custom_error_response": [
              {
                "error_caching_min_ttl": null,
                "error_code": 403,
                "response_code": 200,
                "response_page_path": "/index.html"
              },
              {
                "error_caching_min_ttl": null,
                "error_code": 404,
                "response_code": 200,
                "response_page_path": "/index.html"
              }
            ],
            "default_cache_behavior": [
              {
                "allowed_methods": [
                  "GET",
                  "HEAD"
                ],
                "cache_policy_id": "",
                "cached_methods": [
                  "GET",
                  "HEAD"
                ],
                "compress": true,
                "default_ttl": 3600,
                "field_level_encryption_id": "",
                "forwarded_values": [
                  {
                    "cookies": [
                      {
                        "forward": "none",
                        "whitelisted_names": []
                      }
                    ],
                    "headers": [],
                    "query_string": false,
                    "query_string_cache_keys": []
                  }
                ],
                "function_association": [],
                "grpc_config": [
                  {
                    "enabled": false
                  }
                ],
                "lambda_function_association": [],
                "max_ttl": 86400,
                "min_ttl": 0,
                "origin_request_policy_id": "",
                "realtime_log_config_arn": "",
                "response_headers_policy_id": "b4578130-9e3c-4968-bd6e-77989b67b50b",
                "smooth_streaming": false,
                "target_origin_id": "segat-frontend-origin",
                "trusted_key_groups": [],
                "trusted_signers": [],
                "viewer_protocol_policy": "redirect-to-https"
              }
            ],
            "default_root_object": "index.html",
            "domain_name": "d2rpnxkisho4aa.cloudfront.net",
            "enabled": true,
            "etag": "E23ZP02F085DFQ",
            "hosted_zone_id": "Z2FDTNDATAQYW2",
            "http_version": "http2",
            "id": "E2Y9ASPG2MPPIY",
            "in_progress_validation_batches": 0,
            "is_ipv6_enabled": true,
            "last_modified_time": "2026-07-13 01:35:06.669 +0000 UTC",
            "logging_config": [
              {
                "bucket": "segat-alb-logs-production-662252246273.s3.amazonaws.com",
                "include_cookies": false,
                "prefix": "cloudfront/"
              }
            ],
            "ordered_cache_behavior": [
              {
                "allowed_methods": [
                  "GET",
                  "HEAD",
                  "OPTIONS"
                ],
                "cache_policy_id": "",
                "cached_methods": [
                  "GET",
                  "HEAD"
                ],
                "compress": true,
                "default_ttl": 0,
                "field_level_encryption_id": "",
                "forwarded_values": [
                  {
                    "cookies": [
                      {
                        "forward": "all",
                        "whitelisted_names": null
                      }
                    ],
                    "headers": [
                      "Authorization",
                      "Host"
                    ],
                    "query_string": true,
                    "query_string_cache_keys": []
                  }
                ],
                "function_association": [],
                "grpc_config": [
                  {
                    "enabled": false
                  }
                ],
                "lambda_function_association": [],
                "max_ttl": 0,
                "min_ttl": 0,
                "origin_request_policy_id": "",
                "path_pattern": "/api/*",
                "realtime_log_config_arn": "",
                "response_headers_policy_id": "b4578130-9e3c-4968-bd6e-77989b67b50b",
                "smooth_streaming": false,
                "target_origin_id": "segat-origin-group",
                "trusted_key_groups": null,
                "trusted_signers": null,
                "viewer_protocol_policy": "redirect-to-https"
              }
            ],
            "origin": [
              {
                "connection_attempts": 3,
                "connection_timeout": 10,
                "custom_header": [],
                "custom_origin_config": [
                  {
                    "http_port": 80,
                    "https_port": 443,
                    "origin_keepalive_timeout": 5,
                    "origin_protocol_policy": "https-only",
                    "origin_read_timeout": 30,
                    "origin_ssl_protocols": [
                      "TLSv1.2"
                    ]
                  }
                ],
                "domain_name": "internal-segat-alb-internal-1418411880.us-east-1.elb.amazonaws.com",
                "origin_access_control_id": "",
                "origin_id": "segat-alb-internal-origin",
                "origin_path": "",
                "origin_shield": [],
                "s3_origin_config": [],
                "vpc_origin_config": []
              },
              {
                "connection_attempts": 3,
                "connection_timeout": 10,
                "custom_header": [],
                "custom_origin_config": [
                  {
                    "http_port": 80,
                    "https_port": 443,
                    "origin_keepalive_timeout": 5,
                    "origin_protocol_policy": "https-only",
                    "origin_read_timeout": 30,
                    "origin_ssl_protocols": [
                      "TLSv1.2"
                    ]
                  }
                ],
                "domain_name": "segat-alb-external-1704477576.us-east-1.elb.amazonaws.com",
                "origin_access_control_id": "",
                "origin_id": "segat-alb-origin",
                "origin_path": "",
                "origin_shield": [],
                "s3_origin_config": [],
                "vpc_origin_config": []
              },
              {
                "connection_attempts": 3,
                "connection_timeout": 10,
                "custom_header": [],
                "custom_origin_config": [],
                "domain_name": "segat-frontend-production-662252246273.s3.us-east-1.amazonaws.com",
                "origin_access_control_id": "E138PTESKHU8W",
                "origin_id": "segat-frontend-origin",
                "origin_path": "",
                "origin_shield": [],
                "s3_origin_config": [],
                "vpc_origin_config": []
              }
            ],
            "origin_group": [
              {
                "failover_criteria": [
                  {
                    "status_codes": [
                      500,
                      502,
                      503,
                      504
                    ]
                  }
                ],
                "member": [
                  {
                    "origin_id": "segat-alb-origin"
                  },
                  {
                    "origin_id": "segat-alb-internal-origin"
                  }
                ],
                "origin_id": "segat-origin-group"
              }
            ],
            "price_class": "PriceClass_All",
            "restrictions": [
              {
                "geo_restriction": [
                  {
                    "locations": [
                      "AR",
                      "BO",
                      "CL",
                      "CO",
                      "EC",
                      "MX",
                      "PE",
                      "US"
                    ],
                    "restriction_type": "whitelist"
                  }
                ]
              }
            ],
            "retain_on_delete": false,
            "staging": false,
            "status": "Deployed",
            "tags": {
              "Name": "segat-cloudfront"
            },
            "tags_all": {
              "Course": "Infraestructura-como-Codigo-UPAO",
              "Environment": "production",
              "ManagedBy": "Terraform",
              "Name": "segat-cloudfront",
              "Project": "SEGAT"
            },
            "trusted_key_groups": [
              {
                "enabled": false,
                "items": []
              }
            ],
            "trusted_signers": [
              {
                "enabled": false,
                "items": []
              }
            ],
            "viewer_certificate": [
              {
                "acm_certificate_arn": "arn:aws:acm:us-east-1:662252246273:certificate/2c1663ac-f457-4293-bfa9-fe0ec890bc6d",
                "cloudfront_default_certificate": false,
                "iam_certificate_id": "",
                "minimum_protocol_version": "TLSv1.2_2021",
                "ssl_support_method": "sni-only"
              }
            ],
            "wait_for_deployment": true,
            "web_acl_id": "arn:aws:wafv2:us-east-1:662252246273:global/webacl/segat-waf-cloudfront/589fb2be-0787-41c4-9ca3-2ac811aecaf1"
          },
          "sensitive_attributes": [],
          "identity_schema_version": 0,
          "private": "eyJzY2hlbWFfdmVyc2lvbiI6IjEifQ==",
          "dependencies": [
            "module.cdn.aws_cloudfront_origin_access_control.frontend",
            "module.cdn.aws_cloudfront_response_headers_policy.segat",
            "module.cdn.aws_s3_bucket.frontend",
            "module.cdn.data.aws_caller_identity.current",
            "module.certificates.aws_acm_certificate.main",
            "module.certificates.tls_private_key.main",
            "module.certificates.tls_self_signed_cert.main",
            "module.compute.aws_lb.external",
            "module.compute.aws_lb.internal",
            "module.compute.aws_s3_bucket.alb_logs",
            "module.compute.aws_s3_bucket_ownership_controls.alb_logs",
            "module.compute.aws_s3_bucket_policy.alb_logs",
            "module.compute.data.aws_caller_identity.current",
            "module.compute.data.aws_elb_service_account.main",
            "module.firewall.aws_wafv2_web_acl.cloudfront",
            "module.networking.aws_security_group.alb",
            "module.networking.aws_security_group.ecs_tasks",
            "module.networking.aws_subnet.private_a",
            "module.networking.aws_subnet.private_b",
            "module.networking.aws_subnet.public_a",
            "module.networking.aws_subnet.public_b",
            "module.networking.aws_vpc.main",
            "module.networking.data.aws_availability_zones.available"
          ]
        }
      ]
    },
    {
      "module": "module.cdn",
      "mode": "managed",
      "type": "aws_cloudfront_origin_access_control",
      "name": "frontend",
      "provider": "provider[\"registry.terraform.io/hashicorp/aws\"]",
      "instances": [
        {
          "schema_version": 0,
          "attributes": {
            "arn": "arn:aws:cloudfront::662252246273:origin-access-control/E138PTESKHU8W",
            "description": "Managed by Terraform",
            "etag": "ETVPDKIKX0DER",
            "id": "E138PTESKHU8W",
            "name": "segat-frontend-oac",
            "origin_access_control_origin_type": "s3",
            "signing_behavior": "always",
            "signing_protocol": "sigv4"
          },
          "sensitive_attributes": [],
          "identity_schema_version": 0,
          "private": "bnVsbA=="
        }
      ]
    },
    {
      "module": "module.cdn",
      "mode": "managed",
      "type": "aws_cloudfront_response_headers_policy",
      "name": "segat",
      "provider": "provider[\"registry.terraform.io/hashicorp/aws\"]",
      "instances": [
        {
          "schema_version": 0,
          "attributes": {
            "arn": "arn:aws:cloudfront::662252246273:response-headers-policy/b4578130-9e3c-4968-bd6e-77989b67b50b",
            "comment": "Headers de seguridad para SEGAT",
            "cors_config": [],
            "custom_headers_config": [],
            "etag": "E23ZP02F085DFQ",
            "id": "b4578130-9e3c-4968-bd6e-77989b67b50b",
            "name": "segat-response-headers-policy",
            "remove_headers_config": [],
            "security_headers_config": [
              {
                "content_security_policy": [],
                "content_type_options": [
                  {
                    "override": true
                  }
                ],
                "frame_options": [
                  {
                    "frame_option": "DENY",
                    "override": true
                  }
                ],
                "referrer_policy": [
                  {
                    "override": true,
                    "referrer_policy": "strict-origin-when-cross-origin"
                  }
                ],
                "strict_transport_security": [
                  {
                    "access_control_max_age_sec": 31536000,
                    "include_subdomains": true,
                    "override": true,
                    "preload": true
                  }
                ],
                "xss_protection": [
                  {
                    "mode_block": true,
                    "override": true,
                    "protection": true,
                    "report_uri": ""
                  }
                ]
              }
            ],
            "server_timing_headers_config": []
          },
          "sensitive_attributes": [],
          "identity_schema_version": 0,
          "private": "bnVsbA=="
        }
      ]
    },
    {
      "module": "module.cdn",
      "mode": "managed",
      "type": "aws_s3_bucket",
      "name": "frontend",
      "provider": "provider[\"registry.terraform.io/hashicorp/aws\"]",
      "instances": [
        {
          "schema_version": 0,
          "attributes": {
            "acceleration_status": "",
            "acl": null,
            "arn": "arn:aws:s3:::segat-frontend-production-662252246273",
            "bucket": "segat-frontend-production-662252246273",
            "bucket_domain_name": "segat-frontend-production-662252246273.s3.amazonaws.com",
            "bucket_prefix": "",
            "bucket_regional_domain_name": "segat-frontend-production-662252246273.s3.us-east-1.amazonaws.com",
            "cors_rule": [],
            "force_destroy": false,
            "grant": [
              {
                "id": "8bbbe09a9c21d789a5a92bddd7562062658702dd17890d4f6e8d1a66c3549ebf",
                "permissions": [
                  "FULL_CONTROL"
                ],
                "type": "CanonicalUser",
                "uri": ""
              }
            ],
            "hosted_zone_id": "Z3AQBSTGFYJSTF",
            "id": "segat-frontend-production-662252246273",
            "lifecycle_rule": [],
            "logging": [],
            "object_lock_configuration": [],
            "object_lock_enabled": false,
            "policy": "",
            "region": "us-east-1",
            "replication_configuration": [],
            "request_payer": "BucketOwner",
            "server_side_encryption_configuration": [
              {
                "rule": [
                  {
                    "apply_server_side_encryption_by_default": [
                      {
                        "kms_master_key_id": "",
                        "sse_algorithm": "AES256"
                      }
                    ],
                    "bucket_key_enabled": false
                  }
                ]
              }
            ],
            "tags": {
              "Name": "segat-s3-frontend"
            },
            "tags_all": {
              "Course": "Infraestructura-como-Codigo-UPAO",
              "Environment": "production",
              "ManagedBy": "Terraform",
              "Name": "segat-s3-frontend",
              "Project": "SEGAT"
            },
            "timeouts": null,
            "versioning": [
              {
                "enabled": false,
                "mfa_delete": false
              }
            ],
            "website": [],
            "website_domain": null,
            "website_endpoint": null
          },
          "sensitive_attributes": [],
          "identity_schema_version": 0,
          "private": "eyJlMmJmYjczMC1lY2FhLTExZTYtOGY4OC0zNDM2M2JjN2M0YzAiOnsiY3JlYXRlIjoxMjAwMDAwMDAwMDAwLCJkZWxldGUiOjM2MDAwMDAwMDAwMDAsInJlYWQiOjEyMDAwMDAwMDAwMDAsInVwZGF0ZSI6MTIwMDAwMDAwMDAwMH19",
          "dependencies": [
            "module.cdn.data.aws_caller_identity.current"
          ]
        }
      ]
    },
    {
      "module": "module.cdn",
      "mode": "managed",
      "type": "aws_s3_bucket_lifecycle_configuration",
      "name": "frontend",
      "provider": "provider[\"registry.terraform.io/hashicorp/aws\"]",
      "instances": [
        {
          "schema_version": 1,
          "attributes": {
            "bucket": "segat-frontend-production-662252246273",
            "expected_bucket_owner": "",
            "id": "segat-frontend-production-662252246273",
            "rule": [
              {
                "abort_incomplete_multipart_upload": [
                  {
                    "days_after_initiation": 7
                  }
                ],
                "expiration": [],
                "filter": [],
                "id": "expire-old-versions",
                "noncurrent_version_expiration": [
                  {
                    "newer_noncurrent_versions": null,
                    "noncurrent_days": 30
                  }
                ],
                "noncurrent_version_transition": [],
                "prefix": "",
                "status": "Enabled",
                "transition": []
              }
            ],
            "timeouts": null,
            "transition_default_minimum_object_size": "all_storage_classes_128K"
          },
          "sensitive_attributes": [],
          "identity_schema_version": 0,
          "dependencies": [
            "module.cdn.aws_s3_bucket.frontend",
            "module.cdn.data.aws_caller_identity.current"
          ]
        }
      ]
    },
    {
      "module": "module.cdn",
      "mode": "managed",
      "type": "aws_s3_bucket_logging",
      "name": "frontend",
      "provider": "provider[\"registry.terraform.io/hashicorp/aws\"]",
      "instances": [
        {
          "schema_version": 0,
          "attributes": {
            "bucket": "segat-frontend-production-662252246273",
            "expected_bucket_owner": "",
            "id": "segat-frontend-production-662252246273",
            "target_bucket": "segat-alb-logs-production-662252246273",
            "target_grant": [],
            "target_object_key_format": [],
            "target_prefix": "s3-frontend-access-logs/"
          },
          "sensitive_attributes": [],
          "identity_schema_version": 0,
          "private": "bnVsbA==",
          "dependencies": [
            "module.cdn.aws_s3_bucket.frontend",
            "module.cdn.data.aws_caller_identity.current",
            "module.compute.aws_s3_bucket.alb_logs",
            "module.compute.data.aws_caller_identity.current"
          ]
        }
      ]
    },
    {
      "module": "module.cdn",
      "mode": "managed",
      "type": "aws_s3_bucket_notification",
      "name": "frontend",
      "provider": "provider[\"registry.terraform.io/hashicorp/aws\"]",
      "instances": [
        {
          "schema_version": 0,
          "attributes": {
            "bucket": "segat-frontend-production-662252246273",
            "eventbridge": true,
            "id": "segat-frontend-production-662252246273",
            "lambda_function": [],
            "queue": [],
            "topic": []
          },
          "sensitive_attributes": [],
          "identity_schema_version": 0,
          "private": "bnVsbA==",
          "dependencies": [
            "module.cdn.aws_s3_bucket.frontend",
            "module.cdn.data.aws_caller_identity.current"
          ]
        }
      ]
    },
    {
      "module": "module.cdn",
      "mode": "managed",
      "type": "aws_s3_bucket_policy",
      "name": "frontend",
      "provider": "provider[\"registry.terraform.io/hashicorp/aws\"]",
      "instances": [
        {
          "schema_version": 0,
          "attributes": {
            "bucket": "segat-frontend-production-662252246273",
            "id": "segat-frontend-production-662252246273",
            "policy": "{\"Statement\":[{\"Action\":\"s3:GetObject\",\"Condition\":{\"StringEquals\":{\"AWS:SourceArn\":\"arn:aws:cloudfront::662252246273:distribution/E2Y9ASPG2MPPIY\"}},\"Effect\":\"Allow\",\"Principal\":{\"Service\":\"cloudfront.amazonaws.com\"},\"Resource\":\"arn:aws:s3:::segat-frontend-production-662252246273/*\",\"Sid\":\"AllowCloudFrontOAC\"}],\"Version\":\"2012-10-17\"}"
          },
          "sensitive_attributes": [],
          "identity_schema_version": 0,
          "private": "bnVsbA==",
          "dependencies": [
            "module.cdn.aws_cloudfront_distribution.main",
            "module.cdn.aws_cloudfront_origin_access_control.frontend",
            "module.cdn.aws_cloudfront_response_headers_policy.segat",
            "module.cdn.aws_s3_bucket.frontend",
            "module.cdn.data.aws_caller_identity.current",
            "module.cdn.data.aws_iam_policy_document.frontend_bucket_policy",
            "module.certificates.aws_acm_certificate.main",
            "module.certificates.tls_private_key.main",
            "module.certificates.tls_self_signed_cert.main",
            "module.compute.aws_lb.external",
            "module.compute.aws_lb.internal",
            "module.compute.aws_s3_bucket.alb_logs",
            "module.compute.aws_s3_bucket_ownership_controls.alb_logs",
            "module.compute.aws_s3_bucket_policy.alb_logs",
            "module.compute.data.aws_caller_identity.current",
            "module.compute.data.aws_elb_service_account.main",
            "module.firewall.aws_wafv2_web_acl.cloudfront",
            "module.networking.aws_security_group.alb",
            "module.networking.aws_security_group.ecs_tasks",
            "module.networking.aws_subnet.private_a",
            "module.networking.aws_subnet.private_b",
            "module.networking.aws_subnet.public_a",
            "module.networking.aws_subnet.public_b",
            "module.networking.aws_vpc.main",
            "module.networking.data.aws_availability_zones.available"
          ]
        }
      ]
    },
    {
      "module": "module.cdn",
      "mode": "managed",
      "type": "aws_s3_bucket_public_access_block",
      "name": "frontend",
      "provider": "provider[\"registry.terraform.io/hashicorp/aws\"]",
      "instances": [
        {
          "schema_version": 0,
          "attributes": {
            "block_public_acls": true,
            "block_public_policy": true,
            "bucket": "segat-frontend-production-662252246273",
            "id": "segat-frontend-production-662252246273",
            "ignore_public_acls": true,
            "restrict_public_buckets": true
          },
          "sensitive_attributes": [],
          "identity_schema_version": 0,
          "private": "bnVsbA==",
          "dependencies": [
            "module.cdn.aws_s3_bucket.frontend",
            "module.cdn.data.aws_caller_identity.current"
          ]
        }
      ]
    },
    {
      "module": "module.cdn",
      "mode": "managed",
      "type": "aws_s3_bucket_replication_configuration",
      "name": "frontend",
      "provider": "provider[\"registry.terraform.io/hashicorp/aws\"]",
      "instances": []
    },
    {
      "module": "module.cdn",
      "mode": "managed",
      "type": "aws_s3_bucket_server_side_encryption_configuration",
      "name": "frontend",
      "provider": "provider[\"registry.terraform.io/hashicorp/aws\"]",
      "instances": [
        {
          "schema_version": 0,
          "attributes": {
            "bucket": "segat-frontend-production-662252246273",
            "expected_bucket_owner": "",
            "id": "segat-frontend-production-662252246273",
            "rule": [
              {
                "apply_server_side_encryption_by_default": [
                  {
                    "kms_master_key_id": "alias/aws/s3",
                    "sse_algorithm": "aws:kms"
                  }
                ],
                "bucket_key_enabled": null
              }
            ]
          },
          "sensitive_attributes": [],
          "identity_schema_version": 0,
          "private": "bnVsbA==",
          "dependencies": [
            "module.cdn.aws_s3_bucket.frontend",
            "module.cdn.data.aws_caller_identity.current"
          ]
        }
      ]
    },
    {
      "module": "module.cdn",
      "mode": "managed",
      "type": "aws_s3_bucket_versioning",
      "name": "frontend",
      "provider": "provider[\"registry.terraform.io/hashicorp/aws\"]",
      "instances": [
        {
          "schema_version": 0,
          "attributes": {
            "bucket": "segat-frontend-production-662252246273",
            "expected_bucket_owner": "",
            "id": "segat-frontend-production-662252246273",
            "mfa": null,
            "versioning_configuration": [
              {
                "mfa_delete": "",
                "status": "Enabled"
              }
            ]
          },
          "sensitive_attributes": [],
          "identity_schema_version": 0,
          "private": "bnVsbA==",
          "dependencies": [
            "module.cdn.aws_s3_bucket.frontend",
            "module.cdn.data.aws_caller_identity.current"
          ]
        }
      ]
    },
    {
      "module": "module.certificates",
      "mode": "managed",
      "type": "aws_acm_certificate",
      "name": "main",
      "provider": "provider[\"registry.terraform.io/hashicorp/aws\"]",
      "instances": [
        {
          "schema_version": 0,
          "attributes": {
            "arn": "arn:aws:acm:us-east-1:662252246273:certificate/2c1663ac-f457-4293-bfa9-fe0ec890bc6d",
            "certificate_authority_arn": "",
            "certificate_body": "-----BEGIN CERTIFICATE-----\nMIIDITCCAgmgAwIBAgIQWftXDSVXtMd5Yki5p8TMPDANBgkqhkiG9w0BAQsFADAx\nMRUwEwYDVQQKEwxTRUdBVCAtIFVQQU8xGDAWBgNVBAMTD3NlZ2F0LnNlZ2F0LmNv\nbTAeFw0yNjA3MTMwMTMxNTlaFw0yNzA3MTMwMTMxNTlaMDExFTATBgNVBAoTDFNF\nR0FUIC0gVVBBTzEYMBYGA1UEAxMPc2VnYXQuc2VnYXQuY29tMIIBIjANBgkqhkiG\n9w0BAQEFAAOCAQ8AMIIBCgKCAQEAonKfC8IR7CVtiY+bb9INBcGP507SVBxE9G6l\n0mVCggs3829uvR3/CUJ3aekMq5gHVwW3EAJ7MReOIEgyhV3WJyJic5Cbr5sThsA7\nxHg+tSZdTgZf54diXjJD60/UMgdet4263kWG4kUw7X1tt/mMHGD+GB3K2XNoduw2\nWsGOUVswwMCyIMYY1bgcsXS6NESgey452F904EhleDnCAQnd59p6A5YjL0us6WZG\n35smFAXkO92gHzHMlEf0I2N6kDdoqa7O8vW7qTXkP0ReFx7mN4F8dwhVNvgNEIxm\nNvNje7ePoJcdYCE4KtGDGVrpyJI66tzbA/dfeepZkh6r4RGiswIDAQABozUwMzAO\nBgNVHQ8BAf8EBAMCBaAwEwYDVR0lBAwwCgYIKwYBBQUHAwEwDAYDVR0TAQH/BAIw\nADANBgkqhkiG9w0BAQsFAAOCAQEAUYIxP8t2YeJoLJ2ded5afp5PpgZkcjesoSRX\n3ssDa5RicfkRZSxcnrsnrpvgKL07qFonPbXH0OTaqWc5sHagW+Tp7CQjjn1fSv/I\nkQBL7nRF00qWbkXlaF+SOol5JovesfP2EJB3C+Ze1osALPIR/chSAIa4mstllI7j\ndOUgJsBIKiDF6kVbriCd21bkPlA9F8NXqXhWAQ7QmuVLvoEU/OfTJnDJjPLzkssS\nTu6qZ+3/qHhBuVIU8EUt0xW+FdT2aRK7Gaqs3xwFXJiw4d/p34jRGFNK6Jo7Q6x/\nPj46Y7dEbWyAjW7Gki5ACIWPaf/RRTHHJxzECwgWoeWCb2FQ4g==\n-----END CERTIFICATE-----\n",
            "certificate_chain": null,
            "domain_name": "segat.segat.com",
            "domain_validation_options": [],
            "early_renewal_duration": "",
            "id": "arn:aws:acm:us-east-1:662252246273:certificate/2c1663ac-f457-4293-bfa9-fe0ec890bc6d",
            "key_algorithm": "RSA_2048",
            "not_after": "2027-07-13T01:31:59Z",
            "not_before": "2026-07-13T01:31:59Z",
            "options": [
              {
                "certificate_transparency_logging_preference": "DISABLED"
              }
            ],
            "pending_renewal": false,
            "private_key": "-----BEGIN RSA PRIVATE KEY-----\nMIIEpAIBAAKCAQEAonKfC8IR7CVtiY+bb9INBcGP507SVBxE9G6l0mVCggs3829u\nvR3/CUJ3aekMq5gHVwW3EAJ7MReOIEgyhV3WJyJic5Cbr5sThsA7xHg+tSZdTgZf\n54diXjJD60/UMgdet4263kWG4kUw7X1tt/mMHGD+GB3K2XNoduw2WsGOUVswwMCy\nIMYY1bgcsXS6NESgey452F904EhleDnCAQnd59p6A5YjL0us6WZG35smFAXkO92g\nHzHMlEf0I2N6kDdoqa7O8vW7qTXkP0ReFx7mN4F8dwhVNvgNEIxmNvNje7ePoJcd\nYCE4KtGDGVrpyJI66tzbA/dfeepZkh6r4RGiswIDAQABAoIBAEcTxdk8MeFUQwg0\naHtVudLx7Uf06fxZXiZhH3beTWpfBD0kXZyrukJP7bXOfXe7DkMaQg3kOAiz2MDx\nNgG6nBAFcHRGKoh8Xt/PzpbZUf6q6ZpRGbdROk4iyir0g9Db/qprff7xBuKMCatv\n/QjJTG/CVIsyxeW9JFEca2/sTpvzitkC3mtEhUvFgYylwkn0l1VaQkuQOCtQh5EA\nduQLhAOdqtlXc5xAsZ+ZGoXGfqzduiwk6l8nn0HsB7WguBIABSfuFc5bU4XUkOy2\nVls0/1jItwSz14qYCU10NwNa2XhNUD7r1ulciO2pai4x/PMkK94wsed77Ju5wW97\nyO4BSakCgYEA1ER8ReZnY4prQOdEHZUmJr3hbcn/G/Jg+Br89D8s46l2lohuF6IQ\nmCzTTFEfAZu2NEL8fWtZTDHnItm1n4DjE9xA4reDAnJMPfA21BI2BZBpY07viyGx\nu05Ls57RCUJml1FS7ueR8r2hiSHLQnq7HD9VSr0JsyHsNhuw2Va50LUCgYEAw+qE\nZz7DTL1u00oRDZy+0DaKezWE+thYsXWgpsG+VlufQx0lTgVE4niukGYtLrKkD+jj\npgcGSaTi8zdEOgH/6P4lNaPmevXvwiI+I/1BarrAks9QDucBqrEJHnGoRMBm/VMq\nvT+0WFeo6V/BDIGw4fV43itKO/BgFQrXDsbsjscCgYAlqkVW7exYmF4xtRe8HBQZ\n+cV/gsFWxyp3u+o4uOERQKe/TFQks2g4aHPR7e8PjP7GxUAiTSMaRxyZbYIx3F/u\nzT1iPWfszjVDJFXGSbj2QcrBiWcuC/uKnfkG1V6IQxULMq4BoGugZA++0pVLpZWA\nDKjoyyRmedV9QGqgFiiApQKBgQCHXCDetJ57BubrVOEzZnjvor9LIU8fgRrGgV7d\n2D6JrAP9esWrgjh1wKvbWL0e5o4z79RZgcD2YNXs9OJOsdL+R5mt1fAIRKPCnaYR\nd4kbFKy4wkOuCC0+odKLFjwMRGLj4/JDjyAraWVq2J2o5nIvrEo2NfK0NwAribHM\no+QNQQKBgQDR3CoPbKHUvSNmhwRcEUoyJ2gn8+Ym6GFRyXb5FVVW+3qRCxpogaMC\n0yXR09XsugZnQX17uqzJNgneGej0yaggi15R07Qs7ggwEvCbIxaU4JMCS1MID+Eb\nSk+I35/6Vo36fzILjyqdEUCpFEYFMIk6MyUg7BXfXl9RTC0eh/Iu+A==\n-----END RSA PRIVATE KEY-----\n",
            "renewal_eligibility": "INELIGIBLE",
            "renewal_summary": [],
            "status": "ISSUED",
            "subject_alternative_names": [
              "segat.segat.com"
            ],
            "tags": {
              "Name": "segat-acm-certificate-self-signed"
            },
            "tags_all": {
              "Course": "Infraestructura-como-Codigo-UPAO",
              "Environment": "production",
              "ManagedBy": "Terraform",
              "Name": "segat-acm-certificate-self-signed",
              "Project": "SEGAT"
            },
            "type": "IMPORTED",
            "validation_emails": [],
            "validation_method": "NONE",
            "validation_option": []
          },
          "sensitive_attributes": [
            [
              {
                "type": "get_attr",
                "value": "private_key"
              }
            ]
          ],
          "identity_schema_version": 0,
          "private": "bnVsbA==",
          "dependencies": [
            "module.certificates.tls_private_key.main",
            "module.certificates.tls_self_signed_cert.main"
          ],
          "create_before_destroy": true
        }
      ]
    },
    {
      "module": "module.certificates",
      "mode": "managed",
      "type": "tls_private_key",
      "name": "main",
      "provider": "provider[\"registry.terraform.io/hashicorp/tls\"]",
      "instances": [
        {
          "schema_version": 1,
          "attributes": {
            "algorithm": "RSA",
            "ecdsa_curve": "P224",
            "id": "9eb570c200eb43b92ef32dada63de083a4761c27",
            "private_key_openssh": "-----BEGIN OPENSSH PRIVATE KEY-----\nb3BlbnNzaC1rZXktdjEAAAAABG5vbmUAAAAEbm9uZQAAAAAAAAABAAABFwAAAAdz\nc2gtcnNhAAAAAwEAAQAAAQEAonKfC8IR7CVtiY+bb9INBcGP507SVBxE9G6l0mVC\nggs3829uvR3/CUJ3aekMq5gHVwW3EAJ7MReOIEgyhV3WJyJic5Cbr5sThsA7xHg+\ntSZdTgZf54diXjJD60/UMgdet4263kWG4kUw7X1tt/mMHGD+GB3K2XNoduw2WsGO\nUVswwMCyIMYY1bgcsXS6NESgey452F904EhleDnCAQnd59p6A5YjL0us6WZG35sm\nFAXkO92gHzHMlEf0I2N6kDdoqa7O8vW7qTXkP0ReFx7mN4F8dwhVNvgNEIxmNvNj\ne7ePoJcdYCE4KtGDGVrpyJI66tzbA/dfeepZkh6r4RGiswAAA7i2xXixtsV4sQAA\nAAdzc2gtcnNhAAABAQCicp8LwhHsJW2Jj5tv0g0FwY/nTtJUHET0bqXSZUKCCzfz\nb269Hf8JQndp6QyrmAdXBbcQAnsxF44gSDKFXdYnImJzkJuvmxOGwDvEeD61Jl1O\nBl/nh2JeMkPrT9QyB163jbreRYbiRTDtfW23+YwcYP4YHcrZc2h27DZawY5RWzDA\nwLIgxhjVuByxdLo0RKB7LjnYX3TgSGV4OcIBCd3n2noDliMvS6zpZkbfmyYUBeQ7\n3aAfMcyUR/QjY3qQN2iprs7y9bupNeQ/RF4XHuY3gXx3CFU2+A0QjGY282N7t4+g\nlx1gITgq0YMZWunIkjrq3NsD91956lmSHqvhEaKzAAAAAwEAAQAAAQBHE8XZPDHh\nVEMINGh7VbnS8e1H9On8WV4mYR923k1qXwQ9JF2cq7pCT+21zn13uw5DGkIN5DgI\ns9jA8TYBupwQBXB0RiqIfF7fz86W2VH+qumaURm3UTpOIsoq9IPQ2/6qa33+8Qbi\njAmrb/0IyUxvwlSLMsXlvSRRHGtv7E6b84rZAt5rRIVLxYGMpcJJ9JdVWkJLkDgr\nUIeRAHbkC4QDnarZV3OcQLGfmRqFxn6s3bosJOpfJ59B7Ae1oLgSAAUn7hXOW1OF\n1JDstlZbNP9YyLcEs9eKmAlNdDcDWtl4TVA+69bpXIjtqWouMfzzJCveMLHne+yb\nucFve8juAUmpAAAAgQDR3CoPbKHUvSNmhwRcEUoyJ2gn8+Ym6GFRyXb5FVVW+3qR\nCxpogaMC0yXR09XsugZnQX17uqzJNgneGej0yaggi15R07Qs7ggwEvCbIxaU4JMC\nS1MID+EbSk+I35/6Vo36fzILjyqdEUCpFEYFMIk6MyUg7BXfXl9RTC0eh/Iu+AAA\nAIEA1ER8ReZnY4prQOdEHZUmJr3hbcn/G/Jg+Br89D8s46l2lohuF6IQmCzTTFEf\nAZu2NEL8fWtZTDHnItm1n4DjE9xA4reDAnJMPfA21BI2BZBpY07viyGxu05Ls57R\nCUJml1FS7ueR8r2hiSHLQnq7HD9VSr0JsyHsNhuw2Va50LUAAACBAMPqhGc+w0y9\nbtNKEQ2cvtA2ins1hPrYWLF1oKbBvlZbn0MdJU4FROJ4rpBmLS6ypA/o46YHBkmk\n4vM3RDoB/+j+JTWj5nr178IiPiP9QWq6wJLPUA7nAaqxCR5xqETAZv1TKr0/tFhX\nqOlfwQyBsOH1eN4rSjvwYBUK1w7G7I7HAAAAAAEC\n-----END OPENSSH PRIVATE KEY-----\n",
            "private_key_pem": "-----BEGIN RSA PRIVATE KEY-----\nMIIEpAIBAAKCAQEAonKfC8IR7CVtiY+bb9INBcGP507SVBxE9G6l0mVCggs3829u\nvR3/CUJ3aekMq5gHVwW3EAJ7MReOIEgyhV3WJyJic5Cbr5sThsA7xHg+tSZdTgZf\n54diXjJD60/UMgdet4263kWG4kUw7X1tt/mMHGD+GB3K2XNoduw2WsGOUVswwMCy\nIMYY1bgcsXS6NESgey452F904EhleDnCAQnd59p6A5YjL0us6WZG35smFAXkO92g\nHzHMlEf0I2N6kDdoqa7O8vW7qTXkP0ReFx7mN4F8dwhVNvgNEIxmNvNje7ePoJcd\nYCE4KtGDGVrpyJI66tzbA/dfeepZkh6r4RGiswIDAQABAoIBAEcTxdk8MeFUQwg0\naHtVudLx7Uf06fxZXiZhH3beTWpfBD0kXZyrukJP7bXOfXe7DkMaQg3kOAiz2MDx\nNgG6nBAFcHRGKoh8Xt/PzpbZUf6q6ZpRGbdROk4iyir0g9Db/qprff7xBuKMCatv\n/QjJTG/CVIsyxeW9JFEca2/sTpvzitkC3mtEhUvFgYylwkn0l1VaQkuQOCtQh5EA\nduQLhAOdqtlXc5xAsZ+ZGoXGfqzduiwk6l8nn0HsB7WguBIABSfuFc5bU4XUkOy2\nVls0/1jItwSz14qYCU10NwNa2XhNUD7r1ulciO2pai4x/PMkK94wsed77Ju5wW97\nyO4BSakCgYEA1ER8ReZnY4prQOdEHZUmJr3hbcn/G/Jg+Br89D8s46l2lohuF6IQ\nmCzTTFEfAZu2NEL8fWtZTDHnItm1n4DjE9xA4reDAnJMPfA21BI2BZBpY07viyGx\nu05Ls57RCUJml1FS7ueR8r2hiSHLQnq7HD9VSr0JsyHsNhuw2Va50LUCgYEAw+qE\nZz7DTL1u00oRDZy+0DaKezWE+thYsXWgpsG+VlufQx0lTgVE4niukGYtLrKkD+jj\npgcGSaTi8zdEOgH/6P4lNaPmevXvwiI+I/1BarrAks9QDucBqrEJHnGoRMBm/VMq\nvT+0WFeo6V/BDIGw4fV43itKO/BgFQrXDsbsjscCgYAlqkVW7exYmF4xtRe8HBQZ\n+cV/gsFWxyp3u+o4uOERQKe/TFQks2g4aHPR7e8PjP7GxUAiTSMaRxyZbYIx3F/u\nzT1iPWfszjVDJFXGSbj2QcrBiWcuC/uKnfkG1V6IQxULMq4BoGugZA++0pVLpZWA\nDKjoyyRmedV9QGqgFiiApQKBgQCHXCDetJ57BubrVOEzZnjvor9LIU8fgRrGgV7d\n2D6JrAP9esWrgjh1wKvbWL0e5o4z79RZgcD2YNXs9OJOsdL+R5mt1fAIRKPCnaYR\nd4kbFKy4wkOuCC0+odKLFjwMRGLj4/JDjyAraWVq2J2o5nIvrEo2NfK0NwAribHM\no+QNQQKBgQDR3CoPbKHUvSNmhwRcEUoyJ2gn8+Ym6GFRyXb5FVVW+3qRCxpogaMC\n0yXR09XsugZnQX17uqzJNgneGej0yaggi15R07Qs7ggwEvCbIxaU4JMCS1MID+Eb\nSk+I35/6Vo36fzILjyqdEUCpFEYFMIk6MyUg7BXfXl9RTC0eh/Iu+A==\n-----END RSA PRIVATE KEY-----\n",
            "private_key_pem_pkcs8": "-----BEGIN PRIVATE KEY-----\nMIIEvgIBADANBgkqhkiG9w0BAQEFAASCBKgwggSkAgEAAoIBAQCicp8LwhHsJW2J\nj5tv0g0FwY/nTtJUHET0bqXSZUKCCzfzb269Hf8JQndp6QyrmAdXBbcQAnsxF44g\nSDKFXdYnImJzkJuvmxOGwDvEeD61Jl1OBl/nh2JeMkPrT9QyB163jbreRYbiRTDt\nfW23+YwcYP4YHcrZc2h27DZawY5RWzDAwLIgxhjVuByxdLo0RKB7LjnYX3TgSGV4\nOcIBCd3n2noDliMvS6zpZkbfmyYUBeQ73aAfMcyUR/QjY3qQN2iprs7y9bupNeQ/\nRF4XHuY3gXx3CFU2+A0QjGY282N7t4+glx1gITgq0YMZWunIkjrq3NsD91956lmS\nHqvhEaKzAgMBAAECggEARxPF2Twx4VRDCDRoe1W50vHtR/Tp/FleJmEfdt5Nal8E\nPSRdnKu6Qk/ttc59d7sOQxpCDeQ4CLPYwPE2AbqcEAVwdEYqiHxe38/OltlR/qrp\nmlEZt1E6TiLKKvSD0Nv+qmt9/vEG4owJq2/9CMlMb8JUizLF5b0kURxrb+xOm/OK\n2QLea0SFS8WBjKXCSfSXVVpCS5A4K1CHkQB25AuEA52q2VdznECxn5kahcZ+rN26\nLCTqXyefQewHtaC4EgAFJ+4VzltThdSQ7LZWWzT/WMi3BLPXipgJTXQ3A1rZeE1Q\nPuvW6VyI7alqLjH88yQr3jCx53vsm7nBb3vI7gFJqQKBgQDURHxF5mdjimtA50Qd\nlSYmveFtyf8b8mD4Gvz0PyzjqXaWiG4XohCYLNNMUR8Bm7Y0Qvx9a1lMMeci2bWf\ngOMT3EDit4MCckw98DbUEjYFkGljTu+LIbG7TkuzntEJQmaXUVLu55HyvaGJIctC\nerscP1VKvQmzIew2G7DZVrnQtQKBgQDD6oRnPsNMvW7TShENnL7QNop7NYT62Fix\ndaCmwb5WW59DHSVOBUTieK6QZi0usqQP6OOmBwZJpOLzN0Q6Af/o/iU1o+Z69e/C\nIj4j/UFqusCSz1AO5wGqsQkecahEwGb9Uyq9P7RYV6jpX8EMgbDh9XjeK0o78GAV\nCtcOxuyOxwKBgCWqRVbt7FiYXjG1F7wcFBn5xX+CwVbHKne76ji44RFAp79MVCSz\naDhoc9Ht7w+M/sbFQCJNIxpHHJltgjHcX+7NPWI9Z+zONUMkVcZJuPZBysGJZy4L\n+4qd+QbVXohDFQsyrgGga6BkD77SlUullYAMqOjLJGZ51X1AaqAWKIClAoGBAIdc\nIN60nnsG5utU4TNmeO+iv0shTx+BGsaBXt3YPomsA/16xauCOHXAq9tYvR7mjjPv\n1FmBwPZg1ez04k6x0v5Hma3V8AhEo8KdphF3iRsUrLjCQ64ILT6h0osWPAxEYuPj\n8kOPICtpZWrYnajmci+sSjY18rQ3ACuJscyj5A1BAoGBANHcKg9sodS9I2aHBFwR\nSjInaCfz5iboYVHJdvkVVVb7epELGmiBowLTJdHT1ey6BmdBfXu6rMk2Cd4Z6PTJ\nqCCLXlHTtCzuCDAS8JsjFpTgkwJLUwgP4RtKT4jfn/pWjfp/MguPKp0RQKkURgUw\niTozJSDsFd9eX1FMLR6H8i74\n-----END PRIVATE KEY-----\n",
            "public_key_fingerprint_md5": "15:f2:e3:c0:97:8d:7b:70:e5:c3:e7:be:58:4e:43:df",
            "public_key_fingerprint_sha256": "SHA256:rgJSteuaD/t1mGIXcEHiwIN+VUORR0K7pWKkSrhxwqk",
            "public_key_openssh": "ssh-rsa AAAAB3NzaC1yc2EAAAADAQABAAABAQCicp8LwhHsJW2Jj5tv0g0FwY/nTtJUHET0bqXSZUKCCzfzb269Hf8JQndp6QyrmAdXBbcQAnsxF44gSDKFXdYnImJzkJuvmxOGwDvEeD61Jl1OBl/nh2JeMkPrT9QyB163jbreRYbiRTDtfW23+YwcYP4YHcrZc2h27DZawY5RWzDAwLIgxhjVuByxdLo0RKB7LjnYX3TgSGV4OcIBCd3n2noDliMvS6zpZkbfmyYUBeQ73aAfMcyUR/QjY3qQN2iprs7y9bupNeQ/RF4XHuY3gXx3CFU2+A0QjGY282N7t4+glx1gITgq0YMZWunIkjrq3NsD91956lmSHqvhEaKz\n",
            "public_key_pem": "-----BEGIN PUBLIC KEY-----\nMIIBIjANBgkqhkiG9w0BAQEFAAOCAQ8AMIIBCgKCAQEAonKfC8IR7CVtiY+bb9IN\nBcGP507SVBxE9G6l0mVCggs3829uvR3/CUJ3aekMq5gHVwW3EAJ7MReOIEgyhV3W\nJyJic5Cbr5sThsA7xHg+tSZdTgZf54diXjJD60/UMgdet4263kWG4kUw7X1tt/mM\nHGD+GB3K2XNoduw2WsGOUVswwMCyIMYY1bgcsXS6NESgey452F904EhleDnCAQnd\n59p6A5YjL0us6WZG35smFAXkO92gHzHMlEf0I2N6kDdoqa7O8vW7qTXkP0ReFx7m\nN4F8dwhVNvgNEIxmNvNje7ePoJcdYCE4KtGDGVrpyJI66tzbA/dfeepZkh6r4RGi\nswIDAQAB\n-----END PUBLIC KEY-----\n",
            "rsa_bits": 2048
          },
          "sensitive_attributes": [
            [
              {
                "type": "get_attr",
                "value": "private_key_openssh"
              }
            ],
            [
              {
                "type": "get_attr",
                "value": "private_key_pem"
              }
            ],
            [
              {
                "type": "get_attr",
                "value": "private_key_pem_pkcs8"
              }
            ]
          ],
          "identity_schema_version": 0,
          "create_before_destroy": true
        }
      ]
    },
    {
      "module": "module.certificates",
      "mode": "managed",
      "type": "tls_self_signed_cert",
      "name": "main",
      "provider": "provider[\"registry.terraform.io/hashicorp/tls\"]",
      "instances": [
        {
          "schema_version": 0,
          "attributes": {
            "allowed_uses": [
              "key_encipherment",
              "digital_signature",
              "server_auth"
            ],
            "cert_pem": "-----BEGIN CERTIFICATE-----\nMIIDITCCAgmgAwIBAgIQWftXDSVXtMd5Yki5p8TMPDANBgkqhkiG9w0BAQsFADAx\nMRUwEwYDVQQKEwxTRUdBVCAtIFVQQU8xGDAWBgNVBAMTD3NlZ2F0LnNlZ2F0LmNv\nbTAeFw0yNjA3MTMwMTMxNTlaFw0yNzA3MTMwMTMxNTlaMDExFTATBgNVBAoTDFNF\nR0FUIC0gVVBBTzEYMBYGA1UEAxMPc2VnYXQuc2VnYXQuY29tMIIBIjANBgkqhkiG\n9w0BAQEFAAOCAQ8AMIIBCgKCAQEAonKfC8IR7CVtiY+bb9INBcGP507SVBxE9G6l\n0mVCggs3829uvR3/CUJ3aekMq5gHVwW3EAJ7MReOIEgyhV3WJyJic5Cbr5sThsA7\nxHg+tSZdTgZf54diXjJD60/UMgdet4263kWG4kUw7X1tt/mMHGD+GB3K2XNoduw2\nWsGOUVswwMCyIMYY1bgcsXS6NESgey452F904EhleDnCAQnd59p6A5YjL0us6WZG\n35smFAXkO92gHzHMlEf0I2N6kDdoqa7O8vW7qTXkP0ReFx7mN4F8dwhVNvgNEIxm\nNvNje7ePoJcdYCE4KtGDGVrpyJI66tzbA/dfeepZkh6r4RGiswIDAQABozUwMzAO\nBgNVHQ8BAf8EBAMCBaAwEwYDVR0lBAwwCgYIKwYBBQUHAwEwDAYDVR0TAQH/BAIw\nADANBgkqhkiG9w0BAQsFAAOCAQEAUYIxP8t2YeJoLJ2ded5afp5PpgZkcjesoSRX\n3ssDa5RicfkRZSxcnrsnrpvgKL07qFonPbXH0OTaqWc5sHagW+Tp7CQjjn1fSv/I\nkQBL7nRF00qWbkXlaF+SOol5JovesfP2EJB3C+Ze1osALPIR/chSAIa4mstllI7j\ndOUgJsBIKiDF6kVbriCd21bkPlA9F8NXqXhWAQ7QmuVLvoEU/OfTJnDJjPLzkssS\nTu6qZ+3/qHhBuVIU8EUt0xW+FdT2aRK7Gaqs3xwFXJiw4d/p34jRGFNK6Jo7Q6x/\nPj46Y7dEbWyAjW7Gki5ACIWPaf/RRTHHJxzECwgWoeWCb2FQ4g==\n-----END CERTIFICATE-----\n",
            "dns_names": null,
            "early_renewal_hours": 0,
            "id": "119606323747508360419275115944401488956",
            "ip_addresses": null,
            "is_ca_certificate": false,
            "key_algorithm": "RSA",
            "max_path_length": null,
            "private_key_pem": "-----BEGIN RSA PRIVATE KEY-----\nMIIEpAIBAAKCAQEAonKfC8IR7CVtiY+bb9INBcGP507SVBxE9G6l0mVCggs3829u\nvR3/CUJ3aekMq5gHVwW3EAJ7MReOIEgyhV3WJyJic5Cbr5sThsA7xHg+tSZdTgZf\n54diXjJD60/UMgdet4263kWG4kUw7X1tt/mMHGD+GB3K2XNoduw2WsGOUVswwMCy\nIMYY1bgcsXS6NESgey452F904EhleDnCAQnd59p6A5YjL0us6WZG35smFAXkO92g\nHzHMlEf0I2N6kDdoqa7O8vW7qTXkP0ReFx7mN4F8dwhVNvgNEIxmNvNje7ePoJcd\nYCE4KtGDGVrpyJI66tzbA/dfeepZkh6r4RGiswIDAQABAoIBAEcTxdk8MeFUQwg0\naHtVudLx7Uf06fxZXiZhH3beTWpfBD0kXZyrukJP7bXOfXe7DkMaQg3kOAiz2MDx\nNgG6nBAFcHRGKoh8Xt/PzpbZUf6q6ZpRGbdROk4iyir0g9Db/qprff7xBuKMCatv\n/QjJTG/CVIsyxeW9JFEca2/sTpvzitkC3mtEhUvFgYylwkn0l1VaQkuQOCtQh5EA\nduQLhAOdqtlXc5xAsZ+ZGoXGfqzduiwk6l8nn0HsB7WguBIABSfuFc5bU4XUkOy2\nVls0/1jItwSz14qYCU10NwNa2XhNUD7r1ulciO2pai4x/PMkK94wsed77Ju5wW97\nyO4BSakCgYEA1ER8ReZnY4prQOdEHZUmJr3hbcn/G/Jg+Br89D8s46l2lohuF6IQ\nmCzTTFEfAZu2NEL8fWtZTDHnItm1n4DjE9xA4reDAnJMPfA21BI2BZBpY07viyGx\nu05Ls57RCUJml1FS7ueR8r2hiSHLQnq7HD9VSr0JsyHsNhuw2Va50LUCgYEAw+qE\nZz7DTL1u00oRDZy+0DaKezWE+thYsXWgpsG+VlufQx0lTgVE4niukGYtLrKkD+jj\npgcGSaTi8zdEOgH/6P4lNaPmevXvwiI+I/1BarrAks9QDucBqrEJHnGoRMBm/VMq\nvT+0WFeo6V/BDIGw4fV43itKO/BgFQrXDsbsjscCgYAlqkVW7exYmF4xtRe8HBQZ\n+cV/gsFWxyp3u+o4uOERQKe/TFQks2g4aHPR7e8PjP7GxUAiTSMaRxyZbYIx3F/u\nzT1iPWfszjVDJFXGSbj2QcrBiWcuC/uKnfkG1V6IQxULMq4BoGugZA++0pVLpZWA\nDKjoyyRmedV9QGqgFiiApQKBgQCHXCDetJ57BubrVOEzZnjvor9LIU8fgRrGgV7d\n2D6JrAP9esWrgjh1wKvbWL0e5o4z79RZgcD2YNXs9OJOsdL+R5mt1fAIRKPCnaYR\nd4kbFKy4wkOuCC0+odKLFjwMRGLj4/JDjyAraWVq2J2o5nIvrEo2NfK0NwAribHM\no+QNQQKBgQDR3CoPbKHUvSNmhwRcEUoyJ2gn8+Ym6GFRyXb5FVVW+3qRCxpogaMC\n0yXR09XsugZnQX17uqzJNgneGej0yaggi15R07Qs7ggwEvCbIxaU4JMCS1MID+Eb\nSk+I35/6Vo36fzILjyqdEUCpFEYFMIk6MyUg7BXfXl9RTC0eh/Iu+A==\n-----END RSA PRIVATE KEY-----\n",
            "ready_for_renewal": false,
            "set_authority_key_id": false,
            "set_subject_key_id": false,
            "subject": [
              {
                "common_name": "segat.segat.com",
                "country": null,
                "email_address": null,
                "locality": null,
                "organization": "SEGAT - UPAO",
                "organizational_unit": null,
                "postal_code": null,
                "province": null,
                "serial_number": null,
                "street_address": null
              }
            ],
            "uris": null,
            "validity_end_time": "2027-07-13T01:31:59.81127417Z",
            "validity_period_hours": 8760,
            "validity_start_time": "2026-07-13T01:31:59.81127417Z"
          },
          "sensitive_attributes": [
            [
              {
                "type": "get_attr",
                "value": "private_key_pem"
              }
            ]
          ],
          "identity_schema_version": 0,
          "dependencies": [
            "module.certificates.tls_private_key.main"
          ],
          "create_before_destroy": true
        }
      ]
    },
    {
      "module": "module.compute",
      "mode": "data",
      "type": "aws_caller_identity",
      "name": "current",
      "provider": "provider[\"registry.terraform.io/hashicorp/aws\"]",
      "instances": [
        {
          "schema_version": 0,
          "attributes": {
            "account_id": "662252246273",
            "arn": "arn:aws:iam::662252246273:root",
            "id": "662252246273",
            "user_id": "662252246273"
          },
          "sensitive_attributes": [],
          "identity_schema_version": 0
        }
      ]
    },
    {
      "module": "module.compute",
      "mode": "data",
      "type": "aws_elb_service_account",
      "name": "main",
      "provider": "provider[\"registry.terraform.io/hashicorp/aws\"]",
      "instances": [
        {
          "schema_version": 0,
          "attributes": {
            "arn": "arn:aws:iam::127311923021:root",
            "id": "127311923021",
            "region": null
          },
          "sensitive_attributes": [],
          "identity_schema_version": 0
        }
      ]
    },
    {
      "module": "module.compute",
      "mode": "managed",
      "type": "aws_appautoscaling_policy",
      "name": "scale_cpu",
      "provider": "provider[\"registry.terraform.io/hashicorp/aws\"]",
      "instances": [
        {
          "schema_version": 0,
          "attributes": {
            "alarm_arns": [
              "arn:aws:cloudwatch:us-east-1:662252246273:alarm:TargetTracking-service/segat-cluster/segat-backend-service-AlarmHigh-e37a3576-624c-40a1-b68e-4b50443514cb",
              "arn:aws:cloudwatch:us-east-1:662252246273:alarm:TargetTracking-service/segat-cluster/segat-backend-service-AlarmLow-b9919ef9-af21-4962-922d-6b388b62e2af"
            ],
            "arn": "arn:aws:autoscaling:us-east-1:662252246273:scalingPolicy:35d95b1e-108b-4f8a-b569-04fec570352f:resource/ecs/service/segat-cluster/segat-backend-service:policyName/segat-scale-cpu",
            "id": "segat-scale-cpu",
            "name": "segat-scale-cpu",
            "policy_type": "TargetTrackingScaling",
            "resource_id": "service/segat-cluster/segat-backend-service",
            "scalable_dimension": "ecs:service:DesiredCount",
            "service_namespace": "ecs",
            "step_scaling_policy_configuration": [],
            "target_tracking_scaling_policy_configuration": [
              {
                "customized_metric_specification": [],
                "disable_scale_in": false,
                "predefined_metric_specification": [
                  {
                    "predefined_metric_type": "ECSServiceAverageCPUUtilization",
                    "resource_label": ""
                  }
                ],
                "scale_in_cooldown": 300,
                "scale_out_cooldown": 60,
                "target_value": 70
              }
            ]
          },
          "sensitive_attributes": [],
          "identity_schema_version": 0,
          "private": "bnVsbA==",
          "dependencies": [
            "module.certificates.aws_acm_certificate.main",
            "module.certificates.tls_private_key.main",
            "module.certificates.tls_self_signed_cert.main",
            "module.compute.aws_appautoscaling_target.ecs_target",
            "module.compute.aws_cloudwatch_log_group.ecs",
            "module.compute.aws_ecr_repository.segat_backend",
            "module.compute.aws_ecs_cluster.main",
            "module.compute.aws_ecs_service.segat_backend",
            "module.compute.aws_ecs_task_definition.segat_backend",
            "module.compute.aws_lb.external",
            "module.compute.aws_lb_listener.http_redirect",
            "module.compute.aws_lb_listener.https",
            "module.compute.aws_lb_target_group.ecs",
            "module.compute.aws_s3_bucket.alb_logs",
            "module.compute.aws_s3_bucket_ownership_controls.alb_logs",
            "module.compute.aws_s3_bucket_policy.alb_logs",
            "module.compute.data.aws_caller_identity.current",
            "module.compute.data.aws_elb_service_account.main",
            "module.networking.aws_security_group.alb",
            "module.networking.aws_security_group.ecs_tasks",
            "module.networking.aws_subnet.private_a",
            "module.networking.aws_subnet.private_b",
            "module.networking.aws_subnet.public_a",
            "module.networking.aws_subnet.public_b",
            "module.networking.aws_vpc.main",
            "module.networking.data.aws_availability_zones.available",
            "module.security.aws_iam_role.ecs_execution_role",
            "module.security.aws_iam_role.ecs_task_role",
            "module.security.aws_kms_key.secrets",
            "module.security.aws_secretsmanager_secret.cloudinary",
            "module.security.aws_secretsmanager_secret.db_credentials",
            "module.security.aws_secretsmanager_secret.jwt",
            "module.security.aws_secretsmanager_secret.n8n",
            "module.security.data.aws_caller_identity.current"
          ]
        }
      ]
    },
    {
      "module": "module.compute",
      "mode": "managed",
      "type": "aws_appautoscaling_target",
      "name": "ecs_target",
      "provider": "provider[\"registry.terraform.io/hashicorp/aws\"]",
      "instances": [
        {
          "schema_version": 0,
          "attributes": {
            "arn": "arn:aws:application-autoscaling:us-east-1:662252246273:scalable-target/0ec535d95b1e108b4f8ab56904fec570352f",
            "id": "service/segat-cluster/segat-backend-service",
            "max_capacity": 6,
            "min_capacity": 2,
            "resource_id": "service/segat-cluster/segat-backend-service",
            "role_arn": "arn:aws:iam::662252246273:role/aws-service-role/ecs.application-autoscaling.amazonaws.com/AWSServiceRoleForApplicationAutoScaling_ECSService",
            "scalable_dimension": "ecs:service:DesiredCount",
            "service_namespace": "ecs",
            "suspended_state": [
              {
                "dynamic_scaling_in_suspended": false,
                "dynamic_scaling_out_suspended": false,
                "scheduled_scaling_suspended": false
              }
            ],
            "tags": null,
            "tags_all": {
              "Course": "Infraestructura-como-Codigo-UPAO",
              "Environment": "production",
              "ManagedBy": "Terraform",
              "Project": "SEGAT"
            }
          },
          "sensitive_attributes": [],
          "identity_schema_version": 0,
          "private": "bnVsbA==",
          "dependencies": [
            "module.certificates.aws_acm_certificate.main",
            "module.certificates.tls_private_key.main",
            "module.certificates.tls_self_signed_cert.main",
            "module.compute.aws_cloudwatch_log_group.ecs",
            "module.compute.aws_ecr_repository.segat_backend",
            "module.compute.aws_ecs_cluster.main",
            "module.compute.aws_ecs_service.segat_backend",
            "module.compute.aws_ecs_task_definition.segat_backend",
            "module.compute.aws_lb.external",
            "module.compute.aws_lb_listener.http_redirect",
            "module.compute.aws_lb_listener.https",
            "module.compute.aws_lb_target_group.ecs",
            "module.compute.aws_s3_bucket.alb_logs",
            "module.compute.aws_s3_bucket_ownership_controls.alb_logs",
            "module.compute.aws_s3_bucket_policy.alb_logs",
            "module.compute.data.aws_caller_identity.current",
            "module.compute.data.aws_elb_service_account.main",
            "module.networking.aws_security_group.alb",
            "module.networking.aws_security_group.ecs_tasks",
            "module.networking.aws_subnet.private_a",
            "module.networking.aws_subnet.private_b",
            "module.networking.aws_subnet.public_a",
            "module.networking.aws_subnet.public_b",
            "module.networking.aws_vpc.main",
            "module.networking.data.aws_availability_zones.available",
            "module.security.aws_iam_role.ecs_execution_role",
            "module.security.aws_iam_role.ecs_task_role",
            "module.security.aws_kms_key.secrets",
            "module.security.aws_secretsmanager_secret.cloudinary",
            "module.security.aws_secretsmanager_secret.db_credentials",
            "module.security.aws_secretsmanager_secret.jwt",
            "module.security.aws_secretsmanager_secret.n8n",
            "module.security.data.aws_caller_identity.current"
          ]
        }
      ]
    },
    {
      "module": "module.compute",
      "mode": "managed",
      "type": "aws_cloudwatch_log_group",
      "name": "ecs",
      "provider": "provider[\"registry.terraform.io/hashicorp/aws\"]",
      "instances": [
        {
          "schema_version": 0,
          "attributes": {
            "arn": "arn:aws:logs:us-east-1:662252246273:log-group:/ecs/segat/backend",
            "id": "/ecs/segat/backend",
            "kms_key_id": "arn:aws:kms:us-east-1:662252246273:key/10d53338-5301-4618-993a-59f825cc7db1",
            "log_group_class": "STANDARD",
            "name": "/ecs/segat/backend",
            "name_prefix": "",
            "retention_in_days": 365,
            "skip_destroy": false,
            "tags": {
              "Name": "segat-ecs-logs"
            },
            "tags_all": {
              "Course": "Infraestructura-como-Codigo-UPAO",
              "Environment": "production",
              "ManagedBy": "Terraform",
              "Name": "segat-ecs-logs",
              "Project": "SEGAT"
            }
          },
          "sensitive_attributes": [],
          "identity_schema_version": 0,
          "private": "bnVsbA==",
          "dependencies": [
            "module.security.aws_kms_key.secrets",
            "module.security.data.aws_caller_identity.current"
          ]
        }
      ]
    },
    {
      "module": "module.compute",
      "mode": "managed",
      "type": "aws_ecr_repository",
      "name": "segat_backend",
      "provider": "provider[\"registry.terraform.io/hashicorp/aws\"]",
      "instances": [
        {
          "schema_version": 0,
          "attributes": {
            "arn": "arn:aws:ecr:us-east-1:662252246273:repository/segat/backend",
            "encryption_configuration": [
              {
                "encryption_type": "KMS",
                "kms_key": "arn:aws:kms:us-east-1:662252246273:key/9aea778c-5280-4a4f-b366-effa62021c22"
              }
            ],
            "force_delete": null,
            "id": "segat/backend",
            "image_scanning_configuration": [
              {
                "scan_on_push": true
              }
            ],
            "image_tag_mutability": "IMMUTABLE",
            "name": "segat/backend",
            "registry_id": "662252246273",
            "repository_url": "662252246273.dkr.ecr.us-east-1.amazonaws.com/segat/backend",
            "tags": {
              "Name": "segat-ecr-backend"
            },
            "tags_all": {
              "Course": "Infraestructura-como-Codigo-UPAO",
              "Environment": "production",
              "ManagedBy": "Terraform",
              "Name": "segat-ecr-backend",
              "Project": "SEGAT"
            },
            "timeouts": null
          },
          "sensitive_attributes": [],
          "identity_schema_version": 0,
          "private": "eyJlMmJmYjczMC1lY2FhLTExZTYtOGY4OC0zNDM2M2JjN2M0YzAiOnsiZGVsZXRlIjoxMjAwMDAwMDAwMDAwfX0="
        }
      ]
    },
    {
      "module": "module.compute",
      "mode": "managed",
      "type": "aws_ecs_cluster",
      "name": "main",
      "provider": "provider[\"registry.terraform.io/hashicorp/aws\"]",
      "instances": [
        {
          "schema_version": 0,
          "attributes": {
            "arn": "arn:aws:ecs:us-east-1:662252246273:cluster/segat-cluster",
            "configuration": [],
            "id": "arn:aws:ecs:us-east-1:662252246273:cluster/segat-cluster",
            "name": "segat-cluster",
            "service_connect_defaults": [],
            "setting": [
              {
                "name": "containerInsights",
                "value": "enabled"
              }
            ],
            "tags": {
              "Name": "segat-ecs-cluster"
            },
            "tags_all": {
              "Course": "Infraestructura-como-Codigo-UPAO",
              "Environment": "production",
              "ManagedBy": "Terraform",
              "Name": "segat-ecs-cluster",
              "Project": "SEGAT"
            }
          },
          "sensitive_attributes": [],
          "identity_schema_version": 0,
          "private": "bnVsbA=="
        }
      ]
    },
    {
      "module": "module.compute",
      "mode": "managed",
      "type": "aws_ecs_service",
      "name": "segat_backend",
      "provider": "provider[\"registry.terraform.io/hashicorp/aws\"]",
      "instances": [
        {
          "schema_version": 1,
          "attributes": {
            "alarms": [],
            "availability_zone_rebalancing": "DISABLED",
            "capacity_provider_strategy": [],
            "cluster": "arn:aws:ecs:us-east-1:662252246273:cluster/segat-cluster",
            "deployment_circuit_breaker": [
              {
                "enable": false,
                "rollback": false
              }
            ],
            "deployment_controller": [
              {
                "type": "ECS"
              }
            ],
            "deployment_maximum_percent": 200,
            "deployment_minimum_healthy_percent": 100,
            "desired_count": 2,
            "enable_ecs_managed_tags": false,
            "enable_execute_command": false,
            "force_delete": null,
            "force_new_deployment": null,
            "health_check_grace_period_seconds": 0,
            "iam_role": "/aws-service-role/ecs.amazonaws.com/AWSServiceRoleForECS",
            "id": "arn:aws:ecs:us-east-1:662252246273:service/segat-cluster/segat-backend-service",
            "launch_type": "FARGATE",
            "load_balancer": [
              {
                "container_name": "segat-backend",
                "container_port": 8080,
                "elb_name": "",
                "target_group_arn": "arn:aws:elasticloadbalancing:us-east-1:662252246273:targetgroup/segat-tg-ecs/d4a7d72d954120d4"
              }
            ],
            "name": "segat-backend-service",
            "network_configuration": [
              {
                "assign_public_ip": false,
                "security_groups": [
                  "sg-03cf69d006f5c552f"
                ],
                "subnets": [
                  "subnet-06d218ba91475ea48",
                  "subnet-0fb783e59f99f9e85"
                ]
              }
            ],
            "ordered_placement_strategy": [],
            "placement_constraints": [],
            "platform_version": "LATEST",
            "propagate_tags": "NONE",
            "scheduling_strategy": "REPLICA",
            "service_connect_configuration": [],
            "service_registries": [],
            "tags": {
              "Name": "segat-ecs-service"
            },
            "tags_all": {
              "Course": "Infraestructura-como-Codigo-UPAO",
              "Environment": "production",
              "ManagedBy": "Terraform",
              "Name": "segat-ecs-service",
              "Project": "SEGAT"
            },
            "task_definition": "arn:aws:ecs:us-east-1:662252246273:task-definition/segat-backend:2",
            "timeouts": null,
            "triggers": {},
            "volume_configuration": [],
            "vpc_lattice_configurations": [],
            "wait_for_steady_state": false
          },
          "sensitive_attributes": [],
          "identity_schema_version": 0,
          "private": "eyJlMmJmYjczMC1lY2FhLTExZTYtOGY4OC0zNDM2M2JjN2M0YzAiOnsiY3JlYXRlIjoxMjAwMDAwMDAwMDAwLCJkZWxldGUiOjEyMDAwMDAwMDAwMDAsInVwZGF0ZSI6MTIwMDAwMDAwMDAwMH0sInNjaGVtYV92ZXJzaW9uIjoiMSJ9",
          "dependencies": [
            "module.certificates.aws_acm_certificate.main",
            "module.certificates.tls_private_key.main",
            "module.certificates.tls_self_signed_cert.main",
            "module.compute.aws_cloudwatch_log_group.ecs",
            "module.compute.aws_ecr_repository.segat_backend",
            "module.compute.aws_ecs_cluster.main",
            "module.compute.aws_ecs_task_definition.segat_backend",
            "module.compute.aws_lb.external",
            "module.compute.aws_lb_listener.http_redirect",
            "module.compute.aws_lb_listener.https",
            "module.compute.aws_lb_target_group.ecs",
            "module.compute.aws_s3_bucket.alb_logs",
            "module.compute.aws_s3_bucket_ownership_controls.alb_logs",
            "module.compute.aws_s3_bucket_policy.alb_logs",
            "module.compute.data.aws_caller_identity.current",
            "module.compute.data.aws_elb_service_account.main",
            "module.networking.aws_security_group.alb",
            "module.networking.aws_security_group.ecs_tasks",
            "module.networking.aws_subnet.private_a",
            "module.networking.aws_subnet.private_b",
            "module.networking.aws_subnet.public_a",
            "module.networking.aws_subnet.public_b",
            "module.networking.aws_vpc.main",
            "module.networking.data.aws_availability_zones.available",
            "module.security.aws_iam_role.ecs_execution_role",
            "module.security.aws_iam_role.ecs_task_role",
            "module.security.aws_kms_key.secrets",
            "module.security.aws_secretsmanager_secret.cloudinary",
            "module.security.aws_secretsmanager_secret.db_credentials",
            "module.security.aws_secretsmanager_secret.jwt",
            "module.security.aws_secretsmanager_secret.n8n",
            "module.security.data.aws_caller_identity.current"
          ]
        }
      ]
    },
    {
      "module": "module.compute",
      "mode": "managed",
      "type": "aws_ecs_task_definition",
      "name": "segat_backend",
      "provider": "provider[\"registry.terraform.io/hashicorp/aws\"]",
      "instances": [
        {
          "schema_version": 1,
          "attributes": {
            "arn": "arn:aws:ecs:us-east-1:662252246273:task-definition/segat-backend:2",
            "arn_without_revision": "arn:aws:ecs:us-east-1:662252246273:task-definition/segat-backend",
            "container_definitions": "[{\"environment\":[{\"name\":\"APP_ENV\",\"value\":\"production\"},{\"name\":\"PROJECT_NAME\",\"value\":\"segat\"},{\"name\":\"SERVER_PORT\",\"value\":\"8080\"},{\"name\":\"SPRING_JPA_HIBERNATE_DDL_AUTO\",\"value\":\"validate\"},{\"name\":\"SPRING_PROFILES_ACTIVE\",\"value\":\"prod\"}],\"essential\":true,\"healthCheck\":{\"command\":[\"CMD-SHELL\",\"curl -f http://localhost:8080/actuator/health || exit 1\"],\"interval\":30,\"retries\":3,\"startPeriod\":60,\"timeout\":5},\"image\":\"662252246273.dkr.ecr.us-east-1.amazonaws.com/segat/backend:latest\",\"logConfiguration\":{\"logDriver\":\"awslogs\",\"options\":{\"awslogs-group\":\"/ecs/segat/backend\",\"awslogs-region\":\"us-east-1\",\"awslogs-stream-prefix\":\"ecs\"}},\"mountPoints\":[],\"name\":\"segat-backend\",\"portMappings\":[{\"containerPort\":8080,\"hostPort\":8080,\"protocol\":\"tcp\"}],\"secrets\":[{\"name\":\"CLOUDINARY_API_KEY\",\"valueFrom\":\"arn:aws:secretsmanager:us-east-1:662252246273:secret:segat/cloudinary-udYNrl:api_key::\"},{\"name\":\"CLOUDINARY_API_SECRET\",\"valueFrom\":\"arn:aws:secretsmanager:us-east-1:662252246273:secret:segat/cloudinary-udYNrl:api_secret::\"},{\"name\":\"CLOUDINARY_CLOUD_NAME\",\"valueFrom\":\"arn:aws:secretsmanager:us-east-1:662252246273:secret:segat/cloudinary-udYNrl:cloud_name::\"},{\"name\":\"DATABASE_URL\",\"valueFrom\":\"arn:aws:secretsmanager:us-east-1:662252246273:secret:segat/rds/credentials-hp6ZDG:url::\"},{\"name\":\"JWT_EXPIRATION\",\"valueFrom\":\"arn:aws:secretsmanager:us-east-1:662252246273:secret:segat/jwt-vf3LLT:expiration::\"},{\"name\":\"JWT_REFRESH_EXPIRATION\",\"valueFrom\":\"arn:aws:secretsmanager:us-east-1:662252246273:secret:segat/jwt-vf3LLT:refresh_expiration::\"},{\"name\":\"JWT_SECRET\",\"valueFrom\":\"arn:aws:secretsmanager:us-east-1:662252246273:secret:segat/jwt-vf3LLT:secret::\"},{\"name\":\"N8N_NEW_REPORT\",\"valueFrom\":\"arn:aws:secretsmanager:us-east-1:662252246273:secret:segat/n8n-aJD8x6:new_report::\"},{\"name\":\"N8N_NEW_TASK\",\"valueFrom\":\"arn:aws:secretsmanager:us-east-1:662252246273:secret:segat/n8n-aJD8x6:new_task::\"}],\"systemControls\":[],\"volumesFrom\":[]}]",
            "cpu": "512",
            "enable_fault_injection": false,
            "ephemeral_storage": [],
            "execution_role_arn": "arn:aws:iam::662252246273:role/segat-ecs-execution-role",
            "family": "segat-backend",
            "id": "segat-backend",
            "inference_accelerator": [],
            "ipc_mode": "",
            "memory": "1024",
            "network_mode": "awsvpc",
            "pid_mode": "",
            "placement_constraints": [],
            "proxy_configuration": [],
            "requires_compatibilities": [
              "FARGATE"
            ],
            "revision": 2,
            "runtime_platform": [],
            "skip_destroy": false,
            "tags": {
              "Name": "segat-task-definition"
            },
            "tags_all": {
              "Course": "Infraestructura-como-Codigo-UPAO",
              "Environment": "production",
              "ManagedBy": "Terraform",
              "Name": "segat-task-definition",
              "Project": "SEGAT"
            },
            "task_role_arn": "arn:aws:iam::662252246273:role/segat-ecs-task-role",
            "track_latest": false,
            "volume": []
          },
          "sensitive_attributes": [],
          "identity_schema_version": 0,
          "private": "eyJzY2hlbWFfdmVyc2lvbiI6IjEifQ==",
          "dependencies": [
            "module.compute.aws_cloudwatch_log_group.ecs",
            "module.compute.aws_ecr_repository.segat_backend",
            "module.security.aws_iam_role.ecs_execution_role",
            "module.security.aws_iam_role.ecs_task_role",
            "module.security.aws_kms_key.secrets",
            "module.security.aws_secretsmanager_secret.cloudinary",
            "module.security.aws_secretsmanager_secret.db_credentials",
            "module.security.aws_secretsmanager_secret.jwt",
            "module.security.aws_secretsmanager_secret.n8n",
            "module.security.data.aws_caller_identity.current"
          ]
        }
      ]
    },
    {
      "module": "module.compute",
      "mode": "managed",
      "type": "aws_lb",
      "name": "external",
      "provider": "provider[\"registry.terraform.io/hashicorp/aws\"]",
      "instances": [
        {
          "schema_version": 0,
          "attributes": {
            "access_logs": [
              {
                "bucket": "segat-alb-logs-production-662252246273",
                "enabled": true,
                "prefix": "alb"
              }
            ],
            "arn": "arn:aws:elasticloadbalancing:us-east-1:662252246273:loadbalancer/app/segat-alb-external/8149ebdab289b6ee",
            "arn_suffix": "app/segat-alb-external/8149ebdab289b6ee",
            "client_keep_alive": 3600,
            "connection_logs": [
              {
                "bucket": "",
                "enabled": false,
                "prefix": ""
              }
            ],
            "customer_owned_ipv4_pool": "",
            "desync_mitigation_mode": "defensive",
            "dns_name": "segat-alb-external-1704477576.us-east-1.elb.amazonaws.com",
            "dns_record_client_routing_policy": null,
            "drop_invalid_header_fields": true,
            "enable_cross_zone_load_balancing": true,
            "enable_deletion_protection": true,
            "enable_http2": true,
            "enable_tls_version_and_cipher_suite_headers": false,
            "enable_waf_fail_open": false,
            "enable_xff_client_port": false,
            "enable_zonal_shift": false,
            "enforce_security_group_inbound_rules_on_private_link_traffic": "",
            "id": "arn:aws:elasticloadbalancing:us-east-1:662252246273:loadbalancer/app/segat-alb-external/8149ebdab289b6ee",
            "idle_timeout": 60,
            "internal": false,
            "ip_address_type": "ipv4",
            "ipam_pools": [],
            "load_balancer_type": "application",
            "minimum_load_balancer_capacity": [],
            "name": "segat-alb-external",
            "name_prefix": "",
            "preserve_host_header": false,
            "security_groups": [
              "sg-00d0a9caf64b60bf7"
            ],
            "subnet_mapping": [
              {
                "allocation_id": "",
                "ipv6_address": "",
                "outpost_id": "",
                "private_ipv4_address": "",
                "subnet_id": "subnet-008106df4f1f1af71"
              },
              {
                "allocation_id": "",
                "ipv6_address": "",
                "outpost_id": "",
                "private_ipv4_address": "",
                "subnet_id": "subnet-0acc85e5f12937e2b"
              }
            ],
            "subnets": [
              "subnet-008106df4f1f1af71",
              "subnet-0acc85e5f12937e2b"
            ],
            "tags": {
              "Name": "segat-alb-external"
            },
            "tags_all": {
              "Course": "Infraestructura-como-Codigo-UPAO",
              "Environment": "production",
              "ManagedBy": "Terraform",
              "Name": "segat-alb-external",
              "Project": "SEGAT"
            },
            "timeouts": null,
            "vpc_id": "vpc-063e4fc1b0a245bf4",
            "xff_header_processing_mode": "append",
            "zone_id": "Z35SXDOTRQ7X7K"
          },
          "sensitive_attributes": [],
          "identity_schema_version": 0,
          "private": "eyJlMmJmYjczMC1lY2FhLTExZTYtOGY4OC0zNDM2M2JjN2M0YzAiOnsiY3JlYXRlIjo2MDAwMDAwMDAwMDAsImRlbGV0ZSI6NjAwMDAwMDAwMDAwLCJ1cGRhdGUiOjYwMDAwMDAwMDAwMH19",
          "dependencies": [
            "module.compute.aws_s3_bucket.alb_logs",
            "module.compute.aws_s3_bucket_ownership_controls.alb_logs",
            "module.compute.aws_s3_bucket_policy.alb_logs",
            "module.compute.data.aws_caller_identity.current",
            "module.compute.data.aws_elb_service_account.main",
            "module.networking.aws_security_group.alb",
            "module.networking.aws_subnet.public_a",
            "module.networking.aws_subnet.public_b",
            "module.networking.aws_vpc.main",
            "module.networking.data.aws_availability_zones.available"
          ]
        }
      ]
    },
    {
      "module": "module.compute",
      "mode": "managed",
      "type": "aws_lb",
      "name": "internal",
      "provider": "provider[\"registry.terraform.io/hashicorp/aws\"]",
      "instances": [
        {
          "schema_version": 0,
          "attributes": {
            "access_logs": [
              {
                "bucket": "segat-alb-logs-production-662252246273",
                "enabled": true,
                "prefix": "alb-internal"
              }
            ],
            "arn": "arn:aws:elasticloadbalancing:us-east-1:662252246273:loadbalancer/app/segat-alb-internal/53b8064469ccabd1",
            "arn_suffix": "app/segat-alb-internal/53b8064469ccabd1",
            "client_keep_alive": 3600,
            "connection_logs": [
              {
                "bucket": "",
                "enabled": false,
                "prefix": ""
              }
            ],
            "customer_owned_ipv4_pool": "",
            "desync_mitigation_mode": "defensive",
            "dns_name": "internal-segat-alb-internal-1418411880.us-east-1.elb.amazonaws.com",
            "dns_record_client_routing_policy": null,
            "drop_invalid_header_fields": true,
            "enable_cross_zone_load_balancing": true,
            "enable_deletion_protection": true,
            "enable_http2": true,
            "enable_tls_version_and_cipher_suite_headers": false,
            "enable_waf_fail_open": false,
            "enable_xff_client_port": false,
            "enable_zonal_shift": false,
            "enforce_security_group_inbound_rules_on_private_link_traffic": "",
            "id": "arn:aws:elasticloadbalancing:us-east-1:662252246273:loadbalancer/app/segat-alb-internal/53b8064469ccabd1",
            "idle_timeout": 60,
            "internal": true,
            "ip_address_type": "ipv4",
            "ipam_pools": [],
            "load_balancer_type": "application",
            "minimum_load_balancer_capacity": [],
            "name": "segat-alb-internal",
            "name_prefix": "",
            "preserve_host_header": false,
            "security_groups": [
              "sg-03cf69d006f5c552f"
            ],
            "subnet_mapping": [
              {
                "allocation_id": "",
                "ipv6_address": "",
                "outpost_id": "",
                "private_ipv4_address": "",
                "subnet_id": "subnet-06d218ba91475ea48"
              },
              {
                "allocation_id": "",
                "ipv6_address": "",
                "outpost_id": "",
                "private_ipv4_address": "",
                "subnet_id": "subnet-0fb783e59f99f9e85"
              }
            ],
            "subnets": [
              "subnet-06d218ba91475ea48",
              "subnet-0fb783e59f99f9e85"
            ],
            "tags": {
              "Name": "segat-alb-internal"
            },
            "tags_all": {
              "Course": "Infraestructura-como-Codigo-UPAO",
              "Environment": "production",
              "ManagedBy": "Terraform",
              "Name": "segat-alb-internal",
              "Project": "SEGAT"
            },
            "timeouts": null,
            "vpc_id": "vpc-063e4fc1b0a245bf4",
            "xff_header_processing_mode": "append",
            "zone_id": "Z35SXDOTRQ7X7K"
          },
          "sensitive_attributes": [],
          "identity_schema_version": 0,
          "private": "eyJlMmJmYjczMC1lY2FhLTExZTYtOGY4OC0zNDM2M2JjN2M0YzAiOnsiY3JlYXRlIjo2MDAwMDAwMDAwMDAsImRlbGV0ZSI6NjAwMDAwMDAwMDAwLCJ1cGRhdGUiOjYwMDAwMDAwMDAwMH19",
          "dependencies": [
            "module.compute.aws_s3_bucket.alb_logs",
            "module.compute.aws_s3_bucket_ownership_controls.alb_logs",
            "module.compute.aws_s3_bucket_policy.alb_logs",
            "module.compute.data.aws_caller_identity.current",
            "module.compute.data.aws_elb_service_account.main",
            "module.networking.aws_security_group.alb",
            "module.networking.aws_security_group.ecs_tasks",
            "module.networking.aws_subnet.private_a",
            "module.networking.aws_subnet.private_b",
            "module.networking.aws_vpc.main",
            "module.networking.data.aws_availability_zones.available"
          ]
        }
      ]
    },
    {
      "module": "module.compute",
      "mode": "managed",
      "type": "aws_lb_listener",
      "name": "http_redirect",
      "provider": "provider[\"registry.terraform.io/hashicorp/aws\"]",
      "instances": [
        {
          "schema_version": 0,
          "attributes": {
            "alpn_policy": null,
            "arn": "arn:aws:elasticloadbalancing:us-east-1:662252246273:listener/app/segat-alb-external/8149ebdab289b6ee/8d8636433fbf8cd1",
            "certificate_arn": null,
            "default_action": [
              {
                "authenticate_cognito": [],
                "authenticate_oidc": [],
                "fixed_response": [],
                "forward": [],
                "order": 1,
                "redirect": [
                  {
                    "host": "#{host}",
                    "path": "/#{path}",
                    "port": "443",
                    "protocol": "HTTPS",
                    "query": "#{query}",
                    "status_code": "HTTP_301"
                  }
                ],
                "target_group_arn": "",
                "type": "redirect"
              }
            ],
            "id": "arn:aws:elasticloadbalancing:us-east-1:662252246273:listener/app/segat-alb-external/8149ebdab289b6ee/8d8636433fbf8cd1",
            "load_balancer_arn": "arn:aws:elasticloadbalancing:us-east-1:662252246273:loadbalancer/app/segat-alb-external/8149ebdab289b6ee",
            "mutual_authentication": [],
            "port": 80,
            "protocol": "HTTP",
            "routing_http_request_x_amzn_mtls_clientcert_header_name": null,
            "routing_http_request_x_amzn_mtls_clientcert_issuer_header_name": null,
            "routing_http_request_x_amzn_mtls_clientcert_leaf_header_name": null,
            "routing_http_request_x_amzn_mtls_clientcert_serial_number_header_name": null,
            "routing_http_request_x_amzn_mtls_clientcert_subject_header_name": null,
            "routing_http_request_x_amzn_mtls_clientcert_validity_header_name": null,
            "routing_http_request_x_amzn_tls_cipher_suite_header_name": null,
            "routing_http_request_x_amzn_tls_version_header_name": null,
            "routing_http_response_access_control_allow_credentials_header_value": "",
            "routing_http_response_access_control_allow_headers_header_value": "",
            "routing_http_response_access_control_allow_methods_header_value": "",
            "routing_http_response_access_control_allow_origin_header_value": "",
            "routing_http_response_access_control_expose_headers_header_value": "",
            "routing_http_response_access_control_max_age_header_value": "",
            "routing_http_response_content_security_policy_header_value": "",
            "routing_http_response_server_enabled": true,
            "routing_http_response_strict_transport_security_header_value": "",
            "routing_http_response_x_content_type_options_header_value": "",
            "routing_http_response_x_frame_options_header_value": "",
            "ssl_policy": "",
            "tags": {},
            "tags_all": {
              "Course": "Infraestructura-como-Codigo-UPAO",
              "Environment": "production",
              "ManagedBy": "Terraform",
              "Project": "SEGAT"
            },
            "tcp_idle_timeout_seconds": null,
            "timeouts": null
          },
          "sensitive_attributes": [],
          "identity_schema_version": 0,
          "private": "eyJlMmJmYjczMC1lY2FhLTExZTYtOGY4OC0zNDM2M2JjN2M0YzAiOnsiY3JlYXRlIjozMDAwMDAwMDAwMDAsInVwZGF0ZSI6MzAwMDAwMDAwMDAwfX0=",
          "dependencies": [
            "module.compute.aws_lb.external",
            "module.compute.aws_s3_bucket.alb_logs",
            "module.compute.aws_s3_bucket_ownership_controls.alb_logs",
            "module.compute.aws_s3_bucket_policy.alb_logs",
            "module.compute.data.aws_caller_identity.current",
            "module.compute.data.aws_elb_service_account.main",
            "module.networking.aws_security_group.alb",
            "module.networking.aws_subnet.public_a",
            "module.networking.aws_subnet.public_b",
            "module.networking.aws_vpc.main",
            "module.networking.data.aws_availability_zones.available"
          ]
        }
      ]
    },
    {
      "module": "module.compute",
      "mode": "managed",
      "type": "aws_lb_listener",
      "name": "https",
      "provider": "provider[\"registry.terraform.io/hashicorp/aws\"]",
      "instances": [
        {
          "schema_version": 0,
          "attributes": {
            "alpn_policy": null,
            "arn": "arn:aws:elasticloadbalancing:us-east-1:662252246273:listener/app/segat-alb-external/8149ebdab289b6ee/f0ff96137bc34563",
            "certificate_arn": "arn:aws:acm:us-east-1:662252246273:certificate/2c1663ac-f457-4293-bfa9-fe0ec890bc6d",
            "default_action": [
              {
                "authenticate_cognito": [],
                "authenticate_oidc": [],
                "fixed_response": [],
                "forward": [],
                "order": 1,
                "redirect": [],
                "target_group_arn": "arn:aws:elasticloadbalancing:us-east-1:662252246273:targetgroup/segat-tg-ecs/d4a7d72d954120d4",
                "type": "forward"
              }
            ],
            "id": "arn:aws:elasticloadbalancing:us-east-1:662252246273:listener/app/segat-alb-external/8149ebdab289b6ee/f0ff96137bc34563",
            "load_balancer_arn": "arn:aws:elasticloadbalancing:us-east-1:662252246273:loadbalancer/app/segat-alb-external/8149ebdab289b6ee",
            "mutual_authentication": [
              {
                "advertise_trust_store_ca_names": "",
                "ignore_client_certificate_expiry": false,
                "mode": "off",
                "trust_store_arn": ""
              }
            ],
            "port": 443,
            "protocol": "HTTPS",
            "routing_http_request_x_amzn_mtls_clientcert_header_name": "",
            "routing_http_request_x_amzn_mtls_clientcert_issuer_header_name": "",
            "routing_http_request_x_amzn_mtls_clientcert_leaf_header_name": "",
            "routing_http_request_x_amzn_mtls_clientcert_serial_number_header_name": "",
            "routing_http_request_x_amzn_mtls_clientcert_subject_header_name": "",
            "routing_http_request_x_amzn_mtls_clientcert_validity_header_name": "",
            "routing_http_request_x_amzn_tls_cipher_suite_header_name": "",
            "routing_http_request_x_amzn_tls_version_header_name": "",
            "routing_http_response_access_control_allow_credentials_header_value": "",
            "routing_http_response_access_control_allow_headers_header_value": "",
            "routing_http_response_access_control_allow_methods_header_value": "",
            "routing_http_response_access_control_allow_origin_header_value": "",
            "routing_http_response_access_control_expose_headers_header_value": "",
            "routing_http_response_access_control_max_age_header_value": "",
            "routing_http_response_content_security_policy_header_value": "",
            "routing_http_response_server_enabled": true,
            "routing_http_response_strict_transport_security_header_value": "",
            "routing_http_response_x_content_type_options_header_value": "",
            "routing_http_response_x_frame_options_header_value": "",
            "ssl_policy": "ELBSecurityPolicy-TLS13-1-2-2021-06",
            "tags": null,
            "tags_all": {
              "Course": "Infraestructura-como-Codigo-UPAO",
              "Environment": "production",
              "ManagedBy": "Terraform",
              "Project": "SEGAT"
            },
            "tcp_idle_timeout_seconds": null,
            "timeouts": null
          },
          "sensitive_attributes": [],
          "identity_schema_version": 0,
          "private": "eyJlMmJmYjczMC1lY2FhLTExZTYtOGY4OC0zNDM2M2JjN2M0YzAiOnsiY3JlYXRlIjozMDAwMDAwMDAwMDAsInVwZGF0ZSI6MzAwMDAwMDAwMDAwfX0=",
          "dependencies": [
            "module.certificates.aws_acm_certificate.main",
            "module.certificates.tls_private_key.main",
            "module.certificates.tls_self_signed_cert.main",
            "module.compute.aws_lb.external",
            "module.compute.aws_lb_target_group.ecs",
            "module.compute.aws_s3_bucket.alb_logs",
            "module.compute.aws_s3_bucket_ownership_controls.alb_logs",
            "module.compute.aws_s3_bucket_policy.alb_logs",
            "module.compute.data.aws_caller_identity.current",
            "module.compute.data.aws_elb_service_account.main",
            "module.networking.aws_security_group.alb",
            "module.networking.aws_subnet.public_a",
            "module.networking.aws_subnet.public_b",
            "module.networking.aws_vpc.main",
            "module.networking.data.aws_availability_zones.available"
          ]
        }
      ]
    },
    {
      "module": "module.compute",
      "mode": "managed",
      "type": "aws_lb_listener",
      "name": "internal_http",
      "provider": "provider[\"registry.terraform.io/hashicorp/aws\"]",
      "instances": [
        {
          "schema_version": 0,
          "attributes": {
            "alpn_policy": null,
            "arn": "arn:aws:elasticloadbalancing:us-east-1:662252246273:listener/app/segat-alb-internal/53b8064469ccabd1/05f10d3081a6a3da",
            "certificate_arn": null,
            "default_action": [
              {
                "authenticate_cognito": [],
                "authenticate_oidc": [],
                "fixed_response": [],
                "forward": [],
                "order": 1,
                "redirect": [
                  {
                    "host": "#{host}",
                    "path": "/#{path}",
                    "port": "443",
                    "protocol": "HTTPS",
                    "query": "#{query}",
                    "status_code": "HTTP_301"
                  }
                ],
                "target_group_arn": "",
                "type": "redirect"
              }
            ],
            "id": "arn:aws:elasticloadbalancing:us-east-1:662252246273:listener/app/segat-alb-internal/53b8064469ccabd1/05f10d3081a6a3da",
            "load_balancer_arn": "arn:aws:elasticloadbalancing:us-east-1:662252246273:loadbalancer/app/segat-alb-internal/53b8064469ccabd1",
            "mutual_authentication": [],
            "port": 80,
            "protocol": "HTTP",
            "routing_http_request_x_amzn_mtls_clientcert_header_name": null,
            "routing_http_request_x_amzn_mtls_clientcert_issuer_header_name": null,
            "routing_http_request_x_amzn_mtls_clientcert_leaf_header_name": null,
            "routing_http_request_x_amzn_mtls_clientcert_serial_number_header_name": null,
            "routing_http_request_x_amzn_mtls_clientcert_subject_header_name": null,
            "routing_http_request_x_amzn_mtls_clientcert_validity_header_name": null,
            "routing_http_request_x_amzn_tls_cipher_suite_header_name": null,
            "routing_http_request_x_amzn_tls_version_header_name": null,
            "routing_http_response_access_control_allow_credentials_header_value": "",
            "routing_http_response_access_control_allow_headers_header_value": "",
            "routing_http_response_access_control_allow_methods_header_value": "",
            "routing_http_response_access_control_allow_origin_header_value": "",
            "routing_http_response_access_control_expose_headers_header_value": "",
            "routing_http_response_access_control_max_age_header_value": "",
            "routing_http_response_content_security_policy_header_value": "",
            "routing_http_response_server_enabled": true,
            "routing_http_response_strict_transport_security_header_value": "",
            "routing_http_response_x_content_type_options_header_value": "",
            "routing_http_response_x_frame_options_header_value": "",
            "ssl_policy": "",
            "tags": null,
            "tags_all": {
              "Course": "Infraestructura-como-Codigo-UPAO",
              "Environment": "production",
              "ManagedBy": "Terraform",
              "Project": "SEGAT"
            },
            "tcp_idle_timeout_seconds": null,
            "timeouts": null
          },
          "sensitive_attributes": [],
          "identity_schema_version": 0,
          "private": "eyJlMmJmYjczMC1lY2FhLTExZTYtOGY4OC0zNDM2M2JjN2M0YzAiOnsiY3JlYXRlIjozMDAwMDAwMDAwMDAsInVwZGF0ZSI6MzAwMDAwMDAwMDAwfX0=",
          "dependencies": [
            "module.compute.aws_lb.internal",
            "module.compute.aws_s3_bucket.alb_logs",
            "module.compute.aws_s3_bucket_ownership_controls.alb_logs",
            "module.compute.aws_s3_bucket_policy.alb_logs",
            "module.compute.data.aws_caller_identity.current",
            "module.compute.data.aws_elb_service_account.main",
            "module.networking.aws_security_group.alb",
            "module.networking.aws_security_group.ecs_tasks",
            "module.networking.aws_subnet.private_a",
            "module.networking.aws_subnet.private_b",
            "module.networking.aws_vpc.main",
            "module.networking.data.aws_availability_zones.available"
          ]
        }
      ]
    },
    {
      "module": "module.compute",
      "mode": "managed",
      "type": "aws_lb_listener",
      "name": "internal_https",
      "provider": "provider[\"registry.terraform.io/hashicorp/aws\"]",
      "instances": [
        {
          "schema_version": 0,
          "attributes": {
            "alpn_policy": null,
            "arn": "arn:aws:elasticloadbalancing:us-east-1:662252246273:listener/app/segat-alb-internal/53b8064469ccabd1/9571344b5aed1c4a",
            "certificate_arn": "arn:aws:acm:us-east-1:662252246273:certificate/2c1663ac-f457-4293-bfa9-fe0ec890bc6d",
            "default_action": [
              {
                "authenticate_cognito": [],
                "authenticate_oidc": [],
                "fixed_response": [],
                "forward": [],
                "order": 1,
                "redirect": [],
                "target_group_arn": "arn:aws:elasticloadbalancing:us-east-1:662252246273:targetgroup/segat-tg-internal/38c2bf1ebdc0010a",
                "type": "forward"
              }
            ],
            "id": "arn:aws:elasticloadbalancing:us-east-1:662252246273:listener/app/segat-alb-internal/53b8064469ccabd1/9571344b5aed1c4a",
            "load_balancer_arn": "arn:aws:elasticloadbalancing:us-east-1:662252246273:loadbalancer/app/segat-alb-internal/53b8064469ccabd1",
            "mutual_authentication": [
              {
                "advertise_trust_store_ca_names": "",
                "ignore_client_certificate_expiry": false,
                "mode": "off",
                "trust_store_arn": ""
              }
            ],
            "port": 443,
            "protocol": "HTTPS",
            "routing_http_request_x_amzn_mtls_clientcert_header_name": "",
            "routing_http_request_x_amzn_mtls_clientcert_issuer_header_name": "",
            "routing_http_request_x_amzn_mtls_clientcert_leaf_header_name": "",
            "routing_http_request_x_amzn_mtls_clientcert_serial_number_header_name": "",
            "routing_http_request_x_amzn_mtls_clientcert_subject_header_name": "",
            "routing_http_request_x_amzn_mtls_clientcert_validity_header_name": "",
            "routing_http_request_x_amzn_tls_cipher_suite_header_name": "",
            "routing_http_request_x_amzn_tls_version_header_name": "",
            "routing_http_response_access_control_allow_credentials_header_value": "",
            "routing_http_response_access_control_allow_headers_header_value": "",
            "routing_http_response_access_control_allow_methods_header_value": "",
            "routing_http_response_access_control_allow_origin_header_value": "",
            "routing_http_response_access_control_expose_headers_header_value": "",
            "routing_http_response_access_control_max_age_header_value": "",
            "routing_http_response_content_security_policy_header_value": "",
            "routing_http_response_server_enabled": true,
            "routing_http_response_strict_transport_security_header_value": "",
            "routing_http_response_x_content_type_options_header_value": "",
            "routing_http_response_x_frame_options_header_value": "",
            "ssl_policy": "ELBSecurityPolicy-TLS13-1-2-2021-06",
            "tags": null,
            "tags_all": {
              "Course": "Infraestructura-como-Codigo-UPAO",
              "Environment": "production",
              "ManagedBy": "Terraform",
              "Project": "SEGAT"
            },
            "tcp_idle_timeout_seconds": null,
            "timeouts": null
          },
          "sensitive_attributes": [],
          "identity_schema_version": 0,
          "private": "eyJlMmJmYjczMC1lY2FhLTExZTYtOGY4OC0zNDM2M2JjN2M0YzAiOnsiY3JlYXRlIjozMDAwMDAwMDAwMDAsInVwZGF0ZSI6MzAwMDAwMDAwMDAwfX0=",
          "dependencies": [
            "module.certificates.aws_acm_certificate.main",
            "module.certificates.tls_private_key.main",
            "module.certificates.tls_self_signed_cert.main",
            "module.compute.aws_lb.internal",
            "module.compute.aws_lb_target_group.internal",
            "module.compute.aws_s3_bucket.alb_logs",
            "module.compute.aws_s3_bucket_ownership_controls.alb_logs",
            "module.compute.aws_s3_bucket_policy.alb_logs",
            "module.compute.data.aws_caller_identity.current",
            "module.compute.data.aws_elb_service_account.main",
            "module.networking.aws_security_group.alb",
            "module.networking.aws_security_group.ecs_tasks",
            "module.networking.aws_subnet.private_a",
            "module.networking.aws_subnet.private_b",
            "module.networking.aws_vpc.main",
            "module.networking.data.aws_availability_zones.available"
          ]
        }
      ]
    },
    {
      "module": "module.compute",
      "mode": "managed",
      "type": "aws_lb_target_group",
      "name": "ecs",
      "provider": "provider[\"registry.terraform.io/hashicorp/aws\"]",
      "instances": [
        {
          "schema_version": 0,
          "attributes": {
            "arn": "arn:aws:elasticloadbalancing:us-east-1:662252246273:targetgroup/segat-tg-ecs/d4a7d72d954120d4",
            "arn_suffix": "targetgroup/segat-tg-ecs/d4a7d72d954120d4",
            "connection_termination": null,
            "deregistration_delay": "300",
            "health_check": [
              {
                "enabled": true,
                "healthy_threshold": 2,
                "interval": 30,
                "matcher": "200",
                "path": "/actuator/health",
                "port": "traffic-port",
                "protocol": "HTTP",
                "timeout": 5,
                "unhealthy_threshold": 3
              }
            ],
            "id": "arn:aws:elasticloadbalancing:us-east-1:662252246273:targetgroup/segat-tg-ecs/d4a7d72d954120d4",
            "ip_address_type": "ipv4",
            "lambda_multi_value_headers_enabled": false,
            "load_balancer_arns": [],
            "load_balancing_algorithm_type": "round_robin",
            "load_balancing_anomaly_mitigation": "off",
            "load_balancing_cross_zone_enabled": "use_load_balancer_configuration",
            "name": "segat-tg-ecs",
            "name_prefix": "",
            "port": 8080,
            "preserve_client_ip": null,
            "protocol": "HTTPS",
            "protocol_version": "HTTP1",
            "proxy_protocol_v2": false,
            "slow_start": 0,
            "stickiness": [
              {
                "cookie_duration": 86400,
                "cookie_name": "",
                "enabled": false,
                "type": "lb_cookie"
              }
            ],
            "tags": {
              "Name": "segat-tg-ecs"
            },
            "tags_all": {
              "Course": "Infraestructura-como-Codigo-UPAO",
              "Environment": "production",
              "ManagedBy": "Terraform",
              "Name": "segat-tg-ecs",
              "Project": "SEGAT"
            },
            "target_failover": [
              {
                "on_deregistration": null,
                "on_unhealthy": null
              }
            ],
            "target_group_health": [
              {
                "dns_failover": [
                  {
                    "minimum_healthy_targets_count": "1",
                    "minimum_healthy_targets_percentage": "off"
                  }
                ],
                "unhealthy_state_routing": [
                  {
                    "minimum_healthy_targets_count": 1,
                    "minimum_healthy_targets_percentage": "off"
                  }
                ]
              }
            ],
            "target_health_state": [
              {
                "enable_unhealthy_connection_termination": null,
                "unhealthy_draining_interval": null
              }
            ],
            "target_type": "ip",
            "vpc_id": "vpc-063e4fc1b0a245bf4"
          },
          "sensitive_attributes": [],
          "identity_schema_version": 0,
          "private": "bnVsbA==",
          "dependencies": [
            "module.networking.aws_vpc.main"
          ]
        }
      ]
    },
    {
      "module": "module.compute",
      "mode": "managed",
      "type": "aws_lb_target_group",
      "name": "internal",
      "provider": "provider[\"registry.terraform.io/hashicorp/aws\"]",
      "instances": [
        {
          "schema_version": 0,
          "attributes": {
            "arn": "arn:aws:elasticloadbalancing:us-east-1:662252246273:targetgroup/segat-tg-internal/38c2bf1ebdc0010a",
            "arn_suffix": "targetgroup/segat-tg-internal/38c2bf1ebdc0010a",
            "connection_termination": null,
            "deregistration_delay": "300",
            "health_check": [
              {
                "enabled": true,
                "healthy_threshold": 2,
                "interval": 30,
                "matcher": "200",
                "path": "/actuator/health",
                "port": "traffic-port",
                "protocol": "HTTP",
                "timeout": 5,
                "unhealthy_threshold": 3
              }
            ],
            "id": "arn:aws:elasticloadbalancing:us-east-1:662252246273:targetgroup/segat-tg-internal/38c2bf1ebdc0010a",
            "ip_address_type": "ipv4",
            "lambda_multi_value_headers_enabled": false,
            "load_balancer_arns": [],
            "load_balancing_algorithm_type": "round_robin",
            "load_balancing_anomaly_mitigation": "off",
            "load_balancing_cross_zone_enabled": "use_load_balancer_configuration",
            "name": "segat-tg-internal",
            "name_prefix": "",
            "port": 8080,
            "preserve_client_ip": null,
            "protocol": "HTTPS",
            "protocol_version": "HTTP1",
            "proxy_protocol_v2": false,
            "slow_start": 0,
            "stickiness": [
              {
                "cookie_duration": 86400,
                "cookie_name": "",
                "enabled": false,
                "type": "lb_cookie"
              }
            ],
            "tags": {
              "Name": "segat-tg-internal"
            },
            "tags_all": {
              "Course": "Infraestructura-como-Codigo-UPAO",
              "Environment": "production",
              "ManagedBy": "Terraform",
              "Name": "segat-tg-internal",
              "Project": "SEGAT"
            },
            "target_failover": [
              {
                "on_deregistration": null,
                "on_unhealthy": null
              }
            ],
            "target_group_health": [
              {
                "dns_failover": [
                  {
                    "minimum_healthy_targets_count": "1",
                    "minimum_healthy_targets_percentage": "off"
                  }
                ],
                "unhealthy_state_routing": [
                  {
                    "minimum_healthy_targets_count": 1,
                    "minimum_healthy_targets_percentage": "off"
                  }
                ]
              }
            ],
            "target_health_state": [
              {
                "enable_unhealthy_connection_termination": null,
                "unhealthy_draining_interval": null
              }
            ],
            "target_type": "ip",
            "vpc_id": "vpc-063e4fc1b0a245bf4"
          },
          "sensitive_attributes": [],
          "identity_schema_version": 0,
          "private": "bnVsbA==",
          "dependencies": [
            "module.networking.aws_vpc.main"
          ]
        }
      ]
    },
    {
      "module": "module.compute",
      "mode": "managed",
      "type": "aws_s3_bucket",
      "name": "alb_logs",
      "provider": "provider[\"registry.terraform.io/hashicorp/aws\"]",
      "instances": [
        {
          "schema_version": 0,
          "attributes": {
            "acceleration_status": "",
            "acl": null,
            "arn": "arn:aws:s3:::segat-alb-logs-production-662252246273",
            "bucket": "segat-alb-logs-production-662252246273",
            "bucket_domain_name": "segat-alb-logs-production-662252246273.s3.amazonaws.com",
            "bucket_prefix": "",
            "bucket_regional_domain_name": "segat-alb-logs-production-662252246273.s3.us-east-1.amazonaws.com",
            "cors_rule": [],
            "force_destroy": true,
            "grant": [
              {
                "id": "8bbbe09a9c21d789a5a92bddd7562062658702dd17890d4f6e8d1a66c3549ebf",
                "permissions": [
                  "FULL_CONTROL"
                ],
                "type": "CanonicalUser",
                "uri": ""
              }
            ],
            "hosted_zone_id": "Z3AQBSTGFYJSTF",
            "id": "segat-alb-logs-production-662252246273",
            "lifecycle_rule": [],
            "logging": [],
            "object_lock_configuration": [],
            "object_lock_enabled": false,
            "policy": "",
            "region": "us-east-1",
            "replication_configuration": [],
            "request_payer": "BucketOwner",
            "server_side_encryption_configuration": [
              {
                "rule": [
                  {
                    "apply_server_side_encryption_by_default": [
                      {
                        "kms_master_key_id": "",
                        "sse_algorithm": "AES256"
                      }
                    ],
                    "bucket_key_enabled": false
                  }
                ]
              }
            ],
            "tags": {
              "Name": "segat-s3-alb-logs"
            },
            "tags_all": {
              "Course": "Infraestructura-como-Codigo-UPAO",
              "Environment": "production",
              "ManagedBy": "Terraform",
              "Name": "segat-s3-alb-logs",
              "Project": "SEGAT"
            },
            "timeouts": null,
            "versioning": [
              {
                "enabled": false,
                "mfa_delete": false
              }
            ],
            "website": [],
            "website_domain": null,
            "website_endpoint": null
          },
          "sensitive_attributes": [],
          "identity_schema_version": 0,
          "private": "eyJlMmJmYjczMC1lY2FhLTExZTYtOGY4OC0zNDM2M2JjN2M0YzAiOnsiY3JlYXRlIjoxMjAwMDAwMDAwMDAwLCJkZWxldGUiOjM2MDAwMDAwMDAwMDAsInJlYWQiOjEyMDAwMDAwMDAwMDAsInVwZGF0ZSI6MTIwMDAwMDAwMDAwMH19",
          "dependencies": [
            "module.compute.data.aws_caller_identity.current"
          ],
          "create_before_destroy": true
        },
        {
          "deposed": "31f592d5",
          "schema_version": 0,
          "attributes": {
            "acceleration_status": "",
            "acl": null,
            "arn": "arn:aws:s3:::segat-alb-logs-production",
            "bucket": "segat-alb-logs-production",
            "bucket_domain_name": "segat-alb-logs-production.s3.amazonaws.com",
            "bucket_prefix": "",
            "bucket_regional_domain_name": "segat-alb-logs-production.s3.us-east-1.amazonaws.com",
            "cors_rule": [],
            "force_destroy": true,
            "grant": [
              {
                "id": "8bbbe09a9c21d789a5a92bddd7562062658702dd17890d4f6e8d1a66c3549ebf",
                "permissions": [
                  "FULL_CONTROL"
                ],
                "type": "CanonicalUser",
                "uri": ""
              }
            ],
            "hosted_zone_id": "Z3AQBSTGFYJSTF",
            "id": "segat-alb-logs-production",
            "lifecycle_rule": [
              {
                "abort_incomplete_multipart_upload_days": 7,
                "enabled": true,
                "expiration": [
                  {
                    "date": "",
                    "days": 90,
                    "expired_object_delete_marker": false
                  }
                ],
                "id": "expire-alb-logs",
                "noncurrent_version_expiration": [],
                "noncurrent_version_transition": [],
                "prefix": "",
                "tags": {},
                "transition": []
              }
            ],
            "logging": [
              {
                "target_bucket": "segat-alb-logs-production",
                "target_prefix": "access-logs/"
              }
            ],
            "object_lock_configuration": [],
            "object_lock_enabled": false,
            "policy": "{\"Statement\":[{\"Action\":\"s3:PutObject\",\"Effect\":\"Allow\",\"Principal\":{\"AWS\":\"arn:aws:iam::127311923021:root\"},\"Resource\":\"arn:aws:s3:::segat-alb-logs-production/alb/AWSLogs/*\"},{\"Action\":\"s3:PutObject\",\"Condition\":{\"StringEquals\":{\"s3:x-amz-acl\":\"bucket-owner-full-control\"}},\"Effect\":\"Allow\",\"Principal\":{\"Service\":\"delivery.logs.amazonaws.com\"},\"Resource\":\"arn:aws:s3:::segat-alb-logs-production/alb/AWSLogs/*\"},{\"Action\":\"s3:GetBucketAcl\",\"Effect\":\"Allow\",\"Principal\":{\"Service\":\"delivery.logs.amazonaws.com\"},\"Resource\":\"arn:aws:s3:::segat-alb-logs-production\"}],\"Version\":\"2012-10-17\"}",
            "region": "us-east-1",
            "replication_configuration": [],
            "request_payer": "BucketOwner",
            "server_side_encryption_configuration": [
              {
                "rule": [
                  {
                    "apply_server_side_encryption_by_default": [
                      {
                        "kms_master_key_id": "alias/aws/s3",
                        "sse_algorithm": "aws:kms"
                      }
                    ],
                    "bucket_key_enabled": false
                  }
                ]
              }
            ],
            "tags": {
              "Name": "segat-s3-alb-logs"
            },
            "tags_all": {
              "Course": "Infraestructura-como-Codigo-UPAO",
              "Environment": "production",
              "ManagedBy": "Terraform",
              "Name": "segat-s3-alb-logs",
              "Project": "SEGAT"
            },
            "timeouts": null,
            "versioning": [
              {
                "enabled": true,
                "mfa_delete": false
              }
            ],
            "website": [],
            "website_domain": null,
            "website_endpoint": null
          },
          "sensitive_attributes": [],
          "identity_schema_version": 0,
          "private": "eyJlMmJmYjczMC1lY2FhLTExZTYtOGY4OC0zNDM2M2JjN2M0YzAiOnsiY3JlYXRlIjoxMjAwMDAwMDAwMDAwLCJkZWxldGUiOjM2MDAwMDAwMDAwMDAsInJlYWQiOjEyMDAwMDAwMDAwMDAsInVwZGF0ZSI6MTIwMDAwMDAwMDAwMH19",
          "dependencies": [
            "module.compute.data.aws_caller_identity.current"
          ],
          "create_before_destroy": true
        }
      ]
    },
    {
      "module": "module.compute",
      "mode": "managed",
      "type": "aws_s3_bucket_lifecycle_configuration",
      "name": "alb_logs",
      "provider": "provider[\"registry.terraform.io/hashicorp/aws\"]",
      "instances": [
        {
          "schema_version": 1,
          "attributes": {
            "bucket": "segat-alb-logs-production-662252246273",
            "expected_bucket_owner": "",
            "id": "segat-alb-logs-production-662252246273",
            "rule": [
              {
                "abort_incomplete_multipart_upload": [
                  {
                    "days_after_initiation": 7
                  }
                ],
                "expiration": [
                  {
                    "date": null,
                    "days": 90,
                    "expired_object_delete_marker": false
                  }
                ],
                "filter": [],
                "id": "expire-alb-logs",
                "noncurrent_version_expiration": [],
                "noncurrent_version_transition": [],
                "prefix": "",
                "status": "Enabled",
                "transition": []
              }
            ],
            "timeouts": null,
            "transition_default_minimum_object_size": "all_storage_classes_128K"
          },
          "sensitive_attributes": [],
          "identity_schema_version": 0,
          "dependencies": [
            "module.compute.aws_s3_bucket.alb_logs",
            "module.compute.data.aws_caller_identity.current"
          ]
        }
      ]
    },
    {
      "module": "module.compute",
      "mode": "managed",
      "type": "aws_s3_bucket_logging",
      "name": "alb_logs",
      "provider": "provider[\"registry.terraform.io/hashicorp/aws\"]",
      "instances": [
        {
          "schema_version": 0,
          "attributes": {
            "bucket": "segat-alb-logs-production-662252246273",
            "expected_bucket_owner": "",
            "id": "segat-alb-logs-production-662252246273",
            "target_bucket": "segat-alb-logs-production-662252246273",
            "target_grant": [],
            "target_object_key_format": [],
            "target_prefix": "access-logs/"
          },
          "sensitive_attributes": [],
          "identity_schema_version": 0,
          "private": "bnVsbA==",
          "dependencies": [
            "module.compute.aws_s3_bucket.alb_logs",
            "module.compute.data.aws_caller_identity.current"
          ]
        }
      ]
    },
    {
      "module": "module.compute",
      "mode": "managed",
      "type": "aws_s3_bucket_notification",
      "name": "alb_logs",
      "provider": "provider[\"registry.terraform.io/hashicorp/aws\"]",
      "instances": [
        {
          "schema_version": 0,
          "attributes": {
            "bucket": "segat-alb-logs-production-662252246273",
            "eventbridge": true,
            "id": "segat-alb-logs-production-662252246273",
            "lambda_function": [],
            "queue": [],
            "topic": []
          },
          "sensitive_attributes": [],
          "identity_schema_version": 0,
          "private": "bnVsbA==",
          "dependencies": [
            "module.compute.aws_s3_bucket.alb_logs",
            "module.compute.data.aws_caller_identity.current"
          ]
        }
      ]
    },
    {
      "module": "module.compute",
      "mode": "managed",
      "type": "aws_s3_bucket_ownership_controls",
      "name": "alb_logs",
      "provider": "provider[\"registry.terraform.io/hashicorp/aws\"]",
      "instances": [
        {
          "schema_version": 0,
          "attributes": {
            "bucket": "segat-alb-logs-production-662252246273",
            "id": "segat-alb-logs-production-662252246273",
            "rule": [
              {
                "object_ownership": "BucketOwnerPreferred"
              }
            ]
          },
          "sensitive_attributes": [],
          "identity_schema_version": 0,
          "private": "bnVsbA==",
          "dependencies": [
            "module.compute.aws_s3_bucket.alb_logs",
            "module.compute.data.aws_caller_identity.current"
          ]
        }
      ]
    },
    {
      "module": "module.compute",
      "mode": "managed",
      "type": "aws_s3_bucket_policy",
      "name": "alb_logs",
      "provider": "provider[\"registry.terraform.io/hashicorp/aws\"]",
      "instances": [
        {
          "schema_version": 0,
          "attributes": {
            "bucket": "segat-alb-logs-production-662252246273",
            "id": "segat-alb-logs-production-662252246273",
            "policy": "{\"Statement\":[{\"Action\":\"s3:PutObject\",\"Effect\":\"Allow\",\"Principal\":{\"AWS\":\"arn:aws:iam::127311923021:root\"},\"Resource\":\"arn:aws:s3:::segat-alb-logs-production-662252246273/alb*/AWSLogs/*\"},{\"Action\":\"s3:PutObject\",\"Condition\":{\"StringEquals\":{\"s3:x-amz-acl\":\"bucket-owner-full-control\"}},\"Effect\":\"Allow\",\"Principal\":{\"Service\":\"delivery.logs.amazonaws.com\"},\"Resource\":\"arn:aws:s3:::segat-alb-logs-production-662252246273/alb*/AWSLogs/*\"},{\"Action\":\"s3:GetBucketAcl\",\"Effect\":\"Allow\",\"Principal\":{\"Service\":\"delivery.logs.amazonaws.com\"},\"Resource\":\"arn:aws:s3:::segat-alb-logs-production-662252246273\"}],\"Version\":\"2012-10-17\"}"
          },
          "sensitive_attributes": [],
          "identity_schema_version": 0,
          "private": "bnVsbA==",
          "dependencies": [
            "module.compute.aws_s3_bucket.alb_logs",
            "module.compute.data.aws_caller_identity.current",
            "module.compute.data.aws_elb_service_account.main"
          ]
        }
      ]
    },
    {
      "module": "module.compute",
      "mode": "managed",
      "type": "aws_s3_bucket_public_access_block",
      "name": "alb_logs",
      "provider": "provider[\"registry.terraform.io/hashicorp/aws\"]",
      "instances": [
        {
          "schema_version": 0,
          "attributes": {
            "block_public_acls": true,
            "block_public_policy": true,
            "bucket": "segat-alb-logs-production-662252246273",
            "id": "segat-alb-logs-production-662252246273",
            "ignore_public_acls": true,
            "restrict_public_buckets": true
          },
          "sensitive_attributes": [],
          "identity_schema_version": 0,
          "private": "bnVsbA==",
          "dependencies": [
            "module.compute.aws_s3_bucket.alb_logs",
            "module.compute.data.aws_caller_identity.current"
          ]
        }
      ]
    },
    {
      "module": "module.compute",
      "mode": "managed",
      "type": "aws_s3_bucket_replication_configuration",
      "name": "alb_logs",
      "provider": "provider[\"registry.terraform.io/hashicorp/aws\"]",
      "instances": []
    },
    {
      "module": "module.compute",
      "mode": "managed",
      "type": "aws_s3_bucket_server_side_encryption_configuration",
      "name": "alb_logs",
      "provider": "provider[\"registry.terraform.io/hashicorp/aws\"]",
      "instances": [
        {
          "schema_version": 0,
          "attributes": {
            "bucket": "segat-alb-logs-production-662252246273",
            "expected_bucket_owner": "",
            "id": "segat-alb-logs-production-662252246273",
            "rule": [
              {
                "apply_server_side_encryption_by_default": [
                  {
                    "kms_master_key_id": "",
                    "sse_algorithm": "AES256"
                  }
                ],
                "bucket_key_enabled": null
              }
            ]
          },
          "sensitive_attributes": [],
          "identity_schema_version": 0,
          "private": "bnVsbA==",
          "dependencies": [
            "module.compute.aws_s3_bucket.alb_logs",
            "module.compute.data.aws_caller_identity.current"
          ]
        }
      ]
    },
    {
      "module": "module.compute",
      "mode": "managed",
      "type": "aws_s3_bucket_versioning",
      "name": "alb_logs",
      "provider": "provider[\"registry.terraform.io/hashicorp/aws\"]",
      "instances": [
        {
          "schema_version": 0,
          "attributes": {
            "bucket": "segat-alb-logs-production-662252246273",
            "expected_bucket_owner": "",
            "id": "segat-alb-logs-production-662252246273",
            "mfa": null,
            "versioning_configuration": [
              {
                "mfa_delete": "",
                "status": "Enabled"
              }
            ]
          },
          "sensitive_attributes": [],
          "identity_schema_version": 0,
          "private": "bnVsbA==",
          "dependencies": [
            "module.compute.aws_s3_bucket.alb_logs",
            "module.compute.data.aws_caller_identity.current"
          ]
        }
      ]
    },
    {
      "module": "module.database",
      "mode": "data",
      "type": "aws_caller_identity",
      "name": "current",
      "provider": "provider[\"registry.terraform.io/hashicorp/aws\"]",
      "instances": [
        {
          "schema_version": 0,
          "attributes": {
            "account_id": "662252246273",
            "arn": "arn:aws:iam::662252246273:root",
            "id": "662252246273",
            "user_id": "662252246273"
          },
          "sensitive_attributes": [],
          "identity_schema_version": 0
        }
      ]
    },
    {
      "module": "module.database",
      "mode": "data",
      "type": "aws_iam_policy_document",
      "name": "dynamodb_kms_policy",
      "provider": "provider[\"registry.terraform.io/hashicorp/aws\"]",
      "instances": [
        {
          "schema_version": 0,
          "attributes": {
            "id": "1022826116",
            "json": "{\n  \"Version\": \"2012-10-17\",\n  \"Statement\": [\n    {\n      \"Sid\": \"Enable IAM User Permissions\",\n      \"Effect\": \"Allow\",\n      \"Action\": \"kms:*\",\n      \"Resource\": \"*\",\n      \"Principal\": {\n        \"AWS\": \"arn:aws:iam::662252246273:root\"\n      }\n    }\n  ]\n}",
            "minified_json": "{\"Version\":\"2012-10-17\",\"Statement\":[{\"Sid\":\"Enable IAM User Permissions\",\"Effect\":\"Allow\",\"Action\":\"kms:*\",\"Resource\":\"*\",\"Principal\":{\"AWS\":\"arn:aws:iam::662252246273:root\"}}]}",
            "override_json": null,
            "override_policy_documents": null,
            "policy_id": null,
            "source_json": null,
            "source_policy_documents": null,
            "statement": [
              {
                "actions": [
                  "kms:*"
                ],
                "condition": [],
                "effect": "Allow",
                "not_actions": [],
                "not_principals": [],
                "not_resources": [],
                "principals": [
                  {
                    "identifiers": [
                      "arn:aws:iam::662252246273:root"
                    ],
                    "type": "AWS"
                  }
                ],
                "resources": [
                  "*"
                ],
                "sid": "Enable IAM User Permissions"
              }
            ],
            "version": "2012-10-17"
          },
          "sensitive_attributes": [],
          "identity_schema_version": 0
        }
      ]
    },
    {
      "module": "module.database",
      "mode": "data",
      "type": "aws_kms_key",
      "name": "rds",
      "provider": "provider[\"registry.terraform.io/hashicorp/aws\"]",
      "instances": [
        {
          "schema_version": 0,
          "attributes": {
            "arn": "arn:aws:kms:us-east-1:662252246273:key/93275d20-19dd-4691-88b4-41bc436d4e3f",
            "aws_account_id": "662252246273",
            "cloud_hsm_cluster_id": "",
            "creation_date": "2026-06-11T04:35:20Z",
            "custom_key_store_id": "",
            "customer_master_key_spec": "SYMMETRIC_DEFAULT",
            "deletion_date": null,
            "description": "Default key that protects my RDS database volumes when no other key is defined",
            "enabled": true,
            "expiration_model": "",
            "grant_tokens": null,
            "id": "93275d20-19dd-4691-88b4-41bc436d4e3f",
            "key_id": "alias/aws/rds",
            "key_manager": "AWS",
            "key_spec": "SYMMETRIC_DEFAULT",
            "key_state": "Enabled",
            "key_usage": "ENCRYPT_DECRYPT",
            "multi_region": false,
            "multi_region_configuration": [],
            "origin": "AWS_KMS",
            "pending_deletion_window_in_days": 0,
            "valid_to": null,
            "xks_key_configuration": []
          },
          "sensitive_attributes": [],
          "identity_schema_version": 0
        }
      ]
    },
    {
      "module": "module.database",
      "mode": "managed",
      "type": "aws_db_instance",
      "name": "postgresql",
      "provider": "provider[\"registry.terraform.io/hashicorp/aws\"]",
      "instances": [
        {
          "schema_version": 2,
          "attributes": {
            "address": "segat-postgresql.c05eogcawt6f.us-east-1.rds.amazonaws.com",
            "allocated_storage": 20,
            "allow_major_version_upgrade": null,
            "apply_immediately": false,
            "arn": "arn:aws:rds:us-east-1:662252246273:db:segat-postgresql",
            "auto_minor_version_upgrade": true,
            "availability_zone": "us-east-1b",
            "backup_retention_period": 1,
            "backup_target": "region",
            "backup_window": "03:24-03:54",
            "blue_green_update": [],
            "ca_cert_identifier": "rds-ca-rsa2048-g1",
            "character_set_name": "",
            "copy_tags_to_snapshot": true,
            "custom_iam_instance_profile": "",
            "customer_owned_ip_enabled": false,
            "database_insights_mode": "standard",
            "db_name": "segat_db",
            "db_subnet_group_name": "segat-rds-subnet-group",
            "dedicated_log_volume": false,
            "delete_automated_backups": true,
            "deletion_protection": true,
            "domain": "",
            "domain_auth_secret_arn": "",
            "domain_dns_ips": [],
            "domain_fqdn": "",
            "domain_iam_role_name": "",
            "domain_ou": "",
            "enabled_cloudwatch_logs_exports": [
              "postgresql",
              "upgrade"
            ],
            "endpoint": "segat-postgresql.c05eogcawt6f.us-east-1.rds.amazonaws.com:5432",
            "engine": "postgres",
            "engine_lifecycle_support": "open-source-rds-extended-support",
            "engine_version": "15.7",
            "engine_version_actual": "15.7",
            "final_snapshot_identifier": null,
            "hosted_zone_id": "Z2R2ITUGPM61AM",
            "iam_database_authentication_enabled": true,
            "id": "db-MJHTPYX6EJBVJLQM5CZWR577TE",
            "identifier": "segat-postgresql",
            "identifier_prefix": "",
            "instance_class": "db.t3.micro",
            "iops": 0,
            "kms_key_id": "arn:aws:kms:us-east-1:662252246273:key/93275d20-19dd-4691-88b4-41bc436d4e3f",
            "latest_restorable_time": "2026-07-13T01:26:30Z",
            "license_model": "postgresql-license",
            "listener_endpoint": [],
            "maintenance_window": "fri:06:54-fri:07:24",
            "manage_master_user_password": null,
            "master_user_secret": [],
            "master_user_secret_kms_key_id": null,
            "max_allocated_storage": 0,
            "monitoring_interval": 60,
            "monitoring_role_arn": "arn:aws:iam::662252246273:role/segat-rds-monitoring-role",
            "multi_az": true,
            "nchar_character_set_name": "",
            "network_type": "IPV4",
            "option_group_name": "default:postgres-15",
            "parameter_group_name": "segat-pg-params",
            "password": "Infragruposegat123",
            "password_wo": null,
            "password_wo_version": null,
            "performance_insights_enabled": true,
            "performance_insights_kms_key_id": "arn:aws:kms:us-east-1:662252246273:key/93275d20-19dd-4691-88b4-41bc436d4e3f",
            "performance_insights_retention_period": 7,
            "port": 5432,
            "publicly_accessible": false,
            "replica_mode": "",
            "replicas": [],
            "replicate_source_db": "",
            "resource_id": "db-MJHTPYX6EJBVJLQM5CZWR577TE",
            "restore_to_point_in_time": [],
            "s3_import": [],
            "skip_final_snapshot": true,
            "snapshot_identifier": null,
            "status": "available",
            "storage_encrypted": true,
            "storage_throughput": 0,
            "storage_type": "gp2",
            "tags": {
              "Name": "segat-postgresql"
            },
            "tags_all": {
              "Course": "Infraestructura-como-Codigo-UPAO",
              "Environment": "production",
              "ManagedBy": "Terraform",
              "Name": "segat-postgresql",
              "Project": "SEGAT"
            },
            "timeouts": null,
            "timezone": "",
            "upgrade_storage_config": null,
            "username": "segat_admin",
            "vpc_security_group_ids": [
              "sg-0fe72520fcd48a2dc"
            ]
          },
          "sensitive_attributes": [
            [
              {
                "type": "get_attr",
                "value": "password"
              }
            ],
            [
              {
                "type": "get_attr",
                "value": "password_wo"
              }
            ],
            [
              {
                "type": "get_attr",
                "value": "username"
              }
            ]
          ],
          "identity_schema_version": 0,
          "private": "eyJlMmJmYjczMC1lY2FhLTExZTYtOGY4OC0zNDM2M2JjN2M0YzAiOnsiY3JlYXRlIjozMDAwMDAwMDAwMDAwLCJkZWxldGUiOjM2MDAwMDAwMDAwMDAsInVwZGF0ZSI6NDgwMDAwMDAwMDAwMH0sInNjaGVtYV92ZXJzaW9uIjoiMiJ9",
          "dependencies": [
            "module.database.aws_db_parameter_group.postgresql",
            "module.database.aws_db_subnet_group.rds",
            "module.database.data.aws_kms_key.rds",
            "module.networking.aws_security_group.alb",
            "module.networking.aws_security_group.ecs_tasks",
            "module.networking.aws_security_group.rds",
            "module.networking.aws_subnet.private_c",
            "module.networking.aws_subnet.private_c2",
            "module.networking.aws_vpc.main",
            "module.networking.data.aws_availability_zones.available",
            "module.security.aws_iam_role.rds_monitoring"
          ]
        }
      ]
    },
    {
      "module": "module.database",
      "mode": "managed",
      "type": "aws_db_parameter_group",
      "name": "postgresql",
      "provider": "provider[\"registry.terraform.io/hashicorp/aws\"]",
      "instances": [
        {
          "schema_version": 0,
          "attributes": {
            "arn": "arn:aws:rds:us-east-1:662252246273:pg:segat-pg-params",
            "description": "Managed by Terraform",
            "family": "postgres15",
            "id": "segat-pg-params",
            "name": "segat-pg-params",
            "name_prefix": "",
            "parameter": [
              {
                "apply_method": "immediate",
                "name": "log_min_duration_statement",
                "value": "1000"
              },
              {
                "apply_method": "immediate",
                "name": "log_statement",
                "value": "all"
              },
              {
                "apply_method": "pending-reboot",
                "name": "rds.force_ssl",
                "value": "1"
              }
            ],
            "skip_destroy": false,
            "tags": {
              "Name": "segat-pg-params"
            },
            "tags_all": {
              "Course": "Infraestructura-como-Codigo-UPAO",
              "Environment": "production",
              "ManagedBy": "Terraform",
              "Name": "segat-pg-params",
              "Project": "SEGAT"
            }
          },
          "sensitive_attributes": [],
          "identity_schema_version": 0,
          "private": "bnVsbA=="
        }
      ]
    },
    {
      "module": "module.database",
      "mode": "managed",
      "type": "aws_db_subnet_group",
      "name": "rds",
      "provider": "provider[\"registry.terraform.io/hashicorp/aws\"]",
      "instances": [
        {
          "schema_version": 0,
          "attributes": {
            "arn": "arn:aws:rds:us-east-1:662252246273:subgrp:segat-rds-subnet-group",
            "description": "Managed by Terraform",
            "id": "segat-rds-subnet-group",
            "name": "segat-rds-subnet-group",
            "name_prefix": "",
            "subnet_ids": [
              "subnet-039f5d253d6362abb",
              "subnet-0c8d47fdcd0b87a71"
            ],
            "supported_network_types": [
              "IPV4"
            ],
            "tags": {
              "Name": "segat-rds-subnet-group"
            },
            "tags_all": {
              "Course": "Infraestructura-como-Codigo-UPAO",
              "Environment": "production",
              "ManagedBy": "Terraform",
              "Name": "segat-rds-subnet-group",
              "Project": "SEGAT"
            },
            "vpc_id": "vpc-063e4fc1b0a245bf4"
          },
          "sensitive_attributes": [],
          "identity_schema_version": 0,
          "private": "bnVsbA==",
          "dependencies": [
            "module.networking.aws_subnet.private_c",
            "module.networking.aws_subnet.private_c2",
            "module.networking.aws_vpc.main",
            "module.networking.data.aws_availability_zones.available"
          ]
        }
      ]
    },
    {
      "module": "module.database",
      "mode": "managed",
      "type": "aws_dynamodb_table",
      "name": "gps_locations",
      "provider": "provider[\"registry.terraform.io/hashicorp/aws\"]",
      "instances": [
        {
          "schema_version": 1,
          "attributes": {
            "arn": "arn:aws:dynamodb:us-east-1:662252246273:table/segat-gps-locations",
            "attribute": [
              {
                "name": "reporte_id",
                "type": "S"
              },
              {
                "name": "timestamp",
                "type": "S"
              }
            ],
            "billing_mode": "PAY_PER_REQUEST",
            "deletion_protection_enabled": false,
            "global_secondary_index": [],
            "hash_key": "reporte_id",
            "id": "segat-gps-locations",
            "import_table": [],
            "local_secondary_index": [],
            "name": "segat-gps-locations",
            "on_demand_throughput": [],
            "point_in_time_recovery": [
              {
                "enabled": true,
                "recovery_period_in_days": 35
              }
            ],
            "range_key": "timestamp",
            "read_capacity": 0,
            "replica": [],
            "restore_date_time": null,
            "restore_source_name": null,
            "restore_source_table_arn": null,
            "restore_to_latest_time": null,
            "server_side_encryption": [
              {
                "enabled": true,
                "kms_key_arn": "arn:aws:kms:us-east-1:662252246273:key/9a89f860-b0ef-42c5-a8d0-d6691f042825"
              }
            ],
            "stream_arn": "",
            "stream_enabled": false,
            "stream_label": "",
            "stream_view_type": "",
            "table_class": "STANDARD",
            "tags": {
              "Name": "segat-dynamodb-gps"
            },
            "tags_all": {
              "Course": "Infraestructura-como-Codigo-UPAO",
              "Environment": "production",
              "ManagedBy": "Terraform",
              "Name": "segat-dynamodb-gps",
              "Project": "SEGAT"
            },
            "timeouts": null,
            "ttl": [
              {
                "attribute_name": "expiration_time",
                "enabled": true
              }
            ],
            "write_capacity": 0
          },
          "sensitive_attributes": [],
          "identity_schema_version": 0,
          "private": "eyJlMmJmYjczMC1lY2FhLTExZTYtOGY4OC0zNDM2M2JjN2M0YzAiOnsiY3JlYXRlIjoxODAwMDAwMDAwMDAwLCJkZWxldGUiOjYwMDAwMDAwMDAwMCwidXBkYXRlIjozNjAwMDAwMDAwMDAwfSwic2NoZW1hX3ZlcnNpb24iOiIxIn0=",
          "dependencies": [
            "module.database.aws_kms_key.dynamodb",
            "module.database.data.aws_caller_identity.current",
            "module.database.data.aws_iam_policy_document.dynamodb_kms_policy"
          ]
        }
      ]
    },
    {
      "module": "module.database",
      "mode": "managed",
      "type": "aws_dynamodb_table",
      "name": "notifications",
      "provider": "provider[\"registry.terraform.io/hashicorp/aws\"]",
      "instances": [
        {
          "schema_version": 1,
          "attributes": {
            "arn": "arn:aws:dynamodb:us-east-1:662252246273:table/segat-notifications",
            "attribute": [
              {
                "name": "notification_id",
                "type": "S"
              },
              {
                "name": "user_id",
                "type": "S"
              }
            ],
            "billing_mode": "PAY_PER_REQUEST",
            "deletion_protection_enabled": false,
            "global_secondary_index": [],
            "hash_key": "notification_id",
            "id": "segat-notifications",
            "import_table": [],
            "local_secondary_index": [],
            "name": "segat-notifications",
            "on_demand_throughput": [],
            "point_in_time_recovery": [
              {
                "enabled": true,
                "recovery_period_in_days": 35
              }
            ],
            "range_key": "user_id",
            "read_capacity": 0,
            "replica": [],
            "restore_date_time": null,
            "restore_source_name": null,
            "restore_source_table_arn": null,
            "restore_to_latest_time": null,
            "server_side_encryption": [
              {
                "enabled": true,
                "kms_key_arn": "arn:aws:kms:us-east-1:662252246273:key/9a89f860-b0ef-42c5-a8d0-d6691f042825"
              }
            ],
            "stream_arn": "",
            "stream_enabled": false,
            "stream_label": "",
            "stream_view_type": "",
            "table_class": "STANDARD",
            "tags": {
              "Name": "segat-dynamodb-notifications"
            },
            "tags_all": {
              "Course": "Infraestructura-como-Codigo-UPAO",
              "Environment": "production",
              "ManagedBy": "Terraform",
              "Name": "segat-dynamodb-notifications",
              "Project": "SEGAT"
            },
            "timeouts": null,
            "ttl": [
              {
                "attribute_name": "",
                "enabled": false
              }
            ],
            "write_capacity": 0
          },
          "sensitive_attributes": [],
          "identity_schema_version": 0,
          "private": "eyJlMmJmYjczMC1lY2FhLTExZTYtOGY4OC0zNDM2M2JjN2M0YzAiOnsiY3JlYXRlIjoxODAwMDAwMDAwMDAwLCJkZWxldGUiOjYwMDAwMDAwMDAwMCwidXBkYXRlIjozNjAwMDAwMDAwMDAwfSwic2NoZW1hX3ZlcnNpb24iOiIxIn0=",
          "dependencies": [
            "module.database.aws_kms_key.dynamodb",
            "module.database.data.aws_caller_identity.current",
            "module.database.data.aws_iam_policy_document.dynamodb_kms_policy"
          ]
        }
      ]
    },
    {
      "module": "module.database",
      "mode": "managed",
      "type": "aws_elasticache_cluster",
      "name": "redis",
      "provider": "provider[\"registry.terraform.io/hashicorp/aws\"]",
      "instances": [
        {
          "schema_version": 0,
          "attributes": {
            "apply_immediately": null,
            "arn": "arn:aws:elasticache:us-east-1:662252246273:cluster:segat-redis",
            "auto_minor_version_upgrade": "true",
            "availability_zone": "us-east-1a",
            "az_mode": "single-az",
            "cache_nodes": [
              {
                "address": "segat-redis.9taubs.0001.use1.cache.amazonaws.com",
                "availability_zone": "us-east-1a",
                "id": "0001",
                "outpost_arn": "",
                "port": 6379
              }
            ],
            "cluster_address": null,
            "cluster_id": "segat-redis",
            "configuration_endpoint": null,
            "engine": "redis",
            "engine_version": "7.0",
            "engine_version_actual": "7.0.7",
            "final_snapshot_identifier": null,
            "id": "segat-redis",
            "ip_discovery": "ipv4",
            "log_delivery_configuration": [],
            "maintenance_window": "fri:04:30-fri:05:30",
            "network_type": "ipv4",
            "node_type": "cache.t3.micro",
            "notification_topic_arn": null,
            "num_cache_nodes": 1,
            "outpost_mode": null,
            "parameter_group_name": "default.redis7",
            "port": 6379,
            "preferred_availability_zones": null,
            "preferred_outpost_arn": "",
            "replication_group_id": "",
            "security_group_ids": [
              "sg-0e8968573b25c4bfb"
            ],
            "snapshot_arns": null,
            "snapshot_name": null,
            "snapshot_retention_limit": 1,
            "snapshot_window": "06:00-07:00",
            "subnet_group_name": "segat-redis-subnet-group",
            "tags": {
              "Name": "segat-redis-cache"
            },
            "tags_all": {
              "Course": "Infraestructura-como-Codigo-UPAO",
              "Environment": "production",
              "ManagedBy": "Terraform",
              "Name": "segat-redis-cache",
              "Project": "SEGAT"
            },
            "timeouts": null,
            "transit_encryption_enabled": false
          },
          "sensitive_attributes": [],
          "identity_schema_version": 0,
          "private": "eyJlMmJmYjczMC1lY2FhLTExZTYtOGY4OC0zNDM2M2JjN2M0YzAiOnsiY3JlYXRlIjoyNDAwMDAwMDAwMDAwLCJkZWxldGUiOjI0MDAwMDAwMDAwMDAsInVwZGF0ZSI6NDgwMDAwMDAwMDAwMH19",
          "dependencies": [
            "module.database.aws_elasticache_subnet_group.redis",
            "module.networking.aws_security_group.alb",
            "module.networking.aws_security_group.ecs_tasks",
            "module.networking.aws_security_group.redis",
            "module.networking.aws_subnet.private_c",
            "module.networking.aws_subnet.private_c2",
            "module.networking.aws_vpc.main",
            "module.networking.data.aws_availability_zones.available"
          ]
        }
      ]
    },
    {
      "module": "module.database",
      "mode": "managed",
      "type": "aws_elasticache_subnet_group",
      "name": "redis",
      "provider": "provider[\"registry.terraform.io/hashicorp/aws\"]",
      "instances": [
        {
          "schema_version": 0,
          "attributes": {
            "arn": "arn:aws:elasticache:us-east-1:662252246273:subnetgroup:segat-redis-subnet-group",
            "description": "Managed by Terraform",
            "id": "segat-redis-subnet-group",
            "name": "segat-redis-subnet-group",
            "subnet_ids": [
              "subnet-039f5d253d6362abb",
              "subnet-0c8d47fdcd0b87a71"
            ],
            "tags": {
              "Name": "segat-redis-subnet-group"
            },
            "tags_all": {
              "Course": "Infraestructura-como-Codigo-UPAO",
              "Environment": "production",
              "ManagedBy": "Terraform",
              "Name": "segat-redis-subnet-group",
              "Project": "SEGAT"
            },
            "vpc_id": "vpc-063e4fc1b0a245bf4"
          },
          "sensitive_attributes": [],
          "identity_schema_version": 0,
          "private": "bnVsbA==",
          "dependencies": [
            "module.networking.aws_subnet.private_c",
            "module.networking.aws_subnet.private_c2",
            "module.networking.aws_vpc.main",
            "module.networking.data.aws_availability_zones.available"
          ]
        }
      ]
    },
    {
      "module": "module.database",
      "mode": "managed",
      "type": "aws_kms_alias",
      "name": "dynamodb",
      "provider": "provider[\"registry.terraform.io/hashicorp/aws\"]",
      "instances": [
        {
          "schema_version": 0,
          "attributes": {
            "arn": "arn:aws:kms:us-east-1:662252246273:alias/segat/dynamodb",
            "id": "alias/segat/dynamodb",
            "name": "alias/segat/dynamodb",
            "name_prefix": "",
            "target_key_arn": "arn:aws:kms:us-east-1:662252246273:key/9a89f860-b0ef-42c5-a8d0-d6691f042825",
            "target_key_id": "9a89f860-b0ef-42c5-a8d0-d6691f042825"
          },
          "sensitive_attributes": [],
          "identity_schema_version": 0,
          "private": "bnVsbA==",
          "dependencies": [
            "module.database.aws_kms_key.dynamodb",
            "module.database.data.aws_caller_identity.current",
            "module.database.data.aws_iam_policy_document.dynamodb_kms_policy"
          ]
        }
      ]
    },
    {
      "module": "module.database",
      "mode": "managed",
      "type": "aws_kms_key",
      "name": "dynamodb",
      "provider": "provider[\"registry.terraform.io/hashicorp/aws\"]",
      "instances": [
        {
          "schema_version": 0,
          "attributes": {
            "arn": "arn:aws:kms:us-east-1:662252246273:key/9a89f860-b0ef-42c5-a8d0-d6691f042825",
            "bypass_policy_lockout_safety_check": false,
            "custom_key_store_id": "",
            "customer_master_key_spec": "SYMMETRIC_DEFAULT",
            "deletion_window_in_days": 7,
            "description": "KMS CMK para cifrado de tablas DynamoDB del proyecto SEGAT",
            "enable_key_rotation": true,
            "id": "9a89f860-b0ef-42c5-a8d0-d6691f042825",
            "is_enabled": true,
            "key_id": "9a89f860-b0ef-42c5-a8d0-d6691f042825",
            "key_usage": "ENCRYPT_DECRYPT",
            "multi_region": false,
            "policy": "{\"Statement\":[{\"Action\":\"kms:*\",\"Effect\":\"Allow\",\"Principal\":{\"AWS\":\"arn:aws:iam::662252246273:root\"},\"Resource\":\"*\",\"Sid\":\"Enable IAM User Permissions\"}],\"Version\":\"2012-10-17\"}",
            "rotation_period_in_days": 365,
            "tags": {
              "Name": "segat-kms-dynamodb"
            },
            "tags_all": {
              "Course": "Infraestructura-como-Codigo-UPAO",
              "Environment": "production",
              "ManagedBy": "Terraform",
              "Name": "segat-kms-dynamodb",
              "Project": "SEGAT"
            },
            "timeouts": null,
            "xks_key_id": ""
          },
          "sensitive_attributes": [],
          "identity_schema_version": 0,
          "private": "eyJlMmJmYjczMC1lY2FhLTExZTYtOGY4OC0zNDM2M2JjN2M0YzAiOnsiY3JlYXRlIjoxMjAwMDAwMDAwMDB9fQ==",
          "dependencies": [
            "module.database.data.aws_caller_identity.current",
            "module.database.data.aws_iam_policy_document.dynamodb_kms_policy"
          ]
        }
      ]
    },
    {
      "module": "module.database",
      "mode": "managed",
      "type": "aws_s3_bucket",
      "name": "reportes",
      "provider": "provider[\"registry.terraform.io/hashicorp/aws\"]",
      "instances": [
        {
          "schema_version": 0,
          "attributes": {
            "acceleration_status": "",
            "acl": null,
            "arn": "arn:aws:s3:::segat-reportes-fotos-production-662252246273",
            "bucket": "segat-reportes-fotos-production-662252246273",
            "bucket_domain_name": "segat-reportes-fotos-production-662252246273.s3.amazonaws.com",
            "bucket_prefix": "",
            "bucket_regional_domain_name": "segat-reportes-fotos-production-662252246273.s3.us-east-1.amazonaws.com",
            "cors_rule": [],
            "force_destroy": false,
            "grant": [
              {
                "id": "8bbbe09a9c21d789a5a92bddd7562062658702dd17890d4f6e8d1a66c3549ebf",
                "permissions": [
                  "FULL_CONTROL"
                ],
                "type": "CanonicalUser",
                "uri": ""
              }
            ],
            "hosted_zone_id": "Z3AQBSTGFYJSTF",
            "id": "segat-reportes-fotos-production-662252246273",
            "lifecycle_rule": [],
            "logging": [],
            "object_lock_configuration": [],
            "object_lock_enabled": false,
            "policy": "",
            "region": "us-east-1",
            "replication_configuration": [],
            "request_payer": "BucketOwner",
            "server_side_encryption_configuration": [
              {
                "rule": [
                  {
                    "apply_server_side_encryption_by_default": [
                      {
                        "kms_master_key_id": "",
                        "sse_algorithm": "AES256"
                      }
                    ],
                    "bucket_key_enabled": false
                  }
                ]
              }
            ],
            "tags": {
              "Name": "segat-s3-reportes"
            },
            "tags_all": {
              "Course": "Infraestructura-como-Codigo-UPAO",
              "Environment": "production",
              "ManagedBy": "Terraform",
              "Name": "segat-s3-reportes",
              "Project": "SEGAT"
            },
            "timeouts": null,
            "versioning": [
              {
                "enabled": false,
                "mfa_delete": false
              }
            ],
            "website": [],
            "website_domain": null,
            "website_endpoint": null
          },
          "sensitive_attributes": [],
          "identity_schema_version": 0,
          "private": "eyJlMmJmYjczMC1lY2FhLTExZTYtOGY4OC0zNDM2M2JjN2M0YzAiOnsiY3JlYXRlIjoxMjAwMDAwMDAwMDAwLCJkZWxldGUiOjM2MDAwMDAwMDAwMDAsInJlYWQiOjEyMDAwMDAwMDAwMDAsInVwZGF0ZSI6MTIwMDAwMDAwMDAwMH19",
          "dependencies": [
            "module.database.data.aws_caller_identity.current"
          ]
        }
      ]
    },
    {
      "module": "module.database",
      "mode": "managed",
      "type": "aws_s3_bucket_lifecycle_configuration",
      "name": "reportes",
      "provider": "provider[\"registry.terraform.io/hashicorp/aws\"]",
      "instances": [
        {
          "schema_version": 1,
          "attributes": {
            "bucket": "segat-reportes-fotos-production-662252246273",
            "expected_bucket_owner": "",
            "id": "segat-reportes-fotos-production-662252246273",
            "rule": [
              {
                "abort_incomplete_multipart_upload": [
                  {
                    "days_after_initiation": 7
                  }
                ],
                "expiration": [
                  {
                    "date": null,
                    "days": 365,
                    "expired_object_delete_marker": false
                  }
                ],
                "filter": [],
                "id": "expire-old-reports",
                "noncurrent_version_expiration": [
                  {
                    "newer_noncurrent_versions": null,
                    "noncurrent_days": 90
                  }
                ],
                "noncurrent_version_transition": [],
                "prefix": "",
                "status": "Enabled",
                "transition": []
              }
            ],
            "timeouts": null,
            "transition_default_minimum_object_size": "all_storage_classes_128K"
          },
          "sensitive_attributes": [],
          "identity_schema_version": 0,
          "dependencies": [
            "module.database.aws_s3_bucket.reportes",
            "module.database.data.aws_caller_identity.current"
          ]
        }
      ]
    },
    {
      "module": "module.database",
      "mode": "managed",
      "type": "aws_s3_bucket_logging",
      "name": "reportes",
      "provider": "provider[\"registry.terraform.io/hashicorp/aws\"]",
      "instances": [
        {
          "schema_version": 0,
          "attributes": {
            "bucket": "segat-reportes-fotos-production-662252246273",
            "expected_bucket_owner": "",
            "id": "segat-reportes-fotos-production-662252246273",
            "target_bucket": "segat-reportes-fotos-production-662252246273",
            "target_grant": [],
            "target_object_key_format": [],
            "target_prefix": "access-logs/"
          },
          "sensitive_attributes": [],
          "identity_schema_version": 0,
          "private": "bnVsbA==",
          "dependencies": [
            "module.database.aws_s3_bucket.reportes",
            "module.database.data.aws_caller_identity.current"
          ]
        }
      ]
    },
    {
      "module": "module.database",
      "mode": "managed",
      "type": "aws_s3_bucket_notification",
      "name": "reportes",
      "provider": "provider[\"registry.terraform.io/hashicorp/aws\"]",
      "instances": [
        {
          "schema_version": 0,
          "attributes": {
            "bucket": "segat-reportes-fotos-production-662252246273",
            "eventbridge": true,
            "id": "segat-reportes-fotos-production-662252246273",
            "lambda_function": [],
            "queue": [],
            "topic": []
          },
          "sensitive_attributes": [],
          "identity_schema_version": 0,
          "private": "bnVsbA==",
          "dependencies": [
            "module.database.aws_s3_bucket.reportes",
            "module.database.data.aws_caller_identity.current"
          ]
        }
      ]
    },
    {
      "module": "module.database",
      "mode": "managed",
      "type": "aws_s3_bucket_public_access_block",
      "name": "reportes",
      "provider": "provider[\"registry.terraform.io/hashicorp/aws\"]",
      "instances": [
        {
          "schema_version": 0,
          "attributes": {
            "block_public_acls": true,
            "block_public_policy": true,
            "bucket": "segat-reportes-fotos-production-662252246273",
            "id": "segat-reportes-fotos-production-662252246273",
            "ignore_public_acls": true,
            "restrict_public_buckets": true
          },
          "sensitive_attributes": [],
          "identity_schema_version": 0,
          "private": "bnVsbA==",
          "dependencies": [
            "module.database.aws_s3_bucket.reportes",
            "module.database.data.aws_caller_identity.current"
          ]
        }
      ]
    },
    {
      "module": "module.database",
      "mode": "managed",
      "type": "aws_s3_bucket_replication_configuration",
      "name": "reportes",
      "provider": "provider[\"registry.terraform.io/hashicorp/aws\"]",
      "instances": []
    },
    {
      "module": "module.database",
      "mode": "managed",
      "type": "aws_s3_bucket_server_side_encryption_configuration",
      "name": "reportes",
      "provider": "provider[\"registry.terraform.io/hashicorp/aws\"]",
      "instances": [
        {
          "schema_version": 0,
          "attributes": {
            "bucket": "segat-reportes-fotos-production-662252246273",
            "expected_bucket_owner": "",
            "id": "segat-reportes-fotos-production-662252246273",
            "rule": [
              {
                "apply_server_side_encryption_by_default": [
                  {
                    "kms_master_key_id": "alias/aws/s3",
                    "sse_algorithm": "aws:kms"
                  }
                ],
                "bucket_key_enabled": null
              }
            ]
          },
          "sensitive_attributes": [],
          "identity_schema_version": 0,
          "private": "bnVsbA==",
          "dependencies": [
            "module.database.aws_s3_bucket.reportes",
            "module.database.data.aws_caller_identity.current"
          ]
        }
      ]
    },
    {
      "module": "module.database",
      "mode": "managed",
      "type": "aws_s3_bucket_versioning",
      "name": "reportes",
      "provider": "provider[\"registry.terraform.io/hashicorp/aws\"]",
      "instances": [
        {
          "schema_version": 0,
          "attributes": {
            "bucket": "segat-reportes-fotos-production-662252246273",
            "expected_bucket_owner": "",
            "id": "segat-reportes-fotos-production-662252246273",
            "mfa": null,
            "versioning_configuration": [
              {
                "mfa_delete": "",
                "status": "Enabled"
              }
            ]
          },
          "sensitive_attributes": [],
          "identity_schema_version": 0,
          "private": "bnVsbA==",
          "dependencies": [
            "module.database.aws_s3_bucket.reportes",
            "module.database.data.aws_caller_identity.current"
          ]
        }
      ]
    },
    {
      "module": "module.database",
      "mode": "managed",
      "type": "aws_vpc_endpoint",
      "name": "dynamodb",
      "provider": "provider[\"registry.terraform.io/hashicorp/aws\"]",
      "instances": [
        {
          "schema_version": 0,
          "attributes": {
            "arn": "arn:aws:ec2:us-east-1:662252246273:vpc-endpoint/vpce-0ab3aca1d10bc950d",
            "auto_accept": null,
            "cidr_blocks": [
              "35.71.70.0/24",
              "3.218.182.0/24",
              "3.218.180.0/23",
              "35.71.68.0/23",
              "52.94.0.0/22",
              "52.119.224.0/20"
            ],
            "dns_entry": [],
            "dns_options": [
              {
                "dns_record_ip_type": "service-defined",
                "private_dns_only_for_inbound_resolver_endpoint": false
              }
            ],
            "id": "vpce-0ab3aca1d10bc950d",
            "ip_address_type": "ipv4",
            "network_interface_ids": [],
            "owner_id": "662252246273",
            "policy": "{\"Statement\":[{\"Action\":\"*\",\"Effect\":\"Allow\",\"Principal\":\"*\",\"Resource\":\"*\"}],\"Version\":\"2008-10-17\"}",
            "prefix_list_id": "pl-02cd2c6b",
            "private_dns_enabled": false,
            "requester_managed": false,
            "resource_configuration_arn": "",
            "route_table_ids": [
              "rtb-09fb2b459507d1b8f"
            ],
            "security_group_ids": [],
            "service_name": "com.amazonaws.us-east-1.dynamodb",
            "service_network_arn": "",
            "service_region": "us-east-1",
            "state": "available",
            "subnet_configuration": [],
            "subnet_ids": [],
            "tags": {
              "Name": "segat-vpc-endpoint-dynamodb"
            },
            "tags_all": {
              "Course": "Infraestructura-como-Codigo-UPAO",
              "Environment": "production",
              "ManagedBy": "Terraform",
              "Name": "segat-vpc-endpoint-dynamodb",
              "Project": "SEGAT"
            },
            "timeouts": null,
            "vpc_endpoint_type": "Gateway",
            "vpc_id": "vpc-063e4fc1b0a245bf4"
          },
          "sensitive_attributes": [],
          "identity_schema_version": 0,
          "private": "eyJlMmJmYjczMC1lY2FhLTExZTYtOGY4OC0zNDM2M2JjN2M0YzAiOnsiY3JlYXRlIjo2MDAwMDAwMDAwMDAsImRlbGV0ZSI6NjAwMDAwMDAwMDAwLCJ1cGRhdGUiOjYwMDAwMDAwMDAwMH19",
          "dependencies": [
            "module.networking.aws_eip.nat",
            "module.networking.aws_internet_gateway.main",
            "module.networking.aws_nat_gateway.main",
            "module.networking.aws_route_table.private",
            "module.networking.aws_subnet.public_a",
            "module.networking.aws_vpc.main",
            "module.networking.data.aws_availability_zones.available"
          ]
        }
      ]
    },
    {
      "module": "module.database",
      "mode": "managed",
      "type": "aws_vpc_endpoint",
      "name": "s3",
      "provider": "provider[\"registry.terraform.io/hashicorp/aws\"]",
      "instances": [
        {
          "schema_version": 0,
          "attributes": {
            "arn": "arn:aws:ec2:us-east-1:662252246273:vpc-endpoint/vpce-0263c16f8330ed9fe",
            "auto_accept": null,
            "cidr_blocks": [
              "16.15.176.0/20",
              "16.182.0.0/16",
              "18.34.0.0/19",
              "52.216.0.0/15",
              "54.231.0.0/16",
              "3.5.0.0/19",
              "18.34.232.0/21",
              "16.15.192.0/18"
            ],
            "dns_entry": [],
            "dns_options": [
              {
                "dns_record_ip_type": "service-defined",
                "private_dns_only_for_inbound_resolver_endpoint": false
              }
            ],
            "id": "vpce-0263c16f8330ed9fe",
            "ip_address_type": "ipv4",
            "network_interface_ids": [],
            "owner_id": "662252246273",
            "policy": "{\"Statement\":[{\"Action\":\"*\",\"Effect\":\"Allow\",\"Principal\":\"*\",\"Resource\":\"*\"}],\"Version\":\"2008-10-17\"}",
            "prefix_list_id": "pl-63a5400a",
            "private_dns_enabled": false,
            "requester_managed": false,
            "resource_configuration_arn": "",
            "route_table_ids": [
              "rtb-09fb2b459507d1b8f"
            ],
            "security_group_ids": [],
            "service_name": "com.amazonaws.us-east-1.s3",
            "service_network_arn": "",
            "service_region": "us-east-1",
            "state": "available",
            "subnet_configuration": [],
            "subnet_ids": [],
            "tags": {
              "Name": "segat-vpc-endpoint-s3"
            },
            "tags_all": {
              "Course": "Infraestructura-como-Codigo-UPAO",
              "Environment": "production",
              "ManagedBy": "Terraform",
              "Name": "segat-vpc-endpoint-s3",
              "Project": "SEGAT"
            },
            "timeouts": null,
            "vpc_endpoint_type": "Gateway",
            "vpc_id": "vpc-063e4fc1b0a245bf4"
          },
          "sensitive_attributes": [],
          "identity_schema_version": 0,
          "private": "eyJlMmJmYjczMC1lY2FhLTExZTYtOGY4OC0zNDM2M2JjN2M0YzAiOnsiY3JlYXRlIjo2MDAwMDAwMDAwMDAsImRlbGV0ZSI6NjAwMDAwMDAwMDAwLCJ1cGRhdGUiOjYwMDAwMDAwMDAwMH19",
          "dependencies": [
            "module.networking.aws_eip.nat",
            "module.networking.aws_internet_gateway.main",
            "module.networking.aws_nat_gateway.main",
            "module.networking.aws_route_table.private",
            "module.networking.aws_subnet.public_a",
            "module.networking.aws_vpc.main",
            "module.networking.data.aws_availability_zones.available"
          ]
        }
      ]
    },
    {
      "module": "module.dns",
      "mode": "managed",
      "type": "aws_route53_record",
      "name": "alb_external",
      "provider": "provider[\"registry.terraform.io/hashicorp/aws\"]",
      "instances": [
        {
          "schema_version": 2,
          "attributes": {
            "alias": [
              {
                "evaluate_target_health": true,
                "name": "segat-alb-external-1704477576.us-east-1.elb.amazonaws.com",
                "zone_id": "Z35SXDOTRQ7X7K"
              }
            ],
            "allow_overwrite": null,
            "cidr_routing_policy": [],
            "failover_routing_policy": [],
            "fqdn": "segat.segat.com",
            "geolocation_routing_policy": [],
            "geoproximity_routing_policy": [],
            "health_check_id": "",
            "id": "Z04588403QAI2JBWSI508_segat.segat.com_A",
            "latency_routing_policy": [],
            "multivalue_answer_routing_policy": false,
            "name": "segat.segat.com",
            "records": null,
            "set_identifier": "",
            "timeouts": null,
            "ttl": 0,
            "type": "A",
            "weighted_routing_policy": [],
            "zone_id": "Z04588403QAI2JBWSI508"
          },
          "sensitive_attributes": [],
          "identity_schema_version": 0,
          "private": "eyJlMmJmYjczMC1lY2FhLTExZTYtOGY4OC0zNDM2M2JjN2M0YzAiOnsiY3JlYXRlIjoxODAwMDAwMDAwMDAwLCJkZWxldGUiOjE4MDAwMDAwMDAwMDAsInVwZGF0ZSI6MTgwMDAwMDAwMDAwMH0sInNjaGVtYV92ZXJzaW9uIjoiMiJ9",
          "dependencies": [
            "module.compute.aws_lb.external",
            "module.compute.aws_s3_bucket.alb_logs",
            "module.compute.aws_s3_bucket_ownership_controls.alb_logs",
            "module.compute.aws_s3_bucket_policy.alb_logs",
            "module.compute.data.aws_caller_identity.current",
            "module.compute.data.aws_elb_service_account.main",
            "module.dns.aws_route53_zone.main",
            "module.networking.aws_security_group.alb",
            "module.networking.aws_subnet.public_a",
            "module.networking.aws_subnet.public_b",
            "module.networking.aws_vpc.main",
            "module.networking.data.aws_availability_zones.available"
          ]
        }
      ]
    },
    {
      "module": "module.dns",
      "mode": "managed",
      "type": "aws_route53_zone",
      "name": "main",
      "provider": "provider[\"registry.terraform.io/hashicorp/aws\"]",
      "instances": [
        {
          "schema_version": 0,
          "attributes": {
            "arn": "arn:aws:route53:::hostedzone/Z04588403QAI2JBWSI508",
            "comment": "Zona DNS principal del proyecto SEGAT",
            "delegation_set_id": "",
            "force_destroy": false,
            "id": "Z04588403QAI2JBWSI508",
            "name": "segat.com",
            "name_servers": [
              "ns-1204.awsdns-22.org",
              "ns-1613.awsdns-09.co.uk",
              "ns-17.awsdns-02.com",
              "ns-947.awsdns-54.net"
            ],
            "primary_name_server": "ns-1613.awsdns-09.co.uk",
            "tags": {
              "Name": "segat-hosted-zone"
            },
            "tags_all": {
              "Course": "Infraestructura-como-Codigo-UPAO",
              "Environment": "production",
              "ManagedBy": "Terraform",
              "Name": "segat-hosted-zone",
              "Project": "SEGAT"
            },
            "timeouts": null,
            "vpc": [],
            "zone_id": "Z04588403QAI2JBWSI508"
          },
          "sensitive_attributes": [],
          "identity_schema_version": 0,
          "private": "eyJlMmJmYjczMC1lY2FhLTExZTYtOGY4OC0zNDM2M2JjN2M0YzAiOnsiY3JlYXRlIjoxODAwMDAwMDAwMDAwLCJkZWxldGUiOjE4MDAwMDAwMDAwMDAsInVwZGF0ZSI6MTgwMDAwMDAwMDAwMH19"
        }
      ]
    },
    {
      "module": "module.firewall",
      "mode": "managed",
      "type": "aws_cloudwatch_log_group",
      "name": "waf",
      "provider": "provider[\"registry.terraform.io/hashicorp/aws\"]",
      "instances": [
        {
          "schema_version": 0,
          "attributes": {
            "arn": "arn:aws:logs:us-east-1:662252246273:log-group:aws-waf-logs-segat",
            "id": "aws-waf-logs-segat",
            "kms_key_id": "arn:aws:kms:us-east-1:662252246273:key/10d53338-5301-4618-993a-59f825cc7db1",
            "log_group_class": "STANDARD",
            "name": "aws-waf-logs-segat",
            "name_prefix": "",
            "retention_in_days": 365,
            "skip_destroy": false,
            "tags": {
              "Name": "segat-waf-logs"
            },
            "tags_all": {
              "Course": "Infraestructura-como-Codigo-UPAO",
              "Environment": "production",
              "ManagedBy": "Terraform",
              "Name": "segat-waf-logs",
              "Project": "SEGAT"
            }
          },
          "sensitive_attributes": [],
          "identity_schema_version": 0,
          "private": "bnVsbA==",
          "dependencies": [
            "module.security.aws_kms_key.secrets",
            "module.security.data.aws_caller_identity.current"
          ]
        }
      ]
    },
    {
      "module": "module.firewall",
      "mode": "managed",
      "type": "aws_cloudwatch_log_group",
      "name": "waf_cloudfront",
      "provider": "provider[\"registry.terraform.io/hashicorp/aws\"].us_east_1",
      "instances": [
        {
          "schema_version": 0,
          "attributes": {
            "arn": "arn:aws:logs:us-east-1:662252246273:log-group:aws-waf-logs-segat-cloudfront",
            "id": "aws-waf-logs-segat-cloudfront",
            "kms_key_id": "arn:aws:kms:us-east-1:662252246273:key/10d53338-5301-4618-993a-59f825cc7db1",
            "log_group_class": "STANDARD",
            "name": "aws-waf-logs-segat-cloudfront",
            "name_prefix": "",
            "retention_in_days": 365,
            "skip_destroy": false,
            "tags": {
              "Name": "segat-waf-cloudfront-logs"
            },
            "tags_all": {
              "Name": "segat-waf-cloudfront-logs"
            }
          },
          "sensitive_attributes": [],
          "identity_schema_version": 0,
          "private": "bnVsbA==",
          "dependencies": [
            "module.security.aws_kms_key.secrets",
            "module.security.data.aws_caller_identity.current"
          ]
        }
      ]
    },
    {
      "module": "module.firewall",
      "mode": "managed",
      "type": "aws_wafv2_web_acl",
      "name": "cloudfront",
      "provider": "provider[\"registry.terraform.io/hashicorp/aws\"].us_east_1",
      "instances": [
        {
          "schema_version": 0,
          "attributes": {
            "application_integration_url": "",
            "arn": "arn:aws:wafv2:us-east-1:662252246273:global/webacl/segat-waf-cloudfront/589fb2be-0787-41c4-9ca3-2ac811aecaf1",
            "association_config": [],
            "capacity": 900,
            "captcha_config": [],
            "challenge_config": [],
            "custom_response_body": [],
            "data_protection_config": [],
            "default_action": [
              {
                "allow": [
                  {
                    "custom_request_handling": []
                  }
                ],
                "block": []
              }
            ],
            "description": "WAF para proteger la distribucion CloudFront de SEGAT",
            "id": "589fb2be-0787-41c4-9ca3-2ac811aecaf1",
            "lock_token": "3ba085ca-ad5b-4d9d-b0f1-050977d68a19",
            "name": "segat-waf-cloudfront",
            "name_prefix": "",
            "rule": [
              {
                "action": [],
                "captcha_config": [],
                "challenge_config": [],
                "name": "AWSManagedRulesCommonRuleSet",
                "override_action": [
                  {
                    "count": [],
                    "none": [
                      {}
                    ]
                  }
                ],
                "priority": 1,
                "rule_label": [],
                "statement": [
                  {
                    "and_statement": [],
                    "asn_match_statement": [],
                    "byte_match_statement": [],
                    "geo_match_statement": [],
                    "ip_set_reference_statement": [],
                    "label_match_statement": [],
                    "managed_rule_group_statement": [
                      {
                        "managed_rule_group_configs": [],
                        "name": "AWSManagedRulesCommonRuleSet",
                        "rule_action_override": [],
                        "scope_down_statement": [],
                        "vendor_name": "AWS",
                        "version": ""
                      }
                    ],
                    "not_statement": [],
                    "or_statement": [],
                    "rate_based_statement": [],
                    "regex_match_statement": [],
                    "regex_pattern_set_reference_statement": [],
                    "rule_group_reference_statement": [],
                    "size_constraint_statement": [],
                    "sqli_match_statement": [],
                    "xss_match_statement": []
                  }
                ],
                "visibility_config": [
                  {
                    "cloudwatch_metrics_enabled": true,
                    "metric_name": "segatCloudFrontCommonRuleSetMetric",
                    "sampled_requests_enabled": true
                  }
                ]
              },
              {
                "action": [],
                "captcha_config": [],
                "challenge_config": [],
                "name": "AWSManagedRulesKnownBadInputsRuleSet",
                "override_action": [
                  {
                    "count": [],
                    "none": [
                      {}
                    ]
                  }
                ],
                "priority": 2,
                "rule_label": [],
                "statement": [
                  {
                    "and_statement": [],
                    "asn_match_statement": [],
                    "byte_match_statement": [],
                    "geo_match_statement": [],
                    "ip_set_reference_statement": [],
                    "label_match_statement": [],
                    "managed_rule_group_statement": [
                      {
                        "managed_rule_group_configs": [],
                        "name": "AWSManagedRulesKnownBadInputsRuleSet",
                        "rule_action_override": [],
                        "scope_down_statement": [],
                        "vendor_name": "AWS",
                        "version": ""
                      }
                    ],
                    "not_statement": [],
                    "or_statement": [],
                    "rate_based_statement": [],
                    "regex_match_statement": [],
                    "regex_pattern_set_reference_statement": [],
                    "rule_group_reference_statement": [],
                    "size_constraint_statement": [],
                    "sqli_match_statement": [],
                    "xss_match_statement": []
                  }
                ],
                "visibility_config": [
                  {
                    "cloudwatch_metrics_enabled": true,
                    "metric_name": "segatCloudFrontKnownBadInputsMetric",
                    "sampled_requests_enabled": true
                  }
                ]
              }
            ],
            "rule_json": null,
            "scope": "CLOUDFRONT",
            "tags": {
              "Name": "segat-waf-cloudfront"
            },
            "tags_all": {
              "Name": "segat-waf-cloudfront"
            },
            "token_domains": null,
            "visibility_config": [
              {
                "cloudwatch_metrics_enabled": true,
                "metric_name": "segatCloudFrontWAFMetric",
                "sampled_requests_enabled": true
              }
            ]
          },
          "sensitive_attributes": [],
          "identity_schema_version": 0,
          "private": "bnVsbA=="
        }
      ]
    },
    {
      "module": "module.firewall",
      "mode": "managed",
      "type": "aws_wafv2_web_acl",
      "name": "main",
      "provider": "provider[\"registry.terraform.io/hashicorp/aws\"]",
      "instances": [
        {
          "schema_version": 0,
          "attributes": {
            "application_integration_url": "",
            "arn": "arn:aws:wafv2:us-east-1:662252246273:regional/webacl/segat-waf/2507fbe0-969d-4430-a0f9-95c5c6202dab",
            "association_config": [],
            "capacity": 1002,
            "captcha_config": [],
            "challenge_config": [],
            "custom_response_body": [],
            "data_protection_config": [],
            "default_action": [
              {
                "allow": [
                  {
                    "custom_request_handling": []
                  }
                ],
                "block": []
              }
            ],
            "description": "WAF para proteger el ALB externo de SEGAT",
            "id": "2507fbe0-969d-4430-a0f9-95c5c6202dab",
            "lock_token": "3ce6f951-7bf5-4ee8-b5b8-b3c59e1cbad9",
            "name": "segat-waf",
            "name_prefix": "",
            "rule": [
              {
                "action": [
                  {
                    "allow": [],
                    "block": [
                      {
                        "custom_response": []
                      }
                    ],
                    "captcha": [],
                    "challenge": [],
                    "count": []
                  }
                ],
                "captcha_config": [],
                "challenge_config": [],
                "name": "RateLimitPerIP",
                "override_action": [],
                "priority": 3,
                "rule_label": [],
                "statement": [
                  {
                    "and_statement": [],
                    "asn_match_statement": [],
                    "byte_match_statement": [],
                    "geo_match_statement": [],
                    "ip_set_reference_statement": [],
                    "label_match_statement": [],
                    "managed_rule_group_statement": [],
                    "not_statement": [],
                    "or_statement": [],
                    "rate_based_statement": [
                      {
                        "aggregate_key_type": "IP",
                        "custom_key": [],
                        "evaluation_window_sec": 300,
                        "forwarded_ip_config": [],
                        "limit": 2000,
                        "scope_down_statement": []
                      }
                    ],
                    "regex_match_statement": [],
                    "regex_pattern_set_reference_statement": [],
                    "rule_group_reference_statement": [],
                    "size_constraint_statement": [],
                    "sqli_match_statement": [],
                    "xss_match_statement": []
                  }
                ],
                "visibility_config": [
                  {
                    "cloudwatch_metrics_enabled": true,
                    "metric_name": "segatRateLimitMetric",
                    "sampled_requests_enabled": true
                  }
                ]
              },
              {
                "action": [],
                "captcha_config": [],
                "challenge_config": [],
                "name": "AWSManagedRulesAnonymousIpList",
                "override_action": [
                  {
                    "count": [],
                    "none": [
                      {}
                    ]
                  }
                ],
                "priority": 4,
                "rule_label": [],
                "statement": [
                  {
                    "and_statement": [],
                    "asn_match_statement": [],
                    "byte_match_statement": [],
                    "geo_match_statement": [],
                    "ip_set_reference_statement": [],
                    "label_match_statement": [],
                    "managed_rule_group_statement": [
                      {
                        "managed_rule_group_configs": [],
                        "name": "AWSManagedRulesAnonymousIpList",
                        "rule_action_override": [],
                        "scope_down_statement": [],
                        "vendor_name": "AWS",
                        "version": ""
                      }
                    ],
                    "not_statement": [],
                    "or_statement": [],
                    "rate_based_statement": [],
                    "regex_match_statement": [],
                    "regex_pattern_set_reference_statement": [],
                    "rule_group_reference_statement": [],
                    "size_constraint_statement": [],
                    "sqli_match_statement": [],
                    "xss_match_statement": []
                  }
                ],
                "visibility_config": [
                  {
                    "cloudwatch_metrics_enabled": true,
                    "metric_name": "AnonymousIpListMetric",
                    "sampled_requests_enabled": true
                  }
                ]
              },
              {
                "action": [],
                "captcha_config": [],
                "challenge_config": [],
                "name": "AWSManagedRulesBotControlRuleSet",
                "override_action": [
                  {
                    "count": [],
                    "none": [
                      {}
                    ]
                  }
                ],
                "priority": 2,
                "rule_label": [],
                "statement": [
                  {
                    "and_statement": [],
                    "asn_match_statement": [],
                    "byte_match_statement": [],
                    "geo_match_statement": [],
                    "ip_set_reference_statement": [],
                    "label_match_statement": [],
                    "managed_rule_group_statement": [
                      {
                        "managed_rule_group_configs": [
                          {
                            "aws_managed_rules_acfp_rule_set": [],
                            "aws_managed_rules_atp_rule_set": [],
                            "aws_managed_rules_bot_control_rule_set": [
                              {
                                "enable_machine_learning": true,
                                "inspection_level": "COMMON"
                              }
                            ],
                            "login_path": "",
                            "password_field": [],
                            "payload_type": "",
                            "username_field": []
                          }
                        ],
                        "name": "AWSManagedRulesBotControlRuleSet",
                        "rule_action_override": [],
                        "scope_down_statement": [],
                        "vendor_name": "AWS",
                        "version": ""
                      }
                    ],
                    "not_statement": [],
                    "or_statement": [],
                    "rate_based_statement": [],
                    "regex_match_statement": [],
                    "regex_pattern_set_reference_statement": [],
                    "rule_group_reference_statement": [],
                    "size_constraint_statement": [],
                    "sqli_match_statement": [],
                    "xss_match_statement": []
                  }
                ],
                "visibility_config": [
                  {
                    "cloudwatch_metrics_enabled": true,
                    "metric_name": "segatBotControlMetric",
                    "sampled_requests_enabled": true
                  }
                ]
              },
              {
                "action": [],
                "captcha_config": [],
                "challenge_config": [],
                "name": "AWSManagedRulesCommonRuleSet",
                "override_action": [
                  {
                    "count": [],
                    "none": [
                      {}
                    ]
                  }
                ],
                "priority": 1,
                "rule_label": [],
                "statement": [
                  {
                    "and_statement": [],
                    "asn_match_statement": [],
                    "byte_match_statement": [],
                    "geo_match_statement": [],
                    "ip_set_reference_statement": [],
                    "label_match_statement": [],
                    "managed_rule_group_statement": [
                      {
                        "managed_rule_group_configs": [],
                        "name": "AWSManagedRulesCommonRuleSet",
                        "rule_action_override": [],
                        "scope_down_statement": [],
                        "vendor_name": "AWS",
                        "version": null
                      }
                    ],
                    "not_statement": [],
                    "or_statement": [],
                    "rate_based_statement": [],
                    "regex_match_statement": [],
                    "regex_pattern_set_reference_statement": [],
                    "rule_group_reference_statement": [],
                    "size_constraint_statement": [],
                    "sqli_match_statement": [],
                    "xss_match_statement": []
                  }
                ],
                "visibility_config": [
                  {
                    "cloudwatch_metrics_enabled": true,
                    "metric_name": "segatCommonRuleSetMetric",
                    "sampled_requests_enabled": true
                  }
                ]
              },
              {
                "action": [],
                "captcha_config": [],
                "challenge_config": [],
                "name": "AWSManagedRulesKnownBadInputsRuleSet",
                "override_action": [
                  {
                    "count": [],
                    "none": [
                      {}
                    ]
                  }
                ],
                "priority": 5,
                "rule_label": [],
                "statement": [
                  {
                    "and_statement": [],
                    "asn_match_statement": [],
                    "byte_match_statement": [],
                    "geo_match_statement": [],
                    "ip_set_reference_statement": [],
                    "label_match_statement": [],
                    "managed_rule_group_statement": [
                      {
                        "managed_rule_group_configs": [],
                        "name": "AWSManagedRulesKnownBadInputsRuleSet",
                        "rule_action_override": [],
                        "scope_down_statement": [],
                        "vendor_name": "AWS",
                        "version": ""
                      }
                    ],
                    "not_statement": [],
                    "or_statement": [],
                    "rate_based_statement": [],
                    "regex_match_statement": [],
                    "regex_pattern_set_reference_statement": [],
                    "rule_group_reference_statement": [],
                    "size_constraint_statement": [],
                    "sqli_match_statement": [],
                    "xss_match_statement": []
                  }
                ],
                "visibility_config": [
                  {
                    "cloudwatch_metrics_enabled": true,
                    "metric_name": "KnownBadInputs",
                    "sampled_requests_enabled": true
                  }
                ]
              }
            ],
            "rule_json": null,
            "scope": "REGIONAL",
            "tags": {
              "Name": "segat-waf"
            },
            "tags_all": {
              "Course": "Infraestructura-como-Codigo-UPAO",
              "Environment": "production",
              "ManagedBy": "Terraform",
              "Name": "segat-waf",
              "Project": "SEGAT"
            },
            "token_domains": [],
            "visibility_config": [
              {
                "cloudwatch_metrics_enabled": true,
                "metric_name": "segatWAFMetric",
                "sampled_requests_enabled": true
              }
            ]
          },
          "sensitive_attributes": [],
          "identity_schema_version": 0,
          "private": "bnVsbA=="
        }
      ]
    },
    {
      "module": "module.firewall",
      "mode": "managed",
      "type": "aws_wafv2_web_acl_association",
      "name": "alb",
      "provider": "provider[\"registry.terraform.io/hashicorp/aws\"]",
      "instances": [
        {
          "schema_version": 0,
          "attributes": {
            "id": "arn:aws:wafv2:us-east-1:662252246273:regional/webacl/segat-waf/2507fbe0-969d-4430-a0f9-95c5c6202dab,arn:aws:elasticloadbalancing:us-east-1:662252246273:loadbalancer/app/segat-alb-external/8149ebdab289b6ee",
            "resource_arn": "arn:aws:elasticloadbalancing:us-east-1:662252246273:loadbalancer/app/segat-alb-external/8149ebdab289b6ee",
            "timeouts": null,
            "web_acl_arn": "arn:aws:wafv2:us-east-1:662252246273:regional/webacl/segat-waf/2507fbe0-969d-4430-a0f9-95c5c6202dab"
          },
          "sensitive_attributes": [],
          "identity_schema_version": 0,
          "private": "eyJlMmJmYjczMC1lY2FhLTExZTYtOGY4OC0zNDM2M2JjN2M0YzAiOnsiY3JlYXRlIjo2MDAwMDAwMDAwMDB9fQ==",
          "dependencies": [
            "module.compute.aws_lb.external",
            "module.compute.aws_s3_bucket.alb_logs",
            "module.compute.aws_s3_bucket_ownership_controls.alb_logs",
            "module.compute.aws_s3_bucket_policy.alb_logs",
            "module.compute.data.aws_caller_identity.current",
            "module.compute.data.aws_elb_service_account.main",
            "module.firewall.aws_wafv2_web_acl.main",
            "module.networking.aws_security_group.alb",
            "module.networking.aws_subnet.public_a",
            "module.networking.aws_subnet.public_b",
            "module.networking.aws_vpc.main",
            "module.networking.data.aws_availability_zones.available"
          ]
        }
      ]
    },
    {
      "module": "module.firewall",
      "mode": "managed",
      "type": "aws_wafv2_web_acl_logging_configuration",
      "name": "cloudfront",
      "provider": "provider[\"registry.terraform.io/hashicorp/aws\"].us_east_1",
      "instances": [
        {
          "schema_version": 0,
          "attributes": {
            "id": "arn:aws:wafv2:us-east-1:662252246273:global/webacl/segat-waf-cloudfront/589fb2be-0787-41c4-9ca3-2ac811aecaf1",
            "log_destination_configs": [
              "arn:aws:logs:us-east-1:662252246273:log-group:aws-waf-logs-segat-cloudfront"
            ],
            "logging_filter": [],
            "redacted_fields": [],
            "resource_arn": "arn:aws:wafv2:us-east-1:662252246273:global/webacl/segat-waf-cloudfront/589fb2be-0787-41c4-9ca3-2ac811aecaf1"
          },
          "sensitive_attributes": [],
          "identity_schema_version": 0,
          "private": "bnVsbA==",
          "dependencies": [
            "module.firewall.aws_cloudwatch_log_group.waf_cloudfront",
            "module.firewall.aws_wafv2_web_acl.cloudfront",
            "module.security.aws_kms_key.secrets",
            "module.security.data.aws_caller_identity.current"
          ]
        }
      ]
    },
    {
      "module": "module.firewall",
      "mode": "managed",
      "type": "aws_wafv2_web_acl_logging_configuration",
      "name": "main",
      "provider": "provider[\"registry.terraform.io/hashicorp/aws\"]",
      "instances": [
        {
          "schema_version": 0,
          "attributes": {
            "id": "arn:aws:wafv2:us-east-1:662252246273:regional/webacl/segat-waf/2507fbe0-969d-4430-a0f9-95c5c6202dab",
            "log_destination_configs": [
              "arn:aws:logs:us-east-1:662252246273:log-group:aws-waf-logs-segat"
            ],
            "logging_filter": [],
            "redacted_fields": [],
            "resource_arn": "arn:aws:wafv2:us-east-1:662252246273:regional/webacl/segat-waf/2507fbe0-969d-4430-a0f9-95c5c6202dab"
          },
          "sensitive_attributes": [],
          "identity_schema_version": 0,
          "private": "bnVsbA==",
          "dependencies": [
            "module.firewall.aws_cloudwatch_log_group.waf",
            "module.firewall.aws_wafv2_web_acl.main",
            "module.security.aws_kms_key.secrets",
            "module.security.data.aws_caller_identity.current"
          ]
        }
      ]
    },
    {
      "module": "module.messaging",
      "mode": "data",
      "type": "aws_caller_identity",
      "name": "current",
      "provider": "provider[\"registry.terraform.io/hashicorp/aws\"]",
      "instances": [
        {
          "schema_version": 0,
          "attributes": {
            "account_id": "662252246273",
            "arn": "arn:aws:iam::662252246273:root",
            "id": "662252246273",
            "user_id": "662252246273"
          },
          "sensitive_attributes": [],
          "identity_schema_version": 0
        }
      ]
    },
    {
      "module": "module.messaging",
      "mode": "managed",
      "type": "aws_kms_alias",
      "name": "sqs",
      "provider": "provider[\"registry.terraform.io/hashicorp/aws\"]",
      "instances": [
        {
          "schema_version": 0,
          "attributes": {
            "arn": "arn:aws:kms:us-east-1:662252246273:alias/segat/sqs",
            "id": "alias/segat/sqs",
            "name": "alias/segat/sqs",
            "name_prefix": "",
            "target_key_arn": "arn:aws:kms:us-east-1:662252246273:key/c4628851-bfce-46eb-a525-1b5273a410b5",
            "target_key_id": "c4628851-bfce-46eb-a525-1b5273a410b5"
          },
          "sensitive_attributes": [],
          "identity_schema_version": 0,
          "private": "bnVsbA==",
          "dependencies": [
            "module.messaging.aws_kms_key.sqs",
            "module.messaging.data.aws_caller_identity.current"
          ]
        }
      ]
    },
    {
      "module": "module.messaging",
      "mode": "managed",
      "type": "aws_kms_key",
      "name": "sns_alertas",
      "provider": "provider[\"registry.terraform.io/hashicorp/aws\"]",
      "instances": [
        {
          "schema_version": 0,
          "attributes": {
            "arn": "arn:aws:kms:us-east-1:662252246273:key/591fdd8a-2437-4c34-90eb-7283606466a7",
            "bypass_policy_lockout_safety_check": false,
            "custom_key_store_id": "",
            "customer_master_key_spec": "SYMMETRIC_DEFAULT",
            "deletion_window_in_days": 7,
            "description": "KMS CMK para el SNS topic de alertas (CloudTrail, CloudWatch Alarms)",
            "enable_key_rotation": true,
            "id": "591fdd8a-2437-4c34-90eb-7283606466a7",
            "is_enabled": true,
            "key_id": "591fdd8a-2437-4c34-90eb-7283606466a7",
            "key_usage": "ENCRYPT_DECRYPT",
            "multi_region": false,
            "policy": "{\"Statement\":[{\"Action\":\"kms:*\",\"Effect\":\"Allow\",\"Principal\":{\"AWS\":\"arn:aws:iam::662252246273:root\"},\"Resource\":\"*\",\"Sid\":\"Enable IAM User Permissions\"},{\"Action\":[\"kms:GenerateDataKey*\",\"kms:Decrypt\"],\"Effect\":\"Allow\",\"Principal\":{\"Service\":\"cloudtrail.amazonaws.com\"},\"Resource\":\"*\",\"Sid\":\"AllowCloudTrail\"},{\"Action\":[\"kms:GenerateDataKey*\",\"kms:Decrypt\"],\"Effect\":\"Allow\",\"Principal\":{\"Service\":\"cloudwatch.amazonaws.com\"},\"Resource\":\"*\",\"Sid\":\"AllowCloudWatchAlarms\"}],\"Version\":\"2012-10-17\"}",
            "rotation_period_in_days": 365,
            "tags": {
              "Name": "segat-kms-sns-alertas"
            },
            "tags_all": {
              "Course": "Infraestructura-como-Codigo-UPAO",
              "Environment": "production",
              "ManagedBy": "Terraform",
              "Name": "segat-kms-sns-alertas",
              "Project": "SEGAT"
            },
            "timeouts": null,
            "xks_key_id": ""
          },
          "sensitive_attributes": [],
          "identity_schema_version": 0,
          "private": "eyJlMmJmYjczMC1lY2FhLTExZTYtOGY4OC0zNDM2M2JjN2M0YzAiOnsiY3JlYXRlIjoxMjAwMDAwMDAwMDB9fQ==",
          "dependencies": [
            "module.messaging.data.aws_caller_identity.current"
          ]
        }
      ]
    },
    {
      "module": "module.messaging",
      "mode": "managed",
      "type": "aws_kms_key",
      "name": "sqs",
      "provider": "provider[\"registry.terraform.io/hashicorp/aws\"]",
      "instances": [
        {
          "schema_version": 0,
          "attributes": {
            "arn": "arn:aws:kms:us-east-1:662252246273:key/c4628851-bfce-46eb-a525-1b5273a410b5",
            "bypass_policy_lockout_safety_check": false,
            "custom_key_store_id": "",
            "customer_master_key_spec": "SYMMETRIC_DEFAULT",
            "deletion_window_in_days": 7,
            "description": "KMS CMK para cifrado de colas SQS del proyecto SEGAT",
            "enable_key_rotation": true,
            "id": "c4628851-bfce-46eb-a525-1b5273a410b5",
            "is_enabled": true,
            "key_id": "c4628851-bfce-46eb-a525-1b5273a410b5",
            "key_usage": "ENCRYPT_DECRYPT",
            "multi_region": false,
            "policy": "{\"Statement\":[{\"Action\":\"kms:*\",\"Effect\":\"Allow\",\"Principal\":{\"AWS\":\"arn:aws:iam::662252246273:root\"},\"Resource\":\"*\",\"Sid\":\"Enable IAM User Permissions\"},{\"Action\":[\"kms:GenerateDataKey\",\"kms:Decrypt\"],\"Effect\":\"Allow\",\"Principal\":{\"Service\":\"sqs.amazonaws.com\"},\"Resource\":\"*\",\"Sid\":\"Allow SQS to use this key\"}],\"Version\":\"2012-10-17\"}",
            "rotation_period_in_days": 365,
            "tags": {
              "Name": "segat-kms-sqs"
            },
            "tags_all": {
              "Course": "Infraestructura-como-Codigo-UPAO",
              "Environment": "production",
              "ManagedBy": "Terraform",
              "Name": "segat-kms-sqs",
              "Project": "SEGAT"
            },
            "timeouts": null,
            "xks_key_id": ""
          },
          "sensitive_attributes": [],
          "identity_schema_version": 0,
          "private": "eyJlMmJmYjczMC1lY2FhLTExZTYtOGY4OC0zNDM2M2JjN2M0YzAiOnsiY3JlYXRlIjoxMjAwMDAwMDAwMDB9fQ==",
          "dependencies": [
            "module.messaging.data.aws_caller_identity.current"
          ]
        }
      ]
    },
    {
      "module": "module.messaging",
      "mode": "managed",
      "type": "aws_sns_topic",
      "name": "alertas",
      "provider": "provider[\"registry.terraform.io/hashicorp/aws\"]",
      "instances": [
        {
          "schema_version": 0,
          "attributes": {
            "application_failure_feedback_role_arn": "",
            "application_success_feedback_role_arn": "",
            "application_success_feedback_sample_rate": 0,
            "archive_policy": "",
            "arn": "arn:aws:sns:us-east-1:662252246273:segat-sns-alertas",
            "beginning_archive_time": "",
            "content_based_deduplication": false,
            "delivery_policy": "",
            "display_name": "",
            "fifo_throughput_scope": "",
            "fifo_topic": false,
            "firehose_failure_feedback_role_arn": "",
            "firehose_success_feedback_role_arn": "",
            "firehose_success_feedback_sample_rate": 0,
            "http_failure_feedback_role_arn": "",
            "http_success_feedback_role_arn": "",
            "http_success_feedback_sample_rate": 0,
            "id": "arn:aws:sns:us-east-1:662252246273:segat-sns-alertas",
            "kms_master_key_id": "arn:aws:kms:us-east-1:662252246273:key/591fdd8a-2437-4c34-90eb-7283606466a7",
            "lambda_failure_feedback_role_arn": "",
            "lambda_success_feedback_role_arn": "",
            "lambda_success_feedback_sample_rate": 0,
            "name": "segat-sns-alertas",
            "name_prefix": "",
            "owner": "662252246273",
            "policy": "{\"Id\":\"__default_policy_ID\",\"Statement\":[{\"Action\":[\"SNS:GetTopicAttributes\",\"SNS:SetTopicAttributes\",\"SNS:AddPermission\",\"SNS:RemovePermission\",\"SNS:DeleteTopic\",\"SNS:Subscribe\",\"SNS:ListSubscriptionsByTopic\",\"SNS:Publish\"],\"Condition\":{\"StringEquals\":{\"AWS:SourceOwner\":\"662252246273\"}},\"Effect\":\"Allow\",\"Principal\":{\"AWS\":\"*\"},\"Resource\":\"arn:aws:sns:us-east-1:662252246273:segat-sns-alertas\",\"Sid\":\"__default_statement_ID\"}],\"Version\":\"2008-10-17\"}",
            "signature_version": 0,
            "sqs_failure_feedback_role_arn": "",
            "sqs_success_feedback_role_arn": "",
            "sqs_success_feedback_sample_rate": 0,
            "tags": {
              "Name": "segat-sns-alertas"
            },
            "tags_all": {
              "Course": "Infraestructura-como-Codigo-UPAO",
              "Environment": "production",
              "ManagedBy": "Terraform",
              "Name": "segat-sns-alertas",
              "Project": "SEGAT"
            },
            "tracing_config": ""
          },
          "sensitive_attributes": [],
          "identity_schema_version": 0,
          "private": "bnVsbA==",
          "dependencies": [
            "module.messaging.aws_kms_key.sns_alertas",
            "module.messaging.data.aws_caller_identity.current"
          ]
        }
      ]
    },
    {
      "module": "module.messaging",
      "mode": "managed",
      "type": "aws_sns_topic",
      "name": "negocio",
      "provider": "provider[\"registry.terraform.io/hashicorp/aws\"]",
      "instances": [
        {
          "schema_version": 0,
          "attributes": {
            "application_failure_feedback_role_arn": "",
            "application_success_feedback_role_arn": "",
            "application_success_feedback_sample_rate": 0,
            "archive_policy": "",
            "arn": "arn:aws:sns:us-east-1:662252246273:segat-sns-negocio",
            "beginning_archive_time": "",
            "content_based_deduplication": false,
            "delivery_policy": "",
            "display_name": "",
            "fifo_throughput_scope": "",
            "fifo_topic": false,
            "firehose_failure_feedback_role_arn": "",
            "firehose_success_feedback_role_arn": "",
            "firehose_success_feedback_sample_rate": 0,
            "http_failure_feedback_role_arn": "",
            "http_success_feedback_role_arn": "",
            "http_success_feedback_sample_rate": 0,
            "id": "arn:aws:sns:us-east-1:662252246273:segat-sns-negocio",
            "kms_master_key_id": "alias/aws/sns",
            "lambda_failure_feedback_role_arn": "",
            "lambda_success_feedback_role_arn": "",
            "lambda_success_feedback_sample_rate": 0,
            "name": "segat-sns-negocio",
            "name_prefix": "",
            "owner": "662252246273",
            "policy": "{\"Id\":\"__default_policy_ID\",\"Statement\":[{\"Action\":[\"SNS:GetTopicAttributes\",\"SNS:SetTopicAttributes\",\"SNS:AddPermission\",\"SNS:RemovePermission\",\"SNS:DeleteTopic\",\"SNS:Subscribe\",\"SNS:ListSubscriptionsByTopic\",\"SNS:Publish\"],\"Condition\":{\"StringEquals\":{\"AWS:SourceOwner\":\"662252246273\"}},\"Effect\":\"Allow\",\"Principal\":{\"AWS\":\"*\"},\"Resource\":\"arn:aws:sns:us-east-1:662252246273:segat-sns-negocio\",\"Sid\":\"__default_statement_ID\"}],\"Version\":\"2008-10-17\"}",
            "signature_version": 0,
            "sqs_failure_feedback_role_arn": "",
            "sqs_success_feedback_role_arn": "",
            "sqs_success_feedback_sample_rate": 0,
            "tags": {
              "Name": "segat-sns-negocio"
            },
            "tags_all": {
              "Course": "Infraestructura-como-Codigo-UPAO",
              "Environment": "production",
              "ManagedBy": "Terraform",
              "Name": "segat-sns-negocio",
              "Project": "SEGAT"
            },
            "tracing_config": ""
          },
          "sensitive_attributes": [],
          "identity_schema_version": 0,
          "private": "bnVsbA=="
        }
      ]
    },
    {
      "module": "module.messaging",
      "mode": "managed",
      "type": "aws_sns_topic_policy",
      "name": "alertas",
      "provider": "provider[\"registry.terraform.io/hashicorp/aws\"]",
      "instances": [
        {
          "schema_version": 0,
          "attributes": {
            "arn": "arn:aws:sns:us-east-1:662252246273:segat-sns-alertas",
            "id": "arn:aws:sns:us-east-1:662252246273:segat-sns-alertas",
            "owner": "662252246273",
            "policy": "{\"Statement\":[{\"Action\":\"SNS:Publish\",\"Effect\":\"Allow\",\"Principal\":{\"Service\":\"cloudtrail.amazonaws.com\"},\"Resource\":\"arn:aws:sns:us-east-1:662252246273:segat-sns-alertas\",\"Sid\":\"AWSCloudTrailSNSPolicy\"}],\"Version\":\"2012-10-17\"}"
          },
          "sensitive_attributes": [],
          "identity_schema_version": 0,
          "private": "bnVsbA==",
          "dependencies": [
            "module.messaging.aws_kms_key.sns_alertas",
            "module.messaging.aws_sns_topic.alertas",
            "module.messaging.data.aws_caller_identity.current"
          ]
        }
      ]
    },
    {
      "module": "module.messaging",
      "mode": "managed",
      "type": "aws_sns_topic_subscription",
      "name": "alertas_email",
      "provider": "provider[\"registry.terraform.io/hashicorp/aws\"]",
      "instances": [
        {
          "schema_version": 0,
          "attributes": {
            "arn": "arn:aws:sns:us-east-1:662252246273:segat-sns-alertas:b7454abc-c738-4552-99e4-b4298166bc59",
            "confirmation_timeout_in_minutes": 1,
            "confirmation_was_authenticated": false,
            "delivery_policy": "",
            "endpoint": "equipo-tecnico@segat.gob.pe",
            "endpoint_auto_confirms": false,
            "filter_policy": "",
            "filter_policy_scope": "",
            "id": "arn:aws:sns:us-east-1:662252246273:segat-sns-alertas:b7454abc-c738-4552-99e4-b4298166bc59",
            "owner_id": "662252246273",
            "pending_confirmation": true,
            "protocol": "email",
            "raw_message_delivery": false,
            "redrive_policy": "",
            "replay_policy": "",
            "subscription_role_arn": "",
            "topic_arn": "arn:aws:sns:us-east-1:662252246273:segat-sns-alertas"
          },
          "sensitive_attributes": [],
          "identity_schema_version": 0,
          "private": "bnVsbA==",
          "dependencies": [
            "module.messaging.aws_kms_key.sns_alertas",
            "module.messaging.aws_sns_topic.alertas",
            "module.messaging.data.aws_caller_identity.current"
          ]
        }
      ]
    },
    {
      "module": "module.messaging",
      "mode": "managed",
      "type": "aws_sns_topic_subscription",
      "name": "negocio_to_notificaciones",
      "provider": "provider[\"registry.terraform.io/hashicorp/aws\"]",
      "instances": [
        {
          "schema_version": 0,
          "attributes": {
            "arn": "arn:aws:sns:us-east-1:662252246273:segat-sns-negocio:81b5f7ba-4c46-4269-aae6-62264279f921",
            "confirmation_timeout_in_minutes": 1,
            "confirmation_was_authenticated": true,
            "delivery_policy": "",
            "endpoint": "arn:aws:sqs:us-east-1:662252246273:segat-cola-notificaciones",
            "endpoint_auto_confirms": false,
            "filter_policy": "",
            "filter_policy_scope": "",
            "id": "arn:aws:sns:us-east-1:662252246273:segat-sns-negocio:81b5f7ba-4c46-4269-aae6-62264279f921",
            "owner_id": "662252246273",
            "pending_confirmation": false,
            "protocol": "sqs",
            "raw_message_delivery": false,
            "redrive_policy": "",
            "replay_policy": "",
            "subscription_role_arn": "",
            "topic_arn": "arn:aws:sns:us-east-1:662252246273:segat-sns-negocio"
          },
          "sensitive_attributes": [],
          "identity_schema_version": 0,
          "private": "bnVsbA==",
          "dependencies": [
            "module.messaging.aws_kms_key.sqs",
            "module.messaging.aws_sns_topic.negocio",
            "module.messaging.aws_sqs_queue.notificaciones",
            "module.messaging.aws_sqs_queue.notificaciones_dlq",
            "module.messaging.data.aws_caller_identity.current"
          ]
        }
      ]
    },
    {
      "module": "module.messaging",
      "mode": "managed",
      "type": "aws_sqs_queue",
      "name": "notificaciones",
      "provider": "provider[\"registry.terraform.io/hashicorp/aws\"]",
      "instances": [
        {
          "schema_version": 0,
          "attributes": {
            "arn": "arn:aws:sqs:us-east-1:662252246273:segat-cola-notificaciones",
            "content_based_deduplication": false,
            "deduplication_scope": "",
            "delay_seconds": 0,
            "fifo_queue": false,
            "fifo_throughput_limit": "",
            "id": "https://sqs.us-east-1.amazonaws.com/662252246273/segat-cola-notificaciones",
            "kms_data_key_reuse_period_seconds": 300,
            "kms_master_key_id": "arn:aws:kms:us-east-1:662252246273:key/c4628851-bfce-46eb-a525-1b5273a410b5",
            "max_message_size": 262144,
            "message_retention_seconds": 345600,
            "name": "segat-cola-notificaciones",
            "name_prefix": "",
            "policy": "{\"Statement\":[{\"Action\":\"sqs:SendMessage\",\"Condition\":{\"ArnEquals\":{\"aws:SourceArn\":\"arn:aws:sns:us-east-1:662252246273:segat-sns-negocio\"}},\"Effect\":\"Allow\",\"Principal\":{\"Service\":\"sns.amazonaws.com\"},\"Resource\":\"arn:aws:sqs:us-east-1:662252246273:segat-cola-notificaciones\"}],\"Version\":\"2012-10-17\"}",
            "receive_wait_time_seconds": 20,
            "redrive_allow_policy": "",
            "redrive_policy": "{\"deadLetterTargetArn\":\"arn:aws:sqs:us-east-1:662252246273:segat-notificaciones-dlq\",\"maxReceiveCount\":3}",
            "sqs_managed_sse_enabled": false,
            "tags": {
              "Name": "segat-sqs-notificaciones"
            },
            "tags_all": {
              "Course": "Infraestructura-como-Codigo-UPAO",
              "Environment": "production",
              "ManagedBy": "Terraform",
              "Name": "segat-sqs-notificaciones",
              "Project": "SEGAT"
            },
            "timeouts": null,
            "url": "https://sqs.us-east-1.amazonaws.com/662252246273/segat-cola-notificaciones",
            "visibility_timeout_seconds": 30
          },
          "sensitive_attributes": [],
          "identity_schema_version": 0,
          "private": "eyJlMmJmYjczMC1lY2FhLTExZTYtOGY4OC0zNDM2M2JjN2M0YzAiOnsiY3JlYXRlIjoxODAwMDAwMDAwMDAsImRlbGV0ZSI6MTgwMDAwMDAwMDAwLCJ1cGRhdGUiOjE4MDAwMDAwMDAwMH19",
          "dependencies": [
            "module.messaging.aws_kms_key.sqs",
            "module.messaging.aws_sqs_queue.notificaciones_dlq",
            "module.messaging.data.aws_caller_identity.current"
          ]
        }
      ]
    },
    {
      "module": "module.messaging",
      "mode": "managed",
      "type": "aws_sqs_queue",
      "name": "notificaciones_dlq",
      "provider": "provider[\"registry.terraform.io/hashicorp/aws\"]",
      "instances": [
        {
          "schema_version": 0,
          "attributes": {
            "arn": "arn:aws:sqs:us-east-1:662252246273:segat-notificaciones-dlq",
            "content_based_deduplication": false,
            "deduplication_scope": "",
            "delay_seconds": 0,
            "fifo_queue": false,
            "fifo_throughput_limit": "",
            "id": "https://sqs.us-east-1.amazonaws.com/662252246273/segat-notificaciones-dlq",
            "kms_data_key_reuse_period_seconds": 300,
            "kms_master_key_id": "arn:aws:kms:us-east-1:662252246273:key/c4628851-bfce-46eb-a525-1b5273a410b5",
            "max_message_size": 262144,
            "message_retention_seconds": 1209600,
            "name": "segat-notificaciones-dlq",
            "name_prefix": "",
            "policy": "",
            "receive_wait_time_seconds": 0,
            "redrive_allow_policy": "",
            "redrive_policy": "",
            "sqs_managed_sse_enabled": false,
            "tags": {
              "Name": "segat-sqs-notificaciones-dlq"
            },
            "tags_all": {
              "Course": "Infraestructura-como-Codigo-UPAO",
              "Environment": "production",
              "ManagedBy": "Terraform",
              "Name": "segat-sqs-notificaciones-dlq",
              "Project": "SEGAT"
            },
            "timeouts": null,
            "url": "https://sqs.us-east-1.amazonaws.com/662252246273/segat-notificaciones-dlq",
            "visibility_timeout_seconds": 30
          },
          "sensitive_attributes": [],
          "identity_schema_version": 0,
          "private": "eyJlMmJmYjczMC1lY2FhLTExZTYtOGY4OC0zNDM2M2JjN2M0YzAiOnsiY3JlYXRlIjoxODAwMDAwMDAwMDAsImRlbGV0ZSI6MTgwMDAwMDAwMDAwLCJ1cGRhdGUiOjE4MDAwMDAwMDAwMH19",
          "dependencies": [
            "module.messaging.aws_kms_key.sqs",
            "module.messaging.data.aws_caller_identity.current"
          ]
        }
      ]
    },
    {
      "module": "module.messaging",
      "mode": "managed",
      "type": "aws_sqs_queue",
      "name": "reportes",
      "provider": "provider[\"registry.terraform.io/hashicorp/aws\"]",
      "instances": [
        {
          "schema_version": 0,
          "attributes": {
            "arn": "arn:aws:sqs:us-east-1:662252246273:segat-cola-reportes",
            "content_based_deduplication": false,
            "deduplication_scope": "",
            "delay_seconds": 0,
            "fifo_queue": false,
            "fifo_throughput_limit": "",
            "id": "https://sqs.us-east-1.amazonaws.com/662252246273/segat-cola-reportes",
            "kms_data_key_reuse_period_seconds": 300,
            "kms_master_key_id": "arn:aws:kms:us-east-1:662252246273:key/c4628851-bfce-46eb-a525-1b5273a410b5",
            "max_message_size": 262144,
            "message_retention_seconds": 345600,
            "name": "segat-cola-reportes",
            "name_prefix": "",
            "policy": "",
            "receive_wait_time_seconds": 20,
            "redrive_allow_policy": "",
            "redrive_policy": "{\"deadLetterTargetArn\":\"arn:aws:sqs:us-east-1:662252246273:segat-reportes-dlq\",\"maxReceiveCount\":3}",
            "sqs_managed_sse_enabled": false,
            "tags": {
              "Name": "segat-sqs-reportes"
            },
            "tags_all": {
              "Course": "Infraestructura-como-Codigo-UPAO",
              "Environment": "production",
              "ManagedBy": "Terraform",
              "Name": "segat-sqs-reportes",
              "Project": "SEGAT"
            },
            "timeouts": null,
            "url": "https://sqs.us-east-1.amazonaws.com/662252246273/segat-cola-reportes",
            "visibility_timeout_seconds": 30
          },
          "sensitive_attributes": [],
          "identity_schema_version": 0,
          "private": "eyJlMmJmYjczMC1lY2FhLTExZTYtOGY4OC0zNDM2M2JjN2M0YzAiOnsiY3JlYXRlIjoxODAwMDAwMDAwMDAsImRlbGV0ZSI6MTgwMDAwMDAwMDAwLCJ1cGRhdGUiOjE4MDAwMDAwMDAwMH19",
          "dependencies": [
            "module.messaging.aws_kms_key.sqs",
            "module.messaging.aws_sqs_queue.reportes_dlq",
            "module.messaging.data.aws_caller_identity.current"
          ]
        }
      ]
    },
    {
      "module": "module.messaging",
      "mode": "managed",
      "type": "aws_sqs_queue",
      "name": "reportes_dlq",
      "provider": "provider[\"registry.terraform.io/hashicorp/aws\"]",
      "instances": [
        {
          "schema_version": 0,
          "attributes": {
            "arn": "arn:aws:sqs:us-east-1:662252246273:segat-reportes-dlq",
            "content_based_deduplication": false,
            "deduplication_scope": "",
            "delay_seconds": 0,
            "fifo_queue": false,
            "fifo_throughput_limit": "",
            "id": "https://sqs.us-east-1.amazonaws.com/662252246273/segat-reportes-dlq",
            "kms_data_key_reuse_period_seconds": 300,
            "kms_master_key_id": "arn:aws:kms:us-east-1:662252246273:key/c4628851-bfce-46eb-a525-1b5273a410b5",
            "max_message_size": 262144,
            "message_retention_seconds": 1209600,
            "name": "segat-reportes-dlq",
            "name_prefix": "",
            "policy": "",
            "receive_wait_time_seconds": 0,
            "redrive_allow_policy": "",
            "redrive_policy": "",
            "sqs_managed_sse_enabled": false,
            "tags": {
              "Name": "segat-sqs-reportes-dlq"
            },
            "tags_all": {
              "Course": "Infraestructura-como-Codigo-UPAO",
              "Environment": "production",
              "ManagedBy": "Terraform",
              "Name": "segat-sqs-reportes-dlq",
              "Project": "SEGAT"
            },
            "timeouts": null,
            "url": "https://sqs.us-east-1.amazonaws.com/662252246273/segat-reportes-dlq",
            "visibility_timeout_seconds": 30
          },
          "sensitive_attributes": [],
          "identity_schema_version": 0,
          "private": "eyJlMmJmYjczMC1lY2FhLTExZTYtOGY4OC0zNDM2M2JjN2M0YzAiOnsiY3JlYXRlIjoxODAwMDAwMDAwMDAsImRlbGV0ZSI6MTgwMDAwMDAwMDAwLCJ1cGRhdGUiOjE4MDAwMDAwMDAwMH19",
          "dependencies": [
            "module.messaging.aws_kms_key.sqs",
            "module.messaging.data.aws_caller_identity.current"
          ]
        }
      ]
    },
    {
      "module": "module.messaging",
      "mode": "managed",
      "type": "aws_sqs_queue_policy",
      "name": "notificaciones_policy",
      "provider": "provider[\"registry.terraform.io/hashicorp/aws\"]",
      "instances": [
        {
          "schema_version": 1,
          "attributes": {
            "id": "https://sqs.us-east-1.amazonaws.com/662252246273/segat-cola-notificaciones",
            "policy": "{\"Statement\":[{\"Action\":\"sqs:SendMessage\",\"Condition\":{\"ArnEquals\":{\"aws:SourceArn\":\"arn:aws:sns:us-east-1:662252246273:segat-sns-negocio\"}},\"Effect\":\"Allow\",\"Principal\":{\"Service\":\"sns.amazonaws.com\"},\"Resource\":\"arn:aws:sqs:us-east-1:662252246273:segat-cola-notificaciones\"}],\"Version\":\"2012-10-17\"}",
            "queue_url": "https://sqs.us-east-1.amazonaws.com/662252246273/segat-cola-notificaciones"
          },
          "sensitive_attributes": [],
          "identity_schema_version": 0,
          "private": "eyJzY2hlbWFfdmVyc2lvbiI6IjEifQ==",
          "dependencies": [
            "module.messaging.aws_kms_key.sqs",
            "module.messaging.aws_sns_topic.negocio",
            "module.messaging.aws_sqs_queue.notificaciones",
            "module.messaging.aws_sqs_queue.notificaciones_dlq",
            "module.messaging.data.aws_caller_identity.current"
          ]
        }
      ]
    },
    {
      "module": "module.networking",
      "mode": "data",
      "type": "aws_availability_zones",
      "name": "available",
      "provider": "provider[\"registry.terraform.io/hashicorp/aws\"]",
      "instances": [
        {
          "schema_version": 0,
          "attributes": {
            "all_availability_zones": null,
            "exclude_names": null,
            "exclude_zone_ids": null,
            "filter": null,
            "group_names": [
              "us-east-1-zg-1"
            ],
            "id": "us-east-1",
            "names": [
              "us-east-1a",
              "us-east-1b",
              "us-east-1c",
              "us-east-1d",
              "us-east-1e",
              "us-east-1f"
            ],
            "state": "available",
            "timeouts": null,
            "zone_ids": [
              "use1-az1",
              "use1-az2",
              "use1-az4",
              "use1-az6",
              "use1-az3",
              "use1-az5"
            ]
          },
          "sensitive_attributes": [],
          "identity_schema_version": 0
        }
      ]
    },
    {
      "module": "module.networking",
      "mode": "managed",
      "type": "aws_cloudwatch_log_group",
      "name": "vpc_flow_logs",
      "provider": "provider[\"registry.terraform.io/hashicorp/aws\"]",
      "instances": [
        {
          "schema_version": 0,
          "attributes": {
            "arn": "arn:aws:logs:us-east-1:662252246273:log-group:/aws/vpc/flowlogs/segat",
            "id": "/aws/vpc/flowlogs/segat",
            "kms_key_id": "arn:aws:kms:us-east-1:662252246273:key/10d53338-5301-4618-993a-59f825cc7db1",
            "log_group_class": "STANDARD",
            "name": "/aws/vpc/flowlogs/segat",
            "name_prefix": "",
            "retention_in_days": 365,
            "skip_destroy": false,
            "tags": {
              "Name": "segat-vpc-flow-logs"
            },
            "tags_all": {
              "Course": "Infraestructura-como-Codigo-UPAO",
              "Environment": "production",
              "ManagedBy": "Terraform",
              "Name": "segat-vpc-flow-logs",
              "Project": "SEGAT"
            }
          },
          "sensitive_attributes": [],
          "identity_schema_version": 0,
          "private": "bnVsbA==",
          "dependencies": [
            "module.security.aws_kms_key.secrets",
            "module.security.data.aws_caller_identity.current"
          ]
        }
      ]
    },
    {
      "module": "module.networking",
      "mode": "managed",
      "type": "aws_default_security_group",
      "name": "default",
      "provider": "provider[\"registry.terraform.io/hashicorp/aws\"]",
      "instances": [
        {
          "schema_version": 1,
          "attributes": {
            "arn": "arn:aws:ec2:us-east-1:662252246273:security-group/sg-0f40665499f077fcd",
            "description": "default VPC security group",
            "egress": [],
            "id": "sg-0f40665499f077fcd",
            "ingress": [],
            "name": "default",
            "name_prefix": "",
            "owner_id": "662252246273",
            "revoke_rules_on_delete": false,
            "tags": {
              "Name": "segat-default-sg-bloqueado"
            },
            "tags_all": {
              "Course": "Infraestructura-como-Codigo-UPAO",
              "Environment": "production",
              "ManagedBy": "Terraform",
              "Name": "segat-default-sg-bloqueado",
              "Project": "SEGAT"
            },
            "vpc_id": "vpc-063e4fc1b0a245bf4"
          },
          "sensitive_attributes": [],
          "identity_schema_version": 0,
          "private": "eyJzY2hlbWFfdmVyc2lvbiI6IjEifQ==",
          "dependencies": [
            "module.networking.aws_vpc.main"
          ]
        }
      ]
    },
    {
      "module": "module.networking",
      "mode": "managed",
      "type": "aws_eip",
      "name": "nat",
      "provider": "provider[\"registry.terraform.io/hashicorp/aws\"]",
      "instances": [
        {
          "schema_version": 0,
          "attributes": {
            "address": null,
            "allocation_id": "eipalloc-01a7ee7a24f82afc3",
            "arn": "arn:aws:ec2:us-east-1:662252246273:elastic-ip/eipalloc-01a7ee7a24f82afc3",
            "associate_with_private_ip": null,
            "association_id": "eipassoc-05dca762526122393",
            "carrier_ip": "",
            "customer_owned_ip": "",
            "customer_owned_ipv4_pool": "",
            "domain": "vpc",
            "id": "eipalloc-01a7ee7a24f82afc3",
            "instance": "",
            "ipam_pool_id": null,
            "network_border_group": "us-east-1",
            "network_interface": "eni-0c67713dab2803ff7",
            "private_dns": "ip-10-0-10-21.ec2.internal",
            "private_ip": "10.0.10.21",
            "ptr_record": "",
            "public_dns": "ec2-34-202-209-210.compute-1.amazonaws.com",
            "public_ip": "34.202.209.210",
            "public_ipv4_pool": "amazon",
            "tags": {
              "Name": "segat-eip-nat"
            },
            "tags_all": {
              "Course": "Infraestructura-como-Codigo-UPAO",
              "Environment": "production",
              "ManagedBy": "Terraform",
              "Name": "segat-eip-nat",
              "Project": "SEGAT"
            },
            "timeouts": null,
            "vpc": true
          },
          "sensitive_attributes": [],
          "identity_schema_version": 0,
          "private": "eyJlMmJmYjczMC1lY2FhLTExZTYtOGY4OC0zNDM2M2JjN2M0YzAiOnsiZGVsZXRlIjoxODAwMDAwMDAwMDAsInJlYWQiOjkwMDAwMDAwMDAwMCwidXBkYXRlIjozMDAwMDAwMDAwMDB9fQ==",
          "dependencies": [
            "module.networking.aws_internet_gateway.main",
            "module.networking.aws_vpc.main"
          ]
        }
      ]
    },
    {
      "module": "module.networking",
      "mode": "managed",
      "type": "aws_flow_log",
      "name": "main",
      "provider": "provider[\"registry.terraform.io/hashicorp/aws\"]",
      "instances": [
        {
          "schema_version": 0,
          "attributes": {
            "arn": "arn:aws:ec2:us-east-1:662252246273:vpc-flow-log/fl-0f2b95ee60f3cfc11",
            "deliver_cross_account_role": "",
            "destination_options": [],
            "eni_id": null,
            "iam_role_arn": "arn:aws:iam::662252246273:role/segat-ecs-execution-role",
            "id": "fl-0f2b95ee60f3cfc11",
            "log_destination": "arn:aws:logs:us-east-1:662252246273:log-group:/aws/vpc/flowlogs/segat",
            "log_destination_type": "cloud-watch-logs",
            "log_format": "${version} ${account-id} ${interface-id} ${srcaddr} ${dstaddr} ${srcport} ${dstport} ${protocol} ${packets} ${bytes} ${start} ${end} ${action} ${log-status}",
            "log_group_name": "/aws/vpc/flowlogs/segat",
            "max_aggregation_interval": 600,
            "subnet_id": null,
            "tags": {
              "Name": "segat-flow-log"
            },
            "tags_all": {
              "Course": "Infraestructura-como-Codigo-UPAO",
              "Environment": "production",
              "ManagedBy": "Terraform",
              "Name": "segat-flow-log",
              "Project": "SEGAT"
            },
            "traffic_type": "ALL",
            "transit_gateway_attachment_id": null,
            "transit_gateway_id": null,
            "vpc_id": "vpc-063e4fc1b0a245bf4"
          },
          "sensitive_attributes": [],
          "identity_schema_version": 0,
          "private": "bnVsbA==",
          "dependencies": [
            "module.networking.aws_cloudwatch_log_group.vpc_flow_logs",
            "module.networking.aws_vpc.main",
            "module.security.aws_iam_role.ecs_execution_role",
            "module.security.aws_kms_key.secrets",
            "module.security.data.aws_caller_identity.current"
          ]
        }
      ]
    },
    {
      "module": "module.networking",
      "mode": "managed",
      "type": "aws_internet_gateway",
      "name": "main",
      "provider": "provider[\"registry.terraform.io/hashicorp/aws\"]",
      "instances": [
        {
          "schema_version": 0,
          "attributes": {
            "arn": "arn:aws:ec2:us-east-1:662252246273:internet-gateway/igw-0fd88bf0f7db621e3",
            "id": "igw-0fd88bf0f7db621e3",
            "owner_id": "662252246273",
            "tags": {
              "Name": "segat-igw"
            },
            "tags_all": {
              "Course": "Infraestructura-como-Codigo-UPAO",
              "Environment": "production",
              "ManagedBy": "Terraform",
              "Name": "segat-igw",
              "Project": "SEGAT"
            },
            "timeouts": null,
            "vpc_id": "vpc-063e4fc1b0a245bf4"
          },
          "sensitive_attributes": [],
          "identity_schema_version": 0,
          "private": "eyJlMmJmYjczMC1lY2FhLTExZTYtOGY4OC0zNDM2M2JjN2M0YzAiOnsiY3JlYXRlIjoxMjAwMDAwMDAwMDAwLCJkZWxldGUiOjEyMDAwMDAwMDAwMDAsInVwZGF0ZSI6MTIwMDAwMDAwMDAwMH19",
          "dependencies": [
            "module.networking.aws_vpc.main"
          ]
        }
      ]
    },
    {
      "module": "module.networking",
      "mode": "managed",
      "type": "aws_nat_gateway",
      "name": "main",
      "provider": "provider[\"registry.terraform.io/hashicorp/aws\"]",
      "instances": [
        {
          "schema_version": 0,
          "attributes": {
            "allocation_id": "eipalloc-01a7ee7a24f82afc3",
            "association_id": "eipassoc-05dca762526122393",
            "connectivity_type": "public",
            "id": "nat-0851f7b8e4e87c862",
            "network_interface_id": "eni-0c67713dab2803ff7",
            "private_ip": "10.0.10.21",
            "public_ip": "34.202.209.210",
            "secondary_allocation_ids": [],
            "secondary_private_ip_address_count": 0,
            "secondary_private_ip_addresses": [],
            "subnet_id": "subnet-0acc85e5f12937e2b",
            "tags": {
              "Name": "segat-nat-gw"
            },
            "tags_all": {
              "Course": "Infraestructura-como-Codigo-UPAO",
              "Environment": "production",
              "ManagedBy": "Terraform",
              "Name": "segat-nat-gw",
              "Project": "SEGAT"
            },
            "timeouts": null
          },
          "sensitive_attributes": [],
          "identity_schema_version": 0,
          "private": "eyJlMmJmYjczMC1lY2FhLTExZTYtOGY4OC0zNDM2M2JjN2M0YzAiOnsiY3JlYXRlIjo2MDAwMDAwMDAwMDAsImRlbGV0ZSI6MTgwMDAwMDAwMDAwMCwidXBkYXRlIjo2MDAwMDAwMDAwMDB9fQ==",
          "dependencies": [
            "module.networking.aws_eip.nat",
            "module.networking.aws_internet_gateway.main",
            "module.networking.aws_subnet.public_a",
            "module.networking.aws_vpc.main",
            "module.networking.data.aws_availability_zones.available"
          ]
        }
      ]
    },
    {
      "module": "module.networking",
      "mode": "managed",
      "type": "aws_route_table",
      "name": "private",
      "provider": "provider[\"registry.terraform.io/hashicorp/aws\"]",
      "instances": [
        {
          "schema_version": 0,
          "attributes": {
            "arn": "arn:aws:ec2:us-east-1:662252246273:route-table/rtb-09fb2b459507d1b8f",
            "id": "rtb-09fb2b459507d1b8f",
            "owner_id": "662252246273",
            "propagating_vgws": [],
            "route": [
              {
                "carrier_gateway_id": "",
                "cidr_block": "0.0.0.0/0",
                "core_network_arn": "",
                "destination_prefix_list_id": "",
                "egress_only_gateway_id": "",
                "gateway_id": "",
                "ipv6_cidr_block": "",
                "local_gateway_id": "",
                "nat_gateway_id": "nat-0851f7b8e4e87c862",
                "network_interface_id": "",
                "transit_gateway_id": "",
                "vpc_endpoint_id": "",
                "vpc_peering_connection_id": ""
              }
            ],
            "tags": {
              "Name": "segat-rt-private"
            },
            "tags_all": {
              "Course": "Infraestructura-como-Codigo-UPAO",
              "Environment": "production",
              "ManagedBy": "Terraform",
              "Name": "segat-rt-private",
              "Project": "SEGAT"
            },
            "timeouts": null,
            "vpc_id": "vpc-063e4fc1b0a245bf4"
          },
          "sensitive_attributes": [],
          "identity_schema_version": 0,
          "private": "eyJlMmJmYjczMC1lY2FhLTExZTYtOGY4OC0zNDM2M2JjN2M0YzAiOnsiY3JlYXRlIjozMDAwMDAwMDAwMDAsImRlbGV0ZSI6MzAwMDAwMDAwMDAwLCJ1cGRhdGUiOjEyMDAwMDAwMDAwMH19",
          "dependencies": [
            "module.networking.aws_eip.nat",
            "module.networking.aws_internet_gateway.main",
            "module.networking.aws_nat_gateway.main",
            "module.networking.aws_subnet.public_a",
            "module.networking.aws_vpc.main",
            "module.networking.data.aws_availability_zones.available"
          ]
        }
      ]
    },
    {
      "module": "module.networking",
      "mode": "managed",
      "type": "aws_route_table",
      "name": "public",
      "provider": "provider[\"registry.terraform.io/hashicorp/aws\"]",
      "instances": [
        {
          "schema_version": 0,
          "attributes": {
            "arn": "arn:aws:ec2:us-east-1:662252246273:route-table/rtb-0ce4be2fe6d42f3da",
            "id": "rtb-0ce4be2fe6d42f3da",
            "owner_id": "662252246273",
            "propagating_vgws": [],
            "route": [
              {
                "carrier_gateway_id": "",
                "cidr_block": "0.0.0.0/0",
                "core_network_arn": "",
                "destination_prefix_list_id": "",
                "egress_only_gateway_id": "",
                "gateway_id": "igw-0fd88bf0f7db621e3",
                "ipv6_cidr_block": "",
                "local_gateway_id": "",
                "nat_gateway_id": "",
                "network_interface_id": "",
                "transit_gateway_id": "",
                "vpc_endpoint_id": "",
                "vpc_peering_connection_id": ""
              }
            ],
            "tags": {
              "Name": "segat-rt-public"
            },
            "tags_all": {
              "Course": "Infraestructura-como-Codigo-UPAO",
              "Environment": "production",
              "ManagedBy": "Terraform",
              "Name": "segat-rt-public",
              "Project": "SEGAT"
            },
            "timeouts": null,
            "vpc_id": "vpc-063e4fc1b0a245bf4"
          },
          "sensitive_attributes": [],
          "identity_schema_version": 0,
          "private": "eyJlMmJmYjczMC1lY2FhLTExZTYtOGY4OC0zNDM2M2JjN2M0YzAiOnsiY3JlYXRlIjozMDAwMDAwMDAwMDAsImRlbGV0ZSI6MzAwMDAwMDAwMDAwLCJ1cGRhdGUiOjEyMDAwMDAwMDAwMH19",
          "dependencies": [
            "module.networking.aws_internet_gateway.main",
            "module.networking.aws_vpc.main"
          ]
        }
      ]
    },
    {
      "module": "module.networking",
      "mode": "managed",
      "type": "aws_route_table_association",
      "name": "private_a",
      "provider": "provider[\"registry.terraform.io/hashicorp/aws\"]",
      "instances": [
        {
          "schema_version": 0,
          "attributes": {
            "gateway_id": "",
            "id": "rtbassoc-06ae0ac0ee66b051f",
            "route_table_id": "rtb-09fb2b459507d1b8f",
            "subnet_id": "subnet-0fb783e59f99f9e85",
            "timeouts": null
          },
          "sensitive_attributes": [],
          "identity_schema_version": 0,
          "private": "eyJlMmJmYjczMC1lY2FhLTExZTYtOGY4OC0zNDM2M2JjN2M0YzAiOnsiY3JlYXRlIjozMDAwMDAwMDAwMDAsImRlbGV0ZSI6MzAwMDAwMDAwMDAwLCJ1cGRhdGUiOjEyMDAwMDAwMDAwMH19",
          "dependencies": [
            "module.networking.aws_eip.nat",
            "module.networking.aws_internet_gateway.main",
            "module.networking.aws_nat_gateway.main",
            "module.networking.aws_route_table.private",
            "module.networking.aws_subnet.private_a",
            "module.networking.aws_subnet.public_a",
            "module.networking.aws_vpc.main",
            "module.networking.data.aws_availability_zones.available"
          ]
        }
      ]
    },
    {
      "module": "module.networking",
      "mode": "managed",
      "type": "aws_route_table_association",
      "name": "private_b",
      "provider": "provider[\"registry.terraform.io/hashicorp/aws\"]",
      "instances": [
        {
          "schema_version": 0,
          "attributes": {
            "gateway_id": "",
            "id": "rtbassoc-0ab396b57c0a0f1b0",
            "route_table_id": "rtb-09fb2b459507d1b8f",
            "subnet_id": "subnet-06d218ba91475ea48",
            "timeouts": null
          },
          "sensitive_attributes": [],
          "identity_schema_version": 0,
          "private": "eyJlMmJmYjczMC1lY2FhLTExZTYtOGY4OC0zNDM2M2JjN2M0YzAiOnsiY3JlYXRlIjozMDAwMDAwMDAwMDAsImRlbGV0ZSI6MzAwMDAwMDAwMDAwLCJ1cGRhdGUiOjEyMDAwMDAwMDAwMH19",
          "dependencies": [
            "module.networking.aws_eip.nat",
            "module.networking.aws_internet_gateway.main",
            "module.networking.aws_nat_gateway.main",
            "module.networking.aws_route_table.private",
            "module.networking.aws_subnet.private_b",
            "module.networking.aws_subnet.public_a",
            "module.networking.aws_vpc.main",
            "module.networking.data.aws_availability_zones.available"
          ]
        }
      ]
    },
    {
      "module": "module.networking",
      "mode": "managed",
      "type": "aws_route_table_association",
      "name": "private_c",
      "provider": "provider[\"registry.terraform.io/hashicorp/aws\"]",
      "instances": [
        {
          "schema_version": 0,
          "attributes": {
            "gateway_id": "",
            "id": "rtbassoc-0d0b296b957fe36ac",
            "route_table_id": "rtb-09fb2b459507d1b8f",
            "subnet_id": "subnet-0c8d47fdcd0b87a71",
            "timeouts": null
          },
          "sensitive_attributes": [],
          "identity_schema_version": 0,
          "private": "eyJlMmJmYjczMC1lY2FhLTExZTYtOGY4OC0zNDM2M2JjN2M0YzAiOnsiY3JlYXRlIjozMDAwMDAwMDAwMDAsImRlbGV0ZSI6MzAwMDAwMDAwMDAwLCJ1cGRhdGUiOjEyMDAwMDAwMDAwMH19",
          "dependencies": [
            "module.networking.aws_eip.nat",
            "module.networking.aws_internet_gateway.main",
            "module.networking.aws_nat_gateway.main",
            "module.networking.aws_route_table.private",
            "module.networking.aws_subnet.private_c",
            "module.networking.aws_subnet.public_a",
            "module.networking.aws_vpc.main",
            "module.networking.data.aws_availability_zones.available"
          ]
        }
      ]
    },
    {
      "module": "module.networking",
      "mode": "managed",
      "type": "aws_route_table_association",
      "name": "private_c2",
      "provider": "provider[\"registry.terraform.io/hashicorp/aws\"]",
      "instances": [
        {
          "schema_version": 0,
          "attributes": {
            "gateway_id": "",
            "id": "rtbassoc-0a7c006e3af5875f0",
            "route_table_id": "rtb-09fb2b459507d1b8f",
            "subnet_id": "subnet-039f5d253d6362abb",
            "timeouts": null
          },
          "sensitive_attributes": [],
          "identity_schema_version": 0,
          "private": "eyJlMmJmYjczMC1lY2FhLTExZTYtOGY4OC0zNDM2M2JjN2M0YzAiOnsiY3JlYXRlIjozMDAwMDAwMDAwMDAsImRlbGV0ZSI6MzAwMDAwMDAwMDAwLCJ1cGRhdGUiOjEyMDAwMDAwMDAwMH19",
          "dependencies": [
            "module.networking.aws_eip.nat",
            "module.networking.aws_internet_gateway.main",
            "module.networking.aws_nat_gateway.main",
            "module.networking.aws_route_table.private",
            "module.networking.aws_subnet.private_c2",
            "module.networking.aws_subnet.public_a",
            "module.networking.aws_vpc.main",
            "module.networking.data.aws_availability_zones.available"
          ]
        }
      ]
    },
    {
      "module": "module.networking",
      "mode": "managed",
      "type": "aws_route_table_association",
      "name": "public_a",
      "provider": "provider[\"registry.terraform.io/hashicorp/aws\"]",
      "instances": [
        {
          "schema_version": 0,
          "attributes": {
            "gateway_id": "",
            "id": "rtbassoc-05288b74e376acc69",
            "route_table_id": "rtb-0ce4be2fe6d42f3da",
            "subnet_id": "subnet-0acc85e5f12937e2b",
            "timeouts": null
          },
          "sensitive_attributes": [],
          "identity_schema_version": 0,
          "private": "eyJlMmJmYjczMC1lY2FhLTExZTYtOGY4OC0zNDM2M2JjN2M0YzAiOnsiY3JlYXRlIjozMDAwMDAwMDAwMDAsImRlbGV0ZSI6MzAwMDAwMDAwMDAwLCJ1cGRhdGUiOjEyMDAwMDAwMDAwMH19",
          "dependencies": [
            "module.networking.aws_internet_gateway.main",
            "module.networking.aws_route_table.public",
            "module.networking.aws_subnet.public_a",
            "module.networking.aws_vpc.main",
            "module.networking.data.aws_availability_zones.available"
          ]
        }
      ]
    },
    {
      "module": "module.networking",
      "mode": "managed",
      "type": "aws_route_table_association",
      "name": "public_b",
      "provider": "provider[\"registry.terraform.io/hashicorp/aws\"]",
      "instances": [
        {
          "schema_version": 0,
          "attributes": {
            "gateway_id": "",
            "id": "rtbassoc-01cbfa1dee226b6ff",
            "route_table_id": "rtb-0ce4be2fe6d42f3da",
            "subnet_id": "subnet-008106df4f1f1af71",
            "timeouts": null
          },
          "sensitive_attributes": [],
          "identity_schema_version": 0,
          "private": "eyJlMmJmYjczMC1lY2FhLTExZTYtOGY4OC0zNDM2M2JjN2M0YzAiOnsiY3JlYXRlIjozMDAwMDAwMDAwMDAsImRlbGV0ZSI6MzAwMDAwMDAwMDAwLCJ1cGRhdGUiOjEyMDAwMDAwMDAwMH19",
          "dependencies": [
            "module.networking.aws_internet_gateway.main",
            "module.networking.aws_route_table.public",
            "module.networking.aws_subnet.public_b",
            "module.networking.aws_vpc.main",
            "module.networking.data.aws_availability_zones.available"
          ]
        }
      ]
    },
    {
      "module": "module.networking",
      "mode": "managed",
      "type": "aws_security_group",
      "name": "alb",
      "provider": "provider[\"registry.terraform.io/hashicorp/aws\"]",
      "instances": [
        {
          "schema_version": 1,
          "attributes": {
            "arn": "arn:aws:ec2:us-east-1:662252246273:security-group/sg-00d0a9caf64b60bf7",
            "description": "Trafico HTTP y HTTPS hacia el ALB",
            "egress": [
              {
                "cidr_blocks": [
                  "0.0.0.0/0"
                ],
                "description": "Salida hacia los Fargate Tasks",
                "from_port": 443,
                "ipv6_cidr_blocks": [],
                "prefix_list_ids": [],
                "protocol": "tcp",
                "security_groups": [],
                "self": false,
                "to_port": 443
              }
            ],
            "id": "sg-00d0a9caf64b60bf7",
            "ingress": [
              {
                "cidr_blocks": [
                  "0.0.0.0/0"
                ],
                "description": "HTTPS desde internet",
                "from_port": 443,
                "ipv6_cidr_blocks": [],
                "prefix_list_ids": [],
                "protocol": "tcp",
                "security_groups": [],
                "self": false,
                "to_port": 443
              }
            ],
            "name": "segat-sg-alb",
            "name_prefix": "",
            "owner_id": "662252246273",
            "revoke_rules_on_delete": false,
            "tags": {
              "Name": "segat-sg-alb"
            },
            "tags_all": {
              "Course": "Infraestructura-como-Codigo-UPAO",
              "Environment": "production",
              "ManagedBy": "Terraform",
              "Name": "segat-sg-alb",
              "Project": "SEGAT"
            },
            "timeouts": null,
            "vpc_id": "vpc-063e4fc1b0a245bf4"
          },
          "sensitive_attributes": [],
          "identity_schema_version": 0,
          "private": "eyJlMmJmYjczMC1lY2FhLTExZTYtOGY4OC0zNDM2M2JjN2M0YzAiOnsiY3JlYXRlIjo2MDAwMDAwMDAwMDAsImRlbGV0ZSI6OTAwMDAwMDAwMDAwfSwic2NoZW1hX3ZlcnNpb24iOiIxIn0=",
          "dependencies": [
            "module.networking.aws_vpc.main"
          ]
        }
      ]
    },
    {
      "module": "module.networking",
      "mode": "managed",
      "type": "aws_security_group",
      "name": "ecs_tasks",
      "provider": "provider[\"registry.terraform.io/hashicorp/aws\"]",
      "instances": [
        {
          "schema_version": 1,
          "attributes": {
            "arn": "arn:aws:ec2:us-east-1:662252246273:security-group/sg-03cf69d006f5c552f",
            "description": "Trafico hacia Fargate solo desde el ALB",
            "egress": [
              {
                "cidr_blocks": [
                  "0.0.0.0/0"
                ],
                "description": "Salida a internet via NAT Gateway",
                "from_port": 443,
                "ipv6_cidr_blocks": [],
                "prefix_list_ids": [],
                "protocol": "tcp",
                "security_groups": [],
                "self": false,
                "to_port": 443
              }
            ],
            "id": "sg-03cf69d006f5c552f",
            "ingress": [
              {
                "cidr_blocks": [],
                "description": "Puerto 8080 solo desde el ALB",
                "from_port": 8080,
                "ipv6_cidr_blocks": [],
                "prefix_list_ids": [],
                "protocol": "tcp",
                "security_groups": [
                  "sg-00d0a9caf64b60bf7"
                ],
                "self": false,
                "to_port": 8080
              }
            ],
            "name": "segat-sg-ecs-tasks",
            "name_prefix": "",
            "owner_id": "662252246273",
            "revoke_rules_on_delete": false,
            "tags": {
              "Name": "segat-sg-ecs-tasks"
            },
            "tags_all": {
              "Course": "Infraestructura-como-Codigo-UPAO",
              "Environment": "production",
              "ManagedBy": "Terraform",
              "Name": "segat-sg-ecs-tasks",
              "Project": "SEGAT"
            },
            "timeouts": null,
            "vpc_id": "vpc-063e4fc1b0a245bf4"
          },
          "sensitive_attributes": [],
          "identity_schema_version": 0,
          "private": "eyJlMmJmYjczMC1lY2FhLTExZTYtOGY4OC0zNDM2M2JjN2M0YzAiOnsiY3JlYXRlIjo2MDAwMDAwMDAwMDAsImRlbGV0ZSI6OTAwMDAwMDAwMDAwfSwic2NoZW1hX3ZlcnNpb24iOiIxIn0=",
          "dependencies": [
            "module.networking.aws_security_group.alb",
            "module.networking.aws_vpc.main"
          ]
        }
      ]
    },
    {
      "module": "module.networking",
      "mode": "managed",
      "type": "aws_security_group",
      "name": "rds",
      "provider": "provider[\"registry.terraform.io/hashicorp/aws\"]",
      "instances": [
        {
          "schema_version": 1,
          "attributes": {
            "arn": "arn:aws:ec2:us-east-1:662252246273:security-group/sg-0fe72520fcd48a2dc",
            "description": "PostgreSQL accesible solo desde los contenedores Fargate",
            "egress": [],
            "id": "sg-0fe72520fcd48a2dc",
            "ingress": [
              {
                "cidr_blocks": [],
                "description": "PostgreSQL solo desde ECS",
                "from_port": 5432,
                "ipv6_cidr_blocks": [],
                "prefix_list_ids": [],
                "protocol": "tcp",
                "security_groups": [
                  "sg-03cf69d006f5c552f"
                ],
                "self": false,
                "to_port": 5432
              }
            ],
            "name": "segat-sg-rds",
            "name_prefix": "",
            "owner_id": "662252246273",
            "revoke_rules_on_delete": false,
            "tags": {
              "Name": "segat-sg-rds"
            },
            "tags_all": {
              "Course": "Infraestructura-como-Codigo-UPAO",
              "Environment": "production",
              "ManagedBy": "Terraform",
              "Name": "segat-sg-rds",
              "Project": "SEGAT"
            },
            "timeouts": null,
            "vpc_id": "vpc-063e4fc1b0a245bf4"
          },
          "sensitive_attributes": [],
          "identity_schema_version": 0,
          "private": "eyJlMmJmYjczMC1lY2FhLTExZTYtOGY4OC0zNDM2M2JjN2M0YzAiOnsiY3JlYXRlIjo2MDAwMDAwMDAwMDAsImRlbGV0ZSI6OTAwMDAwMDAwMDAwfSwic2NoZW1hX3ZlcnNpb24iOiIxIn0=",
          "dependencies": [
            "module.networking.aws_security_group.alb",
            "module.networking.aws_security_group.ecs_tasks",
            "module.networking.aws_vpc.main"
          ]
        }
      ]
    },
    {
      "module": "module.networking",
      "mode": "managed",
      "type": "aws_security_group",
      "name": "redis",
      "provider": "provider[\"registry.terraform.io/hashicorp/aws\"]",
      "instances": [
        {
          "schema_version": 1,
          "attributes": {
            "arn": "arn:aws:ec2:us-east-1:662252246273:security-group/sg-0e8968573b25c4bfb",
            "description": "Redis accesible solo desde los contenedores Fargate",
            "egress": [],
            "id": "sg-0e8968573b25c4bfb",
            "ingress": [
              {
                "cidr_blocks": [],
                "description": "Redis solo desde ECS",
                "from_port": 6379,
                "ipv6_cidr_blocks": [],
                "prefix_list_ids": [],
                "protocol": "tcp",
                "security_groups": [
                  "sg-03cf69d006f5c552f"
                ],
                "self": false,
                "to_port": 6379
              }
            ],
            "name": "segat-sg-redis",
            "name_prefix": "",
            "owner_id": "662252246273",
            "revoke_rules_on_delete": false,
            "tags": {
              "Name": "segat-sg-redis"
            },
            "tags_all": {
              "Course": "Infraestructura-como-Codigo-UPAO",
              "Environment": "production",
              "ManagedBy": "Terraform",
              "Name": "segat-sg-redis",
              "Project": "SEGAT"
            },
            "timeouts": null,
            "vpc_id": "vpc-063e4fc1b0a245bf4"
          },
          "sensitive_attributes": [],
          "identity_schema_version": 0,
          "private": "eyJlMmJmYjczMC1lY2FhLTExZTYtOGY4OC0zNDM2M2JjN2M0YzAiOnsiY3JlYXRlIjo2MDAwMDAwMDAwMDAsImRlbGV0ZSI6OTAwMDAwMDAwMDAwfSwic2NoZW1hX3ZlcnNpb24iOiIxIn0=",
          "dependencies": [
            "module.networking.aws_security_group.alb",
            "module.networking.aws_security_group.ecs_tasks",
            "module.networking.aws_vpc.main"
          ]
        }
      ]
    },
    {
      "module": "module.networking",
      "mode": "managed",
      "type": "aws_subnet",
      "name": "private_a",
      "provider": "provider[\"registry.terraform.io/hashicorp/aws\"]",
      "instances": [
        {
          "schema_version": 1,
          "attributes": {
            "arn": "arn:aws:ec2:us-east-1:662252246273:subnet/subnet-0fb783e59f99f9e85",
            "assign_ipv6_address_on_creation": false,
            "availability_zone": "us-east-1a",
            "availability_zone_id": "use1-az1",
            "cidr_block": "10.0.1.0/24",
            "customer_owned_ipv4_pool": "",
            "enable_dns64": false,
            "enable_lni_at_device_index": 0,
            "enable_resource_name_dns_a_record_on_launch": false,
            "enable_resource_name_dns_aaaa_record_on_launch": false,
            "id": "subnet-0fb783e59f99f9e85",
            "ipv6_cidr_block": "",
            "ipv6_cidr_block_association_id": "",
            "ipv6_native": false,
            "map_customer_owned_ip_on_launch": false,
            "map_public_ip_on_launch": false,
            "outpost_arn": "",
            "owner_id": "662252246273",
            "private_dns_hostname_type_on_launch": "ip-name",
            "tags": {
              "AZ": "AZ-A",
              "Name": "segat-subnet-private-a",
              "Tier": "Private-Compute"
            },
            "tags_all": {
              "AZ": "AZ-A",
              "Course": "Infraestructura-como-Codigo-UPAO",
              "Environment": "production",
              "ManagedBy": "Terraform",
              "Name": "segat-subnet-private-a",
              "Project": "SEGAT",
              "Tier": "Private-Compute"
            },
            "timeouts": null,
            "vpc_id": "vpc-063e4fc1b0a245bf4"
          },
          "sensitive_attributes": [],
          "identity_schema_version": 0,
          "private": "eyJlMmJmYjczMC1lY2FhLTExZTYtOGY4OC0zNDM2M2JjN2M0YzAiOnsiY3JlYXRlIjo2MDAwMDAwMDAwMDAsImRlbGV0ZSI6MTIwMDAwMDAwMDAwMH0sInNjaGVtYV92ZXJzaW9uIjoiMSJ9",
          "dependencies": [
            "module.networking.aws_vpc.main",
            "module.networking.data.aws_availability_zones.available"
          ],
          "create_before_destroy": true
        }
      ]
    },
    {
      "module": "module.networking",
      "mode": "managed",
      "type": "aws_subnet",
      "name": "private_b",
      "provider": "provider[\"registry.terraform.io/hashicorp/aws\"]",
      "instances": [
        {
          "schema_version": 1,
          "attributes": {
            "arn": "arn:aws:ec2:us-east-1:662252246273:subnet/subnet-06d218ba91475ea48",
            "assign_ipv6_address_on_creation": false,
            "availability_zone": "us-east-1b",
            "availability_zone_id": "use1-az2",
            "cidr_block": "10.0.2.0/24",
            "customer_owned_ipv4_pool": "",
            "enable_dns64": false,
            "enable_lni_at_device_index": 0,
            "enable_resource_name_dns_a_record_on_launch": false,
            "enable_resource_name_dns_aaaa_record_on_launch": false,
            "id": "subnet-06d218ba91475ea48",
            "ipv6_cidr_block": "",
            "ipv6_cidr_block_association_id": "",
            "ipv6_native": false,
            "map_customer_owned_ip_on_launch": false,
            "map_public_ip_on_launch": false,
            "outpost_arn": "",
            "owner_id": "662252246273",
            "private_dns_hostname_type_on_launch": "ip-name",
            "tags": {
              "AZ": "AZ-B",
              "Name": "segat-subnet-private-b",
              "Tier": "Private-Compute"
            },
            "tags_all": {
              "AZ": "AZ-B",
              "Course": "Infraestructura-como-Codigo-UPAO",
              "Environment": "production",
              "ManagedBy": "Terraform",
              "Name": "segat-subnet-private-b",
              "Project": "SEGAT",
              "Tier": "Private-Compute"
            },
            "timeouts": null,
            "vpc_id": "vpc-063e4fc1b0a245bf4"
          },
          "sensitive_attributes": [],
          "identity_schema_version": 0,
          "private": "eyJlMmJmYjczMC1lY2FhLTExZTYtOGY4OC0zNDM2M2JjN2M0YzAiOnsiY3JlYXRlIjo2MDAwMDAwMDAwMDAsImRlbGV0ZSI6MTIwMDAwMDAwMDAwMH0sInNjaGVtYV92ZXJzaW9uIjoiMSJ9",
          "dependencies": [
            "module.networking.aws_vpc.main",
            "module.networking.data.aws_availability_zones.available"
          ],
          "create_before_destroy": true
        }
      ]
    },
    {
      "module": "module.networking",
      "mode": "managed",
      "type": "aws_subnet",
      "name": "private_c",
      "provider": "provider[\"registry.terraform.io/hashicorp/aws\"]",
      "instances": [
        {
          "schema_version": 1,
          "attributes": {
            "arn": "arn:aws:ec2:us-east-1:662252246273:subnet/subnet-0c8d47fdcd0b87a71",
            "assign_ipv6_address_on_creation": false,
            "availability_zone": "us-east-1a",
            "availability_zone_id": "use1-az1",
            "cidr_block": "10.0.3.0/24",
            "customer_owned_ipv4_pool": "",
            "enable_dns64": false,
            "enable_lni_at_device_index": 0,
            "enable_resource_name_dns_a_record_on_launch": false,
            "enable_resource_name_dns_aaaa_record_on_launch": false,
            "id": "subnet-0c8d47fdcd0b87a71",
            "ipv6_cidr_block": "",
            "ipv6_cidr_block_association_id": "",
            "ipv6_native": false,
            "map_customer_owned_ip_on_launch": false,
            "map_public_ip_on_launch": false,
            "outpost_arn": "",
            "owner_id": "662252246273",
            "private_dns_hostname_type_on_launch": "ip-name",
            "tags": {
              "AZ": "AZ-A",
              "Name": "segat-subnet-private-c",
              "Tier": "Private-Data"
            },
            "tags_all": {
              "AZ": "AZ-A",
              "Course": "Infraestructura-como-Codigo-UPAO",
              "Environment": "production",
              "ManagedBy": "Terraform",
              "Name": "segat-subnet-private-c",
              "Project": "SEGAT",
              "Tier": "Private-Data"
            },
            "timeouts": null,
            "vpc_id": "vpc-063e4fc1b0a245bf4"
          },
          "sensitive_attributes": [],
          "identity_schema_version": 0,
          "private": "eyJlMmJmYjczMC1lY2FhLTExZTYtOGY4OC0zNDM2M2JjN2M0YzAiOnsiY3JlYXRlIjo2MDAwMDAwMDAwMDAsImRlbGV0ZSI6MTIwMDAwMDAwMDAwMH0sInNjaGVtYV92ZXJzaW9uIjoiMSJ9",
          "dependencies": [
            "module.networking.aws_vpc.main",
            "module.networking.data.aws_availability_zones.available"
          ]
        }
      ]
    },
    {
      "module": "module.networking",
      "mode": "managed",
      "type": "aws_subnet",
      "name": "private_c2",
      "provider": "provider[\"registry.terraform.io/hashicorp/aws\"]",
      "instances": [
        {
          "schema_version": 1,
          "attributes": {
            "arn": "arn:aws:ec2:us-east-1:662252246273:subnet/subnet-039f5d253d6362abb",
            "assign_ipv6_address_on_creation": false,
            "availability_zone": "us-east-1b",
            "availability_zone_id": "use1-az2",
            "cidr_block": "10.0.4.0/24",
            "customer_owned_ipv4_pool": "",
            "enable_dns64": false,
            "enable_lni_at_device_index": 0,
            "enable_resource_name_dns_a_record_on_launch": false,
            "enable_resource_name_dns_aaaa_record_on_launch": false,
            "id": "subnet-039f5d253d6362abb",
            "ipv6_cidr_block": "",
            "ipv6_cidr_block_association_id": "",
            "ipv6_native": false,
            "map_customer_owned_ip_on_launch": false,
            "map_public_ip_on_launch": false,
            "outpost_arn": "",
            "owner_id": "662252246273",
            "private_dns_hostname_type_on_launch": "ip-name",
            "tags": {
              "AZ": "AZ-B",
              "Name": "segat-subnet-private-c2",
              "Tier": "Private-Data"
            },
            "tags_all": {
              "AZ": "AZ-B",
              "Course": "Infraestructura-como-Codigo-UPAO",
              "Environment": "production",
              "ManagedBy": "Terraform",
              "Name": "segat-subnet-private-c2",
              "Project": "SEGAT",
              "Tier": "Private-Data"
            },
            "timeouts": null,
            "vpc_id": "vpc-063e4fc1b0a245bf4"
          },
          "sensitive_attributes": [],
          "identity_schema_version": 0,
          "private": "eyJlMmJmYjczMC1lY2FhLTExZTYtOGY4OC0zNDM2M2JjN2M0YzAiOnsiY3JlYXRlIjo2MDAwMDAwMDAwMDAsImRlbGV0ZSI6MTIwMDAwMDAwMDAwMH0sInNjaGVtYV92ZXJzaW9uIjoiMSJ9",
          "dependencies": [
            "module.networking.aws_vpc.main",
            "module.networking.data.aws_availability_zones.available"
          ]
        }
      ]
    },
    {
      "module": "module.networking",
      "mode": "managed",
      "type": "aws_subnet",
      "name": "public_a",
      "provider": "provider[\"registry.terraform.io/hashicorp/aws\"]",
      "instances": [
        {
          "schema_version": 1,
          "attributes": {
            "arn": "arn:aws:ec2:us-east-1:662252246273:subnet/subnet-0acc85e5f12937e2b",
            "assign_ipv6_address_on_creation": false,
            "availability_zone": "us-east-1a",
            "availability_zone_id": "use1-az1",
            "cidr_block": "10.0.10.0/24",
            "customer_owned_ipv4_pool": "",
            "enable_dns64": false,
            "enable_lni_at_device_index": 0,
            "enable_resource_name_dns_a_record_on_launch": false,
            "enable_resource_name_dns_aaaa_record_on_launch": false,
            "id": "subnet-0acc85e5f12937e2b",
            "ipv6_cidr_block": "",
            "ipv6_cidr_block_association_id": "",
            "ipv6_native": false,
            "map_customer_owned_ip_on_launch": false,
            "map_public_ip_on_launch": false,
            "outpost_arn": "",
            "owner_id": "662252246273",
            "private_dns_hostname_type_on_launch": "ip-name",
            "tags": {
              "Name": "segat-subnet-public-a",
              "Tier": "Public"
            },
            "tags_all": {
              "Course": "Infraestructura-como-Codigo-UPAO",
              "Environment": "production",
              "ManagedBy": "Terraform",
              "Name": "segat-subnet-public-a",
              "Project": "SEGAT",
              "Tier": "Public"
            },
            "timeouts": null,
            "vpc_id": "vpc-063e4fc1b0a245bf4"
          },
          "sensitive_attributes": [],
          "identity_schema_version": 0,
          "private": "eyJlMmJmYjczMC1lY2FhLTExZTYtOGY4OC0zNDM2M2JjN2M0YzAiOnsiY3JlYXRlIjo2MDAwMDAwMDAwMDAsImRlbGV0ZSI6MTIwMDAwMDAwMDAwMH0sInNjaGVtYV92ZXJzaW9uIjoiMSJ9",
          "dependencies": [
            "module.networking.aws_vpc.main",
            "module.networking.data.aws_availability_zones.available"
          ]
        }
      ]
    },
    {
      "module": "module.networking",
      "mode": "managed",
      "type": "aws_subnet",
      "name": "public_b",
      "provider": "provider[\"registry.terraform.io/hashicorp/aws\"]",
      "instances": [
        {
          "schema_version": 1,
          "attributes": {
            "arn": "arn:aws:ec2:us-east-1:662252246273:subnet/subnet-008106df4f1f1af71",
            "assign_ipv6_address_on_creation": false,
            "availability_zone": "us-east-1b",
            "availability_zone_id": "use1-az2",
            "cidr_block": "10.0.11.0/24",
            "customer_owned_ipv4_pool": "",
            "enable_dns64": false,
            "enable_lni_at_device_index": 0,
            "enable_resource_name_dns_a_record_on_launch": false,
            "enable_resource_name_dns_aaaa_record_on_launch": false,
            "id": "subnet-008106df4f1f1af71",
            "ipv6_cidr_block": "",
            "ipv6_cidr_block_association_id": "",
            "ipv6_native": false,
            "map_customer_owned_ip_on_launch": false,
            "map_public_ip_on_launch": false,
            "outpost_arn": "",
            "owner_id": "662252246273",
            "private_dns_hostname_type_on_launch": "ip-name",
            "tags": {
              "Name": "segat-subnet-public-b",
              "Tier": "Public"
            },
            "tags_all": {
              "Course": "Infraestructura-como-Codigo-UPAO",
              "Environment": "production",
              "ManagedBy": "Terraform",
              "Name": "segat-subnet-public-b",
              "Project": "SEGAT",
              "Tier": "Public"
            },
            "timeouts": null,
            "vpc_id": "vpc-063e4fc1b0a245bf4"
          },
          "sensitive_attributes": [],
          "identity_schema_version": 0,
          "private": "eyJlMmJmYjczMC1lY2FhLTExZTYtOGY4OC0zNDM2M2JjN2M0YzAiOnsiY3JlYXRlIjo2MDAwMDAwMDAwMDAsImRlbGV0ZSI6MTIwMDAwMDAwMDAwMH0sInNjaGVtYV92ZXJzaW9uIjoiMSJ9",
          "dependencies": [
            "module.networking.aws_vpc.main",
            "module.networking.data.aws_availability_zones.available"
          ]
        }
      ]
    },
    {
      "module": "module.networking",
      "mode": "managed",
      "type": "aws_vpc",
      "name": "main",
      "provider": "provider[\"registry.terraform.io/hashicorp/aws\"]",
      "instances": [
        {
          "schema_version": 1,
          "attributes": {
            "arn": "arn:aws:ec2:us-east-1:662252246273:vpc/vpc-063e4fc1b0a245bf4",
            "assign_generated_ipv6_cidr_block": false,
            "cidr_block": "10.0.0.0/16",
            "default_network_acl_id": "acl-0075213af440c3c12",
            "default_route_table_id": "rtb-0871141ab75caa679",
            "default_security_group_id": "sg-0f40665499f077fcd",
            "dhcp_options_id": "dopt-06c569064dd4d9b0c",
            "enable_dns_hostnames": true,
            "enable_dns_support": true,
            "enable_network_address_usage_metrics": false,
            "id": "vpc-063e4fc1b0a245bf4",
            "instance_tenancy": "default",
            "ipv4_ipam_pool_id": null,
            "ipv4_netmask_length": null,
            "ipv6_association_id": "",
            "ipv6_cidr_block": "",
            "ipv6_cidr_block_network_border_group": "",
            "ipv6_ipam_pool_id": "",
            "ipv6_netmask_length": 0,
            "main_route_table_id": "rtb-0871141ab75caa679",
            "owner_id": "662252246273",
            "tags": {
              "Name": "segat-vpc"
            },
            "tags_all": {
              "Course": "Infraestructura-como-Codigo-UPAO",
              "Environment": "production",
              "ManagedBy": "Terraform",
              "Name": "segat-vpc",
              "Project": "SEGAT"
            }
          },
          "sensitive_attributes": [],
          "identity_schema_version": 0,
          "private": "eyJzY2hlbWFfdmVyc2lvbiI6IjEifQ==",
          "create_before_destroy": true
        }
      ]
    },
    {
      "module": "module.observability",
      "mode": "data",
      "type": "aws_caller_identity",
      "name": "current",
      "provider": "provider[\"registry.terraform.io/hashicorp/aws\"]",
      "instances": [
        {
          "schema_version": 0,
          "attributes": {
            "account_id": "662252246273",
            "arn": "arn:aws:iam::662252246273:root",
            "id": "662252246273",
            "user_id": "662252246273"
          },
          "sensitive_attributes": [],
          "identity_schema_version": 0
        }
      ]
    },
    {
      "module": "module.observability",
      "mode": "managed",
      "type": "aws_cloudtrail",
      "name": "main",
      "provider": "provider[\"registry.terraform.io/hashicorp/aws\"]",
      "instances": [
        {
          "schema_version": 1,
          "attributes": {
            "advanced_event_selector": [],
            "arn": "arn:aws:cloudtrail:us-east-1:662252246273:trail/segat-cloudtrail",
            "cloud_watch_logs_group_arn": "arn:aws:logs:us-east-1:662252246273:log-group:/aws/cloudtrail/segat:*",
            "cloud_watch_logs_role_arn": "arn:aws:iam::662252246273:role/segat-cloudtrail-cloudwatch-role",
            "enable_log_file_validation": true,
            "enable_logging": true,
            "event_selector": [],
            "home_region": "us-east-1",
            "id": "arn:aws:cloudtrail:us-east-1:662252246273:trail/segat-cloudtrail",
            "include_global_service_events": true,
            "insight_selector": [],
            "is_multi_region_trail": true,
            "is_organization_trail": false,
            "kms_key_id": "arn:aws:kms:us-east-1:662252246273:key/10d53338-5301-4618-993a-59f825cc7db1",
            "name": "segat-cloudtrail",
            "s3_bucket_name": "segat-cloudtrail-logs-production-662252246273",
            "s3_key_prefix": "",
            "sns_topic_arn": "arn:aws:sns:us-east-1:662252246273:segat-sns-alertas",
            "sns_topic_name": "segat-sns-alertas",
            "tags": {
              "Name": "segat-cloudtrail"
            },
            "tags_all": {
              "Course": "Infraestructura-como-Codigo-UPAO",
              "Environment": "production",
              "ManagedBy": "Terraform",
              "Name": "segat-cloudtrail",
              "Project": "SEGAT"
            }
          },
          "sensitive_attributes": [],
          "identity_schema_version": 0,
          "private": "eyJzY2hlbWFfdmVyc2lvbiI6IjEifQ==",
          "dependencies": [
            "module.messaging.aws_kms_key.sns_alertas",
            "module.messaging.aws_sns_topic.alertas",
            "module.messaging.aws_sns_topic_policy.alertas",
            "module.messaging.data.aws_caller_identity.current",
            "module.observability.aws_cloudwatch_log_group.cloudtrail",
            "module.observability.aws_iam_role.cloudtrail_cloudwatch",
            "module.observability.aws_s3_bucket.cloudtrail_logs",
            "module.observability.aws_s3_bucket_ownership_controls.cloudtrail_logs",
            "module.observability.aws_s3_bucket_policy.cloudtrail_logs",
            "module.observability.data.aws_caller_identity.current",
            "module.security.aws_kms_key.secrets",
            "module.security.data.aws_caller_identity.current"
          ]
        }
      ]
    },
    {
      "module": "module.observability",
      "mode": "managed",
      "type": "aws_cloudwatch_log_group",
      "name": "cloudtrail",
      "provider": "provider[\"registry.terraform.io/hashicorp/aws\"]",
      "instances": [
        {
          "schema_version": 0,
          "attributes": {
            "arn": "arn:aws:logs:us-east-1:662252246273:log-group:/aws/cloudtrail/segat",
            "id": "/aws/cloudtrail/segat",
            "kms_key_id": "arn:aws:kms:us-east-1:662252246273:key/10d53338-5301-4618-993a-59f825cc7db1",
            "log_group_class": "STANDARD",
            "name": "/aws/cloudtrail/segat",
            "name_prefix": "",
            "retention_in_days": 365,
            "skip_destroy": false,
            "tags": {
              "Name": "segat-cloudtrail-logs"
            },
            "tags_all": {
              "Course": "Infraestructura-como-Codigo-UPAO",
              "Environment": "production",
              "ManagedBy": "Terraform",
              "Name": "segat-cloudtrail-logs",
              "Project": "SEGAT"
            }
          },
          "sensitive_attributes": [],
          "identity_schema_version": 0,
          "private": "bnVsbA==",
          "dependencies": [
            "module.security.aws_kms_key.secrets",
            "module.security.data.aws_caller_identity.current"
          ]
        }
      ]
    },
    {
      "module": "module.observability",
      "mode": "managed",
      "type": "aws_cloudwatch_metric_alarm",
      "name": "ecs_cpu_high",
      "provider": "provider[\"registry.terraform.io/hashicorp/aws\"]",
      "instances": [
        {
          "schema_version": 1,
          "attributes": {
            "actions_enabled": true,
            "alarm_actions": [
              "arn:aws:sns:us-east-1:662252246273:segat-sns-alertas"
            ],
            "alarm_description": "CPU de Fargate supera 80%",
            "alarm_name": "segat-ecs-cpu-high",
            "arn": "arn:aws:cloudwatch:us-east-1:662252246273:alarm:segat-ecs-cpu-high",
            "comparison_operator": "GreaterThanThreshold",
            "datapoints_to_alarm": 0,
            "dimensions": {
              "ClusterName": "segat-cluster",
              "ServiceName": "segat-backend-service"
            },
            "evaluate_low_sample_count_percentiles": "",
            "evaluation_periods": 2,
            "extended_statistic": "",
            "id": "segat-ecs-cpu-high",
            "insufficient_data_actions": null,
            "metric_name": "CPUUtilization",
            "metric_query": [],
            "namespace": "AWS/ECS",
            "ok_actions": [
              "arn:aws:sns:us-east-1:662252246273:segat-sns-alertas"
            ],
            "period": 60,
            "statistic": "Average",
            "tags": {
              "Name": "segat-alarm-ecs-cpu"
            },
            "tags_all": {
              "Course": "Infraestructura-como-Codigo-UPAO",
              "Environment": "production",
              "ManagedBy": "Terraform",
              "Name": "segat-alarm-ecs-cpu",
              "Project": "SEGAT"
            },
            "threshold": 80,
            "threshold_metric_id": "",
            "treat_missing_data": "notBreaching",
            "unit": ""
          },
          "sensitive_attributes": [],
          "identity_schema_version": 0,
          "private": "eyJzY2hlbWFfdmVyc2lvbiI6IjEifQ==",
          "dependencies": [
            "module.certificates.aws_acm_certificate.main",
            "module.certificates.tls_private_key.main",
            "module.certificates.tls_self_signed_cert.main",
            "module.compute.aws_cloudwatch_log_group.ecs",
            "module.compute.aws_ecr_repository.segat_backend",
            "module.compute.aws_ecs_cluster.main",
            "module.compute.aws_ecs_service.segat_backend",
            "module.compute.aws_ecs_task_definition.segat_backend",
            "module.compute.aws_lb.external",
            "module.compute.aws_lb_listener.http_redirect",
            "module.compute.aws_lb_listener.https",
            "module.compute.aws_lb_target_group.ecs",
            "module.compute.aws_s3_bucket.alb_logs",
            "module.compute.aws_s3_bucket_ownership_controls.alb_logs",
            "module.compute.aws_s3_bucket_policy.alb_logs",
            "module.compute.data.aws_caller_identity.current",
            "module.compute.data.aws_elb_service_account.main",
            "module.messaging.aws_kms_key.sns_alertas",
            "module.messaging.aws_sns_topic.alertas",
            "module.messaging.data.aws_caller_identity.current",
            "module.networking.aws_security_group.alb",
            "module.networking.aws_security_group.ecs_tasks",
            "module.networking.aws_subnet.private_a",
            "module.networking.aws_subnet.private_b",
            "module.networking.aws_subnet.public_a",
            "module.networking.aws_subnet.public_b",
            "module.networking.aws_vpc.main",
            "module.networking.data.aws_availability_zones.available",
            "module.security.aws_iam_role.ecs_execution_role",
            "module.security.aws_iam_role.ecs_task_role",
            "module.security.aws_kms_key.secrets",
            "module.security.aws_secretsmanager_secret.cloudinary",
            "module.security.aws_secretsmanager_secret.db_credentials",
            "module.security.aws_secretsmanager_secret.jwt",
            "module.security.aws_secretsmanager_secret.n8n",
            "module.security.data.aws_caller_identity.current"
          ]
        }
      ]
    },
    {
      "module": "module.observability",
      "mode": "managed",
      "type": "aws_cloudwatch_metric_alarm",
      "name": "reportes_dlq_depth",
      "provider": "provider[\"registry.terraform.io/hashicorp/aws\"]",
      "instances": [
        {
          "schema_version": 1,
          "attributes": {
            "actions_enabled": true,
            "alarm_actions": [
              "arn:aws:sns:us-east-1:662252246273:segat-sns-alertas"
            ],
            "alarm_description": "Hay reportes en la DLQ que no pudieron procesarse",
            "alarm_name": "segat-reportes-dlq-messages",
            "arn": "arn:aws:cloudwatch:us-east-1:662252246273:alarm:segat-reportes-dlq-messages",
            "comparison_operator": "GreaterThanThreshold",
            "datapoints_to_alarm": 0,
            "dimensions": {
              "QueueName": "segat-reportes-dlq"
            },
            "evaluate_low_sample_count_percentiles": "",
            "evaluation_periods": 1,
            "extended_statistic": "",
            "id": "segat-reportes-dlq-messages",
            "insufficient_data_actions": [],
            "metric_name": "ApproximateNumberOfMessagesVisible",
            "metric_query": [],
            "namespace": "AWS/SQS",
            "ok_actions": [],
            "period": 300,
            "statistic": "Sum",
            "tags": {
              "Name": "segat-alarm-dlq-reportes"
            },
            "tags_all": {
              "Course": "Infraestructura-como-Codigo-UPAO",
              "Environment": "production",
              "ManagedBy": "Terraform",
              "Name": "segat-alarm-dlq-reportes",
              "Project": "SEGAT"
            },
            "threshold": 0,
            "threshold_metric_id": "",
            "treat_missing_data": "notBreaching",
            "unit": ""
          },
          "sensitive_attributes": [],
          "identity_schema_version": 0,
          "private": "eyJzY2hlbWFfdmVyc2lvbiI6IjEifQ==",
          "dependencies": [
            "module.messaging.aws_kms_key.sns_alertas",
            "module.messaging.aws_kms_key.sqs",
            "module.messaging.aws_sns_topic.alertas",
            "module.messaging.aws_sqs_queue.reportes_dlq",
            "module.messaging.data.aws_caller_identity.current"
          ]
        }
      ]
    },
    {
      "module": "module.observability",
      "mode": "managed",
      "type": "aws_config_configuration_recorder",
      "name": "main",
      "provider": "provider[\"registry.terraform.io/hashicorp/aws\"]",
      "instances": [
        {
          "schema_version": 0,
          "attributes": {
            "id": "segat-config-recorder",
            "name": "segat-config-recorder",
            "recording_group": [
              {
                "all_supported": true,
                "exclusion_by_resource_types": [
                  {
                    "resource_types": []
                  }
                ],
                "include_global_resource_types": true,
                "recording_strategy": [
                  {
                    "use_only": "ALL_SUPPORTED_RESOURCE_TYPES"
                  }
                ],
                "resource_types": null
              }
            ],
            "recording_mode": [
              {
                "recording_frequency": "CONTINUOUS",
                "recording_mode_override": []
              }
            ],
            "role_arn": "arn:aws:iam::662252246273:role/segat-config-role"
          },
          "sensitive_attributes": [],
          "identity_schema_version": 0,
          "private": "bnVsbA==",
          "dependencies": [
            "module.observability.aws_iam_role.config"
          ]
        }
      ]
    },
    {
      "module": "module.observability",
      "mode": "managed",
      "type": "aws_iam_role",
      "name": "cloudtrail_cloudwatch",
      "provider": "provider[\"registry.terraform.io/hashicorp/aws\"]",
      "instances": [
        {
          "schema_version": 0,
          "attributes": {
            "arn": "arn:aws:iam::662252246273:role/segat-cloudtrail-cloudwatch-role",
            "assume_role_policy": "{\"Statement\":[{\"Action\":\"sts:AssumeRole\",\"Effect\":\"Allow\",\"Principal\":{\"Service\":\"cloudtrail.amazonaws.com\"}}],\"Version\":\"2012-10-17\"}",
            "create_date": "2026-06-25T12:46:32Z",
            "description": "",
            "force_detach_policies": false,
            "id": "segat-cloudtrail-cloudwatch-role",
            "inline_policy": [],
            "managed_policy_arns": [],
            "max_session_duration": 3600,
            "name": "segat-cloudtrail-cloudwatch-role",
            "name_prefix": "",
            "path": "/",
            "permissions_boundary": "",
            "tags": {},
            "tags_all": {
              "Course": "Infraestructura-como-Codigo-UPAO",
              "Environment": "production",
              "ManagedBy": "Terraform",
              "Project": "SEGAT"
            },
            "unique_id": "AROAZUMKPKUA53NBAJNDB"
          },
          "sensitive_attributes": [],
          "identity_schema_version": 0,
          "private": "bnVsbA=="
        }
      ]
    },
    {
      "module": "module.observability",
      "mode": "managed",
      "type": "aws_iam_role",
      "name": "config",
      "provider": "provider[\"registry.terraform.io/hashicorp/aws\"]",
      "instances": [
        {
          "schema_version": 0,
          "attributes": {
            "arn": "arn:aws:iam::662252246273:role/segat-config-role",
            "assume_role_policy": "{\"Statement\":[{\"Action\":\"sts:AssumeRole\",\"Effect\":\"Allow\",\"Principal\":{\"Service\":\"config.amazonaws.com\"}}],\"Version\":\"2012-10-17\"}",
            "create_date": "2026-07-13T01:32:00Z",
            "description": "",
            "force_detach_policies": false,
            "id": "segat-config-role",
            "inline_policy": [],
            "managed_policy_arns": [],
            "max_session_duration": 3600,
            "name": "segat-config-role",
            "name_prefix": "",
            "path": "/",
            "permissions_boundary": "",
            "tags": {
              "Name": "segat-role-config"
            },
            "tags_all": {
              "Course": "Infraestructura-como-Codigo-UPAO",
              "Environment": "production",
              "ManagedBy": "Terraform",
              "Name": "segat-role-config",
              "Project": "SEGAT"
            },
            "unique_id": "AROAZUMKPKUAZVSLZZD2R"
          },
          "sensitive_attributes": [],
          "identity_schema_version": 0,
          "private": "bnVsbA=="
        }
      ]
    },
    {
      "module": "module.observability",
      "mode": "managed",
      "type": "aws_iam_role_policy",
      "name": "cloudtrail_cloudwatch",
      "provider": "provider[\"registry.terraform.io/hashicorp/aws\"]",
      "instances": [
        {
          "schema_version": 0,
          "attributes": {
            "id": "segat-cloudtrail-cloudwatch-role:segat-cloudtrail-cloudwatch-policy",
            "name": "segat-cloudtrail-cloudwatch-policy",
            "name_prefix": "",
            "policy": "{\"Version\":\"2012-10-17\",\"Statement\":[{\"Action\":[\"logs:CreateLogStream\",\"logs:PutLogEvents\"],\"Effect\":\"Allow\",\"Resource\":\"arn:aws:logs:us-east-1:662252246273:log-group:/aws/cloudtrail/segat:*\"}]}",
            "role": "segat-cloudtrail-cloudwatch-role"
          },
          "sensitive_attributes": [],
          "identity_schema_version": 0,
          "private": "bnVsbA==",
          "dependencies": [
            "module.observability.aws_cloudwatch_log_group.cloudtrail",
            "module.observability.aws_iam_role.cloudtrail_cloudwatch",
            "module.security.aws_kms_key.secrets",
            "module.security.data.aws_caller_identity.current"
          ]
        }
      ]
    },
    {
      "module": "module.observability",
      "mode": "managed",
      "type": "aws_iam_role_policy",
      "name": "config_s3",
      "provider": "provider[\"registry.terraform.io/hashicorp/aws\"]",
      "instances": [
        {
          "schema_version": 0,
          "attributes": {
            "id": "segat-config-role:segat-config-s3-policy",
            "name": "segat-config-s3-policy",
            "name_prefix": "",
            "policy": "{\"Version\":\"2012-10-17\",\"Statement\":[{\"Action\":\"s3:GetBucketAcl\",\"Effect\":\"Allow\",\"Resource\":\"arn:aws:s3:::segat-cloudtrail-logs-production-662252246273\",\"Sid\":\"ConfigBucketAcl\"},{\"Action\":\"s3:PutObject\",\"Effect\":\"Allow\",\"Resource\":\"arn:aws:s3:::segat-cloudtrail-logs-production-662252246273/AWSLogs/662252246273/Config/*\",\"Sid\":\"ConfigBucketWrite\"}]}",
            "role": "segat-config-role"
          },
          "sensitive_attributes": [],
          "identity_schema_version": 0,
          "private": "bnVsbA==",
          "dependencies": [
            "module.observability.aws_iam_role.config",
            "module.observability.aws_s3_bucket.cloudtrail_logs",
            "module.observability.data.aws_caller_identity.current"
          ]
        }
      ]
    },
    {
      "module": "module.observability",
      "mode": "managed",
      "type": "aws_iam_role_policy_attachment",
      "name": "config",
      "provider": "provider[\"registry.terraform.io/hashicorp/aws\"]",
      "instances": [
        {
          "schema_version": 0,
          "attributes": {
            "id": "segat-config-role-20260713013201888800000002",
            "policy_arn": "arn:aws:iam::aws:policy/service-role/AWS_ConfigRole",
            "role": "segat-config-role"
          },
          "sensitive_attributes": [],
          "identity_schema_version": 0,
          "private": "bnVsbA==",
          "dependencies": [
            "module.observability.aws_iam_role.config"
          ]
        }
      ]
    },
    {
      "module": "module.observability",
      "mode": "managed",
      "type": "aws_s3_bucket",
      "name": "cloudtrail_logs",
      "provider": "provider[\"registry.terraform.io/hashicorp/aws\"]",
      "instances": [
        {
          "schema_version": 0,
          "attributes": {
            "acceleration_status": "",
            "acl": null,
            "arn": "arn:aws:s3:::segat-cloudtrail-logs-production-662252246273",
            "bucket": "segat-cloudtrail-logs-production-662252246273",
            "bucket_domain_name": "segat-cloudtrail-logs-production-662252246273.s3.amazonaws.com",
            "bucket_prefix": "",
            "bucket_regional_domain_name": "segat-cloudtrail-logs-production-662252246273.s3.us-east-1.amazonaws.com",
            "cors_rule": [],
            "force_destroy": true,
            "grant": [
              {
                "id": "8bbbe09a9c21d789a5a92bddd7562062658702dd17890d4f6e8d1a66c3549ebf",
                "permissions": [
                  "FULL_CONTROL"
                ],
                "type": "CanonicalUser",
                "uri": ""
              }
            ],
            "hosted_zone_id": "Z3AQBSTGFYJSTF",
            "id": "segat-cloudtrail-logs-production-662252246273",
            "lifecycle_rule": [],
            "logging": [],
            "object_lock_configuration": [],
            "object_lock_enabled": false,
            "policy": "",
            "region": "us-east-1",
            "replication_configuration": [],
            "request_payer": "BucketOwner",
            "server_side_encryption_configuration": [
              {
                "rule": [
                  {
                    "apply_server_side_encryption_by_default": [
                      {
                        "kms_master_key_id": "",
                        "sse_algorithm": "AES256"
                      }
                    ],
                    "bucket_key_enabled": false
                  }
                ]
              }
            ],
            "tags": {
              "Name": "segat-s3-cloudtrail"
            },
            "tags_all": {
              "Course": "Infraestructura-como-Codigo-UPAO",
              "Environment": "production",
              "ManagedBy": "Terraform",
              "Name": "segat-s3-cloudtrail",
              "Project": "SEGAT"
            },
            "timeouts": null,
            "versioning": [
              {
                "enabled": false,
                "mfa_delete": false
              }
            ],
            "website": [],
            "website_domain": null,
            "website_endpoint": null
          },
          "sensitive_attributes": [],
          "identity_schema_version": 0,
          "private": "eyJlMmJmYjczMC1lY2FhLTExZTYtOGY4OC0zNDM2M2JjN2M0YzAiOnsiY3JlYXRlIjoxMjAwMDAwMDAwMDAwLCJkZWxldGUiOjM2MDAwMDAwMDAwMDAsInJlYWQiOjEyMDAwMDAwMDAwMDAsInVwZGF0ZSI6MTIwMDAwMDAwMDAwMH19",
          "dependencies": [
            "module.observability.data.aws_caller_identity.current"
          ]
        }
      ]
    },
    {
      "module": "module.observability",
      "mode": "managed",
      "type": "aws_s3_bucket_lifecycle_configuration",
      "name": "cloudtrail_logs",
      "provider": "provider[\"registry.terraform.io/hashicorp/aws\"]",
      "instances": [
        {
          "schema_version": 1,
          "attributes": {
            "bucket": "segat-cloudtrail-logs-production-662252246273",
            "expected_bucket_owner": "",
            "id": "segat-cloudtrail-logs-production-662252246273",
            "rule": [
              {
                "abort_incomplete_multipart_upload": [
                  {
                    "days_after_initiation": 7
                  }
                ],
                "expiration": [
                  {
                    "date": null,
                    "days": 365,
                    "expired_object_delete_marker": false
                  }
                ],
                "filter": [],
                "id": "expire-old-logs",
                "noncurrent_version_expiration": [
                  {
                    "newer_noncurrent_versions": null,
                    "noncurrent_days": 90
                  }
                ],
                "noncurrent_version_transition": [],
                "prefix": "",
                "status": "Enabled",
                "transition": []
              }
            ],
            "timeouts": null,
            "transition_default_minimum_object_size": "all_storage_classes_128K"
          },
          "sensitive_attributes": [],
          "identity_schema_version": 0,
          "dependencies": [
            "module.observability.aws_s3_bucket.cloudtrail_logs",
            "module.observability.data.aws_caller_identity.current"
          ]
        }
      ]
    },
    {
      "module": "module.observability",
      "mode": "managed",
      "type": "aws_s3_bucket_logging",
      "name": "cloudtrail_logs",
      "provider": "provider[\"registry.terraform.io/hashicorp/aws\"]",
      "instances": [
        {
          "schema_version": 0,
          "attributes": {
            "bucket": "segat-cloudtrail-logs-production-662252246273",
            "expected_bucket_owner": "",
            "id": "segat-cloudtrail-logs-production-662252246273",
            "target_bucket": "segat-cloudtrail-logs-production-662252246273",
            "target_grant": [],
            "target_object_key_format": [],
            "target_prefix": "access-logs/"
          },
          "sensitive_attributes": [],
          "identity_schema_version": 0,
          "private": "bnVsbA==",
          "dependencies": [
            "module.observability.aws_s3_bucket.cloudtrail_logs",
            "module.observability.data.aws_caller_identity.current"
          ]
        }
      ]
    },
    {
      "module": "module.observability",
      "mode": "managed",
      "type": "aws_s3_bucket_notification",
      "name": "cloudtrail_logs",
      "provider": "provider[\"registry.terraform.io/hashicorp/aws\"]",
      "instances": [
        {
          "schema_version": 0,
          "attributes": {
            "bucket": "segat-cloudtrail-logs-production-662252246273",
            "eventbridge": false,
            "id": "segat-cloudtrail-logs-production-662252246273",
            "lambda_function": [],
            "queue": [],
            "topic": []
          },
          "sensitive_attributes": [],
          "identity_schema_version": 0,
          "private": "bnVsbA==",
          "dependencies": [
            "module.observability.aws_s3_bucket.cloudtrail_logs",
            "module.observability.data.aws_caller_identity.current"
          ]
        }
      ]
    },
    {
      "module": "module.observability",
      "mode": "managed",
      "type": "aws_s3_bucket_ownership_controls",
      "name": "cloudtrail_logs",
      "provider": "provider[\"registry.terraform.io/hashicorp/aws\"]",
      "instances": [
        {
          "schema_version": 0,
          "attributes": {
            "bucket": "segat-cloudtrail-logs-production-662252246273",
            "id": "segat-cloudtrail-logs-production-662252246273",
            "rule": [
              {
                "object_ownership": "BucketOwnerPreferred"
              }
            ]
          },
          "sensitive_attributes": [],
          "identity_schema_version": 0,
          "private": "bnVsbA==",
          "dependencies": [
            "module.observability.aws_s3_bucket.cloudtrail_logs",
            "module.observability.data.aws_caller_identity.current"
          ]
        }
      ]
    },
    {
      "module": "module.observability",
      "mode": "managed",
      "type": "aws_s3_bucket_policy",
      "name": "cloudtrail_logs",
      "provider": "provider[\"registry.terraform.io/hashicorp/aws\"]",
      "instances": [
        {
          "schema_version": 0,
          "attributes": {
            "bucket": "segat-cloudtrail-logs-production-662252246273",
            "id": "segat-cloudtrail-logs-production-662252246273",
            "policy": "{\"Statement\":[{\"Action\":\"s3:GetBucketAcl\",\"Effect\":\"Allow\",\"Principal\":{\"Service\":\"cloudtrail.amazonaws.com\"},\"Resource\":\"arn:aws:s3:::segat-cloudtrail-logs-production-662252246273\",\"Sid\":\"AWSCloudTrailAclCheck\"},{\"Action\":\"s3:PutObject\",\"Condition\":{\"StringEquals\":{\"s3:x-amz-acl\":\"bucket-owner-full-control\"}},\"Effect\":\"Allow\",\"Principal\":{\"Service\":\"cloudtrail.amazonaws.com\"},\"Resource\":\"arn:aws:s3:::segat-cloudtrail-logs-production-662252246273/AWSLogs/*\",\"Sid\":\"AWSCloudTrailWrite\"},{\"Action\":\"s3:GetBucketAcl\",\"Effect\":\"Allow\",\"Principal\":{\"Service\":\"config.amazonaws.com\"},\"Resource\":\"arn:aws:s3:::segat-cloudtrail-logs-production-662252246273\",\"Sid\":\"AWSConfigAclCheck\"},{\"Action\":\"s3:PutObject\",\"Condition\":{\"StringEquals\":{\"s3:x-amz-acl\":\"bucket-owner-full-control\"}},\"Effect\":\"Allow\",\"Principal\":{\"Service\":\"config.amazonaws.com\"},\"Resource\":\"arn:aws:s3:::segat-cloudtrail-logs-production-662252246273/AWSLogs/662252246273/Config/*\",\"Sid\":\"AWSConfigWrite\"}],\"Version\":\"2012-10-17\"}"
          },
          "sensitive_attributes": [],
          "identity_schema_version": 0,
          "private": "bnVsbA==",
          "dependencies": [
            "module.observability.aws_s3_bucket.cloudtrail_logs",
            "module.observability.data.aws_caller_identity.current"
          ]
        }
      ]
    },
    {
      "module": "module.observability",
      "mode": "managed",
      "type": "aws_s3_bucket_public_access_block",
      "name": "cloudtrail_logs",
      "provider": "provider[\"registry.terraform.io/hashicorp/aws\"]",
      "instances": [
        {
          "schema_version": 0,
          "attributes": {
            "block_public_acls": true,
            "block_public_policy": true,
            "bucket": "segat-cloudtrail-logs-production-662252246273",
            "id": "segat-cloudtrail-logs-production-662252246273",
            "ignore_public_acls": true,
            "restrict_public_buckets": true
          },
          "sensitive_attributes": [],
          "identity_schema_version": 0,
          "private": "bnVsbA==",
          "dependencies": [
            "module.observability.aws_s3_bucket.cloudtrail_logs",
            "module.observability.data.aws_caller_identity.current"
          ]
        }
      ]
    },
    {
      "module": "module.observability",
      "mode": "managed",
      "type": "aws_s3_bucket_replication_configuration",
      "name": "cloudtrail_logs",
      "provider": "provider[\"registry.terraform.io/hashicorp/aws\"]",
      "instances": []
    },
    {
      "module": "module.observability",
      "mode": "managed",
      "type": "aws_s3_bucket_server_side_encryption_configuration",
      "name": "cloudtrail_logs",
      "provider": "provider[\"registry.terraform.io/hashicorp/aws\"]",
      "instances": [
        {
          "schema_version": 0,
          "attributes": {
            "bucket": "segat-cloudtrail-logs-production-662252246273",
            "expected_bucket_owner": "",
            "id": "segat-cloudtrail-logs-production-662252246273",
            "rule": [
              {
                "apply_server_side_encryption_by_default": [
                  {
                    "kms_master_key_id": "arn:aws:kms:us-east-1:662252246273:key/10d53338-5301-4618-993a-59f825cc7db1",
                    "sse_algorithm": "aws:kms"
                  }
                ],
                "bucket_key_enabled": null
              }
            ]
          },
          "sensitive_attributes": [],
          "identity_schema_version": 0,
          "private": "bnVsbA==",
          "dependencies": [
            "module.observability.aws_s3_bucket.cloudtrail_logs",
            "module.observability.data.aws_caller_identity.current",
            "module.security.aws_kms_key.secrets",
            "module.security.data.aws_caller_identity.current"
          ]
        }
      ]
    },
    {
      "module": "module.observability",
      "mode": "managed",
      "type": "aws_s3_bucket_versioning",
      "name": "cloudtrail_logs",
      "provider": "provider[\"registry.terraform.io/hashicorp/aws\"]",
      "instances": [
        {
          "schema_version": 0,
          "attributes": {
            "bucket": "segat-cloudtrail-logs-production-662252246273",
            "expected_bucket_owner": "",
            "id": "segat-cloudtrail-logs-production-662252246273",
            "mfa": null,
            "versioning_configuration": [
              {
                "mfa_delete": "",
                "status": "Enabled"
              }
            ]
          },
          "sensitive_attributes": [],
          "identity_schema_version": 0,
          "private": "bnVsbA==",
          "dependencies": [
            "module.observability.aws_s3_bucket.cloudtrail_logs",
            "module.observability.data.aws_caller_identity.current"
          ]
        }
      ]
    },
    {
      "module": "module.observability",
      "mode": "managed",
      "type": "aws_secretsmanager_secret_version",
      "name": "db_credentials",
      "provider": "provider[\"registry.terraform.io/hashicorp/aws\"]",
      "instances": [
        {
          "schema_version": 0,
          "attributes": {
            "arn": "arn:aws:secretsmanager:us-east-1:662252246273:secret:segat/rds/credentials-hp6ZDG",
            "has_secret_string_wo": null,
            "id": "arn:aws:secretsmanager:us-east-1:662252246273:secret:segat/rds/credentials-hp6ZDG|terraform-20260713013337704100000007",
            "secret_binary": "",
            "secret_id": "arn:aws:secretsmanager:us-east-1:662252246273:secret:segat/rds/credentials-hp6ZDG",
            "secret_string": "{\"dbname\":\"segat_db\",\"host\":\"segat-postgresql.c05eogcawt6f.us-east-1.rds.amazonaws.com\",\"password\":\"Infragruposegat123\",\"port\":5432,\"username\":\"segat_admin\"}",
            "secret_string_wo": null,
            "secret_string_wo_version": null,
            "version_id": "terraform-20260713013337704100000007",
            "version_stages": [
              "AWSCURRENT"
            ]
          },
          "sensitive_attributes": [
            [
              {
                "type": "get_attr",
                "value": "secret_binary"
              }
            ],
            [
              {
                "type": "get_attr",
                "value": "secret_string"
              }
            ],
            [
              {
                "type": "get_attr",
                "value": "secret_string_wo"
              }
            ]
          ],
          "identity_schema_version": 0,
          "private": "bnVsbA==",
          "dependencies": [
            "module.database.aws_db_instance.postgresql",
            "module.database.aws_db_parameter_group.postgresql",
            "module.database.aws_db_subnet_group.rds",
            "module.database.data.aws_kms_key.rds",
            "module.networking.aws_security_group.alb",
            "module.networking.aws_security_group.ecs_tasks",
            "module.networking.aws_security_group.rds",
            "module.networking.aws_subnet.private_c",
            "module.networking.aws_subnet.private_c2",
            "module.networking.aws_vpc.main",
            "module.networking.data.aws_availability_zones.available",
            "module.security.aws_iam_role.rds_monitoring",
            "module.security.aws_kms_key.secrets",
            "module.security.aws_secretsmanager_secret.db_credentials",
            "module.security.data.aws_caller_identity.current"
          ]
        }
      ]
    },
    {
      "module": "module.oidc",
      "mode": "data",
      "type": "tls_certificate",
      "name": "github_actions",
      "provider": "provider[\"registry.terraform.io/hashicorp/tls\"]",
      "instances": [
        {
          "schema_version": 0,
          "attributes": {
            "certificates": [
              {
                "cert_pem": "-----BEGIN CERTIFICATE-----\nMIIF9DCCA9ygAwIBAgIRAPJLbRf52a18scn+p4eCaZ8wDQYJKoZIhvcNAQELBQAw\nTzELMAkGA1UEBhMCVVMxKTAnBgNVBAoTIEludGVybmV0IFNlY3VyaXR5IFJlc2Vh\ncmNoIEdyb3VwMRUwEwYDVQQDEwxJU1JHIFJvb3QgWDEwHhcNMjYwNTEzMDAwMDAw\nWhcNMzIwOTAyMjM1OTU5WjAuMQswCQYDVQQGEwJVUzENMAsGA1UEChMESVNSRzEQ\nMA4GA1UEAxMHUm9vdCBZUjCCAiIwDQYJKoZIhvcNAQEBBQADggIPADCCAgoCggIB\nANvGJnN78CTJdWL3+eGfsLN5TrNBJs+VH9hRXqRbwxu9sGNiB0BD1fcOxbSUQCJI\nM1xE13Db+5Cw1w0s0EBYsvuIP/6joF0w8cuImbgR1OGgYbSQ4OpzI+DG8SGuTlcE\n873OCS+kh3srlo6vl43M5OJg4Aeo1sfHp6kTJDoIiFBNJAY+OKfX/FUvYKuhjT+n\no49lmqmupSBI5PkBQiqrEGtWU5uxU/cQWHGu8jSjFBznZqvbNPLMXMLFxCb3WTfr\nJBXXjqvWG+v4bjzxjjeAtOlU7qarRDvNOyAuQYLln904M+faKx8hnLCpJ15ZqaEg\ncNlY+9MMWcC5yvL2A2j3l9+2buggZX+dOE91zYmIdawTvSZuVvlbRrAlLxIB6pwM\nBjneXCjYQ8+3BCCjssbSNpZU3hTcBDdhfAlEDlYr6pEatnMdmDT5BqnKC92bd0Eh\nM1fbLHioLccLCuievT8ZkPhZrq7Mii7gNXAcUEAR8+lzYal+9zTg7C5DALyVOeG/\nCqfRAMn1KSHCR0NSA6P8tn/mGRlnCct5rtVCLnVySVpU6H1qGg3DgTOuskf8eahT\nMiYbI5ezPJmO5ertalskQ1utp74+eDy92PI4ftHKTbq9IWhH4YZKh3WnJEIt+oQv\nlYZbY8tpEroKrFB6PFGzrJIDRyts4HqvuH52RFj2zv/BAgMBAAGjgeswgegwDgYD\nVR0PAQH/BAQDAgEGMBMGA1UdJQQMMAoGCCsGAQUFBwMBMA8GA1UdEwEB/wQFMAMB\nAf8wHQYDVR0OBBYEFN7nW2DQIm1AKH0/DQH+pLVStFGUMB8GA1UdIwQYMBaAFHm0\nWeZ7tuXkAXOACIjIGlj26ZtuMDIGCCsGAQUFBwEBBCYwJDAiBggrBgEFBQcwAoYW\naHR0cDovL3gxLmkubGVuY3Iub3JnLzATBgNVHSAEDDAKMAgGBmeBDAECATAnBgNV\nHR8EIDAeMBygGqAYhhZodHRwOi8veDEuYy5sZW5jci5vcmcvMA0GCSqGSIb3DQEB\nCwUAA4ICAQA8spSI95KKfn2W6GMmDpHBJSPaLbsS3W93cijJCRCYAc1fsJgL1FIL\n7C0C9ecPOdcwB2fi0Dk2p94j9iTJCxmt5CFSKLRWwnXT2MMSXexVxqoVB79BdWPx\nVXETkVme/qYSAuKVHh5Ps+5BixgmwS1JkjSAc+MfrUbNssVEEnH0aEiAh+rotXAV\nJSP/Ye7LJPEwD9DWG72vVWbhAcuOf5OLjz57Ctk7MgQHynZ7+PlHJtajroCaIbtC\nr6tcZZaAwUQm+jQyeWdV+2hv9deOYFmKeQyjjcSrN5Nadrw+L9DZJLbA1HqeNvLh\nBgqpP0fvJq2N6EtD574N6eMI7uMsJTnji2UDz9el5XLSv9fqJMuDQtYVb2oTNoKp\noUqhxPVC0aq4eG5MESaIdn8b5ZGSSeAJLMHXljEdlNza+ncfkviXk1POLnnFdvx8\n/gk6M374WbLWFXw8N141B/Rl/tINGfl1TxOIiqtiMYkL02RSGb1kq34BL9NPP27z\nRGMuHGnzS3hFIrRTfKxrzUZ9RzQWzEG3K6fJ3r2nqSltkeytis9DIBoFY9VmVyjL\nM71DMi+y1+TRSJVClEMwvA4yL++7q9XZx5r5wBRWB4kQTKH5qyoZnDw7iiuh1lID\nyDFx8r7i9vIJU5HS3moZLkYWAOilMaV9N56A9Bgb6dNcHkvg3NoaYA==\n-----END CERTIFICATE-----\n",
                "is_ca": true,
                "issuer": "CN=ISRG Root X1,O=Internet Security Research Group,C=US",
                "max_path_length": -1,
                "not_after": "2032-09-02T23:59:59Z",
                "not_before": "2026-05-13T00:00:00Z",
                "public_key_algorithm": "RSA",
                "serial_number": "322064809926559212792997219556942571935",
                "sha1_fingerprint": "ab9d0263244dd0326eb67015705a667e79cfe998",
                "signature_algorithm": "SHA256-RSA",
                "subject": "CN=Root YR,O=ISRG,C=US",
                "version": 3
              },
              {
                "cert_pem": "-----BEGIN CERTIFICATE-----\nMIIE2jCCAsKgAwIBAgIQTr0klH4k05SALYSlL9WzGTANBgkqhkiG9w0BAQsFADAu\nMQswCQYDVQQGEwJVUzENMAsGA1UEChMESVNSRzEQMA4GA1UEAxMHUm9vdCBZUjAe\nFw0yNTA5MDMwMDAwMDBaFw0yODA5MDIyMzU5NTlaMDMxCzAJBgNVBAYTAlVTMRYw\nFAYDVQQKEw1MZXQncyBFbmNyeXB0MQwwCgYDVQQDEwNZUjIwggEiMA0GCSqGSIb3\nDQEBAQUAA4IBDwAwggEKAoIBAQDZ0LxwBppqh84luqMerV/eeL/fXQ7mLQQv1Lnp\nWKZbyvGpx6wh6AfnslAnF6ewTkcHA+gSOoBvm3Dfm06AuGiF+KRut4fAcowqnAQQ\nCW98+QPP/eOv/wug7Iyk4NkOxf2I6g2f55T6nJoOTLFcukeRq80JGQEYan+dPFr9\nOGUgQK2hGKgNkW87pappsOAuUJcroYhRt5uUis4qaZireiseu32gzDJNBAiKtsvd\n6HX4v25bpkRNcS/B/Gtc9kVbUpD+2PLPxdei3Tim55k4tfAEXwD2qyiPTxrTNq6l\nN+AMr5g2c1dNqkOTwjxeV6L5lpP1rGiYvLnRaPlOqyZRPW+5AgMBAAGjge4wgesw\nDgYDVR0PAQH/BAQDAgGGMBMGA1UdJQQMMAoGCCsGAQUFBwMBMBIGA1UdEwEB/wQI\nMAYBAf8CAQAwHQYDVR0OBBYEFEAVLSZ57TIgnt+ach3WMh+BDIEMMB8GA1UdIwQY\nMBaAFN7nW2DQIm1AKH0/DQH+pLVStFGUMDIGCCsGAQUFBwEBBCYwJDAiBggrBgEF\nBQcwAoYWaHR0cDovL3lyLmkubGVuY3Iub3JnLzATBgNVHSAEDDAKMAgGBmeBDAEC\nATAnBgNVHR8EIDAeMBygGqAYhhZodHRwOi8veXIuYy5sZW5jci5vcmcvMA0GCSqG\nSIb3DQEBCwUAA4ICAQB0ZUQWZ9/Yn9COEpo+JfecMnB0h0vwDm/M66IqXqw3LoaL\nmx9lZvRTeDIS67PUeI3yCA2W6PKRD0/FE/G57lOmS+Xy5AaaL00ICGOqjNcCaMWW\n8o8nevHOd4i4lqgtznE/28QwlcdJyF8yBiWHpnyjhEpmNWJURgOCOg2xpwRMBCsj\nMScqYPtOhBeuYQvSwAEeTML2Ukh6uGuX4E14q65Ja8cdjF5bAldnP1eE4FBaAwsZ\nG2fOqqrKV03Y85Nw2btedP1AtliQuJZs/Jo/gXxXdc7LrH3McgnpnbTiAncX7yES\nhP6kzQejllqMCIt52HOjxDGWafS7Xw+DKwqmH+Eqy8dcbOuag/1AYlQoKNVK3F5q\nHh6tEDiMqQcLIibGKteE6iHo4A/bIScbzrhXUYuism42ZYzmc48FMVIH3qy4L84E\nTdAH2gtxw0PAhvRVXp8HP7wfngpzsN/8xOTpeRSbM4+Qbc56G6+Bifmv6sk1ieQb\nNA3wJdl4DDUuQSV8hBgx6zoI1ZSGORprDFux7c6rhc77QZMSRrEgomBeklervEve\n86ylWmZ3WWHV6RLMi8xNvjd71r4EPIGgY7BZU/VPBkq+uA7Gb6mbJnFgV43uh3xy\nLRFgxIAphIukwTGSMZZR+AI+Qnp0BYTWovHXozOf3H8r6hozEoT02JHn0AeTfA==\n-----END CERTIFICATE-----\n",
                "is_ca": true,
                "issuer": "CN=Root YR,O=ISRG,C=US",
                "max_path_length": 0,
                "not_after": "2028-09-02T23:59:59Z",
                "not_before": "2025-09-03T00:00:00Z",
                "public_key_algorithm": "RSA",
                "serial_number": "104661869709039935805224238423219745561",
                "sha1_fingerprint": "2d74d6dfd96eea55ad7baafa0d3c6552b2dadc37",
                "signature_algorithm": "SHA256-RSA",
                "subject": "CN=YR2,O=Let's Encrypt,C=US",
                "version": 3
              },
              {
                "cert_pem": "-----BEGIN CERTIFICATE-----\nMIIGNTCCBR2gAwIBAgISBQxrm2P0V6boQ+CIerBE2c8fMA0GCSqGSIb3DQEBCwUA\nMDMxCzAJBgNVBAYTAlVTMRYwFAYDVQQKEw1MZXQncyBFbmNyeXB0MQwwCgYDVQQD\nEwNZUjIwHhcNMjYwNzEwMjMzMjE2WhcNMjYxMDA4MjMzMjE1WjAqMSgwJgYDVQQD\nDB8qLmFjdGlvbnMuZ2l0aHVidXNlcmNvbnRlbnQuY29tMIICIjANBgkqhkiG9w0B\nAQEFAAOCAg8AMIICCgKCAgEAqcIRoijeGQKj3+dX+n+mi0gf8IZH48WhDp/a80c9\nzQrVUl4xh47tRZrmQ0thUbQ4/btHKW703g4st5JYD3lxSXEAre0HyU+2sLgLPEdL\nuOG9OL+i4vb988u+73F9ycg+Kq+ChMyTnoVB1z+s5aJb8j+wVWvEDeuJ9GsqVmdB\n+5JNkaaYpd7m2Fb8lxjTvTVHjhbTTuCFfjAviGleeVINsjroFv4cRESgsVQjfmIz\nvz9w5rDaqwpBKGeqGxzST8rfWer+b9pJhsHsNJfmf6lF9Jb/4bnL4taa1ve1Osw8\nh6TzIuq3R9e3ZwUax7KwDSTbOwtG6bgR5om/0/VtKUoF/KFuOi4yVlJ4jMxZU5+J\nBaUrmSMTDWDknIk6vi3gI3MnMGAC8NI1j5W56PnAlszD5YTez34a9BtYtE4W11jd\nepBndSWMqrMsyEgkBZtBLE6+hV1q80531M7d3/59EARW/AVp1OWpjb/yaCbpGZCV\n84dSH9XhMDs5v8XvVwtCjWBB4ajjNqnnpQioK1+YUOZIRsCKYioXlD8IeUgf9vXD\n7nTDViOQ4rbQnUSOudild/L6NmcrpXFNCwVcP08DFRKnUAeM2RY3+QaAet6moJt7\nMoi/wDORKftw6h2iR8WyObTS+xK1i1rcXa6Q5St41zl4rR+sk+crD4ZpGbyuR/fX\nN5kCAwEAAaOCAkowggJGMA4GA1UdDwEB/wQEAwIFoDATBgNVHSUEDDAKBggrBgEF\nBQcDATAMBgNVHRMBAf8EAjAAMB0GA1UdDgQWBBTg/AX2/DOAoa2KNsvxYEsvpJFq\nwjAfBgNVHSMEGDAWgBRAFS0mee0yIJ7fmnId1jIfgQyBDDAzBggrBgEFBQcBAQQn\nMCUwIwYIKwYBBQUHMAKGF2h0dHA6Ly95cjIuaS5sZW5jci5vcmcvMEkGA1UdEQRC\nMECCHyouYWN0aW9ucy5naXRodWJ1c2VyY29udGVudC5jb22CHWFjdGlvbnMuZ2l0\naHVidXNlcmNvbnRlbnQuY29tMBMGA1UdIAQMMAowCAYGZ4EMAQIBMC4GA1UdHwQn\nMCUwI6AhoB+GHWh0dHA6Ly95cjIuYy5sZW5jci5vcmcvMzIuY3JsMIIBCgYKKwYB\nBAHWeQIEAgSB+wSB+AD2AHUAlE5Dh/rswe+B8xkkJqgYZQHH0184AgE/cmd9VTcu\nGdgAAAGfTpV6cQAABAMARjBEAiBS22Z2IO1oT8L4v8D+d0YN/dsVHdzqQCM4vn2L\nG798MQIgejZKuz1ivuPzTTyXIyaVu6AKx5ixY53fTLK5LCdWNY0AfQCoJsvjCsY1\nEkZTP+Bl8U8Z2W4ZCBPEHdlteQCzEjxVJwAAAZ9OlXv4AAgAAAUAE3nukAQDAEYw\nRAIgYbrQvABCr7mN/VuNoT8QOwZtc3Gq6wsukU7RJiJ7GwECIE0a7+8T2TRDdIcn\nsoEXe9w8qgrXKqfygmSW//sG9G5lMA0GCSqGSIb3DQEBCwUAA4IBAQABsubA+7cv\n4WTCg6Jq4qJ8RKN4603ea9NdawmPWmCE5GwwXCewjJp5uGGMGGkV/ikrfjl4/jZu\nDfYcsk4UICH3HHiE8VRuSwNvsMPMoxMbfNwh4Mq76mxXun1hX713ThtPCu8PPAJA\nPwpQiJetMdl3RgAOAZJVnVmfkt+lGq4Bkh6HeEIMCmnws1Pg04kztE0HN5eUEowy\n6gCjJC1701Av0KEbXpsJwYU1fZXUj9/OYP0MRVZyHnP3gBhwJP0spb97TFLAhSlI\nInGg4TAiD8G19F54oDD/PIhLc2iLJtLLHZyCApt62egtwc/wjZHXE6guV4rvYCCR\nUPHKMiSTuaXS\n-----END CERTIFICATE-----\n",
                "is_ca": false,
                "issuer": "CN=YR2,O=Let's Encrypt,C=US",
                "max_path_length": -1,
                "not_after": "2026-10-08T23:32:15Z",
                "not_before": "2026-07-10T23:32:16Z",
                "public_key_algorithm": "RSA",
                "serial_number": "439787852290731903080740640972505259560735",
                "sha1_fingerprint": "227203b5317f3818cab5b5ce596132bf36748c0e",
                "signature_algorithm": "SHA256-RSA",
                "subject": "CN=*.actions.githubusercontent.com",
                "version": 3
              }
            ],
            "content": null,
            "id": "f14a3ee4f847b00a69e565d9b60917218c94d428",
            "url": "https://token.actions.githubusercontent.com/.well-known/openid-configuration",
            "verify_chain": true
          },
          "sensitive_attributes": [],
          "identity_schema_version": 0
        }
      ]
    },
    {
      "module": "module.oidc",
      "mode": "managed",
      "type": "aws_iam_openid_connect_provider",
      "name": "github_actions",
      "provider": "provider[\"registry.terraform.io/hashicorp/aws\"]",
      "instances": [
        {
          "schema_version": 0,
          "attributes": {
            "arn": "arn:aws:iam::662252246273:oidc-provider/token.actions.githubusercontent.com",
            "client_id_list": [
              "sts.amazonaws.com"
            ],
            "id": "arn:aws:iam::662252246273:oidc-provider/token.actions.githubusercontent.com",
            "tags": {
              "Name": "segat-oidc-github-actions"
            },
            "tags_all": {
              "Course": "Infraestructura-como-Codigo-UPAO",
              "Environment": "production",
              "ManagedBy": "Terraform",
              "Name": "segat-oidc-github-actions",
              "Project": "SEGAT"
            },
            "thumbprint_list": [
              "ab9d0263244dd0326eb67015705a667e79cfe998"
            ],
            "url": "token.actions.githubusercontent.com"
          },
          "sensitive_attributes": [],
          "identity_schema_version": 0,
          "private": "bnVsbA==",
          "dependencies": [
            "module.oidc.data.tls_certificate.github_actions"
          ]
        }
      ]
    },
    {
      "module": "module.oidc",
      "mode": "managed",
      "type": "aws_iam_role",
      "name": "github_actions_ecr_push",
      "provider": "provider[\"registry.terraform.io/hashicorp/aws\"]",
      "instances": [
        {
          "schema_version": 0,
          "attributes": {
            "arn": "arn:aws:iam::662252246273:role/segat-gha-ecr-push",
            "assume_role_policy": "{\"Statement\":[{\"Action\":\"sts:AssumeRoleWithWebIdentity\",\"Condition\":{\"StringEquals\":{\"token.actions.githubusercontent.com:aud\":\"sts.amazonaws.com\"},\"StringLike\":{\"token.actions.githubusercontent.com:sub\":\"repo:Angel14Salva/proyecto_final_iac:ref:refs/heads/main\"}},\"Effect\":\"Allow\",\"Principal\":{\"Federated\":\"arn:aws:iam::662252246273:oidc-provider/token.actions.githubusercontent.com\"}}],\"Version\":\"2012-10-17\"}",
            "create_date": "2026-07-13T01:32:01Z",
            "description": "",
            "force_detach_policies": false,
            "id": "segat-gha-ecr-push",
            "inline_policy": [],
            "managed_policy_arns": [],
            "max_session_duration": 3600,
            "name": "segat-gha-ecr-push",
            "name_prefix": "",
            "path": "/",
            "permissions_boundary": "",
            "tags": {
              "Name": "segat-role-gha-ecr-push"
            },
            "tags_all": {
              "Course": "Infraestructura-como-Codigo-UPAO",
              "Environment": "production",
              "ManagedBy": "Terraform",
              "Name": "segat-role-gha-ecr-push",
              "Project": "SEGAT"
            },
            "unique_id": "AROAZUMKPKUA5O4QQ562D"
          },
          "sensitive_attributes": [],
          "identity_schema_version": 0,
          "private": "bnVsbA==",
          "dependencies": [
            "module.oidc.aws_iam_openid_connect_provider.github_actions",
            "module.oidc.data.tls_certificate.github_actions"
          ]
        }
      ]
    },
    {
      "module": "module.oidc",
      "mode": "managed",
      "type": "aws_iam_role",
      "name": "github_actions_frontend_deploy",
      "provider": "provider[\"registry.terraform.io/hashicorp/aws\"]",
      "instances": [
        {
          "schema_version": 0,
          "attributes": {
            "arn": "arn:aws:iam::662252246273:role/segat-gha-frontend-deploy",
            "assume_role_policy": "{\"Statement\":[{\"Action\":\"sts:AssumeRoleWithWebIdentity\",\"Condition\":{\"StringEquals\":{\"token.actions.githubusercontent.com:aud\":\"sts.amazonaws.com\"},\"StringLike\":{\"token.actions.githubusercontent.com:sub\":\"repo:Angel14Salva/proyecto_final_iac:ref:refs/heads/main\"}},\"Effect\":\"Allow\",\"Principal\":{\"Federated\":\"arn:aws:iam::662252246273:oidc-provider/token.actions.githubusercontent.com\"}}],\"Version\":\"2012-10-17\"}",
            "create_date": "2026-07-13T01:32:01Z",
            "description": "",
            "force_detach_policies": false,
            "id": "segat-gha-frontend-deploy",
            "inline_policy": [],
            "managed_policy_arns": [],
            "max_session_duration": 3600,
            "name": "segat-gha-frontend-deploy",
            "name_prefix": "",
            "path": "/",
            "permissions_boundary": "",
            "tags": {
              "Name": "segat-role-gha-frontend-deploy"
            },
            "tags_all": {
              "Course": "Infraestructura-como-Codigo-UPAO",
              "Environment": "production",
              "ManagedBy": "Terraform",
              "Name": "segat-role-gha-frontend-deploy",
              "Project": "SEGAT"
            },
            "unique_id": "AROAZUMKPKUAXEGOFBXSB"
          },
          "sensitive_attributes": [],
          "identity_schema_version": 0,
          "private": "bnVsbA==",
          "dependencies": [
            "module.oidc.aws_iam_openid_connect_provider.github_actions",
            "module.oidc.data.tls_certificate.github_actions"
          ]
        }
      ]
    },
    {
      "module": "module.oidc",
      "mode": "managed",
      "type": "aws_iam_role_policy",
      "name": "github_actions_ecr_push",
      "provider": "provider[\"registry.terraform.io/hashicorp/aws\"]",
      "instances": [
        {
          "schema_version": 0,
          "attributes": {
            "id": "segat-gha-ecr-push:segat-gha-ecr-push-policy",
            "name": "segat-gha-ecr-push-policy",
            "name_prefix": "",
            "policy": "{\"Version\":\"2012-10-17\",\"Statement\":[{\"Action\":\"ecr:GetAuthorizationToken\",\"Effect\":\"Allow\",\"Resource\":\"*\",\"Sid\":\"EcrAuth\"},{\"Action\":[\"ecr:BatchCheckLayerAvailability\",\"ecr:InitiateLayerUpload\",\"ecr:UploadLayerPart\",\"ecr:CompleteLayerUpload\",\"ecr:PutImage\",\"ecr:BatchGetImage\"],\"Effect\":\"Allow\",\"Resource\":\"arn:aws:ecr:us-east-1:662252246273:repository/segat/backend\",\"Sid\":\"EcrPush\"}]}",
            "role": "segat-gha-ecr-push"
          },
          "sensitive_attributes": [],
          "identity_schema_version": 0,
          "private": "bnVsbA==",
          "dependencies": [
            "module.compute.aws_ecr_repository.segat_backend",
            "module.oidc.aws_iam_openid_connect_provider.github_actions",
            "module.oidc.aws_iam_role.github_actions_ecr_push",
            "module.oidc.data.tls_certificate.github_actions"
          ]
        }
      ]
    },
    {
      "module": "module.oidc",
      "mode": "managed",
      "type": "aws_iam_role_policy",
      "name": "github_actions_frontend_deploy",
      "provider": "provider[\"registry.terraform.io/hashicorp/aws\"]",
      "instances": [
        {
          "schema_version": 0,
          "attributes": {
            "id": "segat-gha-frontend-deploy:segat-gha-frontend-deploy-policy",
            "name": "segat-gha-frontend-deploy-policy",
            "name_prefix": "",
            "policy": "{\"Version\":\"2012-10-17\",\"Statement\":[{\"Action\":[\"s3:PutObject\",\"s3:GetObject\",\"s3:ListBucket\",\"s3:DeleteObject\"],\"Effect\":\"Allow\",\"Resource\":[\"arn:aws:s3:::segat-frontend-production-662252246273\",\"arn:aws:s3:::segat-frontend-production-662252246273/*\"],\"Sid\":\"S3SyncFrontend\"},{\"Action\":[\"cloudfront:CreateInvalidation\"],\"Effect\":\"Allow\",\"Resource\":\"arn:aws:cloudfront::662252246273:distribution/E2Y9ASPG2MPPIY\",\"Sid\":\"CloudFrontInvalidation\"}]}",
            "role": "segat-gha-frontend-deploy"
          },
          "sensitive_attributes": [],
          "identity_schema_version": 0,
          "private": "bnVsbA==",
          "dependencies": [
            "module.cdn.aws_cloudfront_distribution.main",
            "module.cdn.aws_cloudfront_origin_access_control.frontend",
            "module.cdn.aws_cloudfront_response_headers_policy.segat",
            "module.cdn.aws_s3_bucket.frontend",
            "module.cdn.data.aws_caller_identity.current",
            "module.certificates.aws_acm_certificate.main",
            "module.certificates.tls_private_key.main",
            "module.certificates.tls_self_signed_cert.main",
            "module.compute.aws_lb.external",
            "module.compute.aws_lb.internal",
            "module.compute.aws_s3_bucket.alb_logs",
            "module.compute.aws_s3_bucket_ownership_controls.alb_logs",
            "module.compute.aws_s3_bucket_policy.alb_logs",
            "module.compute.data.aws_caller_identity.current",
            "module.compute.data.aws_elb_service_account.main",
            "module.firewall.aws_wafv2_web_acl.cloudfront",
            "module.networking.aws_security_group.alb",
            "module.networking.aws_security_group.ecs_tasks",
            "module.networking.aws_subnet.private_a",
            "module.networking.aws_subnet.private_b",
            "module.networking.aws_subnet.public_a",
            "module.networking.aws_subnet.public_b",
            "module.networking.aws_vpc.main",
            "module.networking.data.aws_availability_zones.available",
            "module.oidc.aws_iam_openid_connect_provider.github_actions",
            "module.oidc.aws_iam_role.github_actions_frontend_deploy",
            "module.oidc.data.tls_certificate.github_actions"
          ]
        }
      ]
    },
    {
      "module": "module.security",
      "mode": "data",
      "type": "aws_caller_identity",
      "name": "current",
      "provider": "provider[\"registry.terraform.io/hashicorp/aws\"]",
      "instances": [
        {
          "schema_version": 0,
          "attributes": {
            "account_id": "662252246273",
            "arn": "arn:aws:iam::662252246273:root",
            "id": "662252246273",
            "user_id": "662252246273"
          },
          "sensitive_attributes": [],
          "identity_schema_version": 0
        }
      ]
    },
    {
      "module": "module.security",
      "mode": "managed",
      "type": "aws_iam_role",
      "name": "autoscaling_role",
      "provider": "provider[\"registry.terraform.io/hashicorp/aws\"]",
      "instances": [
        {
          "schema_version": 0,
          "attributes": {
            "arn": "arn:aws:iam::662252246273:role/segat-autoscaling-role",
            "assume_role_policy": "{\"Statement\":[{\"Action\":\"sts:AssumeRole\",\"Effect\":\"Allow\",\"Principal\":{\"Service\":\"application-autoscaling.amazonaws.com\"}}],\"Version\":\"2012-10-17\"}",
            "create_date": "2026-06-25T12:46:34Z",
            "description": "Permite a Auto Scaling ajustar las tareas ECS Fargate",
            "force_detach_policies": false,
            "id": "segat-autoscaling-role",
            "inline_policy": [],
            "managed_policy_arns": [
              "arn:aws:iam::aws:policy/service-role/AmazonEC2ContainerServiceAutoscaleRole"
            ],
            "max_session_duration": 3600,
            "name": "segat-autoscaling-role",
            "name_prefix": "",
            "path": "/",
            "permissions_boundary": "",
            "tags": {},
            "tags_all": {
              "Course": "Infraestructura-como-Codigo-UPAO",
              "Environment": "production",
              "ManagedBy": "Terraform",
              "Project": "SEGAT"
            },
            "unique_id": "AROAZUMKPKUAYQH67J77H"
          },
          "sensitive_attributes": [],
          "identity_schema_version": 0,
          "private": "bnVsbA=="
        }
      ]
    },
    {
      "module": "module.security",
      "mode": "managed",
      "type": "aws_iam_role",
      "name": "ecs_execution_role",
      "provider": "provider[\"registry.terraform.io/hashicorp/aws\"]",
      "instances": [
        {
          "schema_version": 0,
          "attributes": {
            "arn": "arn:aws:iam::662252246273:role/segat-ecs-execution-role",
            "assume_role_policy": "{\"Statement\":[{\"Action\":\"sts:AssumeRole\",\"Effect\":\"Allow\",\"Principal\":{\"Service\":\"ecs-tasks.amazonaws.com\"}}],\"Version\":\"2012-10-17\"}",
            "create_date": "2026-06-25T12:46:32Z",
            "description": "Permite a ECS Fargate descargar imagenes de ECR y enviar logs",
            "force_detach_policies": false,
            "id": "segat-ecs-execution-role",
            "inline_policy": [
              {
                "name": "segat-ecs-execution-secrets",
                "policy": "{\"Version\":\"2012-10-17\",\"Statement\":[{\"Action\":[\"secretsmanager:GetSecretValue\",\"ssm:GetParameters\"],\"Effect\":\"Allow\",\"Resource\":\"arn:aws:secretsmanager:*:*:secret:segat/*\"}]}"
              }
            ],
            "managed_policy_arns": [
              "arn:aws:iam::aws:policy/service-role/AmazonECSTaskExecutionRolePolicy"
            ],
            "max_session_duration": 3600,
            "name": "segat-ecs-execution-role",
            "name_prefix": "",
            "path": "/",
            "permissions_boundary": "",
            "tags": {},
            "tags_all": {
              "Course": "Infraestructura-como-Codigo-UPAO",
              "Environment": "production",
              "ManagedBy": "Terraform",
              "Project": "SEGAT"
            },
            "unique_id": "AROAZUMKPKUAW3DKQYFV6"
          },
          "sensitive_attributes": [],
          "identity_schema_version": 0,
          "private": "bnVsbA=="
        }
      ]
    },
    {
      "module": "module.security",
      "mode": "managed",
      "type": "aws_iam_role",
      "name": "ecs_task_role",
      "provider": "provider[\"registry.terraform.io/hashicorp/aws\"]",
      "instances": [
        {
          "schema_version": 0,
          "attributes": {
            "arn": "arn:aws:iam::662252246273:role/segat-ecs-task-role",
            "assume_role_policy": "{\"Statement\":[{\"Action\":\"sts:AssumeRole\",\"Effect\":\"Allow\",\"Principal\":{\"Service\":\"ecs-tasks.amazonaws.com\"}}],\"Version\":\"2012-10-17\"}",
            "create_date": "2026-06-25T12:46:32Z",
            "description": "Permisos del monolito SEGAT: SQS, S3, DynamoDB, Secrets",
            "force_detach_policies": false,
            "id": "segat-ecs-task-role",
            "inline_policy": [
              {
                "name": "segat-ecs-task-permissions",
                "policy": "{\"Version\":\"2012-10-17\",\"Statement\":[{\"Action\":[\"sqs:SendMessage\",\"sqs:ReceiveMessage\",\"sqs:DeleteMessage\",\"sqs:GetQueueAttributes\"],\"Effect\":\"Allow\",\"Resource\":\"arn:aws:sqs:*:*:segat-*\",\"Sid\":\"SQSAccess\"},{\"Action\":[\"s3:PutObject\",\"s3:GetObject\",\"s3:DeleteObject\"],\"Effect\":\"Allow\",\"Resource\":\"arn:aws:s3:::segat-reportes-*/*\",\"Sid\":\"S3ReportesAccess\"},{\"Action\":[\"dynamodb:PutItem\",\"dynamodb:GetItem\",\"dynamodb:UpdateItem\",\"dynamodb:Query\",\"dynamodb:Scan\"],\"Effect\":\"Allow\",\"Resource\":\"arn:aws:dynamodb:*:*:table/segat-*\",\"Sid\":\"DynamoDBAccess\"},{\"Action\":[\"sns:Publish\"],\"Effect\":\"Allow\",\"Resource\":\"arn:aws:sns:*:*:segat-*\",\"Sid\":\"SNSPublish\"},{\"Action\":[\"secretsmanager:GetSecretValue\"],\"Effect\":\"Allow\",\"Resource\":\"arn:aws:secretsmanager:*:*:secret:segat/*\",\"Sid\":\"SecretsAccess\"}]}"
              }
            ],
            "managed_policy_arns": [],
            "max_session_duration": 3600,
            "name": "segat-ecs-task-role",
            "name_prefix": "",
            "path": "/",
            "permissions_boundary": "",
            "tags": {},
            "tags_all": {
              "Course": "Infraestructura-como-Codigo-UPAO",
              "Environment": "production",
              "ManagedBy": "Terraform",
              "Project": "SEGAT"
            },
            "unique_id": "AROAZUMKPKUAUHBJHSHWJ"
          },
          "sensitive_attributes": [],
          "identity_schema_version": 0,
          "private": "bnVsbA=="
        }
      ]
    },
    {
      "module": "module.security",
      "mode": "managed",
      "type": "aws_iam_role",
      "name": "rds_monitoring",
      "provider": "provider[\"registry.terraform.io/hashicorp/aws\"]",
      "instances": [
        {
          "schema_version": 0,
          "attributes": {
            "arn": "arn:aws:iam::662252246273:role/segat-rds-monitoring-role",
            "assume_role_policy": "{\"Statement\":[{\"Action\":\"sts:AssumeRole\",\"Effect\":\"Allow\",\"Principal\":{\"Service\":\"monitoring.rds.amazonaws.com\"}}],\"Version\":\"2012-10-17\"}",
            "create_date": "2026-06-25T12:46:34Z",
            "description": "",
            "force_detach_policies": false,
            "id": "segat-rds-monitoring-role",
            "inline_policy": [],
            "managed_policy_arns": [
              "arn:aws:iam::aws:policy/service-role/AmazonRDSEnhancedMonitoringRole"
            ],
            "max_session_duration": 3600,
            "name": "segat-rds-monitoring-role",
            "name_prefix": "",
            "path": "/",
            "permissions_boundary": "",
            "tags": {},
            "tags_all": {
              "Course": "Infraestructura-como-Codigo-UPAO",
              "Environment": "production",
              "ManagedBy": "Terraform",
              "Project": "SEGAT"
            },
            "unique_id": "AROAZUMKPKUA7JRQ7XABR"
          },
          "sensitive_attributes": [],
          "identity_schema_version": 0,
          "private": "bnVsbA=="
        }
      ]
    },
    {
      "module": "module.security",
      "mode": "managed",
      "type": "aws_iam_role",
      "name": "s3_replication",
      "provider": "provider[\"registry.terraform.io/hashicorp/aws\"]",
      "instances": [
        {
          "schema_version": 0,
          "attributes": {
            "arn": "arn:aws:iam::662252246273:role/segat-s3-replication-role",
            "assume_role_policy": "{\"Statement\":[{\"Action\":\"sts:AssumeRole\",\"Effect\":\"Allow\",\"Principal\":{\"Service\":\"s3.amazonaws.com\"}}],\"Version\":\"2012-10-17\"}",
            "create_date": "2026-07-13T01:32:01Z",
            "description": "",
            "force_detach_policies": false,
            "id": "segat-s3-replication-role",
            "inline_policy": [],
            "managed_policy_arns": [],
            "max_session_duration": 3600,
            "name": "segat-s3-replication-role",
            "name_prefix": "",
            "path": "/",
            "permissions_boundary": "",
            "tags": {
              "Name": "segat-s3-replication-role"
            },
            "tags_all": {
              "Course": "Infraestructura-como-Codigo-UPAO",
              "Environment": "production",
              "ManagedBy": "Terraform",
              "Name": "segat-s3-replication-role",
              "Project": "SEGAT"
            },
            "unique_id": "AROAZUMKPKUA7CL6UYOPF"
          },
          "sensitive_attributes": [],
          "identity_schema_version": 0,
          "private": "bnVsbA=="
        }
      ]
    },
    {
      "module": "module.security",
      "mode": "managed",
      "type": "aws_iam_role_policy",
      "name": "ecs_execution_secrets",
      "provider": "provider[\"registry.terraform.io/hashicorp/aws\"]",
      "instances": [
        {
          "schema_version": 0,
          "attributes": {
            "id": "segat-ecs-execution-role:segat-ecs-execution-secrets",
            "name": "segat-ecs-execution-secrets",
            "name_prefix": "",
            "policy": "{\"Version\":\"2012-10-17\",\"Statement\":[{\"Action\":[\"secretsmanager:GetSecretValue\",\"ssm:GetParameters\"],\"Effect\":\"Allow\",\"Resource\":\"arn:aws:secretsmanager:*:*:secret:segat/*\",\"Sid\":\"SecretsManagerAccess\"},{\"Action\":[\"kms:Decrypt\"],\"Effect\":\"Allow\",\"Resource\":\"arn:aws:kms:us-east-1:662252246273:key/10d53338-5301-4618-993a-59f825cc7db1\",\"Sid\":\"KMSDecryptSecrets\"}]}",
            "role": "segat-ecs-execution-role"
          },
          "sensitive_attributes": [],
          "identity_schema_version": 0,
          "private": "bnVsbA==",
          "dependencies": [
            "module.security.aws_iam_role.ecs_execution_role",
            "module.security.aws_kms_key.secrets",
            "module.security.data.aws_caller_identity.current"
          ]
        }
      ]
    },
    {
      "module": "module.security",
      "mode": "managed",
      "type": "aws_iam_role_policy",
      "name": "ecs_task_permissions",
      "provider": "provider[\"registry.terraform.io/hashicorp/aws\"]",
      "instances": [
        {
          "schema_version": 0,
          "attributes": {
            "id": "segat-ecs-task-role:segat-ecs-task-permissions",
            "name": "segat-ecs-task-permissions",
            "name_prefix": "",
            "policy": "{\"Version\":\"2012-10-17\",\"Statement\":[{\"Action\":[\"sqs:SendMessage\",\"sqs:ReceiveMessage\",\"sqs:DeleteMessage\",\"sqs:GetQueueAttributes\"],\"Effect\":\"Allow\",\"Resource\":\"arn:aws:sqs:*:*:segat-*\",\"Sid\":\"SQSAccess\"},{\"Action\":[\"s3:PutObject\",\"s3:GetObject\",\"s3:DeleteObject\"],\"Effect\":\"Allow\",\"Resource\":\"arn:aws:s3:::segat-reportes-*/*\",\"Sid\":\"S3ReportesAccess\"},{\"Action\":[\"dynamodb:PutItem\",\"dynamodb:GetItem\",\"dynamodb:UpdateItem\",\"dynamodb:Query\",\"dynamodb:Scan\"],\"Effect\":\"Allow\",\"Resource\":\"arn:aws:dynamodb:*:*:table/segat-*\",\"Sid\":\"DynamoDBAccess\"},{\"Action\":[\"sns:Publish\"],\"Effect\":\"Allow\",\"Resource\":\"arn:aws:sns:*:*:segat-*\",\"Sid\":\"SNSPublish\"},{\"Action\":[\"secretsmanager:GetSecretValue\"],\"Effect\":\"Allow\",\"Resource\":\"arn:aws:secretsmanager:*:*:secret:segat/*\",\"Sid\":\"SecretsAccess\"}]}",
            "role": "segat-ecs-task-role"
          },
          "sensitive_attributes": [],
          "identity_schema_version": 0,
          "private": "bnVsbA==",
          "dependencies": [
            "module.security.aws_iam_role.ecs_task_role"
          ]
        }
      ]
    },
    {
      "module": "module.security",
      "mode": "managed",
      "type": "aws_iam_role_policy",
      "name": "s3_replication",
      "provider": "provider[\"registry.terraform.io/hashicorp/aws\"]",
      "instances": [
        {
          "schema_version": 0,
          "attributes": {
            "id": "segat-s3-replication-role:segat-s3-replication-policy",
            "name": "segat-s3-replication-policy",
            "name_prefix": "",
            "policy": "{\"Version\":\"2012-10-17\",\"Statement\":[{\"Action\":[\"s3:GetReplicationConfiguration\",\"s3:ListBucket\"],\"Effect\":\"Allow\",\"Resource\":[\"arn:aws:s3:::*\"]},{\"Action\":[\"s3:GetObjectVersionForReplication\",\"s3:GetObjectVersionAcl\",\"s3:GetObjectVersionTagging\"],\"Effect\":\"Allow\",\"Resource\":[\"arn:aws:s3:::*/*\"]},{\"Action\":[\"s3:ReplicateObject\",\"s3:ReplicateDelete\",\"s3:ReplicateTags\"],\"Effect\":\"Allow\",\"Resource\":[\"arn:aws:s3:::*/*\"]}]}",
            "role": "segat-s3-replication-role"
          },
          "sensitive_attributes": [],
          "identity_schema_version": 0,
          "private": "bnVsbA==",
          "dependencies": [
            "module.security.aws_iam_role.s3_replication"
          ]
        }
      ]
    },
    {
      "module": "module.security",
      "mode": "managed",
      "type": "aws_iam_role_policy_attachment",
      "name": "autoscaling_role_policy",
      "provider": "provider[\"registry.terraform.io/hashicorp/aws\"]",
      "instances": [
        {
          "schema_version": 0,
          "attributes": {
            "id": "segat-autoscaling-role-20260625124641706600000005",
            "policy_arn": "arn:aws:iam::aws:policy/service-role/AmazonEC2ContainerServiceAutoscaleRole",
            "role": "segat-autoscaling-role"
          },
          "sensitive_attributes": [],
          "identity_schema_version": 0,
          "private": "bnVsbA==",
          "dependencies": [
            "module.security.aws_iam_role.autoscaling_role"
          ]
        }
      ]
    },
    {
      "module": "module.security",
      "mode": "managed",
      "type": "aws_iam_role_policy_attachment",
      "name": "ecs_execution_role_policy",
      "provider": "provider[\"registry.terraform.io/hashicorp/aws\"]",
      "instances": [
        {
          "schema_version": 0,
          "attributes": {
            "id": "segat-ecs-execution-role-20260625124635734300000002",
            "policy_arn": "arn:aws:iam::aws:policy/service-role/AmazonECSTaskExecutionRolePolicy",
            "role": "segat-ecs-execution-role"
          },
          "sensitive_attributes": [],
          "identity_schema_version": 0,
          "private": "bnVsbA==",
          "dependencies": [
            "module.security.aws_iam_role.ecs_execution_role"
          ]
        }
      ]
    },
    {
      "module": "module.security",
      "mode": "managed",
      "type": "aws_iam_role_policy_attachment",
      "name": "rds_monitoring",
      "provider": "provider[\"registry.terraform.io/hashicorp/aws\"]",
      "instances": [
        {
          "schema_version": 0,
          "attributes": {
            "id": "segat-rds-monitoring-role-20260625124641845400000006",
            "policy_arn": "arn:aws:iam::aws:policy/service-role/AmazonRDSEnhancedMonitoringRole",
            "role": "segat-rds-monitoring-role"
          },
          "sensitive_attributes": [],
          "identity_schema_version": 0,
          "private": "bnVsbA==",
          "dependencies": [
            "module.security.aws_iam_role.rds_monitoring"
          ]
        }
      ]
    },
    {
      "module": "module.security",
      "mode": "managed",
      "type": "aws_kms_key",
      "name": "secrets",
      "provider": "provider[\"registry.terraform.io/hashicorp/aws\"]",
      "instances": [
        {
          "schema_version": 0,
          "attributes": {
            "arn": "arn:aws:kms:us-east-1:662252246273:key/10d53338-5301-4618-993a-59f825cc7db1",
            "bypass_policy_lockout_safety_check": false,
            "custom_key_store_id": "",
            "customer_master_key_spec": "SYMMETRIC_DEFAULT",
            "deletion_window_in_days": 7,
            "description": "KMS CMK para Secrets Manager y CloudTrail del proyecto SEGAT",
            "enable_key_rotation": true,
            "id": "10d53338-5301-4618-993a-59f825cc7db1",
            "is_enabled": true,
            "key_id": "10d53338-5301-4618-993a-59f825cc7db1",
            "key_usage": "ENCRYPT_DECRYPT",
            "multi_region": false,
            "policy": "{\"Statement\":[{\"Action\":\"kms:*\",\"Effect\":\"Allow\",\"Principal\":{\"AWS\":\"arn:aws:iam::662252246273:root\"},\"Resource\":\"*\",\"Sid\":\"Enable IAM User Permissions\"},{\"Action\":[\"kms:GenerateDataKey\",\"kms:Decrypt\"],\"Effect\":\"Allow\",\"Principal\":{\"Service\":\"secretsmanager.amazonaws.com\"},\"Resource\":\"*\",\"Sid\":\"Allow Secrets Manager\"},{\"Action\":[\"kms:Encrypt*\",\"kms:Decrypt*\",\"kms:ReEncrypt*\",\"kms:GenerateDataKey*\",\"kms:Describe*\"],\"Effect\":\"Allow\",\"Principal\":{\"Service\":\"logs.us-east-1.amazonaws.com\"},\"Resource\":\"*\",\"Sid\":\"Allow CloudWatch Logs\"},{\"Action\":[\"kms:Encrypt*\",\"kms:Decrypt*\",\"kms:ReEncrypt*\",\"kms:GenerateDataKey*\",\"kms:Describe*\"],\"Effect\":\"Allow\",\"Principal\":{\"Service\":\"cloudtrail.amazonaws.com\"},\"Resource\":\"*\",\"Sid\":\"Allow CloudTrail\"}],\"Version\":\"2012-10-17\"}",
            "rotation_period_in_days": 365,
            "tags": {
              "Name": "segat-kms-secrets"
            },
            "tags_all": {
              "Course": "Infraestructura-como-Codigo-UPAO",
              "Environment": "production",
              "ManagedBy": "Terraform",
              "Name": "segat-kms-secrets",
              "Project": "SEGAT"
            },
            "timeouts": null,
            "xks_key_id": ""
          },
          "sensitive_attributes": [],
          "identity_schema_version": 0,
          "private": "eyJlMmJmYjczMC1lY2FhLTExZTYtOGY4OC0zNDM2M2JjN2M0YzAiOnsiY3JlYXRlIjoxMjAwMDAwMDAwMDB9fQ==",
          "dependencies": [
            "module.security.data.aws_caller_identity.current"
          ]
        }
      ]
    },
    {
      "module": "module.security",
      "mode": "managed",
      "type": "aws_secretsmanager_secret",
      "name": "cloudinary",
      "provider": "provider[\"registry.terraform.io/hashicorp/aws\"]",
      "instances": [
        {
          "schema_version": 0,
          "attributes": {
            "arn": "arn:aws:secretsmanager:us-east-1:662252246273:secret:segat/cloudinary-udYNrl",
            "description": "Credenciales de Cloudinary para el proyecto SEGAT",
            "force_overwrite_replica_secret": false,
            "id": "arn:aws:secretsmanager:us-east-1:662252246273:secret:segat/cloudinary-udYNrl",
            "kms_key_id": "arn:aws:kms:us-east-1:662252246273:key/10d53338-5301-4618-993a-59f825cc7db1",
            "name": "segat/cloudinary",
            "name_prefix": "",
            "policy": "",
            "recovery_window_in_days": 30,
            "replica": [],
            "tags": {
              "Name": "segat-secret-cloudinary"
            },
            "tags_all": {
              "Course": "Infraestructura-como-Codigo-UPAO",
              "Environment": "production",
              "ManagedBy": "Terraform",
              "Name": "segat-secret-cloudinary",
              "Project": "SEGAT"
            }
          },
          "sensitive_attributes": [],
          "identity_schema_version": 0,
          "private": "bnVsbA==",
          "dependencies": [
            "module.security.aws_kms_key.secrets",
            "module.security.data.aws_caller_identity.current"
          ]
        }
      ]
    },
    {
      "module": "module.security",
      "mode": "managed",
      "type": "aws_secretsmanager_secret",
      "name": "db_credentials",
      "provider": "provider[\"registry.terraform.io/hashicorp/aws\"]",
      "instances": [
        {
          "schema_version": 0,
          "attributes": {
            "arn": "arn:aws:secretsmanager:us-east-1:662252246273:secret:segat/rds/credentials-hp6ZDG",
            "description": "Credenciales de RDS PostgreSQL para el monolito SEGAT",
            "force_overwrite_replica_secret": false,
            "id": "arn:aws:secretsmanager:us-east-1:662252246273:secret:segat/rds/credentials-hp6ZDG",
            "kms_key_id": "arn:aws:kms:us-east-1:662252246273:key/10d53338-5301-4618-993a-59f825cc7db1",
            "name": "segat/rds/credentials",
            "name_prefix": "",
            "policy": "",
            "recovery_window_in_days": 7,
            "replica": [],
            "tags": {
              "Name": "segat-secret-rds"
            },
            "tags_all": {
              "Course": "Infraestructura-como-Codigo-UPAO",
              "Environment": "production",
              "ManagedBy": "Terraform",
              "Name": "segat-secret-rds",
              "Project": "SEGAT"
            }
          },
          "sensitive_attributes": [],
          "identity_schema_version": 0,
          "private": "bnVsbA==",
          "dependencies": [
            "module.security.aws_kms_key.secrets",
            "module.security.data.aws_caller_identity.current"
          ]
        }
      ]
    },
    {
      "module": "module.security",
      "mode": "managed",
      "type": "aws_secretsmanager_secret",
      "name": "jwt",
      "provider": "provider[\"registry.terraform.io/hashicorp/aws\"]",
      "instances": [
        {
          "schema_version": 0,
          "attributes": {
            "arn": "arn:aws:secretsmanager:us-east-1:662252246273:secret:segat/jwt-vf3LLT",
            "description": "Secretos JWT para autenticacion del proyecto SEGAT",
            "force_overwrite_replica_secret": false,
            "id": "arn:aws:secretsmanager:us-east-1:662252246273:secret:segat/jwt-vf3LLT",
            "kms_key_id": "arn:aws:kms:us-east-1:662252246273:key/10d53338-5301-4618-993a-59f825cc7db1",
            "name": "segat/jwt",
            "name_prefix": "",
            "policy": "",
            "recovery_window_in_days": 30,
            "replica": [],
            "tags": {
              "Name": "segat-secret-jwt"
            },
            "tags_all": {
              "Course": "Infraestructura-como-Codigo-UPAO",
              "Environment": "production",
              "ManagedBy": "Terraform",
              "Name": "segat-secret-jwt",
              "Project": "SEGAT"
            }
          },
          "sensitive_attributes": [],
          "identity_schema_version": 0,
          "private": "bnVsbA==",
          "dependencies": [
            "module.security.aws_kms_key.secrets",
            "module.security.data.aws_caller_identity.current"
          ]
        }
      ]
    },
    {
      "module": "module.security",
      "mode": "managed",
      "type": "aws_secretsmanager_secret",
      "name": "n8n",
      "provider": "provider[\"registry.terraform.io/hashicorp/aws\"]",
      "instances": [
        {
          "schema_version": 0,
          "attributes": {
            "arn": "arn:aws:secretsmanager:us-east-1:662252246273:secret:segat/n8n-aJD8x6",
            "description": "Webhooks de n8n para el proyecto SEGAT",
            "force_overwrite_replica_secret": false,
            "id": "arn:aws:secretsmanager:us-east-1:662252246273:secret:segat/n8n-aJD8x6",
            "kms_key_id": "arn:aws:kms:us-east-1:662252246273:key/10d53338-5301-4618-993a-59f825cc7db1",
            "name": "segat/n8n",
            "name_prefix": "",
            "policy": "",
            "recovery_window_in_days": 30,
            "replica": [],
            "tags": {
              "Name": "segat-secret-n8n"
            },
            "tags_all": {
              "Course": "Infraestructura-como-Codigo-UPAO",
              "Environment": "production",
              "ManagedBy": "Terraform",
              "Name": "segat-secret-n8n",
              "Project": "SEGAT"
            }
          },
          "sensitive_attributes": [],
          "identity_schema_version": 0,
          "private": "bnVsbA==",
          "dependencies": [
            "module.security.aws_kms_key.secrets",
            "module.security.data.aws_caller_identity.current"
          ]
        }
      ]
    },
    {
      "module": "module.security",
      "mode": "managed",
      "type": "aws_secretsmanager_secret_rotation",
      "name": "cloudinary",
      "provider": "provider[\"registry.terraform.io/hashicorp/aws\"]",
      "instances": []
    },
    {
      "module": "module.security",
      "mode": "managed",
      "type": "aws_secretsmanager_secret_rotation",
      "name": "db_credentials",
      "provider": "provider[\"registry.terraform.io/hashicorp/aws\"]",
      "instances": []
    },
    {
      "module": "module.security",
      "mode": "managed",
      "type": "aws_secretsmanager_secret_rotation",
      "name": "jwt",
      "provider": "provider[\"registry.terraform.io/hashicorp/aws\"]",
      "instances": []
    },
    {
      "module": "module.security",
      "mode": "managed",
      "type": "aws_secretsmanager_secret_rotation",
      "name": "n8n",
      "provider": "provider[\"registry.terraform.io/hashicorp/aws\"]",
      "instances": []
    },
    {
      "module": "module.vpc_link",
      "mode": "managed",
      "type": "aws_api_gateway_vpc_link",
      "name": "internal",
      "provider": "provider[\"registry.terraform.io/hashicorp/aws\"]",
      "instances": [
        {
          "schema_version": 0,
          "attributes": {
            "arn": "arn:aws:apigateway:us-east-1::/vpclinks/6kcoi4",
            "description": "Conecta API Gateway con el ALB interno via el NLB de arriba",
            "id": "6kcoi4",
            "name": "segat-vpc-link-internal",
            "tags": null,
            "tags_all": {
              "Course": "Infraestructura-como-Codigo-UPAO",
              "Environment": "production",
              "ManagedBy": "Terraform",
              "Project": "SEGAT"
            },
            "target_arns": [
              "arn:aws:elasticloadbalancing:us-east-1:662252246273:loadbalancer/net/segat-nlb-internal/f459968b47dd3842"
            ]
          },
          "sensitive_attributes": [],
          "identity_schema_version": 0,
          "private": "bnVsbA==",
          "dependencies": [
            "module.compute.aws_s3_bucket.alb_logs",
            "module.compute.data.aws_caller_identity.current",
            "module.networking.aws_subnet.private_a",
            "module.networking.aws_subnet.private_b",
            "module.networking.aws_vpc.main",
            "module.networking.data.aws_availability_zones.available",
            "module.vpc_link.aws_lb.internal_nlb",
            "module.vpc_link.aws_security_group.internal_nlb"
          ],
          "create_before_destroy": true
        }
      ]
    },
    {
      "module": "module.vpc_link",
      "mode": "managed",
      "type": "aws_lb",
      "name": "internal_nlb",
      "provider": "provider[\"registry.terraform.io/hashicorp/aws\"]",
      "instances": [
        {
          "schema_version": 0,
          "attributes": {
            "access_logs": [
              {
                "bucket": "segat-alb-logs-production-662252246273",
                "enabled": true,
                "prefix": "alb-internal-nlb"
              }
            ],
            "arn": "arn:aws:elasticloadbalancing:us-east-1:662252246273:loadbalancer/net/segat-nlb-internal/f459968b47dd3842",
            "arn_suffix": "net/segat-nlb-internal/f459968b47dd3842",
            "client_keep_alive": null,
            "connection_logs": [],
            "customer_owned_ipv4_pool": "",
            "desync_mitigation_mode": null,
            "dns_name": "segat-nlb-internal-f459968b47dd3842.elb.us-east-1.amazonaws.com",
            "dns_record_client_routing_policy": "any_availability_zone",
            "drop_invalid_header_fields": null,
            "enable_cross_zone_load_balancing": true,
            "enable_deletion_protection": true,
            "enable_http2": null,
            "enable_tls_version_and_cipher_suite_headers": null,
            "enable_waf_fail_open": null,
            "enable_xff_client_port": null,
            "enable_zonal_shift": false,
            "enforce_security_group_inbound_rules_on_private_link_traffic": "",
            "id": "arn:aws:elasticloadbalancing:us-east-1:662252246273:loadbalancer/net/segat-nlb-internal/f459968b47dd3842",
            "idle_timeout": null,
            "internal": true,
            "ip_address_type": "ipv4",
            "ipam_pools": [],
            "load_balancer_type": "network",
            "minimum_load_balancer_capacity": [],
            "name": "segat-nlb-internal",
            "name_prefix": "",
            "preserve_host_header": null,
            "security_groups": [
              "sg-0adfaad0ba9fc3213"
            ],
            "subnet_mapping": [
              {
                "allocation_id": "",
                "ipv6_address": "",
                "outpost_id": "",
                "private_ipv4_address": "",
                "subnet_id": "subnet-06d218ba91475ea48"
              },
              {
                "allocation_id": "",
                "ipv6_address": "",
                "outpost_id": "",
                "private_ipv4_address": "",
                "subnet_id": "subnet-0fb783e59f99f9e85"
              }
            ],
            "subnets": [
              "subnet-06d218ba91475ea48",
              "subnet-0fb783e59f99f9e85"
            ],
            "tags": {
              "Name": "segat-nlb-internal"
            },
            "tags_all": {
              "Course": "Infraestructura-como-Codigo-UPAO",
              "Environment": "production",
              "ManagedBy": "Terraform",
              "Name": "segat-nlb-internal",
              "Project": "SEGAT"
            },
            "timeouts": null,
            "vpc_id": "vpc-063e4fc1b0a245bf4",
            "xff_header_processing_mode": null,
            "zone_id": "Z26RNL4JYFTOTI"
          },
          "sensitive_attributes": [],
          "identity_schema_version": 0,
          "private": "eyJlMmJmYjczMC1lY2FhLTExZTYtOGY4OC0zNDM2M2JjN2M0YzAiOnsiY3JlYXRlIjo2MDAwMDAwMDAwMDAsImRlbGV0ZSI6NjAwMDAwMDAwMDAwLCJ1cGRhdGUiOjYwMDAwMDAwMDAwMH19",
          "dependencies": [
            "module.compute.aws_s3_bucket.alb_logs",
            "module.compute.data.aws_caller_identity.current",
            "module.networking.aws_subnet.private_a",
            "module.networking.aws_subnet.private_b",
            "module.networking.aws_vpc.main",
            "module.networking.data.aws_availability_zones.available",
            "module.vpc_link.aws_security_group.internal_nlb"
          ],
          "create_before_destroy": true
        }
      ]
    },
    {
      "module": "module.vpc_link",
      "mode": "managed",
      "type": "aws_lb_listener",
      "name": "internal_nlb",
      "provider": "provider[\"registry.terraform.io/hashicorp/aws\"]",
      "instances": [
        {
          "schema_version": 0,
          "attributes": {
            "alpn_policy": null,
            "arn": "arn:aws:elasticloadbalancing:us-east-1:662252246273:listener/net/segat-nlb-internal/f459968b47dd3842/6462fd538fdd83a4",
            "certificate_arn": null,
            "default_action": [
              {
                "authenticate_cognito": [],
                "authenticate_oidc": [],
                "fixed_response": [],
                "forward": [],
                "order": 1,
                "redirect": [],
                "target_group_arn": "arn:aws:elasticloadbalancing:us-east-1:662252246273:targetgroup/segat-tg-nlb-to-alb/8ffbfe418e8d4b9f",
                "type": "forward"
              }
            ],
            "id": "arn:aws:elasticloadbalancing:us-east-1:662252246273:listener/net/segat-nlb-internal/f459968b47dd3842/6462fd538fdd83a4",
            "load_balancer_arn": "arn:aws:elasticloadbalancing:us-east-1:662252246273:loadbalancer/net/segat-nlb-internal/f459968b47dd3842",
            "mutual_authentication": [],
            "port": 443,
            "protocol": "TCP",
            "routing_http_request_x_amzn_mtls_clientcert_header_name": null,
            "routing_http_request_x_amzn_mtls_clientcert_issuer_header_name": null,
            "routing_http_request_x_amzn_mtls_clientcert_leaf_header_name": null,
            "routing_http_request_x_amzn_mtls_clientcert_serial_number_header_name": null,
            "routing_http_request_x_amzn_mtls_clientcert_subject_header_name": null,
            "routing_http_request_x_amzn_mtls_clientcert_validity_header_name": null,
            "routing_http_request_x_amzn_tls_cipher_suite_header_name": null,
            "routing_http_request_x_amzn_tls_version_header_name": null,
            "routing_http_response_access_control_allow_credentials_header_value": null,
            "routing_http_response_access_control_allow_headers_header_value": null,
            "routing_http_response_access_control_allow_methods_header_value": null,
            "routing_http_response_access_control_allow_origin_header_value": null,
            "routing_http_response_access_control_expose_headers_header_value": null,
            "routing_http_response_access_control_max_age_header_value": null,
            "routing_http_response_content_security_policy_header_value": null,
            "routing_http_response_server_enabled": null,
            "routing_http_response_strict_transport_security_header_value": null,
            "routing_http_response_x_content_type_options_header_value": null,
            "routing_http_response_x_frame_options_header_value": null,
            "ssl_policy": "",
            "tags": null,
            "tags_all": {
              "Course": "Infraestructura-como-Codigo-UPAO",
              "Environment": "production",
              "ManagedBy": "Terraform",
              "Project": "SEGAT"
            },
            "tcp_idle_timeout_seconds": 350,
            "timeouts": null
          },
          "sensitive_attributes": [],
          "identity_schema_version": 0,
          "private": "eyJlMmJmYjczMC1lY2FhLTExZTYtOGY4OC0zNDM2M2JjN2M0YzAiOnsiY3JlYXRlIjozMDAwMDAwMDAwMDAsInVwZGF0ZSI6MzAwMDAwMDAwMDAwfX0=",
          "dependencies": [
            "module.compute.aws_s3_bucket.alb_logs",
            "module.compute.data.aws_caller_identity.current",
            "module.networking.aws_subnet.private_a",
            "module.networking.aws_subnet.private_b",
            "module.networking.aws_vpc.main",
            "module.networking.data.aws_availability_zones.available",
            "module.vpc_link.aws_lb.internal_nlb",
            "module.vpc_link.aws_lb_target_group.internal_nlb",
            "module.vpc_link.aws_security_group.internal_nlb"
          ]
        }
      ]
    },
    {
      "module": "module.vpc_link",
      "mode": "managed",
      "type": "aws_lb_target_group",
      "name": "internal_nlb",
      "provider": "provider[\"registry.terraform.io/hashicorp/aws\"]",
      "instances": [
        {
          "schema_version": 0,
          "attributes": {
            "arn": "arn:aws:elasticloadbalancing:us-east-1:662252246273:targetgroup/segat-tg-nlb-to-alb/8ffbfe418e8d4b9f",
            "arn_suffix": "targetgroup/segat-tg-nlb-to-alb/8ffbfe418e8d4b9f",
            "connection_termination": null,
            "deregistration_delay": "300",
            "health_check": [
              {
                "enabled": true,
                "healthy_threshold": 3,
                "interval": 30,
                "matcher": "200",
                "path": "/actuator/health",
                "port": "443",
                "protocol": "HTTPS",
                "timeout": 10,
                "unhealthy_threshold": 3
              }
            ],
            "id": "arn:aws:elasticloadbalancing:us-east-1:662252246273:targetgroup/segat-tg-nlb-to-alb/8ffbfe418e8d4b9f",
            "ip_address_type": "ipv4",
            "lambda_multi_value_headers_enabled": false,
            "load_balancer_arns": [],
            "load_balancing_algorithm_type": null,
            "load_balancing_anomaly_mitigation": null,
            "load_balancing_cross_zone_enabled": null,
            "name": "segat-tg-nlb-to-alb",
            "name_prefix": "",
            "port": 443,
            "preserve_client_ip": null,
            "protocol": "TCP",
            "protocol_version": null,
            "proxy_protocol_v2": false,
            "slow_start": 0,
            "stickiness": [
              {
                "cookie_duration": 0,
                "cookie_name": "",
                "enabled": false,
                "type": "source_ip"
              }
            ],
            "tags": {
              "Name": "segat-tg-nlb-to-alb"
            },
            "tags_all": {
              "Course": "Infraestructura-como-Codigo-UPAO",
              "Environment": "production",
              "ManagedBy": "Terraform",
              "Name": "segat-tg-nlb-to-alb",
              "Project": "SEGAT"
            },
            "target_failover": [
              {
                "on_deregistration": null,
                "on_unhealthy": null
              }
            ],
            "target_group_health": [
              {
                "dns_failover": [
                  {
                    "minimum_healthy_targets_count": "1",
                    "minimum_healthy_targets_percentage": "off"
                  }
                ],
                "unhealthy_state_routing": [
                  {
                    "minimum_healthy_targets_count": 1,
                    "minimum_healthy_targets_percentage": "off"
                  }
                ]
              }
            ],
            "target_health_state": [
              {
                "enable_unhealthy_connection_termination": null,
                "unhealthy_draining_interval": null
              }
            ],
            "target_type": "alb",
            "vpc_id": "vpc-063e4fc1b0a245bf4"
          },
          "sensitive_attributes": [],
          "identity_schema_version": 0,
          "private": "bnVsbA==",
          "dependencies": [
            "module.networking.aws_vpc.main"
          ]
        }
      ]
    },
    {
      "module": "module.vpc_link",
      "mode": "managed",
      "type": "aws_security_group",
      "name": "internal_nlb",
      "provider": "provider[\"registry.terraform.io/hashicorp/aws\"]",
      "instances": [
        {
          "schema_version": 1,
          "attributes": {
            "arn": "arn:aws:ec2:us-east-1:662252246273:security-group/sg-0adfaad0ba9fc3213",
            "description": "Trafico hacia el NLB que conecta API Gateway (VPC Link) con el ALB interno",
            "egress": [
              {
                "cidr_blocks": [
                  "10.0.0.0/16"
                ],
                "description": "Salida hacia el ALB interno",
                "from_port": 443,
                "ipv6_cidr_blocks": [],
                "prefix_list_ids": [],
                "protocol": "tcp",
                "security_groups": [],
                "self": false,
                "to_port": 443
              }
            ],
            "id": "sg-0adfaad0ba9fc3213",
            "ingress": [
              {
                "cidr_blocks": [
                  "10.0.0.0/16"
                ],
                "description": "HTTPS desde la VPC (ENIs administradas por API Gateway VPC Link)",
                "from_port": 443,
                "ipv6_cidr_blocks": [],
                "prefix_list_ids": [],
                "protocol": "tcp",
                "security_groups": [],
                "self": false,
                "to_port": 443
              }
            ],
            "name": "segat-sg-internal-nlb",
            "name_prefix": "",
            "owner_id": "662252246273",
            "revoke_rules_on_delete": false,
            "tags": {
              "Name": "segat-sg-internal-nlb"
            },
            "tags_all": {
              "Course": "Infraestructura-como-Codigo-UPAO",
              "Environment": "production",
              "ManagedBy": "Terraform",
              "Name": "segat-sg-internal-nlb",
              "Project": "SEGAT"
            },
            "timeouts": null,
            "vpc_id": "vpc-063e4fc1b0a245bf4"
          },
          "sensitive_attributes": [],
          "identity_schema_version": 0,
          "private": "eyJlMmJmYjczMC1lY2FhLTExZTYtOGY4OC0zNDM2M2JjN2M0YzAiOnsiY3JlYXRlIjo2MDAwMDAwMDAwMDAsImRlbGV0ZSI6OTAwMDAwMDAwMDAwfSwic2NoZW1hX3ZlcnNpb24iOiIxIn0=",
          "dependencies": [
            "module.networking.aws_vpc.main"
          ],
          "create_before_destroy": true
        }
      ]
    },
    {
      "module": "module.vpc_link",
      "mode": "managed",
      "type": "aws_security_group_rule",
      "name": "internal_alb_from_nlb",
      "provider": "provider[\"registry.terraform.io/hashicorp/aws\"]",
      "instances": [
        {
          "schema_version": 2,
          "attributes": {
            "cidr_blocks": null,
            "description": "HTTPS desde el NLB del VPC Link (API Gateway)",
            "from_port": 443,
            "id": "sgrule-1189812775",
            "ipv6_cidr_blocks": null,
            "prefix_list_ids": null,
            "protocol": "tcp",
            "security_group_id": "sg-03cf69d006f5c552f",
            "security_group_rule_id": "sgr-0a149c0bd77b73deb",
            "self": false,
            "source_security_group_id": "sg-0adfaad0ba9fc3213",
            "timeouts": null,
            "to_port": 443,
            "type": "ingress"
          },
          "sensitive_attributes": [],
          "identity_schema_version": 0,
          "private": "eyJlMmJmYjczMC1lY2FhLTExZTYtOGY4OC0zNDM2M2JjN2M0YzAiOnsiY3JlYXRlIjozMDAwMDAwMDAwMDB9LCJzY2hlbWFfdmVyc2lvbiI6IjIifQ==",
          "dependencies": [
            "module.networking.aws_security_group.alb",
            "module.networking.aws_security_group.ecs_tasks",
            "module.networking.aws_vpc.main",
            "module.vpc_link.aws_security_group.internal_nlb"
          ]
        }
      ]
    }
  ],
  "check_results": null
}
