{
  "version": 4,
  "terraform_version": "1.15.7",
  "serial": 319,
  "lineage": "f8b82c38-5a04-9ab6-8121-c4a85a0ebe34",
  "outputs": {
    "alb_external_dns": {
      "value": "segat-alb-external-1704477576.us-east-1.elb.amazonaws.com",
      "type": "string"
    },
    "dynamodb_gps_table": {
      "value": "segat-gps-locations",
      "type": "string"
    },
    "ecr_repository_url": {
      "value": "662252246273.dkr.ecr.us-east-1.amazonaws.com/segat/backend",
      "type": "string"
    },
    "ecs_cluster_name": {
      "value": "segat-cluster",
      "type": "string"
    },
    "rds_endpoint": {
      "value": "segat-postgresql.c05eogcawt6f.us-east-1.rds.amazonaws.com",
      "type": "string",
      "sensitive": true
    },
    "redis_primary_endpoint": {
      "value": "segat-redis.9taubs.0001.use1.cache.amazonaws.com",
      "type": "string",
      "sensitive": true
    },
    "s3_reportes_bucket": {
      "value": "segat-reportes-fotos-production",
      "type": "string"
    },
    "sqs_notificaciones_url": {
      "value": "https://sqs.us-east-1.amazonaws.com/662252246273/segat-cola-notificaciones",
      "type": "string"
    },
    "sqs_reportes_url": {
      "value": "https://sqs.us-east-1.amazonaws.com/662252246273/segat-cola-reportes",
      "type": "string"
    },
    "vpc_id": {
      "value": "vpc-063e4fc1b0a245bf4",
      "type": "string"
    }
  },
  "resources": [
    {
      "mode": "data",
      "type": "aws_availability_zones",
      "name": "available",
      "provider": "provider[\"registry.terraform.io/hashicorp/aws\"]",
      "instances": [
        {
          "schema_version": 0,
          "attributes": {
            "all_availability_zones": null,
            "exclude_names": null,
            "exclude_zone_ids": null,
            "filter": null,
            "group_names": [
              "us-east-1-zg-1"
            ],
            "id": "us-east-1",
            "names": [
              "us-east-1a",
              "us-east-1b",
              "us-east-1c",
              "us-east-1d",
              "us-east-1e",
              "us-east-1f"
            ],
            "state": "available",
            "timeouts": null,
            "zone_ids": [
              "use1-az1",
              "use1-az2",
              "use1-az4",
              "use1-az6",
              "use1-az3",
              "use1-az5"
            ]
          },
          "sensitive_attributes": [],
          "identity_schema_version": 0
        }
      ]
    },
    {
      "mode": "data",
      "type": "aws_caller_identity",
      "name": "current",
      "provider": "provider[\"registry.terraform.io/hashicorp/aws\"]",
      "instances": [
        {
          "schema_version": 0,
          "attributes": {
            "account_id": "662252246273",
            "arn": "arn:aws:iam::662252246273:root",
            "id": "662252246273",
            "user_id": "662252246273"
          },
          "sensitive_attributes": [],
          "identity_schema_version": 0
        }
      ]
    },
    {
      "mode": "data",
      "type": "aws_elb_service_account",
      "name": "main",
      "provider": "provider[\"registry.terraform.io/hashicorp/aws\"]",
      "instances": [
        {
          "schema_version": 0,
          "attributes": {
            "arn": "arn:aws:iam::127311923021:root",
            "id": "127311923021",
            "region": null
          },
          "sensitive_attributes": [],
          "identity_schema_version": 0
        }
      ]
    },
    {
      "mode": "data",
      "type": "aws_kms_key",
      "name": "rds",
      "provider": "provider[\"registry.terraform.io/hashicorp/aws\"]",
      "instances": [
        {
          "schema_version": 0,
          "attributes": {
            "arn": "arn:aws:kms:us-east-1:662252246273:key/93275d20-19dd-4691-88b4-41bc436d4e3f",
            "aws_account_id": "662252246273",
            "cloud_hsm_cluster_id": "",
            "creation_date": "2026-06-11T04:35:20Z",
            "custom_key_store_id": "",
            "customer_master_key_spec": "SYMMETRIC_DEFAULT",
            "deletion_date": null,
            "description": "Default key that protects my RDS database volumes when no other key is defined",
            "enabled": true,
            "expiration_model": "",
            "grant_tokens": null,
            "id": "93275d20-19dd-4691-88b4-41bc436d4e3f",
            "key_id": "alias/aws/rds",
            "key_manager": "AWS",
            "key_spec": "SYMMETRIC_DEFAULT",
            "key_state": "Enabled",
            "key_usage": "ENCRYPT_DECRYPT",
            "multi_region": false,
            "multi_region_configuration": [],
            "origin": "AWS_KMS",
            "pending_deletion_window_in_days": 0,
            "valid_to": null,
            "xks_key_configuration": []
          },
          "sensitive_attributes": [],
          "identity_schema_version": 0
        }
      ]
    },
    {
      "mode": "managed",
      "type": "aws_s3_bucket_public_access_block",
      "name": "cloudtrail_logs",
      "provider": "provider[\"registry.terraform.io/hashicorp/aws\"]",
      "instances": [
        {
          "schema_version": 0,
          "attributes": {
            "block_public_acls": true,
            "block_public_policy": true,
            "bucket": "segat-cloudtrail-logs-production",
            "id": "segat-cloudtrail-logs-production",
            "ignore_public_acls": true,
            "restrict_public_buckets": true
          },
          "sensitive_attributes": [],
          "identity_schema_version": 0,
          "private": "bnVsbA==",
          "dependencies": [
            "aws_s3_bucket.cloudtrail_logs"
          ]
        }
      ]
    },
    {
      "mode": "managed",
      "type": "aws_s3_bucket_server_side_encryption_configuration",
      "name": "cloudtrail_logs",
      "provider": "provider[\"registry.terraform.io/hashicorp/aws\"]",
      "instances": [
        {
          "schema_version": 0,
          "attributes": {
            "bucket": "segat-cloudtrail-logs-production",
            "expected_bucket_owner": "",
            "id": "segat-cloudtrail-logs-production",
            "rule": [
              {
                "apply_server_side_encryption_by_default": [
                  {
                    "kms_master_key_id": "alias/aws/s3",
                    "sse_algorithm": "aws:kms"
                  }
                ],
                "bucket_key_enabled": null
              }
            ]
          },
          "sensitive_attributes": [],
          "identity_schema_version": 0,
          "private": "bnVsbA==",
          "dependencies": [
            "aws_s3_bucket.cloudtrail_logs"
          ]
        }
      ]
    },
    {
      "mode": "managed",
      "type": "aws_s3_bucket_versioning",
      "name": "cloudtrail_logs",
      "provider": "provider[\"registry.terraform.io/hashicorp/aws\"]",
      "instances": [
        {
          "schema_version": 0,
          "attributes": {
            "bucket": "segat-cloudtrail-logs-production",
            "expected_bucket_owner": "",
            "id": "segat-cloudtrail-logs-production",
            "mfa": null,
            "versioning_configuration": [
              {
                "mfa_delete": "",
                "status": "Enabled"
              }
            ]
          },
          "sensitive_attributes": [],
          "identity_schema_version": 0,
          "private": "bnVsbA==",
          "dependencies": [
            "aws_s3_bucket.cloudtrail_logs"
          ]
        }
      ]
    },
    {
      "mode": "managed",
      "type": "aws_wafv2_web_acl_association",
      "name": "external",
      "provider": "provider[\"registry.terraform.io/hashicorp/aws\"]",
      "instances": [
        {
          "schema_version": 0,
          "attributes": {
            "id": "arn:aws:wafv2:us-east-1:662252246273:regional/webacl/segat-waf/2507fbe0-969d-4430-a0f9-95c5c6202dab,arn:aws:elasticloadbalancing:us-east-1:662252246273:loadbalancer/app/segat-alb-external/8149ebdab289b6ee",
            "resource_arn": "arn:aws:elasticloadbalancing:us-east-1:662252246273:loadbalancer/app/segat-alb-external/8149ebdab289b6ee",
            "timeouts": null,
            "web_acl_arn": "arn:aws:wafv2:us-east-1:662252246273:regional/webacl/segat-waf/2507fbe0-969d-4430-a0f9-95c5c6202dab"
          },
          "sensitive_attributes": [],
          "identity_schema_version": 0,
          "private": "eyJlMmJmYjczMC1lY2FhLTExZTYtOGY4OC0zNDM2M2JjN2M0YzAiOnsiY3JlYXRlIjo2MDAwMDAwMDAwMDB9fQ==",
          "dependencies": [
            "aws_lb.external",
            "aws_s3_bucket.alb_logs",
            "aws_security_group.alb",
            "aws_subnet.public_a",
            "aws_subnet.public_b",
            "aws_vpc.main",
            "aws_wafv2_web_acl.main",
            "data.aws_availability_zones.available"
          ]
        }
      ]
    }
  ],
  "check_results": null
}
